{
  "version": 4,
  "terraform_version": "1.2.1",
  "serial": 518,
  "lineage": "b4fa6245-34ab-32e0-7cea-90370156b5dd",
  "outputs": {
    "API_key": {
      "value": "1HU3xzsQpM7T3JzfYApmS5RyfriD910j9UEqeu6j",
      "type": "string",
      "sensitive": true
    },
    "base_url": {
      "value": "https://a4eslgb0nl.execute-api.eu-west-3.amazonaws.com/prod",
      "type": "string",
      "sensitive": true
    }
  },
  "resources": [
    {
      "mode": "data",
      "type": "aws_iam_policy_document",
      "name": "lambda_read",
      "provider": "provider[\"registry.terraform.io/hashicorp/aws\"]",
      "instances": [
        {
          "schema_version": 0,
          "attributes": {
            "id": "377252556",
            "json": "{\n  \"Version\": \"2012-10-17\",\n  \"Statement\": [\n    {\n      \"Sid\": \"\",\n      \"Effect\": \"Allow\",\n      \"Action\": [\n        \"logs:PutLogEvents\",\n        \"logs:CreateLogStream\",\n        \"logs:CreateLogGroup\"\n      ],\n      \"Resource\": \"*\"\n    },\n    {\n      \"Sid\": \"\",\n      \"Effect\": \"Allow\",\n      \"Action\": [\n        \"lambda:InvokeFunction\",\n        \"lambda:InvokeAsync\"\n      ],\n      \"Resource\": \"*\"\n    },\n    {\n      \"Sid\": \"\",\n      \"Effect\": \"Allow\",\n      \"Action\": [\n        \"s3:putObject\",\n        \"s3:ListBucket\",\n        \"s3:GetObject\",\n        \"s3:DeleteObject\"\n      ],\n      \"Resource\": \"*\"\n    },\n    {\n      \"Sid\": \"SpecificTable\",\n      \"Effect\": \"Allow\",\n      \"Action\": [\n        \"dynamodb:UpdateItem\",\n        \"dynamodb:Scan\",\n        \"dynamodb:PutItem\",\n        \"dynamodb:GetItem\",\n        \"dynamodb:DeleteItem\"\n      ],\n      \"Resource\": \"*\"\n    },\n    {\n      \"Sid\": \"\",\n      \"Effect\": \"Allow\",\n      \"Action\": \"kms:Decrypt\",\n      \"Resource\": \"*\"\n    }\n  ]\n}",
            "override_json": null,
            "override_policy_documents": null,
            "policy_id": null,
            "source_json": null,
            "source_policy_documents": null,
            "statement": [
              {
                "actions": [
                  "logs:CreateLogGroup",
                  "logs:CreateLogStream",
                  "logs:PutLogEvents"
                ],
                "condition": [],
                "effect": "Allow",
                "not_actions": [],
                "not_principals": [],
                "not_resources": [],
                "principals": [],
                "resources": [
                  "*"
                ],
                "sid": ""
              },
              {
                "actions": [
                  "lambda:InvokeAsync",
                  "lambda:InvokeFunction"
                ],
                "condition": [],
                "effect": "Allow",
                "not_actions": [],
                "not_principals": [],
                "not_resources": [],
                "principals": [],
                "resources": [
                  "*"
                ],
                "sid": ""
              },
              {
                "actions": [
                  "s3:DeleteObject",
                  "s3:GetObject",
                  "s3:ListBucket",
                  "s3:putObject"
                ],
                "condition": [],
                "effect": "Allow",
                "not_actions": [],
                "not_principals": [],
                "not_resources": [],
                "principals": [],
                "resources": [
                  "*"
                ],
                "sid": ""
              },
              {
                "actions": [
                  "dynamodb:DeleteItem",
                  "dynamodb:GetItem",
                  "dynamodb:PutItem",
                  "dynamodb:Scan",
                  "dynamodb:UpdateItem"
                ],
                "condition": [],
                "effect": "Allow",
                "not_actions": [],
                "not_principals": [],
                "not_resources": [],
                "principals": [],
                "resources": [
                  "*"
                ],
                "sid": "SpecificTable"
              },
              {
                "actions": [
                  "kms:Decrypt"
                ],
                "condition": [],
                "effect": "Allow",
                "not_actions": [],
                "not_principals": [],
                "not_resources": [],
                "principals": [],
                "resources": [
                  "*"
                ],
                "sid": ""
              }
            ],
            "version": "2012-10-17"
          },
          "sensitive_attributes": []
        }
      ]
    },
    {
      "mode": "data",
      "type": "aws_iam_policy_document",
      "name": "lambdarole",
      "provider": "provider[\"registry.terraform.io/hashicorp/aws\"]",
      "instances": [
        {
          "schema_version": 0,
          "attributes": {
            "id": "2209459308",
            "json": "{\n  \"Version\": \"2012-10-17\",\n  \"Statement\": [\n    {\n      \"Sid\": \"\",\n      \"Effect\": \"Allow\",\n      \"Action\": \"sts:AssumeRole\",\n      \"Principal\": {\n        \"Service\": [\n          \"s3.amazonaws.com\",\n          \"lambda.amazonaws.com\",\n          \"apigateway.amazonaws.com\"\n        ]\n      }\n    }\n  ]\n}",
            "override_json": null,
            "override_policy_documents": null,
            "policy_id": null,
            "source_json": null,
            "source_policy_documents": null,
            "statement": [
              {
                "actions": [
                  "sts:AssumeRole"
                ],
                "condition": [],
                "effect": "Allow",
                "not_actions": [],
                "not_principals": [],
                "not_resources": [],
                "principals": [
                  {
                    "identifiers": [
                      "apigateway.amazonaws.com",
                      "lambda.amazonaws.com",
                      "s3.amazonaws.com"
                    ],
                    "type": "Service"
                  }
                ],
                "resources": [],
                "sid": ""
              }
            ],
            "version": "2012-10-17"
          },
          "sensitive_attributes": []
        }
      ]
    },
    {
      "mode": "managed",
      "type": "aws_api_gateway_api_key",
      "name": "Api_Key",
      "provider": "provider[\"registry.terraform.io/hashicorp/aws\"]",
      "instances": [
        {
          "schema_version": 0,
          "attributes": {
            "arn": "arn:aws:apigateway:eu-west-3::/apikeys/yeb50bngp2",
            "created_date": "2022-03-31T16:19:41Z",
            "description": "Managed by Terraform",
            "enabled": true,
            "id": "yeb50bngp2",
            "last_updated_date": "2022-03-31T16:19:41Z",
            "name": "Monkenewha_key",
            "tags": {},
            "tags_all": {},
            "value": "1HU3xzsQpM7T3JzfYApmS5RyfriD910j9UEqeu6j"
          },
          "sensitive_attributes": [],
          "private": "bnVsbA=="
        }
      ]
    },
    {
      "mode": "managed",
      "type": "aws_api_gateway_deployment",
      "name": "apideploy",
      "provider": "provider[\"registry.terraform.io/hashicorp/aws\"]",
      "instances": [
        {
          "schema_version": 0,
          "attributes": {
            "created_date": "2022-03-31T16:20:12Z",
            "description": "",
            "execution_arn": "arn:aws:execute-api:eu-west-3:570026320413:a4eslgb0nl/prod",
            "id": "2i62ee",
            "invoke_url": "https://a4eslgb0nl.execute-api.eu-west-3.amazonaws.com/prod",
            "rest_api_id": "a4eslgb0nl",
            "stage_description": null,
            "stage_name": "prod",
            "triggers": null,
            "variables": null
          },
          "sensitive_attributes": [],
          "private": "bnVsbA==",
          "dependencies": [
            "aws_api_gateway_integration.lambda_add_blog",
            "aws_api_gateway_integration.lambda_add_concert",
            "aws_api_gateway_integration.lambda_add_musique",
            "aws_api_gateway_integration.lambda_add_user",
            "aws_api_gateway_integration.lambda_edit_blog",
            "aws_api_gateway_integration.lambda_edit_concert",
            "aws_api_gateway_integration.lambda_edit_musique",
            "aws_api_gateway_integration.lambda_login",
            "aws_api_gateway_integration.lambda_logout",
            "aws_api_gateway_integration_response.lambda_add_blog",
            "aws_api_gateway_integration_response.lambda_add_concert",
            "aws_api_gateway_integration_response.lambda_add_musique",
            "aws_api_gateway_integration_response.lambda_add_user",
            "aws_api_gateway_integration_response.lambda_edit_blog",
            "aws_api_gateway_integration_response.lambda_edit_concert",
            "aws_api_gateway_integration_response.lambda_edit_musique",
            "aws_api_gateway_integration_response.lambda_login",
            "aws_api_gateway_integration_response.lambda_logout",
            "aws_api_gateway_method.add_blog",
            "aws_api_gateway_method.add_concert",
            "aws_api_gateway_method.add_musique",
            "aws_api_gateway_method.add_user",
            "aws_api_gateway_method.delete_blog",
            "aws_api_gateway_method.delete_concert",
            "aws_api_gateway_method.delete_musique",
            "aws_api_gateway_method.edit_blog",
            "aws_api_gateway_method.edit_concert",
            "aws_api_gateway_method.edit_musique",
            "aws_api_gateway_method.getBlog",
            "aws_api_gateway_method.getConcert",
            "aws_api_gateway_method.getMusique",
            "aws_api_gateway_method.list_musique",
            "aws_api_gateway_method.login",
            "aws_api_gateway_method.logout",
            "aws_api_gateway_method.lost_password",
            "aws_api_gateway_method.update_password",
            "aws_api_gateway_method_response.add_blog",
            "aws_api_gateway_method_response.add_concert",
            "aws_api_gateway_method_response.add_musique",
            "aws_api_gateway_method_response.add_user",
            "aws_api_gateway_method_response.edit_blog",
            "aws_api_gateway_method_response.edit_concert",
            "aws_api_gateway_method_response.edit_musique",
            "aws_api_gateway_method_response.login",
            "aws_api_gateway_method_response.logout",
            "aws_api_gateway_resource.add_blog",
            "aws_api_gateway_resource.add_concert",
            "aws_api_gateway_resource.add_musique",
            "aws_api_gateway_resource.add_user",
            "aws_api_gateway_resource.blog",
            "aws_api_gateway_resource.concert",
            "aws_api_gateway_resource.delete_blog",
            "aws_api_gateway_resource.delete_concert",
            "aws_api_gateway_resource.delete_musique",
            "aws_api_gateway_resource.edit_blog",
            "aws_api_gateway_resource.edit_concert",
            "aws_api_gateway_resource.edit_musique",
            "aws_api_gateway_resource.getBlog",
            "aws_api_gateway_resource.getConcert",
            "aws_api_gateway_resource.getMusique",
            "aws_api_gateway_resource.list_musique",
            "aws_api_gateway_resource.login",
            "aws_api_gateway_resource.logout",
            "aws_api_gateway_resource.lost_password",
            "aws_api_gateway_resource.musique",
            "aws_api_gateway_resource.update_password",
            "aws_api_gateway_resource.user",
            "aws_api_gateway_rest_api.api",
            "aws_iam_role.lambda_read_role",
            "aws_lambda_function.lambdaAddBlog",
            "aws_lambda_function.lambdaAddConcert",
            "aws_lambda_function.lambdaAddMusique",
            "aws_lambda_function.lambdaAddUser",
            "aws_lambda_function.lambdaEditBlog",
            "aws_lambda_function.lambdaEditConcert",
            "aws_lambda_function.lambdaEditMusique",
            "aws_lambda_function.lambdaLogin",
            "aws_lambda_function.lambdaLogout",
            "data.aws_iam_policy_document.lambdarole"
          ]
        }
      ]
    },
    {
      "mode": "managed",
      "type": "aws_api_gateway_integration",
      "name": "lambda_add_blog",
      "provider": "provider[\"registry.terraform.io/hashicorp/aws\"]",
      "instances": [
        {
          "schema_version": 0,
          "attributes": {
            "cache_key_parameters": [],
            "cache_namespace": "7dtto8",
            "connection_id": "",
            "connection_type": "INTERNET",
            "content_handling": "",
            "credentials": "",
            "http_method": "POST",
            "id": "agi-a4eslgb0nl-7dtto8-POST",
            "integration_http_method": "POST",
            "passthrough_behavior": "WHEN_NO_MATCH",
            "request_parameters": {},
            "request_templates": {},
            "resource_id": "7dtto8",
            "rest_api_id": "a4eslgb0nl",
            "timeout_milliseconds": 29000,
            "tls_config": [],
            "type": "AWS_PROXY",
            "uri": "arn:aws:apigateway:eu-west-3:lambda:path/2015-03-31/functions/arn:aws:lambda:eu-west-3:570026320413:function:add_blog/invocations"
          },
          "sensitive_attributes": [],
          "private": "bnVsbA==",
          "dependencies": [
            "aws_api_gateway_method.add_blog",
            "aws_api_gateway_resource.add_blog",
            "aws_api_gateway_resource.blog",
            "aws_api_gateway_rest_api.api",
            "aws_iam_role.lambda_read_role",
            "aws_lambda_function.lambdaAddBlog",
            "data.aws_iam_policy_document.lambdarole"
          ]
        }
      ]
    },
    {
      "mode": "managed",
      "type": "aws_api_gateway_integration",
      "name": "lambda_add_concert",
      "provider": "provider[\"registry.terraform.io/hashicorp/aws\"]",
      "instances": [
        {
          "schema_version": 0,
          "attributes": {
            "cache_key_parameters": [],
            "cache_namespace": "mj76tj",
            "connection_id": "",
            "connection_type": "INTERNET",
            "content_handling": "",
            "credentials": "",
            "http_method": "POST",
            "id": "agi-a4eslgb0nl-mj76tj-POST",
            "integration_http_method": "POST",
            "passthrough_behavior": "WHEN_NO_MATCH",
            "request_parameters": {},
            "request_templates": {},
            "resource_id": "mj76tj",
            "rest_api_id": "a4eslgb0nl",
            "timeout_milliseconds": 29000,
            "tls_config": [],
            "type": "AWS_PROXY",
            "uri": "arn:aws:apigateway:eu-west-3:lambda:path/2015-03-31/functions/arn:aws:lambda:eu-west-3:570026320413:function:add_concert/invocations"
          },
          "sensitive_attributes": [],
          "private": "bnVsbA==",
          "dependencies": [
            "aws_api_gateway_method.add_concert",
            "aws_api_gateway_resource.add_concert",
            "aws_api_gateway_resource.concert",
            "aws_api_gateway_rest_api.api",
            "aws_iam_role.lambda_read_role",
            "aws_lambda_function.lambdaAddConcert",
            "data.aws_iam_policy_document.lambdarole"
          ]
        }
      ]
    },
    {
      "mode": "managed",
      "type": "aws_api_gateway_integration",
      "name": "lambda_add_musique",
      "provider": "provider[\"registry.terraform.io/hashicorp/aws\"]",
      "instances": [
        {
          "schema_version": 0,
          "attributes": {
            "cache_key_parameters": [],
            "cache_namespace": "ip17d7",
            "connection_id": "",
            "connection_type": "INTERNET",
            "content_handling": "",
            "credentials": "",
            "http_method": "POST",
            "id": "agi-a4eslgb0nl-ip17d7-POST",
            "integration_http_method": "POST",
            "passthrough_behavior": "WHEN_NO_MATCH",
            "request_parameters": {},
            "request_templates": {},
            "resource_id": "ip17d7",
            "rest_api_id": "a4eslgb0nl",
            "timeout_milliseconds": 29000,
            "tls_config": [],
            "type": "AWS_PROXY",
            "uri": "arn:aws:apigateway:eu-west-3:lambda:path/2015-03-31/functions/arn:aws:lambda:eu-west-3:570026320413:function:add_musique/invocations"
          },
          "sensitive_attributes": [],
          "private": "bnVsbA==",
          "dependencies": [
            "aws_api_gateway_method.add_musique",
            "aws_api_gateway_resource.add_musique",
            "aws_api_gateway_resource.musique",
            "aws_api_gateway_rest_api.api",
            "aws_iam_role.lambda_read_role",
            "aws_lambda_function.lambdaAddMusique",
            "data.aws_iam_policy_document.lambdarole"
          ]
        }
      ]
    },
    {
      "mode": "managed",
      "type": "aws_api_gateway_integration",
      "name": "lambda_add_user",
      "provider": "provider[\"registry.terraform.io/hashicorp/aws\"]",
      "instances": [
        {
          "schema_version": 0,
          "attributes": {
            "cache_key_parameters": [],
            "cache_namespace": "x9ldyd",
            "connection_id": "",
            "connection_type": "INTERNET",
            "content_handling": "",
            "credentials": "",
            "http_method": "POST",
            "id": "agi-a4eslgb0nl-x9ldyd-POST",
            "integration_http_method": "POST",
            "passthrough_behavior": "WHEN_NO_MATCH",
            "request_parameters": {},
            "request_templates": {},
            "resource_id": "x9ldyd",
            "rest_api_id": "a4eslgb0nl",
            "timeout_milliseconds": 29000,
            "tls_config": [],
            "type": "AWS_PROXY",
            "uri": "arn:aws:apigateway:eu-west-3:lambda:path/2015-03-31/functions/arn:aws:lambda:eu-west-3:570026320413:function:add_user/invocations"
          },
          "sensitive_attributes": [],
          "private": "bnVsbA==",
          "dependencies": [
            "aws_api_gateway_method.add_user",
            "aws_api_gateway_resource.add_user",
            "aws_api_gateway_resource.user",
            "aws_api_gateway_rest_api.api",
            "aws_iam_role.lambda_read_role",
            "aws_lambda_function.lambdaAddUser",
            "data.aws_iam_policy_document.lambdarole"
          ]
        }
      ]
    },
    {
      "mode": "managed",
      "type": "aws_api_gateway_integration",
      "name": "lambda_contact",
      "provider": "provider[\"registry.terraform.io/hashicorp/aws\"]",
      "instances": [
        {
          "schema_version": 0,
          "attributes": {
            "cache_key_parameters": [],
            "cache_namespace": "m5a96w",
            "connection_id": "",
            "connection_type": "INTERNET",
            "content_handling": "",
            "credentials": "",
            "http_method": "POST",
            "id": "agi-a4eslgb0nl-m5a96w-POST",
            "integration_http_method": "POST",
            "passthrough_behavior": "WHEN_NO_MATCH",
            "request_parameters": {},
            "request_templates": {},
            "resource_id": "m5a96w",
            "rest_api_id": "a4eslgb0nl",
            "timeout_milliseconds": 29000,
            "tls_config": [],
            "type": "AWS_PROXY",
            "uri": "arn:aws:apigateway:eu-west-3:lambda:path/2015-03-31/functions/arn:aws:lambda:eu-west-3:570026320413:function:contact/invocations"
          },
          "sensitive_attributes": [],
          "private": "bnVsbA==",
          "dependencies": [
            "aws_api_gateway_method.contact",
            "aws_api_gateway_resource.contact",
            "aws_api_gateway_rest_api.api",
            "aws_iam_role.lambda_read_role",
            "aws_lambda_function.lambdaContact",
            "data.aws_iam_policy_document.lambdarole"
          ]
        }
      ]
    },
    {
      "mode": "managed",
      "type": "aws_api_gateway_integration",
      "name": "lambda_edit_blog",
      "provider": "provider[\"registry.terraform.io/hashicorp/aws\"]",
      "instances": [
        {
          "schema_version": 0,
          "attributes": {
            "cache_key_parameters": [],
            "cache_namespace": "h8hsb2",
            "connection_id": "",
            "connection_type": "INTERNET",
            "content_handling": "",
            "credentials": "",
            "http_method": "POST",
            "id": "agi-a4eslgb0nl-h8hsb2-POST",
            "integration_http_method": "POST",
            "passthrough_behavior": "WHEN_NO_MATCH",
            "request_parameters": {},
            "request_templates": {},
            "resource_id": "h8hsb2",
            "rest_api_id": "a4eslgb0nl",
            "timeout_milliseconds": 29000,
            "tls_config": [],
            "type": "AWS_PROXY",
            "uri": "arn:aws:apigateway:eu-west-3:lambda:path/2015-03-31/functions/arn:aws:lambda:eu-west-3:570026320413:function:edit_blog/invocations"
          },
          "sensitive_attributes": [],
          "private": "bnVsbA==",
          "dependencies": [
            "aws_api_gateway_method.edit_blog",
            "aws_api_gateway_resource.blog",
            "aws_api_gateway_resource.edit_blog",
            "aws_api_gateway_rest_api.api",
            "aws_iam_role.lambda_read_role",
            "aws_lambda_function.lambdaEditBlog",
            "data.aws_iam_policy_document.lambdarole"
          ]
        }
      ]
    },
    {
      "mode": "managed",
      "type": "aws_api_gateway_integration",
      "name": "lambda_edit_concert",
      "provider": "provider[\"registry.terraform.io/hashicorp/aws\"]",
      "instances": [
        {
          "schema_version": 0,
          "attributes": {
            "cache_key_parameters": [],
            "cache_namespace": "9mgv58",
            "connection_id": "",
            "connection_type": "INTERNET",
            "content_handling": "",
            "credentials": "",
            "http_method": "POST",
            "id": "agi-a4eslgb0nl-9mgv58-POST",
            "integration_http_method": "POST",
            "passthrough_behavior": "WHEN_NO_MATCH",
            "request_parameters": {},
            "request_templates": {},
            "resource_id": "9mgv58",
            "rest_api_id": "a4eslgb0nl",
            "timeout_milliseconds": 29000,
            "tls_config": [],
            "type": "AWS_PROXY",
            "uri": "arn:aws:apigateway:eu-west-3:lambda:path/2015-03-31/functions/arn:aws:lambda:eu-west-3:570026320413:function:edit_concert/invocations"
          },
          "sensitive_attributes": [],
          "private": "bnVsbA==",
          "dependencies": [
            "aws_api_gateway_method.edit_concert",
            "aws_api_gateway_resource.concert",
            "aws_api_gateway_resource.edit_concert",
            "aws_api_gateway_rest_api.api",
            "aws_iam_role.lambda_read_role",
            "aws_lambda_function.lambdaEditConcert",
            "data.aws_iam_policy_document.lambdarole"
          ]
        }
      ]
    },
    {
      "mode": "managed",
      "type": "aws_api_gateway_integration",
      "name": "lambda_edit_musique",
      "provider": "provider[\"registry.terraform.io/hashicorp/aws\"]",
      "instances": [
        {
          "schema_version": 0,
          "attributes": {
            "cache_key_parameters": [],
            "cache_namespace": "6w7bac",
            "connection_id": "",
            "connection_type": "INTERNET",
            "content_handling": "",
            "credentials": "",
            "http_method": "POST",
            "id": "agi-a4eslgb0nl-6w7bac-POST",
            "integration_http_method": "POST",
            "passthrough_behavior": "WHEN_NO_MATCH",
            "request_parameters": {},
            "request_templates": {},
            "resource_id": "6w7bac",
            "rest_api_id": "a4eslgb0nl",
            "timeout_milliseconds": 29000,
            "tls_config": [],
            "type": "AWS_PROXY",
            "uri": "arn:aws:apigateway:eu-west-3:lambda:path/2015-03-31/functions/arn:aws:lambda:eu-west-3:570026320413:function:edit_musique/invocations"
          },
          "sensitive_attributes": [],
          "private": "bnVsbA==",
          "dependencies": [
            "aws_api_gateway_method.edit_musique",
            "aws_api_gateway_resource.edit_musique",
            "aws_api_gateway_resource.musique",
            "aws_api_gateway_rest_api.api",
            "aws_iam_role.lambda_read_role",
            "aws_lambda_function.lambdaEditMusique",
            "data.aws_iam_policy_document.lambdarole"
          ]
        }
      ]
    },
    {
      "mode": "managed",
      "type": "aws_api_gateway_integration",
      "name": "lambda_login",
      "provider": "provider[\"registry.terraform.io/hashicorp/aws\"]",
      "instances": [
        {
          "schema_version": 0,
          "attributes": {
            "cache_key_parameters": [],
            "cache_namespace": "1idi7e",
            "connection_id": "",
            "connection_type": "INTERNET",
            "content_handling": "",
            "credentials": "",
            "http_method": "POST",
            "id": "agi-a4eslgb0nl-1idi7e-POST",
            "integration_http_method": "POST",
            "passthrough_behavior": "WHEN_NO_MATCH",
            "request_parameters": {},
            "request_templates": {},
            "resource_id": "1idi7e",
            "rest_api_id": "a4eslgb0nl",
            "timeout_milliseconds": 29000,
            "tls_config": [],
            "type": "AWS_PROXY",
            "uri": "arn:aws:apigateway:eu-west-3:lambda:path/2015-03-31/functions/arn:aws:lambda:eu-west-3:570026320413:function:login/invocations"
          },
          "sensitive_attributes": [],
          "private": "bnVsbA==",
          "dependencies": [
            "aws_api_gateway_method.login",
            "aws_api_gateway_resource.login",
            "aws_api_gateway_rest_api.api",
            "aws_iam_role.lambda_read_role",
            "aws_lambda_function.lambdaLogin",
            "data.aws_iam_policy_document.lambdarole"
          ]
        }
      ]
    },
    {
      "mode": "managed",
      "type": "aws_api_gateway_integration",
      "name": "lambda_logout",
      "provider": "provider[\"registry.terraform.io/hashicorp/aws\"]",
      "instances": [
        {
          "schema_version": 0,
          "attributes": {
            "cache_key_parameters": [],
            "cache_namespace": "x1p7bs",
            "connection_id": "",
            "connection_type": "INTERNET",
            "content_handling": "",
            "credentials": "",
            "http_method": "POST",
            "id": "agi-a4eslgb0nl-x1p7bs-POST",
            "integration_http_method": "POST",
            "passthrough_behavior": "WHEN_NO_MATCH",
            "request_parameters": {},
            "request_templates": {},
            "resource_id": "x1p7bs",
            "rest_api_id": "a4eslgb0nl",
            "timeout_milliseconds": 29000,
            "tls_config": [],
            "type": "AWS_PROXY",
            "uri": "arn:aws:apigateway:eu-west-3:lambda:path/2015-03-31/functions/arn:aws:lambda:eu-west-3:570026320413:function:logout/invocations"
          },
          "sensitive_attributes": [],
          "private": "bnVsbA==",
          "dependencies": [
            "aws_api_gateway_method.logout",
            "aws_api_gateway_resource.logout",
            "aws_api_gateway_rest_api.api",
            "aws_iam_role.lambda_read_role",
            "aws_lambda_function.lambdaLogout",
            "data.aws_iam_policy_document.lambdarole"
          ]
        }
      ]
    },
    {
      "mode": "managed",
      "type": "aws_api_gateway_integration",
      "name": "lambda_lost_password",
      "provider": "provider[\"registry.terraform.io/hashicorp/aws\"]",
      "instances": [
        {
          "schema_version": 0,
          "attributes": {
            "cache_key_parameters": [],
            "cache_namespace": "2yub0n",
            "connection_id": "",
            "connection_type": "INTERNET",
            "content_handling": "",
            "credentials": "",
            "http_method": "POST",
            "id": "agi-a4eslgb0nl-2yub0n-POST",
            "integration_http_method": "POST",
            "passthrough_behavior": "WHEN_NO_MATCH",
            "request_parameters": {},
            "request_templates": {},
            "resource_id": "2yub0n",
            "rest_api_id": "a4eslgb0nl",
            "timeout_milliseconds": 29000,
            "tls_config": [],
            "type": "AWS_PROXY",
            "uri": "arn:aws:apigateway:eu-west-3:lambda:path/2015-03-31/functions/arn:aws:lambda:eu-west-3:570026320413:function:lost_password/invocations"
          },
          "sensitive_attributes": [],
          "private": "bnVsbA==",
          "dependencies": [
            "aws_api_gateway_method.lost_password",
            "aws_api_gateway_resource.lost_password",
            "aws_api_gateway_resource.user",
            "aws_api_gateway_rest_api.api",
            "aws_iam_role.lambda_read_role",
            "aws_lambda_function.lambdaLostPassword",
            "data.aws_iam_policy_document.lambdarole"
          ]
        }
      ]
    },
    {
      "mode": "managed",
      "type": "aws_api_gateway_integration",
      "name": "lambda_reinitialise_password",
      "provider": "provider[\"registry.terraform.io/hashicorp/aws\"]",
      "instances": [
        {
          "schema_version": 0,
          "attributes": {
            "cache_key_parameters": [],
            "cache_namespace": "65rodk",
            "connection_id": "",
            "connection_type": "INTERNET",
            "content_handling": "",
            "credentials": "",
            "http_method": "POST",
            "id": "agi-a4eslgb0nl-65rodk-POST",
            "integration_http_method": "POST",
            "passthrough_behavior": "WHEN_NO_MATCH",
            "request_parameters": {},
            "request_templates": {},
            "resource_id": "65rodk",
            "rest_api_id": "a4eslgb0nl",
            "timeout_milliseconds": 29000,
            "tls_config": [],
            "type": "AWS_PROXY",
            "uri": "arn:aws:apigateway:eu-west-3:lambda:path/2015-03-31/functions/arn:aws:lambda:eu-west-3:570026320413:function:reinitialise_password/invocations"
          },
          "sensitive_attributes": [],
          "private": "bnVsbA==",
          "dependencies": [
            "aws_api_gateway_method.reinitialise_password",
            "aws_api_gateway_resource.reinitialise_password",
            "aws_api_gateway_resource.user",
            "aws_api_gateway_rest_api.api",
            "aws_iam_role.lambda_read_role",
            "aws_lambda_function.lambdaReinitialisePassword",
            "data.aws_iam_policy_document.lambdarole"
          ]
        }
      ]
    },
    {
      "mode": "managed",
      "type": "aws_api_gateway_integration",
      "name": "lambda_reserve_concert",
      "provider": "provider[\"registry.terraform.io/hashicorp/aws\"]",
      "instances": [
        {
          "schema_version": 0,
          "attributes": {
            "cache_key_parameters": [],
            "cache_namespace": "yn5pdk",
            "connection_id": "",
            "connection_type": "INTERNET",
            "content_handling": "",
            "credentials": "",
            "http_method": "POST",
            "id": "agi-a4eslgb0nl-yn5pdk-POST",
            "integration_http_method": "POST",
            "passthrough_behavior": "WHEN_NO_MATCH",
            "request_parameters": {},
            "request_templates": {},
            "resource_id": "yn5pdk",
            "rest_api_id": "a4eslgb0nl",
            "timeout_milliseconds": 29000,
            "tls_config": [],
            "type": "AWS_PROXY",
            "uri": "arn:aws:apigateway:eu-west-3:lambda:path/2015-03-31/functions/arn:aws:lambda:eu-west-3:570026320413:function:reserve_concert/invocations"
          },
          "sensitive_attributes": [],
          "private": "bnVsbA==",
          "dependencies": [
            "aws_api_gateway_method.reserve_concert",
            "aws_api_gateway_resource.reserve_concert",
            "aws_api_gateway_rest_api.api",
            "aws_iam_role.lambda_read_role",
            "aws_lambda_function.lambdaReserveConcert",
            "data.aws_iam_policy_document.lambdarole"
          ]
        }
      ]
    },
    {
      "mode": "managed",
      "type": "aws_api_gateway_integration",
      "name": "lambda_update_password",
      "provider": "provider[\"registry.terraform.io/hashicorp/aws\"]",
      "instances": [
        {
          "schema_version": 0,
          "attributes": {
            "cache_key_parameters": [],
            "cache_namespace": "qjyq9g",
            "connection_id": "",
            "connection_type": "INTERNET",
            "content_handling": "",
            "credentials": "",
            "http_method": "POST",
            "id": "agi-a4eslgb0nl-qjyq9g-POST",
            "integration_http_method": "POST",
            "passthrough_behavior": "WHEN_NO_MATCH",
            "request_parameters": {},
            "request_templates": {},
            "resource_id": "qjyq9g",
            "rest_api_id": "a4eslgb0nl",
            "timeout_milliseconds": 29000,
            "tls_config": [],
            "type": "AWS_PROXY",
            "uri": "arn:aws:apigateway:eu-west-3:lambda:path/2015-03-31/functions/arn:aws:lambda:eu-west-3:570026320413:function:update_password/invocations"
          },
          "sensitive_attributes": [],
          "private": "bnVsbA==",
          "dependencies": [
            "aws_api_gateway_method.update_password",
            "aws_api_gateway_resource.update_password",
            "aws_api_gateway_resource.user",
            "aws_api_gateway_rest_api.api",
            "aws_iam_role.lambda_read_role",
            "aws_lambda_function.lambdaUpdatePassword",
            "data.aws_iam_policy_document.lambdarole"
          ]
        }
      ]
    },
    {
      "mode": "managed",
      "type": "aws_api_gateway_integration",
      "name": "lambda_update_user",
      "provider": "provider[\"registry.terraform.io/hashicorp/aws\"]",
      "instances": [
        {
          "schema_version": 0,
          "attributes": {
            "cache_key_parameters": [],
            "cache_namespace": "w49ndg",
            "connection_id": "",
            "connection_type": "INTERNET",
            "content_handling": "",
            "credentials": "",
            "http_method": "POST",
            "id": "agi-a4eslgb0nl-w49ndg-POST",
            "integration_http_method": "POST",
            "passthrough_behavior": "WHEN_NO_MATCH",
            "request_parameters": {},
            "request_templates": {},
            "resource_id": "w49ndg",
            "rest_api_id": "a4eslgb0nl",
            "timeout_milliseconds": 29000,
            "tls_config": [],
            "type": "AWS_PROXY",
            "uri": "arn:aws:apigateway:eu-west-3:lambda:path/2015-03-31/functions/arn:aws:lambda:eu-west-3:570026320413:function:update_user/invocations"
          },
          "sensitive_attributes": [],
          "private": "bnVsbA==",
          "dependencies": [
            "aws_api_gateway_method.update_user",
            "aws_api_gateway_resource.update_user",
            "aws_api_gateway_resource.user",
            "aws_api_gateway_rest_api.api",
            "aws_iam_role.lambda_read_role",
            "aws_lambda_function.lambdaUpdateUser",
            "data.aws_iam_policy_document.lambdarole"
          ]
        }
      ]
    },
    {
      "mode": "managed",
      "type": "aws_api_gateway_integration",
      "name": "lambda_validation_email",
      "provider": "provider[\"registry.terraform.io/hashicorp/aws\"]",
      "instances": [
        {
          "schema_version": 0,
          "attributes": {
            "cache_key_parameters": [],
            "cache_namespace": "t4a4e2",
            "connection_id": "",
            "connection_type": "INTERNET",
            "content_handling": "",
            "credentials": "",
            "http_method": "POST",
            "id": "agi-a4eslgb0nl-t4a4e2-POST",
            "integration_http_method": "POST",
            "passthrough_behavior": "WHEN_NO_MATCH",
            "request_parameters": {},
            "request_templates": {},
            "resource_id": "t4a4e2",
            "rest_api_id": "a4eslgb0nl",
            "timeout_milliseconds": 29000,
            "tls_config": [],
            "type": "AWS_PROXY",
            "uri": "arn:aws:apigateway:eu-west-3:lambda:path/2015-03-31/functions/arn:aws:lambda:eu-west-3:570026320413:function:validation_email/invocations"
          },
          "sensitive_attributes": [],
          "private": "bnVsbA==",
          "dependencies": [
            "aws_api_gateway_method.validation_email",
            "aws_api_gateway_resource.user",
            "aws_api_gateway_resource.validation_email",
            "aws_api_gateway_rest_api.api",
            "aws_iam_role.lambda_read_role",
            "aws_lambda_function.lambdaValidationEmail",
            "data.aws_iam_policy_document.lambdarole"
          ]
        }
      ]
    },
    {
      "mode": "managed",
      "type": "aws_api_gateway_integration",
      "name": "options_integration_add_blog",
      "provider": "provider[\"registry.terraform.io/hashicorp/aws\"]",
      "instances": [
        {
          "schema_version": 0,
          "attributes": {
            "cache_key_parameters": [],
            "cache_namespace": "7dtto8",
            "connection_id": "",
            "connection_type": "INTERNET",
            "content_handling": "",
            "credentials": "",
            "http_method": "OPTIONS",
            "id": "agi-a4eslgb0nl-7dtto8-OPTIONS",
            "integration_http_method": "",
            "passthrough_behavior": "WHEN_NO_MATCH",
            "request_parameters": {},
            "request_templates": {
              "application/json": "{\"statusCode\": 200}"
            },
            "resource_id": "7dtto8",
            "rest_api_id": "a4eslgb0nl",
            "timeout_milliseconds": 29000,
            "tls_config": [],
            "type": "MOCK",
            "uri": ""
          },
          "sensitive_attributes": [],
          "private": "bnVsbA==",
          "dependencies": [
            "aws_api_gateway_method.options_method_add_blog",
            "aws_api_gateway_resource.add_blog",
            "aws_api_gateway_resource.blog",
            "aws_api_gateway_rest_api.api"
          ]
        }
      ]
    },
    {
      "mode": "managed",
      "type": "aws_api_gateway_integration",
      "name": "options_integration_add_concert",
      "provider": "provider[\"registry.terraform.io/hashicorp/aws\"]",
      "instances": [
        {
          "schema_version": 0,
          "attributes": {
            "cache_key_parameters": [],
            "cache_namespace": "mj76tj",
            "connection_id": "",
            "connection_type": "INTERNET",
            "content_handling": "",
            "credentials": "",
            "http_method": "OPTIONS",
            "id": "agi-a4eslgb0nl-mj76tj-OPTIONS",
            "integration_http_method": "",
            "passthrough_behavior": "WHEN_NO_MATCH",
            "request_parameters": {},
            "request_templates": {
              "application/json": "{\"statusCode\": 200}"
            },
            "resource_id": "mj76tj",
            "rest_api_id": "a4eslgb0nl",
            "timeout_milliseconds": 29000,
            "tls_config": [],
            "type": "MOCK",
            "uri": ""
          },
          "sensitive_attributes": [],
          "private": "bnVsbA==",
          "dependencies": [
            "aws_api_gateway_method.options_method_add_concert",
            "aws_api_gateway_resource.add_concert",
            "aws_api_gateway_resource.concert",
            "aws_api_gateway_rest_api.api"
          ]
        }
      ]
    },
    {
      "mode": "managed",
      "type": "aws_api_gateway_integration",
      "name": "options_integration_add_musique",
      "provider": "provider[\"registry.terraform.io/hashicorp/aws\"]",
      "instances": [
        {
          "schema_version": 0,
          "attributes": {
            "cache_key_parameters": [],
            "cache_namespace": "ip17d7",
            "connection_id": "",
            "connection_type": "INTERNET",
            "content_handling": "",
            "credentials": "",
            "http_method": "OPTIONS",
            "id": "agi-a4eslgb0nl-ip17d7-OPTIONS",
            "integration_http_method": "",
            "passthrough_behavior": "WHEN_NO_MATCH",
            "request_parameters": {},
            "request_templates": {
              "application/json": "{\"statusCode\": 200}"
            },
            "resource_id": "ip17d7",
            "rest_api_id": "a4eslgb0nl",
            "timeout_milliseconds": 29000,
            "tls_config": [],
            "type": "MOCK",
            "uri": ""
          },
          "sensitive_attributes": [],
          "private": "bnVsbA==",
          "dependencies": [
            "aws_api_gateway_method.options_method_add_musique",
            "aws_api_gateway_resource.add_musique",
            "aws_api_gateway_resource.musique",
            "aws_api_gateway_rest_api.api"
          ]
        }
      ]
    },
    {
      "mode": "managed",
      "type": "aws_api_gateway_integration",
      "name": "options_integration_contact",
      "provider": "provider[\"registry.terraform.io/hashicorp/aws\"]",
      "instances": [
        {
          "schema_version": 0,
          "attributes": {
            "cache_key_parameters": [],
            "cache_namespace": "m5a96w",
            "connection_id": "",
            "connection_type": "INTERNET",
            "content_handling": "",
            "credentials": "",
            "http_method": "OPTIONS",
            "id": "agi-a4eslgb0nl-m5a96w-OPTIONS",
            "integration_http_method": "",
            "passthrough_behavior": "WHEN_NO_MATCH",
            "request_parameters": {},
            "request_templates": {
              "application/json": "{\"statusCode\": 200}"
            },
            "resource_id": "m5a96w",
            "rest_api_id": "a4eslgb0nl",
            "timeout_milliseconds": 29000,
            "tls_config": [],
            "type": "MOCK",
            "uri": ""
          },
          "sensitive_attributes": [],
          "private": "bnVsbA==",
          "dependencies": [
            "aws_api_gateway_method.options_method_contact",
            "aws_api_gateway_resource.contact",
            "aws_api_gateway_rest_api.api"
          ]
        }
      ]
    },
    {
      "mode": "managed",
      "type": "aws_api_gateway_integration",
      "name": "options_integration_delete_blog",
      "provider": "provider[\"registry.terraform.io/hashicorp/aws\"]",
      "instances": [
        {
          "schema_version": 0,
          "attributes": {
            "cache_key_parameters": [],
            "cache_namespace": "8rxjst",
            "connection_id": "",
            "connection_type": "INTERNET",
            "content_handling": "",
            "credentials": "",
            "http_method": "OPTIONS",
            "id": "agi-a4eslgb0nl-8rxjst-OPTIONS",
            "integration_http_method": "",
            "passthrough_behavior": "WHEN_NO_MATCH",
            "request_parameters": {},
            "request_templates": {
              "application/json": "{\"statusCode\": 200}"
            },
            "resource_id": "8rxjst",
            "rest_api_id": "a4eslgb0nl",
            "timeout_milliseconds": 29000,
            "tls_config": [],
            "type": "MOCK",
            "uri": ""
          },
          "sensitive_attributes": [],
          "private": "bnVsbA==",
          "dependencies": [
            "aws_api_gateway_method.options_method_delete_blog",
            "aws_api_gateway_resource.blog",
            "aws_api_gateway_resource.delete_blog",
            "aws_api_gateway_rest_api.api"
          ]
        }
      ]
    },
    {
      "mode": "managed",
      "type": "aws_api_gateway_integration",
      "name": "options_integration_delete_concert",
      "provider": "provider[\"registry.terraform.io/hashicorp/aws\"]",
      "instances": [
        {
          "schema_version": 0,
          "attributes": {
            "cache_key_parameters": [],
            "cache_namespace": "8d0mu7",
            "connection_id": "",
            "connection_type": "INTERNET",
            "content_handling": "",
            "credentials": "",
            "http_method": "OPTIONS",
            "id": "agi-a4eslgb0nl-8d0mu7-OPTIONS",
            "integration_http_method": "",
            "passthrough_behavior": "WHEN_NO_MATCH",
            "request_parameters": {},
            "request_templates": {
              "application/json": "{\"statusCode\": 200}"
            },
            "resource_id": "8d0mu7",
            "rest_api_id": "a4eslgb0nl",
            "timeout_milliseconds": 29000,
            "tls_config": [],
            "type": "MOCK",
            "uri": ""
          },
          "sensitive_attributes": [],
          "private": "bnVsbA==",
          "dependencies": [
            "aws_api_gateway_method.options_method_delete_concert",
            "aws_api_gateway_resource.concert",
            "aws_api_gateway_resource.delete_concert",
            "aws_api_gateway_rest_api.api"
          ]
        }
      ]
    },
    {
      "mode": "managed",
      "type": "aws_api_gateway_integration",
      "name": "options_integration_delete_musique",
      "provider": "provider[\"registry.terraform.io/hashicorp/aws\"]",
      "instances": [
        {
          "schema_version": 0,
          "attributes": {
            "cache_key_parameters": [],
            "cache_namespace": "nnwxs5",
            "connection_id": "",
            "connection_type": "INTERNET",
            "content_handling": "",
            "credentials": "",
            "http_method": "OPTIONS",
            "id": "agi-a4eslgb0nl-nnwxs5-OPTIONS",
            "integration_http_method": "",
            "passthrough_behavior": "WHEN_NO_MATCH",
            "request_parameters": {},
            "request_templates": {
              "application/json": "{\"statusCode\": 200}"
            },
            "resource_id": "nnwxs5",
            "rest_api_id": "a4eslgb0nl",
            "timeout_milliseconds": 29000,
            "tls_config": [],
            "type": "MOCK",
            "uri": ""
          },
          "sensitive_attributes": [],
          "private": "bnVsbA==",
          "dependencies": [
            "aws_api_gateway_method.options_method_delete_musique",
            "aws_api_gateway_resource.delete_musique",
            "aws_api_gateway_resource.musique",
            "aws_api_gateway_rest_api.api"
          ]
        }
      ]
    },
    {
      "mode": "managed",
      "type": "aws_api_gateway_integration",
      "name": "options_integration_edit_blog",
      "provider": "provider[\"registry.terraform.io/hashicorp/aws\"]",
      "instances": [
        {
          "schema_version": 0,
          "attributes": {
            "cache_key_parameters": [],
            "cache_namespace": "h8hsb2",
            "connection_id": "",
            "connection_type": "INTERNET",
            "content_handling": "",
            "credentials": "",
            "http_method": "OPTIONS",
            "id": "agi-a4eslgb0nl-h8hsb2-OPTIONS",
            "integration_http_method": "",
            "passthrough_behavior": "WHEN_NO_MATCH",
            "request_parameters": {},
            "request_templates": {
              "application/json": "{\"statusCode\": 200}"
            },
            "resource_id": "h8hsb2",
            "rest_api_id": "a4eslgb0nl",
            "timeout_milliseconds": 29000,
            "tls_config": [],
            "type": "MOCK",
            "uri": ""
          },
          "sensitive_attributes": [],
          "private": "bnVsbA==",
          "dependencies": [
            "aws_api_gateway_method.options_method_edit_blog",
            "aws_api_gateway_resource.blog",
            "aws_api_gateway_resource.edit_blog",
            "aws_api_gateway_rest_api.api"
          ]
        }
      ]
    },
    {
      "mode": "managed",
      "type": "aws_api_gateway_integration",
      "name": "options_integration_edit_concert",
      "provider": "provider[\"registry.terraform.io/hashicorp/aws\"]",
      "instances": [
        {
          "schema_version": 0,
          "attributes": {
            "cache_key_parameters": [],
            "cache_namespace": "9mgv58",
            "connection_id": "",
            "connection_type": "INTERNET",
            "content_handling": "",
            "credentials": "",
            "http_method": "OPTIONS",
            "id": "agi-a4eslgb0nl-9mgv58-OPTIONS",
            "integration_http_method": "",
            "passthrough_behavior": "WHEN_NO_MATCH",
            "request_parameters": {},
            "request_templates": {
              "application/json": "{\"statusCode\": 200}"
            },
            "resource_id": "9mgv58",
            "rest_api_id": "a4eslgb0nl",
            "timeout_milliseconds": 29000,
            "tls_config": [],
            "type": "MOCK",
            "uri": ""
          },
          "sensitive_attributes": [],
          "private": "bnVsbA==",
          "dependencies": [
            "aws_api_gateway_method.options_method_edit_concert",
            "aws_api_gateway_resource.concert",
            "aws_api_gateway_resource.edit_concert",
            "aws_api_gateway_rest_api.api"
          ]
        }
      ]
    },
    {
      "mode": "managed",
      "type": "aws_api_gateway_integration",
      "name": "options_integration_edit_musique",
      "provider": "provider[\"registry.terraform.io/hashicorp/aws\"]",
      "instances": [
        {
          "schema_version": 0,
          "attributes": {
            "cache_key_parameters": [],
            "cache_namespace": "6w7bac",
            "connection_id": "",
            "connection_type": "INTERNET",
            "content_handling": "",
            "credentials": "",
            "http_method": "OPTIONS",
            "id": "agi-a4eslgb0nl-6w7bac-OPTIONS",
            "integration_http_method": "",
            "passthrough_behavior": "WHEN_NO_MATCH",
            "request_parameters": {},
            "request_templates": {
              "application/json": "{\"statusCode\": 200}"
            },
            "resource_id": "6w7bac",
            "rest_api_id": "a4eslgb0nl",
            "timeout_milliseconds": 29000,
            "tls_config": [],
            "type": "MOCK",
            "uri": ""
          },
          "sensitive_attributes": [],
          "private": "bnVsbA==",
          "dependencies": [
            "aws_api_gateway_method.options_method_edit_musique",
            "aws_api_gateway_resource.edit_musique",
            "aws_api_gateway_resource.musique",
            "aws_api_gateway_rest_api.api"
          ]
        }
      ]
    },
    {
      "mode": "managed",
      "type": "aws_api_gateway_integration",
      "name": "options_integration_getBlog",
      "provider": "provider[\"registry.terraform.io/hashicorp/aws\"]",
      "instances": [
        {
          "schema_version": 0,
          "attributes": {
            "cache_key_parameters": [],
            "cache_namespace": "r10q69",
            "connection_id": "",
            "connection_type": "INTERNET",
            "content_handling": "",
            "credentials": "",
            "http_method": "OPTIONS",
            "id": "agi-a4eslgb0nl-r10q69-OPTIONS",
            "integration_http_method": "",
            "passthrough_behavior": "WHEN_NO_MATCH",
            "request_parameters": {},
            "request_templates": {
              "application/json": "{\"statusCode\": 200}"
            },
            "resource_id": "r10q69",
            "rest_api_id": "a4eslgb0nl",
            "timeout_milliseconds": 29000,
            "tls_config": [],
            "type": "MOCK",
            "uri": ""
          },
          "sensitive_attributes": [],
          "private": "bnVsbA==",
          "dependencies": [
            "aws_api_gateway_method.options_method_getBlog",
            "aws_api_gateway_resource.blog",
            "aws_api_gateway_resource.getBlog",
            "aws_api_gateway_rest_api.api"
          ]
        }
      ]
    },
    {
      "mode": "managed",
      "type": "aws_api_gateway_integration",
      "name": "options_integration_getConcert",
      "provider": "provider[\"registry.terraform.io/hashicorp/aws\"]",
      "instances": [
        {
          "schema_version": 0,
          "attributes": {
            "cache_key_parameters": [],
            "cache_namespace": "n03gke",
            "connection_id": "",
            "connection_type": "INTERNET",
            "content_handling": "",
            "credentials": "",
            "http_method": "OPTIONS",
            "id": "agi-a4eslgb0nl-n03gke-OPTIONS",
            "integration_http_method": "",
            "passthrough_behavior": "WHEN_NO_MATCH",
            "request_parameters": {},
            "request_templates": {
              "application/json": "{\"statusCode\": 200}"
            },
            "resource_id": "n03gke",
            "rest_api_id": "a4eslgb0nl",
            "timeout_milliseconds": 29000,
            "tls_config": [],
            "type": "MOCK",
            "uri": ""
          },
          "sensitive_attributes": [],
          "private": "bnVsbA==",
          "dependencies": [
            "aws_api_gateway_method.options_method_getConcert",
            "aws_api_gateway_resource.concert",
            "aws_api_gateway_resource.getConcert",
            "aws_api_gateway_rest_api.api"
          ]
        }
      ]
    },
    {
      "mode": "managed",
      "type": "aws_api_gateway_integration",
      "name": "options_integration_getMusique",
      "provider": "provider[\"registry.terraform.io/hashicorp/aws\"]",
      "instances": [
        {
          "schema_version": 0,
          "attributes": {
            "cache_key_parameters": [],
            "cache_namespace": "pxbuqm",
            "connection_id": "",
            "connection_type": "INTERNET",
            "content_handling": "",
            "credentials": "",
            "http_method": "OPTIONS",
            "id": "agi-a4eslgb0nl-pxbuqm-OPTIONS",
            "integration_http_method": "",
            "passthrough_behavior": "WHEN_NO_MATCH",
            "request_parameters": {},
            "request_templates": {
              "application/json": "{\"statusCode\": 200}"
            },
            "resource_id": "pxbuqm",
            "rest_api_id": "a4eslgb0nl",
            "timeout_milliseconds": 29000,
            "tls_config": [],
            "type": "MOCK",
            "uri": ""
          },
          "sensitive_attributes": [],
          "private": "bnVsbA==",
          "dependencies": [
            "aws_api_gateway_method.options_method_getMusique",
            "aws_api_gateway_resource.getMusique",
            "aws_api_gateway_resource.musique",
            "aws_api_gateway_rest_api.api"
          ]
        }
      ]
    },
    {
      "mode": "managed",
      "type": "aws_api_gateway_integration",
      "name": "options_integration_list_musique",
      "provider": "provider[\"registry.terraform.io/hashicorp/aws\"]",
      "instances": [
        {
          "schema_version": 0,
          "attributes": {
            "cache_key_parameters": [],
            "cache_namespace": "28dshv",
            "connection_id": "",
            "connection_type": "INTERNET",
            "content_handling": "",
            "credentials": "",
            "http_method": "OPTIONS",
            "id": "agi-a4eslgb0nl-28dshv-OPTIONS",
            "integration_http_method": "",
            "passthrough_behavior": "WHEN_NO_MATCH",
            "request_parameters": {},
            "request_templates": {
              "application/json": "{\"statusCode\": 200}"
            },
            "resource_id": "28dshv",
            "rest_api_id": "a4eslgb0nl",
            "timeout_milliseconds": 29000,
            "tls_config": [],
            "type": "MOCK",
            "uri": ""
          },
          "sensitive_attributes": [],
          "private": "bnVsbA==",
          "dependencies": [
            "aws_api_gateway_method.options_method_list_musique",
            "aws_api_gateway_resource.list_musique",
            "aws_api_gateway_resource.musique",
            "aws_api_gateway_rest_api.api"
          ]
        }
      ]
    },
    {
      "mode": "managed",
      "type": "aws_api_gateway_integration",
      "name": "options_integration_login",
      "provider": "provider[\"registry.terraform.io/hashicorp/aws\"]",
      "instances": [
        {
          "schema_version": 0,
          "attributes": {
            "cache_key_parameters": [],
            "cache_namespace": "1idi7e",
            "connection_id": "",
            "connection_type": "INTERNET",
            "content_handling": "",
            "credentials": "",
            "http_method": "OPTIONS",
            "id": "agi-a4eslgb0nl-1idi7e-OPTIONS",
            "integration_http_method": "",
            "passthrough_behavior": "WHEN_NO_MATCH",
            "request_parameters": {},
            "request_templates": {
              "application/json": "{\"statusCode\": 200}"
            },
            "resource_id": "1idi7e",
            "rest_api_id": "a4eslgb0nl",
            "timeout_milliseconds": 29000,
            "tls_config": [],
            "type": "MOCK",
            "uri": ""
          },
          "sensitive_attributes": [],
          "private": "bnVsbA==",
          "dependencies": [
            "aws_api_gateway_method.options_method_login",
            "aws_api_gateway_resource.login",
            "aws_api_gateway_rest_api.api"
          ]
        }
      ]
    },
    {
      "mode": "managed",
      "type": "aws_api_gateway_integration",
      "name": "options_integration_logout",
      "provider": "provider[\"registry.terraform.io/hashicorp/aws\"]",
      "instances": [
        {
          "schema_version": 0,
          "attributes": {
            "cache_key_parameters": [],
            "cache_namespace": "x1p7bs",
            "connection_id": "",
            "connection_type": "INTERNET",
            "content_handling": "",
            "credentials": "",
            "http_method": "OPTIONS",
            "id": "agi-a4eslgb0nl-x1p7bs-OPTIONS",
            "integration_http_method": "",
            "passthrough_behavior": "WHEN_NO_MATCH",
            "request_parameters": {},
            "request_templates": {
              "application/json": "{\"statusCode\": 200}"
            },
            "resource_id": "x1p7bs",
            "rest_api_id": "a4eslgb0nl",
            "timeout_milliseconds": 29000,
            "tls_config": [],
            "type": "MOCK",
            "uri": ""
          },
          "sensitive_attributes": [],
          "private": "bnVsbA==",
          "dependencies": [
            "aws_api_gateway_method.options_method_logout",
            "aws_api_gateway_resource.logout",
            "aws_api_gateway_rest_api.api"
          ]
        }
      ]
    },
    {
      "mode": "managed",
      "type": "aws_api_gateway_integration",
      "name": "options_integration_lost_password",
      "provider": "provider[\"registry.terraform.io/hashicorp/aws\"]",
      "instances": [
        {
          "schema_version": 0,
          "attributes": {
            "cache_key_parameters": [],
            "cache_namespace": "2yub0n",
            "connection_id": "",
            "connection_type": "INTERNET",
            "content_handling": "",
            "credentials": "",
            "http_method": "OPTIONS",
            "id": "agi-a4eslgb0nl-2yub0n-OPTIONS",
            "integration_http_method": "",
            "passthrough_behavior": "WHEN_NO_MATCH",
            "request_parameters": {},
            "request_templates": {
              "application/json": "{\"statusCode\": 200}"
            },
            "resource_id": "2yub0n",
            "rest_api_id": "a4eslgb0nl",
            "timeout_milliseconds": 29000,
            "tls_config": [],
            "type": "MOCK",
            "uri": ""
          },
          "sensitive_attributes": [],
          "private": "bnVsbA==",
          "dependencies": [
            "aws_api_gateway_method.options_method_lost_password",
            "aws_api_gateway_resource.lost_password",
            "aws_api_gateway_resource.user",
            "aws_api_gateway_rest_api.api"
          ]
        }
      ]
    },
    {
      "mode": "managed",
      "type": "aws_api_gateway_integration",
      "name": "options_integration_reinitialise_password",
      "provider": "provider[\"registry.terraform.io/hashicorp/aws\"]",
      "instances": [
        {
          "schema_version": 0,
          "attributes": {
            "cache_key_parameters": [],
            "cache_namespace": "65rodk",
            "connection_id": "",
            "connection_type": "INTERNET",
            "content_handling": "",
            "credentials": "",
            "http_method": "OPTIONS",
            "id": "agi-a4eslgb0nl-65rodk-OPTIONS",
            "integration_http_method": "",
            "passthrough_behavior": "WHEN_NO_MATCH",
            "request_parameters": {},
            "request_templates": {
              "application/json": "{\"statusCode\": 200}"
            },
            "resource_id": "65rodk",
            "rest_api_id": "a4eslgb0nl",
            "timeout_milliseconds": 29000,
            "tls_config": [],
            "type": "MOCK",
            "uri": ""
          },
          "sensitive_attributes": [],
          "private": "bnVsbA==",
          "dependencies": [
            "aws_api_gateway_method.options_method_reinitialise_password",
            "aws_api_gateway_resource.reinitialise_password",
            "aws_api_gateway_resource.user",
            "aws_api_gateway_rest_api.api"
          ]
        }
      ]
    },
    {
      "mode": "managed",
      "type": "aws_api_gateway_integration",
      "name": "options_integration_reserve_concert",
      "provider": "provider[\"registry.terraform.io/hashicorp/aws\"]",
      "instances": [
        {
          "schema_version": 0,
          "attributes": {
            "cache_key_parameters": [],
            "cache_namespace": "yn5pdk",
            "connection_id": "",
            "connection_type": "INTERNET",
            "content_handling": "",
            "credentials": "",
            "http_method": "OPTIONS",
            "id": "agi-a4eslgb0nl-yn5pdk-OPTIONS",
            "integration_http_method": "",
            "passthrough_behavior": "WHEN_NO_MATCH",
            "request_parameters": {},
            "request_templates": {
              "application/json": "{\"statusCode\": 200}"
            },
            "resource_id": "yn5pdk",
            "rest_api_id": "a4eslgb0nl",
            "timeout_milliseconds": 29000,
            "tls_config": [],
            "type": "MOCK",
            "uri": ""
          },
          "sensitive_attributes": [],
          "private": "bnVsbA==",
          "dependencies": [
            "aws_api_gateway_method.options_method_reserve_concert",
            "aws_api_gateway_resource.reserve_concert",
            "aws_api_gateway_rest_api.api"
          ]
        }
      ]
    },
    {
      "mode": "managed",
      "type": "aws_api_gateway_integration",
      "name": "options_integration_update_password",
      "provider": "provider[\"registry.terraform.io/hashicorp/aws\"]",
      "instances": [
        {
          "schema_version": 0,
          "attributes": {
            "cache_key_parameters": [],
            "cache_namespace": "qjyq9g",
            "connection_id": "",
            "connection_type": "INTERNET",
            "content_handling": "",
            "credentials": "",
            "http_method": "OPTIONS",
            "id": "agi-a4eslgb0nl-qjyq9g-OPTIONS",
            "integration_http_method": "",
            "passthrough_behavior": "WHEN_NO_MATCH",
            "request_parameters": {},
            "request_templates": {
              "application/json": "{\"statusCode\": 200}"
            },
            "resource_id": "qjyq9g",
            "rest_api_id": "a4eslgb0nl",
            "timeout_milliseconds": 29000,
            "tls_config": [],
            "type": "MOCK",
            "uri": ""
          },
          "sensitive_attributes": [],
          "private": "bnVsbA==",
          "dependencies": [
            "aws_api_gateway_method.options_method_update_password",
            "aws_api_gateway_resource.update_password",
            "aws_api_gateway_resource.user",
            "aws_api_gateway_rest_api.api"
          ]
        }
      ]
    },
    {
      "mode": "managed",
      "type": "aws_api_gateway_integration",
      "name": "options_integration_update_user",
      "provider": "provider[\"registry.terraform.io/hashicorp/aws\"]",
      "instances": [
        {
          "schema_version": 0,
          "attributes": {
            "cache_key_parameters": [],
            "cache_namespace": "w49ndg",
            "connection_id": "",
            "connection_type": "INTERNET",
            "content_handling": "",
            "credentials": "",
            "http_method": "OPTIONS",
            "id": "agi-a4eslgb0nl-w49ndg-OPTIONS",
            "integration_http_method": "",
            "passthrough_behavior": "WHEN_NO_MATCH",
            "request_parameters": {},
            "request_templates": {
              "application/json": "{\"statusCode\": 200}"
            },
            "resource_id": "w49ndg",
            "rest_api_id": "a4eslgb0nl",
            "timeout_milliseconds": 29000,
            "tls_config": [],
            "type": "MOCK",
            "uri": ""
          },
          "sensitive_attributes": [],
          "private": "bnVsbA==",
          "dependencies": [
            "aws_api_gateway_method.options_method_update_user",
            "aws_api_gateway_resource.update_user",
            "aws_api_gateway_resource.user",
            "aws_api_gateway_rest_api.api"
          ]
        }
      ]
    },
    {
      "mode": "managed",
      "type": "aws_api_gateway_integration",
      "name": "options_integration_user",
      "provider": "provider[\"registry.terraform.io/hashicorp/aws\"]",
      "instances": [
        {
          "schema_version": 0,
          "attributes": {
            "cache_key_parameters": [],
            "cache_namespace": "x9ldyd",
            "connection_id": "",
            "connection_type": "INTERNET",
            "content_handling": "",
            "credentials": "",
            "http_method": "OPTIONS",
            "id": "agi-a4eslgb0nl-x9ldyd-OPTIONS",
            "integration_http_method": "",
            "passthrough_behavior": "WHEN_NO_MATCH",
            "request_parameters": {},
            "request_templates": {
              "application/json": "{\"statusCode\": 200}"
            },
            "resource_id": "x9ldyd",
            "rest_api_id": "a4eslgb0nl",
            "timeout_milliseconds": 29000,
            "tls_config": [],
            "type": "MOCK",
            "uri": ""
          },
          "sensitive_attributes": [],
          "private": "bnVsbA==",
          "dependencies": [
            "aws_api_gateway_method.options_method_add_user",
            "aws_api_gateway_resource.add_user",
            "aws_api_gateway_resource.user",
            "aws_api_gateway_rest_api.api"
          ]
        }
      ]
    },
    {
      "mode": "managed",
      "type": "aws_api_gateway_integration",
      "name": "options_integration_validation_email",
      "provider": "provider[\"registry.terraform.io/hashicorp/aws\"]",
      "instances": [
        {
          "schema_version": 0,
          "attributes": {
            "cache_key_parameters": [],
            "cache_namespace": "t4a4e2",
            "connection_id": "",
            "connection_type": "INTERNET",
            "content_handling": "",
            "credentials": "",
            "http_method": "OPTIONS",
            "id": "agi-a4eslgb0nl-t4a4e2-OPTIONS",
            "integration_http_method": "",
            "passthrough_behavior": "WHEN_NO_MATCH",
            "request_parameters": {},
            "request_templates": {
              "application/json": "{\"statusCode\": 200}"
            },
            "resource_id": "t4a4e2",
            "rest_api_id": "a4eslgb0nl",
            "timeout_milliseconds": 29000,
            "tls_config": [],
            "type": "MOCK",
            "uri": ""
          },
          "sensitive_attributes": [],
          "private": "bnVsbA==",
          "dependencies": [
            "aws_api_gateway_method.options_method_validation_email",
            "aws_api_gateway_resource.user",
            "aws_api_gateway_resource.validation_email",
            "aws_api_gateway_rest_api.api"
          ]
        }
      ]
    },
    {
      "mode": "managed",
      "type": "aws_api_gateway_integration",
      "name": "resource_integration_delete_blog",
      "provider": "provider[\"registry.terraform.io/hashicorp/aws\"]",
      "instances": [
        {
          "schema_version": 0,
          "attributes": {
            "cache_key_parameters": [],
            "cache_namespace": "8rxjst",
            "connection_id": "",
            "connection_type": "INTERNET",
            "content_handling": "",
            "credentials": "",
            "http_method": "GET",
            "id": "agi-a4eslgb0nl-8rxjst-GET",
            "integration_http_method": "POST",
            "passthrough_behavior": "WHEN_NO_TEMPLATES",
            "request_parameters": {},
            "request_templates": {
              "application/json": "    {\"id\":  \"$input.params('id')\"}\n"
            },
            "resource_id": "8rxjst",
            "rest_api_id": "a4eslgb0nl",
            "timeout_milliseconds": 29000,
            "tls_config": [],
            "type": "AWS",
            "uri": "arn:aws:apigateway:eu-west-3:lambda:path/2015-03-31/functions/arn:aws:lambda:eu-west-3:570026320413:function:delete_blog/invocations"
          },
          "sensitive_attributes": [],
          "private": "bnVsbA==",
          "dependencies": [
            "aws_api_gateway_method.delete_blog",
            "aws_api_gateway_resource.blog",
            "aws_api_gateway_resource.delete_blog",
            "aws_api_gateway_rest_api.api",
            "aws_iam_role.lambda_read_role",
            "aws_lambda_function.lambdaDeleteBlog",
            "data.aws_iam_policy_document.lambdarole"
          ]
        }
      ]
    },
    {
      "mode": "managed",
      "type": "aws_api_gateway_integration",
      "name": "resource_integration_delete_concert",
      "provider": "provider[\"registry.terraform.io/hashicorp/aws\"]",
      "instances": [
        {
          "schema_version": 0,
          "attributes": {
            "cache_key_parameters": [],
            "cache_namespace": "8d0mu7",
            "connection_id": "",
            "connection_type": "INTERNET",
            "content_handling": "",
            "credentials": "",
            "http_method": "GET",
            "id": "agi-a4eslgb0nl-8d0mu7-GET",
            "integration_http_method": "POST",
            "passthrough_behavior": "WHEN_NO_TEMPLATES",
            "request_parameters": {},
            "request_templates": {
              "application/json": "    {\"id\":  \"$input.params('id')\",\n    \"test\":  \"$input.params('test')\"\n    }\n"
            },
            "resource_id": "8d0mu7",
            "rest_api_id": "a4eslgb0nl",
            "timeout_milliseconds": 29000,
            "tls_config": [],
            "type": "AWS",
            "uri": "arn:aws:apigateway:eu-west-3:lambda:path/2015-03-31/functions/arn:aws:lambda:eu-west-3:570026320413:function:delete_concert/invocations"
          },
          "sensitive_attributes": [],
          "private": "bnVsbA==",
          "dependencies": [
            "aws_api_gateway_method.delete_concert",
            "aws_api_gateway_resource.concert",
            "aws_api_gateway_resource.delete_concert",
            "aws_api_gateway_rest_api.api",
            "aws_iam_role.lambda_read_role",
            "aws_lambda_function.lambdaDeleteConcert",
            "data.aws_iam_policy_document.lambdarole"
          ]
        }
      ]
    },
    {
      "mode": "managed",
      "type": "aws_api_gateway_integration",
      "name": "resource_integration_delete_musique",
      "provider": "provider[\"registry.terraform.io/hashicorp/aws\"]",
      "instances": [
        {
          "schema_version": 0,
          "attributes": {
            "cache_key_parameters": [],
            "cache_namespace": "nnwxs5",
            "connection_id": "",
            "connection_type": "INTERNET",
            "content_handling": "",
            "credentials": "",
            "http_method": "GET",
            "id": "agi-a4eslgb0nl-nnwxs5-GET",
            "integration_http_method": "POST",
            "passthrough_behavior": "WHEN_NO_TEMPLATES",
            "request_parameters": {},
            "request_templates": {
              "application/json": "    {\"id\":  \"$input.params('id')\"}\n"
            },
            "resource_id": "nnwxs5",
            "rest_api_id": "a4eslgb0nl",
            "timeout_milliseconds": 29000,
            "tls_config": [],
            "type": "AWS",
            "uri": "arn:aws:apigateway:eu-west-3:lambda:path/2015-03-31/functions/arn:aws:lambda:eu-west-3:570026320413:function:delete_musique/invocations"
          },
          "sensitive_attributes": [],
          "private": "bnVsbA==",
          "dependencies": [
            "aws_api_gateway_method.delete_musique",
            "aws_api_gateway_resource.delete_musique",
            "aws_api_gateway_resource.musique",
            "aws_api_gateway_rest_api.api",
            "aws_iam_role.lambda_read_role",
            "aws_lambda_function.lambdaDeleteMusique",
            "data.aws_iam_policy_document.lambdarole"
          ]
        }
      ]
    },
    {
      "mode": "managed",
      "type": "aws_api_gateway_integration",
      "name": "resource_integration_getBlog",
      "provider": "provider[\"registry.terraform.io/hashicorp/aws\"]",
      "instances": [
        {
          "schema_version": 0,
          "attributes": {
            "cache_key_parameters": [],
            "cache_namespace": "r10q69",
            "connection_id": "",
            "connection_type": "INTERNET",
            "content_handling": "",
            "credentials": "",
            "http_method": "GET",
            "id": "agi-a4eslgb0nl-r10q69-GET",
            "integration_http_method": "POST",
            "passthrough_behavior": "WHEN_NO_TEMPLATES",
            "request_parameters": {},
            "request_templates": {
              "application/json": ""
            },
            "resource_id": "r10q69",
            "rest_api_id": "a4eslgb0nl",
            "timeout_milliseconds": 29000,
            "tls_config": [],
            "type": "AWS",
            "uri": "arn:aws:apigateway:eu-west-3:lambda:path/2015-03-31/functions/arn:aws:lambda:eu-west-3:570026320413:function:get_blog/invocations"
          },
          "sensitive_attributes": [],
          "private": "bnVsbA==",
          "dependencies": [
            "aws_api_gateway_method.getBlog",
            "aws_api_gateway_resource.blog",
            "aws_api_gateway_resource.getBlog",
            "aws_api_gateway_rest_api.api",
            "aws_iam_role.lambda_read_role",
            "aws_lambda_function.lambdaGetBlog",
            "data.aws_iam_policy_document.lambdarole"
          ]
        }
      ]
    },
    {
      "mode": "managed",
      "type": "aws_api_gateway_integration",
      "name": "resource_integration_getConcert",
      "provider": "provider[\"registry.terraform.io/hashicorp/aws\"]",
      "instances": [
        {
          "schema_version": 0,
          "attributes": {
            "cache_key_parameters": [],
            "cache_namespace": "n03gke",
            "connection_id": "",
            "connection_type": "INTERNET",
            "content_handling": "",
            "credentials": "",
            "http_method": "GET",
            "id": "agi-a4eslgb0nl-n03gke-GET",
            "integration_http_method": "POST",
            "passthrough_behavior": "WHEN_NO_TEMPLATES",
            "request_parameters": {},
            "request_templates": {
              "application/json": ""
            },
            "resource_id": "n03gke",
            "rest_api_id": "a4eslgb0nl",
            "timeout_milliseconds": 29000,
            "tls_config": [],
            "type": "AWS",
            "uri": "arn:aws:apigateway:eu-west-3:lambda:path/2015-03-31/functions/arn:aws:lambda:eu-west-3:570026320413:function:get_concert/invocations"
          },
          "sensitive_attributes": [],
          "private": "bnVsbA==",
          "dependencies": [
            "aws_api_gateway_method.getConcert",
            "aws_api_gateway_resource.concert",
            "aws_api_gateway_resource.getConcert",
            "aws_api_gateway_rest_api.api",
            "aws_iam_role.lambda_read_role",
            "aws_lambda_function.lambdaGetConcert",
            "data.aws_iam_policy_document.lambdarole"
          ]
        }
      ]
    },
    {
      "mode": "managed",
      "type": "aws_api_gateway_integration",
      "name": "resource_integration_getMusique",
      "provider": "provider[\"registry.terraform.io/hashicorp/aws\"]",
      "instances": [
        {
          "schema_version": 0,
          "attributes": {
            "cache_key_parameters": [],
            "cache_namespace": "pxbuqm",
            "connection_id": "",
            "connection_type": "INTERNET",
            "content_handling": "",
            "credentials": "",
            "http_method": "GET",
            "id": "agi-a4eslgb0nl-pxbuqm-GET",
            "integration_http_method": "POST",
            "passthrough_behavior": "WHEN_NO_TEMPLATES",
            "request_parameters": {},
            "request_templates": {
              "application/json": "    {\"id\":  \"$input.params('id')\",\n    \"test\":  \"$input.params('test')\"\n    }\n"
            },
            "resource_id": "pxbuqm",
            "rest_api_id": "a4eslgb0nl",
            "timeout_milliseconds": 29000,
            "tls_config": [],
            "type": "AWS",
            "uri": "arn:aws:apigateway:eu-west-3:lambda:path/2015-03-31/functions/arn:aws:lambda:eu-west-3:570026320413:function:get_musique/invocations"
          },
          "sensitive_attributes": [],
          "private": "bnVsbA==",
          "dependencies": [
            "aws_api_gateway_method.getMusique",
            "aws_api_gateway_resource.getMusique",
            "aws_api_gateway_resource.musique",
            "aws_api_gateway_rest_api.api",
            "aws_iam_role.lambda_read_role",
            "aws_lambda_function.lambdaGetMusique",
            "data.aws_iam_policy_document.lambdarole"
          ]
        }
      ]
    },
    {
      "mode": "managed",
      "type": "aws_api_gateway_integration",
      "name": "resource_integration_list_musique",
      "provider": "provider[\"registry.terraform.io/hashicorp/aws\"]",
      "instances": [
        {
          "schema_version": 0,
          "attributes": {
            "cache_key_parameters": [],
            "cache_namespace": "28dshv",
            "connection_id": "",
            "connection_type": "INTERNET",
            "content_handling": "",
            "credentials": "",
            "http_method": "GET",
            "id": "agi-a4eslgb0nl-28dshv-GET",
            "integration_http_method": "POST",
            "passthrough_behavior": "WHEN_NO_TEMPLATES",
            "request_parameters": {},
            "request_templates": {
              "application/json": ""
            },
            "resource_id": "28dshv",
            "rest_api_id": "a4eslgb0nl",
            "timeout_milliseconds": 29000,
            "tls_config": [],
            "type": "AWS",
            "uri": "arn:aws:apigateway:eu-west-3:lambda:path/2015-03-31/functions/arn:aws:lambda:eu-west-3:570026320413:function:list_musique/invocations"
          },
          "sensitive_attributes": [],
          "private": "bnVsbA==",
          "dependencies": [
            "aws_api_gateway_method.list_musique",
            "aws_api_gateway_resource.list_musique",
            "aws_api_gateway_resource.musique",
            "aws_api_gateway_rest_api.api",
            "aws_iam_role.lambda_read_role",
            "aws_lambda_function.lambdaListMusique",
            "data.aws_iam_policy_document.lambdarole"
          ]
        }
      ]
    },
    {
      "mode": "managed",
      "type": "aws_api_gateway_integration_response",
      "name": "delete_blog_response",
      "provider": "provider[\"registry.terraform.io/hashicorp/aws\"]",
      "instances": [
        {
          "schema_version": 0,
          "attributes": {
            "content_handling": "",
            "http_method": "GET",
            "id": "agir-a4eslgb0nl-8rxjst-GET-200",
            "resource_id": "8rxjst",
            "response_parameters": {
              "method.response.header.Access-Control-Allow-Origin": "'*'"
            },
            "response_templates": {},
            "rest_api_id": "a4eslgb0nl",
            "selection_pattern": "",
            "status_code": "200"
          },
          "sensitive_attributes": [],
          "private": "bnVsbA==",
          "dependencies": [
            "aws_api_gateway_integration.resource_integration_delete_blog",
            "aws_api_gateway_method.delete_blog",
            "aws_api_gateway_resource.blog",
            "aws_api_gateway_resource.delete_blog",
            "aws_api_gateway_rest_api.api",
            "aws_iam_role.lambda_read_role",
            "aws_lambda_function.lambdaDeleteBlog",
            "data.aws_iam_policy_document.lambdarole"
          ]
        }
      ]
    },
    {
      "mode": "managed",
      "type": "aws_api_gateway_integration_response",
      "name": "delete_concert_response",
      "provider": "provider[\"registry.terraform.io/hashicorp/aws\"]",
      "instances": [
        {
          "schema_version": 0,
          "attributes": {
            "content_handling": "",
            "http_method": "GET",
            "id": "agir-a4eslgb0nl-8d0mu7-GET-200",
            "resource_id": "8d0mu7",
            "response_parameters": {
              "method.response.header.Access-Control-Allow-Origin": "'*'"
            },
            "response_templates": {},
            "rest_api_id": "a4eslgb0nl",
            "selection_pattern": "",
            "status_code": "200"
          },
          "sensitive_attributes": [],
          "private": "bnVsbA==",
          "dependencies": [
            "aws_api_gateway_integration.resource_integration_delete_concert",
            "aws_api_gateway_method.delete_concert",
            "aws_api_gateway_resource.concert",
            "aws_api_gateway_resource.delete_concert",
            "aws_api_gateway_rest_api.api",
            "aws_iam_role.lambda_read_role",
            "aws_lambda_function.lambdaDeleteConcert",
            "data.aws_iam_policy_document.lambdarole"
          ]
        }
      ]
    },
    {
      "mode": "managed",
      "type": "aws_api_gateway_integration_response",
      "name": "delete_musique_response",
      "provider": "provider[\"registry.terraform.io/hashicorp/aws\"]",
      "instances": [
        {
          "schema_version": 0,
          "attributes": {
            "content_handling": "",
            "http_method": "GET",
            "id": "agir-a4eslgb0nl-nnwxs5-GET-200",
            "resource_id": "nnwxs5",
            "response_parameters": {
              "method.response.header.Access-Control-Allow-Origin": "'*'"
            },
            "response_templates": {},
            "rest_api_id": "a4eslgb0nl",
            "selection_pattern": "",
            "status_code": "200"
          },
          "sensitive_attributes": [],
          "private": "bnVsbA==",
          "dependencies": [
            "aws_api_gateway_integration.resource_integration_delete_musique",
            "aws_api_gateway_method.delete_musique",
            "aws_api_gateway_resource.delete_musique",
            "aws_api_gateway_resource.musique",
            "aws_api_gateway_rest_api.api",
            "aws_iam_role.lambda_read_role",
            "aws_lambda_function.lambdaDeleteMusique",
            "data.aws_iam_policy_document.lambdarole"
          ]
        }
      ]
    },
    {
      "mode": "managed",
      "type": "aws_api_gateway_integration_response",
      "name": "getBlog_response",
      "provider": "provider[\"registry.terraform.io/hashicorp/aws\"]",
      "instances": [
        {
          "schema_version": 0,
          "attributes": {
            "content_handling": "",
            "http_method": "GET",
            "id": "agir-a4eslgb0nl-r10q69-GET-200",
            "resource_id": "r10q69",
            "response_parameters": {
              "method.response.header.Access-Control-Allow-Origin": "'*'"
            },
            "response_templates": {},
            "rest_api_id": "a4eslgb0nl",
            "selection_pattern": "",
            "status_code": "200"
          },
          "sensitive_attributes": [],
          "private": "bnVsbA==",
          "dependencies": [
            "aws_api_gateway_integration.resource_integration_getBlog",
            "aws_api_gateway_method.getBlog",
            "aws_api_gateway_resource.blog",
            "aws_api_gateway_resource.getBlog",
            "aws_api_gateway_rest_api.api",
            "aws_iam_role.lambda_read_role",
            "aws_lambda_function.lambdaGetBlog",
            "data.aws_iam_policy_document.lambdarole"
          ]
        }
      ]
    },
    {
      "mode": "managed",
      "type": "aws_api_gateway_integration_response",
      "name": "getConcert_response",
      "provider": "provider[\"registry.terraform.io/hashicorp/aws\"]",
      "instances": [
        {
          "schema_version": 0,
          "attributes": {
            "content_handling": "",
            "http_method": "GET",
            "id": "agir-a4eslgb0nl-n03gke-GET-200",
            "resource_id": "n03gke",
            "response_parameters": {
              "method.response.header.Access-Control-Allow-Origin": "'*'"
            },
            "response_templates": {},
            "rest_api_id": "a4eslgb0nl",
            "selection_pattern": "",
            "status_code": "200"
          },
          "sensitive_attributes": [],
          "private": "bnVsbA==",
          "dependencies": [
            "aws_api_gateway_integration.resource_integration_getConcert",
            "aws_api_gateway_method.getConcert",
            "aws_api_gateway_resource.concert",
            "aws_api_gateway_resource.getConcert",
            "aws_api_gateway_rest_api.api",
            "aws_iam_role.lambda_read_role",
            "aws_lambda_function.lambdaGetConcert",
            "data.aws_iam_policy_document.lambdarole"
          ]
        }
      ]
    },
    {
      "mode": "managed",
      "type": "aws_api_gateway_integration_response",
      "name": "getMusique_response",
      "provider": "provider[\"registry.terraform.io/hashicorp/aws\"]",
      "instances": [
        {
          "schema_version": 0,
          "attributes": {
            "content_handling": "",
            "http_method": "GET",
            "id": "agir-a4eslgb0nl-pxbuqm-GET-200",
            "resource_id": "pxbuqm",
            "response_parameters": {
              "method.response.header.Access-Control-Allow-Origin": "'*'"
            },
            "response_templates": {},
            "rest_api_id": "a4eslgb0nl",
            "selection_pattern": "",
            "status_code": "200"
          },
          "sensitive_attributes": [],
          "private": "bnVsbA==",
          "dependencies": [
            "aws_api_gateway_integration.resource_integration_getMusique",
            "aws_api_gateway_method.getMusique",
            "aws_api_gateway_resource.getMusique",
            "aws_api_gateway_resource.musique",
            "aws_api_gateway_rest_api.api",
            "aws_iam_role.lambda_read_role",
            "aws_lambda_function.lambdaGetMusique",
            "data.aws_iam_policy_document.lambdarole"
          ]
        }
      ]
    },
    {
      "mode": "managed",
      "type": "aws_api_gateway_integration_response",
      "name": "lambda_add_blog",
      "provider": "provider[\"registry.terraform.io/hashicorp/aws\"]",
      "instances": [
        {
          "schema_version": 0,
          "attributes": {
            "content_handling": "",
            "http_method": "POST",
            "id": "agir-a4eslgb0nl-7dtto8-POST-200",
            "resource_id": "7dtto8",
            "response_parameters": {},
            "response_templates": {},
            "rest_api_id": "a4eslgb0nl",
            "selection_pattern": "",
            "status_code": "200"
          },
          "sensitive_attributes": [],
          "private": "bnVsbA==",
          "dependencies": [
            "aws_api_gateway_integration.lambda_add_blog",
            "aws_api_gateway_method.add_blog",
            "aws_api_gateway_method_response.add_blog",
            "aws_api_gateway_resource.add_blog",
            "aws_api_gateway_resource.blog",
            "aws_api_gateway_rest_api.api",
            "aws_iam_role.lambda_read_role",
            "aws_lambda_function.lambdaAddBlog",
            "data.aws_iam_policy_document.lambdarole"
          ]
        }
      ]
    },
    {
      "mode": "managed",
      "type": "aws_api_gateway_integration_response",
      "name": "lambda_add_concert",
      "provider": "provider[\"registry.terraform.io/hashicorp/aws\"]",
      "instances": [
        {
          "schema_version": 0,
          "attributes": {
            "content_handling": "",
            "http_method": "POST",
            "id": "agir-a4eslgb0nl-mj76tj-POST-200",
            "resource_id": "mj76tj",
            "response_parameters": {},
            "response_templates": {},
            "rest_api_id": "a4eslgb0nl",
            "selection_pattern": "",
            "status_code": "200"
          },
          "sensitive_attributes": [],
          "private": "bnVsbA==",
          "dependencies": [
            "aws_api_gateway_integration.lambda_add_concert",
            "aws_api_gateway_method.add_concert",
            "aws_api_gateway_method_response.add_concert",
            "aws_api_gateway_resource.add_concert",
            "aws_api_gateway_resource.concert",
            "aws_api_gateway_rest_api.api",
            "aws_iam_role.lambda_read_role",
            "aws_lambda_function.lambdaAddConcert",
            "data.aws_iam_policy_document.lambdarole"
          ]
        }
      ]
    },
    {
      "mode": "managed",
      "type": "aws_api_gateway_integration_response",
      "name": "lambda_add_musique",
      "provider": "provider[\"registry.terraform.io/hashicorp/aws\"]",
      "instances": [
        {
          "schema_version": 0,
          "attributes": {
            "content_handling": "",
            "http_method": "POST",
            "id": "agir-a4eslgb0nl-ip17d7-POST-200",
            "resource_id": "ip17d7",
            "response_parameters": {},
            "response_templates": {},
            "rest_api_id": "a4eslgb0nl",
            "selection_pattern": "",
            "status_code": "200"
          },
          "sensitive_attributes": [],
          "private": "bnVsbA==",
          "dependencies": [
            "aws_api_gateway_integration.lambda_add_musique",
            "aws_api_gateway_method.add_musique",
            "aws_api_gateway_method_response.add_musique",
            "aws_api_gateway_resource.add_musique",
            "aws_api_gateway_resource.musique",
            "aws_api_gateway_rest_api.api",
            "aws_iam_role.lambda_read_role",
            "aws_lambda_function.lambdaAddMusique",
            "data.aws_iam_policy_document.lambdarole"
          ]
        }
      ]
    },
    {
      "mode": "managed",
      "type": "aws_api_gateway_integration_response",
      "name": "lambda_add_user",
      "provider": "provider[\"registry.terraform.io/hashicorp/aws\"]",
      "instances": [
        {
          "schema_version": 0,
          "attributes": {
            "content_handling": "",
            "http_method": "POST",
            "id": "agir-a4eslgb0nl-x9ldyd-POST-200",
            "resource_id": "x9ldyd",
            "response_parameters": {},
            "response_templates": {},
            "rest_api_id": "a4eslgb0nl",
            "selection_pattern": "",
            "status_code": "200"
          },
          "sensitive_attributes": [],
          "private": "bnVsbA==",
          "dependencies": [
            "aws_api_gateway_integration.lambda_add_user",
            "aws_api_gateway_method.add_user",
            "aws_api_gateway_method_response.add_user",
            "aws_api_gateway_resource.add_user",
            "aws_api_gateway_resource.user",
            "aws_api_gateway_rest_api.api",
            "aws_iam_role.lambda_read_role",
            "aws_lambda_function.lambdaAddUser",
            "data.aws_iam_policy_document.lambdarole"
          ]
        }
      ]
    },
    {
      "mode": "managed",
      "type": "aws_api_gateway_integration_response",
      "name": "lambda_contact",
      "provider": "provider[\"registry.terraform.io/hashicorp/aws\"]",
      "instances": [
        {
          "schema_version": 0,
          "attributes": {
            "content_handling": "",
            "http_method": "POST",
            "id": "agir-a4eslgb0nl-m5a96w-POST-200",
            "resource_id": "m5a96w",
            "response_parameters": {},
            "response_templates": {},
            "rest_api_id": "a4eslgb0nl",
            "selection_pattern": "",
            "status_code": "200"
          },
          "sensitive_attributes": [],
          "private": "bnVsbA==",
          "dependencies": [
            "aws_api_gateway_integration.lambda_contact",
            "aws_api_gateway_method.contact",
            "aws_api_gateway_method_response.contact",
            "aws_api_gateway_resource.contact",
            "aws_api_gateway_rest_api.api",
            "aws_iam_role.lambda_read_role",
            "aws_lambda_function.lambdaContact",
            "data.aws_iam_policy_document.lambdarole"
          ]
        }
      ]
    },
    {
      "mode": "managed",
      "type": "aws_api_gateway_integration_response",
      "name": "lambda_edit_blog",
      "provider": "provider[\"registry.terraform.io/hashicorp/aws\"]",
      "instances": [
        {
          "schema_version": 0,
          "attributes": {
            "content_handling": "",
            "http_method": "POST",
            "id": "agir-a4eslgb0nl-h8hsb2-POST-200",
            "resource_id": "h8hsb2",
            "response_parameters": {},
            "response_templates": {},
            "rest_api_id": "a4eslgb0nl",
            "selection_pattern": "",
            "status_code": "200"
          },
          "sensitive_attributes": [],
          "private": "bnVsbA==",
          "dependencies": [
            "aws_api_gateway_integration.lambda_edit_blog",
            "aws_api_gateway_method.edit_blog",
            "aws_api_gateway_method_response.edit_blog",
            "aws_api_gateway_resource.blog",
            "aws_api_gateway_resource.edit_blog",
            "aws_api_gateway_rest_api.api",
            "aws_iam_role.lambda_read_role",
            "aws_lambda_function.lambdaEditBlog",
            "data.aws_iam_policy_document.lambdarole"
          ]
        }
      ]
    },
    {
      "mode": "managed",
      "type": "aws_api_gateway_integration_response",
      "name": "lambda_edit_concert",
      "provider": "provider[\"registry.terraform.io/hashicorp/aws\"]",
      "instances": [
        {
          "schema_version": 0,
          "attributes": {
            "content_handling": "",
            "http_method": "POST",
            "id": "agir-a4eslgb0nl-9mgv58-POST-200",
            "resource_id": "9mgv58",
            "response_parameters": {},
            "response_templates": {},
            "rest_api_id": "a4eslgb0nl",
            "selection_pattern": "",
            "status_code": "200"
          },
          "sensitive_attributes": [],
          "private": "bnVsbA==",
          "dependencies": [
            "aws_api_gateway_integration.lambda_edit_concert",
            "aws_api_gateway_method.edit_concert",
            "aws_api_gateway_method_response.edit_concert",
            "aws_api_gateway_resource.concert",
            "aws_api_gateway_resource.edit_concert",
            "aws_api_gateway_rest_api.api",
            "aws_iam_role.lambda_read_role",
            "aws_lambda_function.lambdaEditConcert",
            "data.aws_iam_policy_document.lambdarole"
          ]
        }
      ]
    },
    {
      "mode": "managed",
      "type": "aws_api_gateway_integration_response",
      "name": "lambda_edit_musique",
      "provider": "provider[\"registry.terraform.io/hashicorp/aws\"]",
      "instances": [
        {
          "schema_version": 0,
          "attributes": {
            "content_handling": "",
            "http_method": "POST",
            "id": "agir-a4eslgb0nl-6w7bac-POST-200",
            "resource_id": "6w7bac",
            "response_parameters": {},
            "response_templates": {},
            "rest_api_id": "a4eslgb0nl",
            "selection_pattern": "",
            "status_code": "200"
          },
          "sensitive_attributes": [],
          "private": "bnVsbA==",
          "dependencies": [
            "aws_api_gateway_integration.lambda_edit_musique",
            "aws_api_gateway_method.edit_musique",
            "aws_api_gateway_method_response.edit_musique",
            "aws_api_gateway_resource.edit_musique",
            "aws_api_gateway_resource.musique",
            "aws_api_gateway_rest_api.api",
            "aws_iam_role.lambda_read_role",
            "aws_lambda_function.lambdaEditMusique",
            "data.aws_iam_policy_document.lambdarole"
          ]
        }
      ]
    },
    {
      "mode": "managed",
      "type": "aws_api_gateway_integration_response",
      "name": "lambda_login",
      "provider": "provider[\"registry.terraform.io/hashicorp/aws\"]",
      "instances": [
        {
          "schema_version": 0,
          "attributes": {
            "content_handling": "",
            "http_method": "POST",
            "id": "agir-a4eslgb0nl-1idi7e-POST-200",
            "resource_id": "1idi7e",
            "response_parameters": {},
            "response_templates": {},
            "rest_api_id": "a4eslgb0nl",
            "selection_pattern": "",
            "status_code": "200"
          },
          "sensitive_attributes": [],
          "private": "bnVsbA==",
          "dependencies": [
            "aws_api_gateway_integration.lambda_login",
            "aws_api_gateway_method.login",
            "aws_api_gateway_method_response.login",
            "aws_api_gateway_resource.login",
            "aws_api_gateway_rest_api.api",
            "aws_iam_role.lambda_read_role",
            "aws_lambda_function.lambdaLogin",
            "data.aws_iam_policy_document.lambdarole"
          ]
        }
      ]
    },
    {
      "mode": "managed",
      "type": "aws_api_gateway_integration_response",
      "name": "lambda_logout",
      "provider": "provider[\"registry.terraform.io/hashicorp/aws\"]",
      "instances": [
        {
          "schema_version": 0,
          "attributes": {
            "content_handling": "",
            "http_method": "POST",
            "id": "agir-a4eslgb0nl-x1p7bs-POST-200",
            "resource_id": "x1p7bs",
            "response_parameters": {},
            "response_templates": {},
            "rest_api_id": "a4eslgb0nl",
            "selection_pattern": "",
            "status_code": "200"
          },
          "sensitive_attributes": [],
          "private": "bnVsbA==",
          "dependencies": [
            "aws_api_gateway_integration.lambda_logout",
            "aws_api_gateway_method.logout",
            "aws_api_gateway_method_response.logout",
            "aws_api_gateway_resource.logout",
            "aws_api_gateway_rest_api.api",
            "aws_iam_role.lambda_read_role",
            "aws_lambda_function.lambdaLogout",
            "data.aws_iam_policy_document.lambdarole"
          ]
        }
      ]
    },
    {
      "mode": "managed",
      "type": "aws_api_gateway_integration_response",
      "name": "lambda_lost_password",
      "provider": "provider[\"registry.terraform.io/hashicorp/aws\"]",
      "instances": [
        {
          "schema_version": 0,
          "attributes": {
            "content_handling": "",
            "http_method": "POST",
            "id": "agir-a4eslgb0nl-2yub0n-POST-200",
            "resource_id": "2yub0n",
            "response_parameters": {},
            "response_templates": {},
            "rest_api_id": "a4eslgb0nl",
            "selection_pattern": "",
            "status_code": "200"
          },
          "sensitive_attributes": [],
          "private": "bnVsbA==",
          "dependencies": [
            "aws_api_gateway_integration.lambda_lost_password",
            "aws_api_gateway_method.lost_password",
            "aws_api_gateway_method_response.lost_password",
            "aws_api_gateway_resource.lost_password",
            "aws_api_gateway_resource.user",
            "aws_api_gateway_rest_api.api",
            "aws_iam_role.lambda_read_role",
            "aws_lambda_function.lambdaLostPassword",
            "data.aws_iam_policy_document.lambdarole"
          ]
        }
      ]
    },
    {
      "mode": "managed",
      "type": "aws_api_gateway_integration_response",
      "name": "lambda_reinitialise_password",
      "provider": "provider[\"registry.terraform.io/hashicorp/aws\"]",
      "instances": [
        {
          "schema_version": 0,
          "attributes": {
            "content_handling": "",
            "http_method": "POST",
            "id": "agir-a4eslgb0nl-65rodk-POST-200",
            "resource_id": "65rodk",
            "response_parameters": {},
            "response_templates": {},
            "rest_api_id": "a4eslgb0nl",
            "selection_pattern": "",
            "status_code": "200"
          },
          "sensitive_attributes": [],
          "private": "bnVsbA==",
          "dependencies": [
            "aws_api_gateway_integration.lambda_reinitialise_password",
            "aws_api_gateway_method.reinitialise_password",
            "aws_api_gateway_method_response.reinitialise_password",
            "aws_api_gateway_resource.reinitialise_password",
            "aws_api_gateway_resource.user",
            "aws_api_gateway_rest_api.api",
            "aws_iam_role.lambda_read_role",
            "aws_lambda_function.lambdaReinitialisePassword",
            "data.aws_iam_policy_document.lambdarole"
          ]
        }
      ]
    },
    {
      "mode": "managed",
      "type": "aws_api_gateway_integration_response",
      "name": "lambda_reserve_concert",
      "provider": "provider[\"registry.terraform.io/hashicorp/aws\"]",
      "instances": [
        {
          "schema_version": 0,
          "attributes": {
            "content_handling": "",
            "http_method": "POST",
            "id": "agir-a4eslgb0nl-yn5pdk-POST-200",
            "resource_id": "yn5pdk",
            "response_parameters": {},
            "response_templates": {},
            "rest_api_id": "a4eslgb0nl",
            "selection_pattern": "",
            "status_code": "200"
          },
          "sensitive_attributes": [],
          "private": "bnVsbA==",
          "dependencies": [
            "aws_api_gateway_integration.lambda_reserve_concert",
            "aws_api_gateway_method.reserve_concert",
            "aws_api_gateway_method_response.reserve_concert",
            "aws_api_gateway_resource.reserve_concert",
            "aws_api_gateway_rest_api.api",
            "aws_iam_role.lambda_read_role",
            "aws_lambda_function.lambdaReserveConcert",
            "data.aws_iam_policy_document.lambdarole"
          ]
        }
      ]
    },
    {
      "mode": "managed",
      "type": "aws_api_gateway_integration_response",
      "name": "lambda_update_password",
      "provider": "provider[\"registry.terraform.io/hashicorp/aws\"]",
      "instances": [
        {
          "schema_version": 0,
          "attributes": {
            "content_handling": "",
            "http_method": "POST",
            "id": "agir-a4eslgb0nl-qjyq9g-POST-200",
            "resource_id": "qjyq9g",
            "response_parameters": {},
            "response_templates": {},
            "rest_api_id": "a4eslgb0nl",
            "selection_pattern": "",
            "status_code": "200"
          },
          "sensitive_attributes": [],
          "private": "bnVsbA==",
          "dependencies": [
            "aws_api_gateway_integration.lambda_update_password",
            "aws_api_gateway_method.update_password",
            "aws_api_gateway_method_response.update_password",
            "aws_api_gateway_resource.update_password",
            "aws_api_gateway_resource.user",
            "aws_api_gateway_rest_api.api",
            "aws_iam_role.lambda_read_role",
            "aws_lambda_function.lambdaUpdatePassword",
            "data.aws_iam_policy_document.lambdarole"
          ]
        }
      ]
    },
    {
      "mode": "managed",
      "type": "aws_api_gateway_integration_response",
      "name": "lambda_update_user",
      "provider": "provider[\"registry.terraform.io/hashicorp/aws\"]",
      "instances": [
        {
          "schema_version": 0,
          "attributes": {
            "content_handling": "",
            "http_method": "POST",
            "id": "agir-a4eslgb0nl-w49ndg-POST-200",
            "resource_id": "w49ndg",
            "response_parameters": {},
            "response_templates": {},
            "rest_api_id": "a4eslgb0nl",
            "selection_pattern": "",
            "status_code": "200"
          },
          "sensitive_attributes": [],
          "private": "bnVsbA==",
          "dependencies": [
            "aws_api_gateway_integration.lambda_update_user",
            "aws_api_gateway_method.update_user",
            "aws_api_gateway_method_response.update_user",
            "aws_api_gateway_resource.update_user",
            "aws_api_gateway_resource.user",
            "aws_api_gateway_rest_api.api",
            "aws_iam_role.lambda_read_role",
            "aws_lambda_function.lambdaUpdateUser",
            "data.aws_iam_policy_document.lambdarole"
          ]
        }
      ]
    },
    {
      "mode": "managed",
      "type": "aws_api_gateway_integration_response",
      "name": "lambda_validation_email",
      "provider": "provider[\"registry.terraform.io/hashicorp/aws\"]",
      "instances": [
        {
          "schema_version": 0,
          "attributes": {
            "content_handling": "",
            "http_method": "POST",
            "id": "agir-a4eslgb0nl-t4a4e2-POST-200",
            "resource_id": "t4a4e2",
            "response_parameters": {},
            "response_templates": {},
            "rest_api_id": "a4eslgb0nl",
            "selection_pattern": "",
            "status_code": "200"
          },
          "sensitive_attributes": [],
          "private": "bnVsbA==",
          "dependencies": [
            "aws_api_gateway_integration.lambda_validation_email",
            "aws_api_gateway_method.validation_email",
            "aws_api_gateway_method_response.validation_email",
            "aws_api_gateway_resource.user",
            "aws_api_gateway_resource.validation_email",
            "aws_api_gateway_rest_api.api",
            "aws_iam_role.lambda_read_role",
            "aws_lambda_function.lambdaValidationEmail",
            "data.aws_iam_policy_document.lambdarole"
          ]
        }
      ]
    },
    {
      "mode": "managed",
      "type": "aws_api_gateway_integration_response",
      "name": "list_musique_response",
      "provider": "provider[\"registry.terraform.io/hashicorp/aws\"]",
      "instances": [
        {
          "schema_version": 0,
          "attributes": {
            "content_handling": "",
            "http_method": "GET",
            "id": "agir-a4eslgb0nl-28dshv-GET-200",
            "resource_id": "28dshv",
            "response_parameters": {
              "method.response.header.Access-Control-Allow-Origin": "'*'"
            },
            "response_templates": {},
            "rest_api_id": "a4eslgb0nl",
            "selection_pattern": "",
            "status_code": "200"
          },
          "sensitive_attributes": [],
          "private": "bnVsbA==",
          "dependencies": [
            "aws_api_gateway_integration.resource_integration_list_musique",
            "aws_api_gateway_method.list_musique",
            "aws_api_gateway_resource.list_musique",
            "aws_api_gateway_resource.musique",
            "aws_api_gateway_rest_api.api",
            "aws_iam_role.lambda_read_role",
            "aws_lambda_function.lambdaListMusique",
            "data.aws_iam_policy_document.lambdarole"
          ]
        }
      ]
    },
    {
      "mode": "managed",
      "type": "aws_api_gateway_integration_response",
      "name": "options_integration_response_add_blog",
      "provider": "provider[\"registry.terraform.io/hashicorp/aws\"]",
      "instances": [
        {
          "schema_version": 0,
          "attributes": {
            "content_handling": "",
            "http_method": "OPTIONS",
            "id": "agir-a4eslgb0nl-7dtto8-OPTIONS-200",
            "resource_id": "7dtto8",
            "response_parameters": {
              "method.response.header.Access-Control-Allow-Headers": "'Content-Type,X-Amz-Date,Authorization,X-Api-Key,X-Amz-Security-Token'",
              "method.response.header.Access-Control-Allow-Methods": "'GET,OPTIONS,POST,PUT'",
              "method.response.header.Access-Control-Allow-Origin": "'*'"
            },
            "response_templates": {},
            "rest_api_id": "a4eslgb0nl",
            "selection_pattern": "",
            "status_code": "200"
          },
          "sensitive_attributes": [],
          "private": "bnVsbA==",
          "dependencies": [
            "aws_api_gateway_method.options_method_add_blog",
            "aws_api_gateway_method_response.options_200_add_blog",
            "aws_api_gateway_resource.add_blog",
            "aws_api_gateway_resource.blog",
            "aws_api_gateway_rest_api.api"
          ]
        }
      ]
    },
    {
      "mode": "managed",
      "type": "aws_api_gateway_integration_response",
      "name": "options_integration_response_add_concert",
      "provider": "provider[\"registry.terraform.io/hashicorp/aws\"]",
      "instances": [
        {
          "schema_version": 0,
          "attributes": {
            "content_handling": "",
            "http_method": "OPTIONS",
            "id": "agir-a4eslgb0nl-mj76tj-OPTIONS-200",
            "resource_id": "mj76tj",
            "response_parameters": {
              "method.response.header.Access-Control-Allow-Headers": "'Content-Type,X-Amz-Date,Authorization,X-Api-Key,X-Amz-Security-Token'",
              "method.response.header.Access-Control-Allow-Methods": "'GET,OPTIONS,POST,PUT'",
              "method.response.header.Access-Control-Allow-Origin": "'*'"
            },
            "response_templates": {},
            "rest_api_id": "a4eslgb0nl",
            "selection_pattern": "",
            "status_code": "200"
          },
          "sensitive_attributes": [],
          "private": "bnVsbA==",
          "dependencies": [
            "aws_api_gateway_method.options_method_add_concert",
            "aws_api_gateway_method_response.options_200_add_concert",
            "aws_api_gateway_resource.add_concert",
            "aws_api_gateway_resource.concert",
            "aws_api_gateway_rest_api.api"
          ]
        }
      ]
    },
    {
      "mode": "managed",
      "type": "aws_api_gateway_integration_response",
      "name": "options_integration_response_add_musique",
      "provider": "provider[\"registry.terraform.io/hashicorp/aws\"]",
      "instances": [
        {
          "schema_version": 0,
          "attributes": {
            "content_handling": "",
            "http_method": "OPTIONS",
            "id": "agir-a4eslgb0nl-ip17d7-OPTIONS-200",
            "resource_id": "ip17d7",
            "response_parameters": {
              "method.response.header.Access-Control-Allow-Headers": "'Content-Type,X-Amz-Date,Authorization,X-Api-Key,X-Amz-Security-Token'",
              "method.response.header.Access-Control-Allow-Methods": "'GET,OPTIONS,POST,PUT'",
              "method.response.header.Access-Control-Allow-Origin": "'*'"
            },
            "response_templates": {},
            "rest_api_id": "a4eslgb0nl",
            "selection_pattern": "",
            "status_code": "200"
          },
          "sensitive_attributes": [],
          "private": "bnVsbA==",
          "dependencies": [
            "aws_api_gateway_method.options_method_add_musique",
            "aws_api_gateway_method_response.options_200_add_musique",
            "aws_api_gateway_resource.add_musique",
            "aws_api_gateway_resource.musique",
            "aws_api_gateway_rest_api.api"
          ]
        }
      ]
    },
    {
      "mode": "managed",
      "type": "aws_api_gateway_integration_response",
      "name": "options_integration_response_contact",
      "provider": "provider[\"registry.terraform.io/hashicorp/aws\"]",
      "instances": [
        {
          "schema_version": 0,
          "attributes": {
            "content_handling": "",
            "http_method": "OPTIONS",
            "id": "agir-a4eslgb0nl-m5a96w-OPTIONS-200",
            "resource_id": "m5a96w",
            "response_parameters": {
              "method.response.header.Access-Control-Allow-Headers": "'Content-Type,X-Amz-Date,Authorization,X-Api-Key,X-Amz-Security-Token'",
              "method.response.header.Access-Control-Allow-Methods": "'GET,OPTIONS,POST,PUT'",
              "method.response.header.Access-Control-Allow-Origin": "'*'"
            },
            "response_templates": {},
            "rest_api_id": "a4eslgb0nl",
            "selection_pattern": "",
            "status_code": "200"
          },
          "sensitive_attributes": [],
          "private": "bnVsbA==",
          "dependencies": [
            "aws_api_gateway_method.options_method_contact",
            "aws_api_gateway_method_response.options_200_contact",
            "aws_api_gateway_resource.contact",
            "aws_api_gateway_rest_api.api"
          ]
        }
      ]
    },
    {
      "mode": "managed",
      "type": "aws_api_gateway_integration_response",
      "name": "options_integration_response_delete_blog",
      "provider": "provider[\"registry.terraform.io/hashicorp/aws\"]",
      "instances": [
        {
          "schema_version": 0,
          "attributes": {
            "content_handling": "",
            "http_method": "OPTIONS",
            "id": "agir-a4eslgb0nl-8rxjst-OPTIONS-200",
            "resource_id": "8rxjst",
            "response_parameters": {
              "method.response.header.Access-Control-Allow-Headers": "'Content-Type,X-Amz-Date,Authorization,X-Api-Key,X-Amz-Security-Token'",
              "method.response.header.Access-Control-Allow-Methods": "'GET,OPTIONS,POST,PUT'",
              "method.response.header.Access-Control-Allow-Origin": "'*'"
            },
            "response_templates": {},
            "rest_api_id": "a4eslgb0nl",
            "selection_pattern": "",
            "status_code": "200"
          },
          "sensitive_attributes": [],
          "private": "bnVsbA==",
          "dependencies": [
            "aws_api_gateway_method.options_method_delete_blog",
            "aws_api_gateway_method_response.options_200_delete_blog",
            "aws_api_gateway_resource.blog",
            "aws_api_gateway_resource.delete_blog",
            "aws_api_gateway_rest_api.api"
          ]
        }
      ]
    },
    {
      "mode": "managed",
      "type": "aws_api_gateway_integration_response",
      "name": "options_integration_response_delete_concert",
      "provider": "provider[\"registry.terraform.io/hashicorp/aws\"]",
      "instances": [
        {
          "schema_version": 0,
          "attributes": {
            "content_handling": "",
            "http_method": "OPTIONS",
            "id": "agir-a4eslgb0nl-8d0mu7-OPTIONS-200",
            "resource_id": "8d0mu7",
            "response_parameters": {
              "method.response.header.Access-Control-Allow-Headers": "'Content-Type,X-Amz-Date,Authorization,X-Api-Key,X-Amz-Security-Token'",
              "method.response.header.Access-Control-Allow-Methods": "'GET,OPTIONS,POST,PUT'",
              "method.response.header.Access-Control-Allow-Origin": "'*'"
            },
            "response_templates": {},
            "rest_api_id": "a4eslgb0nl",
            "selection_pattern": "",
            "status_code": "200"
          },
          "sensitive_attributes": [],
          "private": "bnVsbA==",
          "dependencies": [
            "aws_api_gateway_method.options_method_delete_concert",
            "aws_api_gateway_method_response.options_200_delete_concert",
            "aws_api_gateway_resource.concert",
            "aws_api_gateway_resource.delete_concert",
            "aws_api_gateway_rest_api.api"
          ]
        }
      ]
    },
    {
      "mode": "managed",
      "type": "aws_api_gateway_integration_response",
      "name": "options_integration_response_delete_musique",
      "provider": "provider[\"registry.terraform.io/hashicorp/aws\"]",
      "instances": [
        {
          "schema_version": 0,
          "attributes": {
            "content_handling": "",
            "http_method": "OPTIONS",
            "id": "agir-a4eslgb0nl-nnwxs5-OPTIONS-200",
            "resource_id": "nnwxs5",
            "response_parameters": {
              "method.response.header.Access-Control-Allow-Headers": "'Content-Type,X-Amz-Date,Authorization,X-Api-Key,X-Amz-Security-Token'",
              "method.response.header.Access-Control-Allow-Methods": "'GET,OPTIONS,POST,PUT'",
              "method.response.header.Access-Control-Allow-Origin": "'*'"
            },
            "response_templates": {},
            "rest_api_id": "a4eslgb0nl",
            "selection_pattern": "",
            "status_code": "200"
          },
          "sensitive_attributes": [],
          "private": "bnVsbA==",
          "dependencies": [
            "aws_api_gateway_method.options_method_delete_musique",
            "aws_api_gateway_method_response.options_200_delete_musique",
            "aws_api_gateway_resource.delete_musique",
            "aws_api_gateway_resource.musique",
            "aws_api_gateway_rest_api.api"
          ]
        }
      ]
    },
    {
      "mode": "managed",
      "type": "aws_api_gateway_integration_response",
      "name": "options_integration_response_edit_blog",
      "provider": "provider[\"registry.terraform.io/hashicorp/aws\"]",
      "instances": [
        {
          "schema_version": 0,
          "attributes": {
            "content_handling": "",
            "http_method": "OPTIONS",
            "id": "agir-a4eslgb0nl-h8hsb2-OPTIONS-200",
            "resource_id": "h8hsb2",
            "response_parameters": {
              "method.response.header.Access-Control-Allow-Headers": "'Content-Type,X-Amz-Date,Authorization,X-Api-Key,X-Amz-Security-Token'",
              "method.response.header.Access-Control-Allow-Methods": "'GET,OPTIONS,POST,PUT'",
              "method.response.header.Access-Control-Allow-Origin": "'*'"
            },
            "response_templates": {},
            "rest_api_id": "a4eslgb0nl",
            "selection_pattern": "",
            "status_code": "200"
          },
          "sensitive_attributes": [],
          "private": "bnVsbA==",
          "dependencies": [
            "aws_api_gateway_method.options_method_edit_blog",
            "aws_api_gateway_method_response.options_200_edit_blog",
            "aws_api_gateway_resource.blog",
            "aws_api_gateway_resource.edit_blog",
            "aws_api_gateway_rest_api.api"
          ]
        }
      ]
    },
    {
      "mode": "managed",
      "type": "aws_api_gateway_integration_response",
      "name": "options_integration_response_edit_concert",
      "provider": "provider[\"registry.terraform.io/hashicorp/aws\"]",
      "instances": [
        {
          "schema_version": 0,
          "attributes": {
            "content_handling": "",
            "http_method": "OPTIONS",
            "id": "agir-a4eslgb0nl-9mgv58-OPTIONS-200",
            "resource_id": "9mgv58",
            "response_parameters": {
              "method.response.header.Access-Control-Allow-Headers": "'Content-Type,X-Amz-Date,Authorization,X-Api-Key,X-Amz-Security-Token'",
              "method.response.header.Access-Control-Allow-Methods": "'GET,OPTIONS,POST,PUT'",
              "method.response.header.Access-Control-Allow-Origin": "'*'"
            },
            "response_templates": {},
            "rest_api_id": "a4eslgb0nl",
            "selection_pattern": "",
            "status_code": "200"
          },
          "sensitive_attributes": [],
          "private": "bnVsbA==",
          "dependencies": [
            "aws_api_gateway_method.options_method_edit_concert",
            "aws_api_gateway_method_response.options_200_edit_concert",
            "aws_api_gateway_resource.concert",
            "aws_api_gateway_resource.edit_concert",
            "aws_api_gateway_rest_api.api"
          ]
        }
      ]
    },
    {
      "mode": "managed",
      "type": "aws_api_gateway_integration_response",
      "name": "options_integration_response_edit_musique",
      "provider": "provider[\"registry.terraform.io/hashicorp/aws\"]",
      "instances": [
        {
          "schema_version": 0,
          "attributes": {
            "content_handling": "",
            "http_method": "OPTIONS",
            "id": "agir-a4eslgb0nl-6w7bac-OPTIONS-200",
            "resource_id": "6w7bac",
            "response_parameters": {
              "method.response.header.Access-Control-Allow-Headers": "'Content-Type,X-Amz-Date,Authorization,X-Api-Key,X-Amz-Security-Token'",
              "method.response.header.Access-Control-Allow-Methods": "'GET,OPTIONS,POST,PUT'",
              "method.response.header.Access-Control-Allow-Origin": "'*'"
            },
            "response_templates": {},
            "rest_api_id": "a4eslgb0nl",
            "selection_pattern": "",
            "status_code": "200"
          },
          "sensitive_attributes": [],
          "private": "bnVsbA==",
          "dependencies": [
            "aws_api_gateway_method.options_method_edit_musique",
            "aws_api_gateway_method_response.options_200_edit_musique",
            "aws_api_gateway_resource.edit_musique",
            "aws_api_gateway_resource.musique",
            "aws_api_gateway_rest_api.api"
          ]
        }
      ]
    },
    {
      "mode": "managed",
      "type": "aws_api_gateway_integration_response",
      "name": "options_integration_response_getBlog",
      "provider": "provider[\"registry.terraform.io/hashicorp/aws\"]",
      "instances": [
        {
          "schema_version": 0,
          "attributes": {
            "content_handling": "",
            "http_method": "OPTIONS",
            "id": "agir-a4eslgb0nl-r10q69-OPTIONS-200",
            "resource_id": "r10q69",
            "response_parameters": {
              "method.response.header.Access-Control-Allow-Headers": "'Content-Type,X-Amz-Date,Authorization,X-Api-Key,X-Amz-Security-Token'",
              "method.response.header.Access-Control-Allow-Methods": "'GET,OPTIONS,POST,PUT'",
              "method.response.header.Access-Control-Allow-Origin": "'*'"
            },
            "response_templates": {},
            "rest_api_id": "a4eslgb0nl",
            "selection_pattern": "",
            "status_code": "200"
          },
          "sensitive_attributes": [],
          "private": "bnVsbA==",
          "dependencies": [
            "aws_api_gateway_method.options_method_getBlog",
            "aws_api_gateway_method_response.options_200_getBlog",
            "aws_api_gateway_resource.blog",
            "aws_api_gateway_resource.getBlog",
            "aws_api_gateway_rest_api.api"
          ]
        }
      ]
    },
    {
      "mode": "managed",
      "type": "aws_api_gateway_integration_response",
      "name": "options_integration_response_getConcert",
      "provider": "provider[\"registry.terraform.io/hashicorp/aws\"]",
      "instances": [
        {
          "schema_version": 0,
          "attributes": {
            "content_handling": "",
            "http_method": "OPTIONS",
            "id": "agir-a4eslgb0nl-n03gke-OPTIONS-200",
            "resource_id": "n03gke",
            "response_parameters": {
              "method.response.header.Access-Control-Allow-Headers": "'Content-Type,X-Amz-Date,Authorization,X-Api-Key,X-Amz-Security-Token'",
              "method.response.header.Access-Control-Allow-Methods": "'GET,OPTIONS,POST,PUT'",
              "method.response.header.Access-Control-Allow-Origin": "'*'"
            },
            "response_templates": {},
            "rest_api_id": "a4eslgb0nl",
            "selection_pattern": "",
            "status_code": "200"
          },
          "sensitive_attributes": [],
          "private": "bnVsbA==",
          "dependencies": [
            "aws_api_gateway_method.options_method_getConcert",
            "aws_api_gateway_method_response.options_200_getConcert",
            "aws_api_gateway_resource.concert",
            "aws_api_gateway_resource.getConcert",
            "aws_api_gateway_rest_api.api"
          ]
        }
      ]
    },
    {
      "mode": "managed",
      "type": "aws_api_gateway_integration_response",
      "name": "options_integration_response_getMusique",
      "provider": "provider[\"registry.terraform.io/hashicorp/aws\"]",
      "instances": [
        {
          "schema_version": 0,
          "attributes": {
            "content_handling": "",
            "http_method": "OPTIONS",
            "id": "agir-a4eslgb0nl-pxbuqm-OPTIONS-200",
            "resource_id": "pxbuqm",
            "response_parameters": {
              "method.response.header.Access-Control-Allow-Headers": "'Content-Type,X-Amz-Date,Authorization,X-Api-Key,X-Amz-Security-Token'",
              "method.response.header.Access-Control-Allow-Methods": "'GET,OPTIONS,POST,PUT'",
              "method.response.header.Access-Control-Allow-Origin": "'*'"
            },
            "response_templates": {},
            "rest_api_id": "a4eslgb0nl",
            "selection_pattern": "",
            "status_code": "200"
          },
          "sensitive_attributes": [],
          "private": "bnVsbA==",
          "dependencies": [
            "aws_api_gateway_method.options_method_getMusique",
            "aws_api_gateway_method_response.options_200_getMusique",
            "aws_api_gateway_resource.getMusique",
            "aws_api_gateway_resource.musique",
            "aws_api_gateway_rest_api.api"
          ]
        }
      ]
    },
    {
      "mode": "managed",
      "type": "aws_api_gateway_integration_response",
      "name": "options_integration_response_list_musique",
      "provider": "provider[\"registry.terraform.io/hashicorp/aws\"]",
      "instances": [
        {
          "schema_version": 0,
          "attributes": {
            "content_handling": "",
            "http_method": "OPTIONS",
            "id": "agir-a4eslgb0nl-28dshv-OPTIONS-200",
            "resource_id": "28dshv",
            "response_parameters": {
              "method.response.header.Access-Control-Allow-Headers": "'Content-Type,X-Amz-Date,Authorization,X-Api-Key,X-Amz-Security-Token'",
              "method.response.header.Access-Control-Allow-Methods": "'GET,OPTIONS,POST,PUT'",
              "method.response.header.Access-Control-Allow-Origin": "'*'"
            },
            "response_templates": {},
            "rest_api_id": "a4eslgb0nl",
            "selection_pattern": "",
            "status_code": "200"
          },
          "sensitive_attributes": [],
          "private": "bnVsbA==",
          "dependencies": [
            "aws_api_gateway_method.options_method_list_musique",
            "aws_api_gateway_method_response.options_200_list_musique",
            "aws_api_gateway_resource.list_musique",
            "aws_api_gateway_resource.musique",
            "aws_api_gateway_rest_api.api"
          ]
        }
      ]
    },
    {
      "mode": "managed",
      "type": "aws_api_gateway_integration_response",
      "name": "options_integration_response_login",
      "provider": "provider[\"registry.terraform.io/hashicorp/aws\"]",
      "instances": [
        {
          "schema_version": 0,
          "attributes": {
            "content_handling": "",
            "http_method": "OPTIONS",
            "id": "agir-a4eslgb0nl-1idi7e-OPTIONS-200",
            "resource_id": "1idi7e",
            "response_parameters": {
              "method.response.header.Access-Control-Allow-Headers": "'Content-Type,X-Amz-Date,Authorization,X-Api-Key,X-Amz-Security-Token'",
              "method.response.header.Access-Control-Allow-Methods": "'GET,OPTIONS,POST,PUT'",
              "method.response.header.Access-Control-Allow-Origin": "'*'"
            },
            "response_templates": {},
            "rest_api_id": "a4eslgb0nl",
            "selection_pattern": "",
            "status_code": "200"
          },
          "sensitive_attributes": [],
          "private": "bnVsbA==",
          "dependencies": [
            "aws_api_gateway_method.options_method_login",
            "aws_api_gateway_method_response.options_200_login",
            "aws_api_gateway_resource.login",
            "aws_api_gateway_rest_api.api"
          ]
        }
      ]
    },
    {
      "mode": "managed",
      "type": "aws_api_gateway_integration_response",
      "name": "options_integration_response_logout",
      "provider": "provider[\"registry.terraform.io/hashicorp/aws\"]",
      "instances": [
        {
          "schema_version": 0,
          "attributes": {
            "content_handling": "",
            "http_method": "OPTIONS",
            "id": "agir-a4eslgb0nl-x1p7bs-OPTIONS-200",
            "resource_id": "x1p7bs",
            "response_parameters": {
              "method.response.header.Access-Control-Allow-Headers": "'Content-Type,X-Amz-Date,Authorization,X-Api-Key,X-Amz-Security-Token'",
              "method.response.header.Access-Control-Allow-Methods": "'GET,OPTIONS,POST,PUT'",
              "method.response.header.Access-Control-Allow-Origin": "'*'"
            },
            "response_templates": {},
            "rest_api_id": "a4eslgb0nl",
            "selection_pattern": "",
            "status_code": "200"
          },
          "sensitive_attributes": [],
          "private": "bnVsbA==",
          "dependencies": [
            "aws_api_gateway_method.options_method_logout",
            "aws_api_gateway_method_response.options_200_logout",
            "aws_api_gateway_resource.logout",
            "aws_api_gateway_rest_api.api"
          ]
        }
      ]
    },
    {
      "mode": "managed",
      "type": "aws_api_gateway_integration_response",
      "name": "options_integration_response_lost_password",
      "provider": "provider[\"registry.terraform.io/hashicorp/aws\"]",
      "instances": [
        {
          "schema_version": 0,
          "attributes": {
            "content_handling": "",
            "http_method": "OPTIONS",
            "id": "agir-a4eslgb0nl-2yub0n-OPTIONS-200",
            "resource_id": "2yub0n",
            "response_parameters": {
              "method.response.header.Access-Control-Allow-Headers": "'Content-Type,X-Amz-Date,Authorization,X-Api-Key,X-Amz-Security-Token'",
              "method.response.header.Access-Control-Allow-Methods": "'GET,OPTIONS,POST,PUT'",
              "method.response.header.Access-Control-Allow-Origin": "'*'"
            },
            "response_templates": {},
            "rest_api_id": "a4eslgb0nl",
            "selection_pattern": "",
            "status_code": "200"
          },
          "sensitive_attributes": [],
          "private": "bnVsbA==",
          "dependencies": [
            "aws_api_gateway_method.options_method_lost_password",
            "aws_api_gateway_method_response.options_200_lost_password",
            "aws_api_gateway_resource.lost_password",
            "aws_api_gateway_resource.user",
            "aws_api_gateway_rest_api.api"
          ]
        }
      ]
    },
    {
      "mode": "managed",
      "type": "aws_api_gateway_integration_response",
      "name": "options_integration_response_reinitialise_password",
      "provider": "provider[\"registry.terraform.io/hashicorp/aws\"]",
      "instances": [
        {
          "schema_version": 0,
          "attributes": {
            "content_handling": "",
            "http_method": "OPTIONS",
            "id": "agir-a4eslgb0nl-65rodk-OPTIONS-200",
            "resource_id": "65rodk",
            "response_parameters": {
              "method.response.header.Access-Control-Allow-Headers": "'Content-Type,X-Amz-Date,Authorization,X-Api-Key,X-Amz-Security-Token'",
              "method.response.header.Access-Control-Allow-Methods": "'GET,OPTIONS,POST,PUT'",
              "method.response.header.Access-Control-Allow-Origin": "'*'"
            },
            "response_templates": {},
            "rest_api_id": "a4eslgb0nl",
            "selection_pattern": "",
            "status_code": "200"
          },
          "sensitive_attributes": [],
          "private": "bnVsbA==",
          "dependencies": [
            "aws_api_gateway_method.options_method_reinitialise_password",
            "aws_api_gateway_method_response.options_200_reinitialise_password",
            "aws_api_gateway_resource.reinitialise_password",
            "aws_api_gateway_resource.user",
            "aws_api_gateway_rest_api.api"
          ]
        }
      ]
    },
    {
      "mode": "managed",
      "type": "aws_api_gateway_integration_response",
      "name": "options_integration_response_reserve_concert",
      "provider": "provider[\"registry.terraform.io/hashicorp/aws\"]",
      "instances": [
        {
          "schema_version": 0,
          "attributes": {
            "content_handling": "",
            "http_method": "OPTIONS",
            "id": "agir-a4eslgb0nl-yn5pdk-OPTIONS-200",
            "resource_id": "yn5pdk",
            "response_parameters": {
              "method.response.header.Access-Control-Allow-Headers": "'Content-Type,X-Amz-Date,Authorization,X-Api-Key,X-Amz-Security-Token'",
              "method.response.header.Access-Control-Allow-Methods": "'GET,OPTIONS,POST,PUT'",
              "method.response.header.Access-Control-Allow-Origin": "'*'"
            },
            "response_templates": {},
            "rest_api_id": "a4eslgb0nl",
            "selection_pattern": "",
            "status_code": "200"
          },
          "sensitive_attributes": [],
          "private": "bnVsbA==",
          "dependencies": [
            "aws_api_gateway_method.options_method_reserve_concert",
            "aws_api_gateway_method_response.options_200_reserve_concert",
            "aws_api_gateway_resource.reserve_concert",
            "aws_api_gateway_rest_api.api"
          ]
        }
      ]
    },
    {
      "mode": "managed",
      "type": "aws_api_gateway_integration_response",
      "name": "options_integration_response_update_password",
      "provider": "provider[\"registry.terraform.io/hashicorp/aws\"]",
      "instances": [
        {
          "schema_version": 0,
          "attributes": {
            "content_handling": "",
            "http_method": "OPTIONS",
            "id": "agir-a4eslgb0nl-qjyq9g-OPTIONS-200",
            "resource_id": "qjyq9g",
            "response_parameters": {
              "method.response.header.Access-Control-Allow-Headers": "'Content-Type,X-Amz-Date,Authorization,X-Api-Key,X-Amz-Security-Token'",
              "method.response.header.Access-Control-Allow-Methods": "'GET,OPTIONS,POST,PUT'",
              "method.response.header.Access-Control-Allow-Origin": "'*'"
            },
            "response_templates": {},
            "rest_api_id": "a4eslgb0nl",
            "selection_pattern": "",
            "status_code": "200"
          },
          "sensitive_attributes": [],
          "private": "bnVsbA==",
          "dependencies": [
            "aws_api_gateway_method.options_method_update_password",
            "aws_api_gateway_method_response.options_200_update_password",
            "aws_api_gateway_resource.update_password",
            "aws_api_gateway_resource.user",
            "aws_api_gateway_rest_api.api"
          ]
        }
      ]
    },
    {
      "mode": "managed",
      "type": "aws_api_gateway_integration_response",
      "name": "options_integration_response_update_user",
      "provider": "provider[\"registry.terraform.io/hashicorp/aws\"]",
      "instances": [
        {
          "schema_version": 0,
          "attributes": {
            "content_handling": "",
            "http_method": "OPTIONS",
            "id": "agir-a4eslgb0nl-w49ndg-OPTIONS-200",
            "resource_id": "w49ndg",
            "response_parameters": {
              "method.response.header.Access-Control-Allow-Headers": "'Content-Type,X-Amz-Date,Authorization,X-Api-Key,X-Amz-Security-Token'",
              "method.response.header.Access-Control-Allow-Methods": "'GET,OPTIONS,POST,PUT'",
              "method.response.header.Access-Control-Allow-Origin": "'*'"
            },
            "response_templates": {},
            "rest_api_id": "a4eslgb0nl",
            "selection_pattern": "",
            "status_code": "200"
          },
          "sensitive_attributes": [],
          "private": "bnVsbA==",
          "dependencies": [
            "aws_api_gateway_method.options_method_update_user",
            "aws_api_gateway_method_response.options_200_update_user",
            "aws_api_gateway_resource.update_user",
            "aws_api_gateway_resource.user",
            "aws_api_gateway_rest_api.api"
          ]
        }
      ]
    },
    {
      "mode": "managed",
      "type": "aws_api_gateway_integration_response",
      "name": "options_integration_response_user",
      "provider": "provider[\"registry.terraform.io/hashicorp/aws\"]",
      "instances": [
        {
          "schema_version": 0,
          "attributes": {
            "content_handling": "",
            "http_method": "OPTIONS",
            "id": "agir-a4eslgb0nl-x9ldyd-OPTIONS-200",
            "resource_id": "x9ldyd",
            "response_parameters": {
              "method.response.header.Access-Control-Allow-Headers": "'Content-Type,X-Amz-Date,Authorization,X-Api-Key,X-Amz-Security-Token'",
              "method.response.header.Access-Control-Allow-Methods": "'GET,OPTIONS,POST,PUT'",
              "method.response.header.Access-Control-Allow-Origin": "'*'"
            },
            "response_templates": {},
            "rest_api_id": "a4eslgb0nl",
            "selection_pattern": "",
            "status_code": "200"
          },
          "sensitive_attributes": [],
          "private": "bnVsbA==",
          "dependencies": [
            "aws_api_gateway_method.options_method_add_user",
            "aws_api_gateway_method_response.options_200_add_user",
            "aws_api_gateway_resource.add_user",
            "aws_api_gateway_resource.user",
            "aws_api_gateway_rest_api.api"
          ]
        }
      ]
    },
    {
      "mode": "managed",
      "type": "aws_api_gateway_integration_response",
      "name": "options_integration_response_validation_email",
      "provider": "provider[\"registry.terraform.io/hashicorp/aws\"]",
      "instances": [
        {
          "schema_version": 0,
          "attributes": {
            "content_handling": "",
            "http_method": "OPTIONS",
            "id": "agir-a4eslgb0nl-t4a4e2-OPTIONS-200",
            "resource_id": "t4a4e2",
            "response_parameters": {
              "method.response.header.Access-Control-Allow-Headers": "'Content-Type,X-Amz-Date,Authorization,X-Api-Key,X-Amz-Security-Token'",
              "method.response.header.Access-Control-Allow-Methods": "'GET,OPTIONS,POST,PUT'",
              "method.response.header.Access-Control-Allow-Origin": "'*'"
            },
            "response_templates": {},
            "rest_api_id": "a4eslgb0nl",
            "selection_pattern": "",
            "status_code": "200"
          },
          "sensitive_attributes": [],
          "private": "bnVsbA==",
          "dependencies": [
            "aws_api_gateway_method.options_method_validation_email",
            "aws_api_gateway_method_response.options_200_validation_email",
            "aws_api_gateway_resource.user",
            "aws_api_gateway_resource.validation_email",
            "aws_api_gateway_rest_api.api"
          ]
        }
      ]
    },
    {
      "mode": "managed",
      "type": "aws_api_gateway_method",
      "name": "add_blog",
      "provider": "provider[\"registry.terraform.io/hashicorp/aws\"]",
      "instances": [
        {
          "schema_version": 0,
          "attributes": {
            "api_key_required": true,
            "authorization": "NONE",
            "authorization_scopes": [],
            "authorizer_id": "",
            "http_method": "POST",
            "id": "agm-a4eslgb0nl-7dtto8-POST",
            "operation_name": "",
            "request_models": {},
            "request_parameters": {},
            "request_validator_id": "",
            "resource_id": "7dtto8",
            "rest_api_id": "a4eslgb0nl"
          },
          "sensitive_attributes": [],
          "private": "bnVsbA==",
          "dependencies": [
            "aws_api_gateway_resource.add_blog",
            "aws_api_gateway_resource.blog",
            "aws_api_gateway_rest_api.api"
          ]
        }
      ]
    },
    {
      "mode": "managed",
      "type": "aws_api_gateway_method",
      "name": "add_concert",
      "provider": "provider[\"registry.terraform.io/hashicorp/aws\"]",
      "instances": [
        {
          "schema_version": 0,
          "attributes": {
            "api_key_required": true,
            "authorization": "NONE",
            "authorization_scopes": [],
            "authorizer_id": "",
            "http_method": "POST",
            "id": "agm-a4eslgb0nl-mj76tj-POST",
            "operation_name": "",
            "request_models": {},
            "request_parameters": {},
            "request_validator_id": "",
            "resource_id": "mj76tj",
            "rest_api_id": "a4eslgb0nl"
          },
          "sensitive_attributes": [],
          "private": "bnVsbA==",
          "dependencies": [
            "aws_api_gateway_resource.add_concert",
            "aws_api_gateway_resource.concert",
            "aws_api_gateway_rest_api.api"
          ]
        }
      ]
    },
    {
      "mode": "managed",
      "type": "aws_api_gateway_method",
      "name": "add_musique",
      "provider": "provider[\"registry.terraform.io/hashicorp/aws\"]",
      "instances": [
        {
          "schema_version": 0,
          "attributes": {
            "api_key_required": true,
            "authorization": "NONE",
            "authorization_scopes": [],
            "authorizer_id": "",
            "http_method": "POST",
            "id": "agm-a4eslgb0nl-ip17d7-POST",
            "operation_name": "",
            "request_models": {},
            "request_parameters": {},
            "request_validator_id": "",
            "resource_id": "ip17d7",
            "rest_api_id": "a4eslgb0nl"
          },
          "sensitive_attributes": [],
          "private": "bnVsbA==",
          "dependencies": [
            "aws_api_gateway_resource.add_musique",
            "aws_api_gateway_resource.musique",
            "aws_api_gateway_rest_api.api"
          ]
        }
      ]
    },
    {
      "mode": "managed",
      "type": "aws_api_gateway_method",
      "name": "add_user",
      "provider": "provider[\"registry.terraform.io/hashicorp/aws\"]",
      "instances": [
        {
          "schema_version": 0,
          "attributes": {
            "api_key_required": true,
            "authorization": "NONE",
            "authorization_scopes": [],
            "authorizer_id": "",
            "http_method": "POST",
            "id": "agm-a4eslgb0nl-x9ldyd-POST",
            "operation_name": "",
            "request_models": {},
            "request_parameters": {},
            "request_validator_id": "",
            "resource_id": "x9ldyd",
            "rest_api_id": "a4eslgb0nl"
          },
          "sensitive_attributes": [],
          "private": "bnVsbA==",
          "dependencies": [
            "aws_api_gateway_resource.add_user",
            "aws_api_gateway_resource.user",
            "aws_api_gateway_rest_api.api"
          ]
        }
      ]
    },
    {
      "mode": "managed",
      "type": "aws_api_gateway_method",
      "name": "contact",
      "provider": "provider[\"registry.terraform.io/hashicorp/aws\"]",
      "instances": [
        {
          "schema_version": 0,
          "attributes": {
            "api_key_required": true,
            "authorization": "NONE",
            "authorization_scopes": [],
            "authorizer_id": "",
            "http_method": "POST",
            "id": "agm-a4eslgb0nl-m5a96w-POST",
            "operation_name": "",
            "request_models": {},
            "request_parameters": {},
            "request_validator_id": "",
            "resource_id": "m5a96w",
            "rest_api_id": "a4eslgb0nl"
          },
          "sensitive_attributes": [],
          "private": "bnVsbA==",
          "dependencies": [
            "aws_api_gateway_resource.contact",
            "aws_api_gateway_rest_api.api"
          ]
        }
      ]
    },
    {
      "mode": "managed",
      "type": "aws_api_gateway_method",
      "name": "delete_blog",
      "provider": "provider[\"registry.terraform.io/hashicorp/aws\"]",
      "instances": [
        {
          "schema_version": 0,
          "attributes": {
            "api_key_required": true,
            "authorization": "NONE",
            "authorization_scopes": [],
            "authorizer_id": "",
            "http_method": "GET",
            "id": "agm-a4eslgb0nl-8rxjst-GET",
            "operation_name": "",
            "request_models": {
              "application/json": "Empty"
            },
            "request_parameters": {},
            "request_validator_id": "",
            "resource_id": "8rxjst",
            "rest_api_id": "a4eslgb0nl"
          },
          "sensitive_attributes": [],
          "private": "bnVsbA==",
          "dependencies": [
            "aws_api_gateway_resource.blog",
            "aws_api_gateway_resource.delete_blog",
            "aws_api_gateway_rest_api.api"
          ]
        }
      ]
    },
    {
      "mode": "managed",
      "type": "aws_api_gateway_method",
      "name": "delete_concert",
      "provider": "provider[\"registry.terraform.io/hashicorp/aws\"]",
      "instances": [
        {
          "schema_version": 0,
          "attributes": {
            "api_key_required": true,
            "authorization": "NONE",
            "authorization_scopes": [],
            "authorizer_id": "",
            "http_method": "GET",
            "id": "agm-a4eslgb0nl-8d0mu7-GET",
            "operation_name": "",
            "request_models": {
              "application/json": "Empty"
            },
            "request_parameters": {},
            "request_validator_id": "",
            "resource_id": "8d0mu7",
            "rest_api_id": "a4eslgb0nl"
          },
          "sensitive_attributes": [],
          "private": "bnVsbA==",
          "dependencies": [
            "aws_api_gateway_resource.concert",
            "aws_api_gateway_resource.delete_concert",
            "aws_api_gateway_rest_api.api"
          ]
        }
      ]
    },
    {
      "mode": "managed",
      "type": "aws_api_gateway_method",
      "name": "delete_musique",
      "provider": "provider[\"registry.terraform.io/hashicorp/aws\"]",
      "instances": [
        {
          "schema_version": 0,
          "attributes": {
            "api_key_required": true,
            "authorization": "NONE",
            "authorization_scopes": [],
            "authorizer_id": "",
            "http_method": "GET",
            "id": "agm-a4eslgb0nl-nnwxs5-GET",
            "operation_name": "",
            "request_models": {
              "application/json": "Empty"
            },
            "request_parameters": {},
            "request_validator_id": "",
            "resource_id": "nnwxs5",
            "rest_api_id": "a4eslgb0nl"
          },
          "sensitive_attributes": [],
          "private": "bnVsbA==",
          "dependencies": [
            "aws_api_gateway_resource.delete_musique",
            "aws_api_gateway_resource.musique",
            "aws_api_gateway_rest_api.api"
          ]
        }
      ]
    },
    {
      "mode": "managed",
      "type": "aws_api_gateway_method",
      "name": "edit_blog",
      "provider": "provider[\"registry.terraform.io/hashicorp/aws\"]",
      "instances": [
        {
          "schema_version": 0,
          "attributes": {
            "api_key_required": true,
            "authorization": "NONE",
            "authorization_scopes": [],
            "authorizer_id": "",
            "http_method": "POST",
            "id": "agm-a4eslgb0nl-h8hsb2-POST",
            "operation_name": "",
            "request_models": {},
            "request_parameters": {},
            "request_validator_id": "",
            "resource_id": "h8hsb2",
            "rest_api_id": "a4eslgb0nl"
          },
          "sensitive_attributes": [],
          "private": "bnVsbA==",
          "dependencies": [
            "aws_api_gateway_resource.blog",
            "aws_api_gateway_resource.edit_blog",
            "aws_api_gateway_rest_api.api"
          ]
        }
      ]
    },
    {
      "mode": "managed",
      "type": "aws_api_gateway_method",
      "name": "edit_concert",
      "provider": "provider[\"registry.terraform.io/hashicorp/aws\"]",
      "instances": [
        {
          "schema_version": 0,
          "attributes": {
            "api_key_required": true,
            "authorization": "NONE",
            "authorization_scopes": [],
            "authorizer_id": "",
            "http_method": "POST",
            "id": "agm-a4eslgb0nl-9mgv58-POST",
            "operation_name": "",
            "request_models": {},
            "request_parameters": {},
            "request_validator_id": "",
            "resource_id": "9mgv58",
            "rest_api_id": "a4eslgb0nl"
          },
          "sensitive_attributes": [],
          "private": "bnVsbA==",
          "dependencies": [
            "aws_api_gateway_resource.concert",
            "aws_api_gateway_resource.edit_concert",
            "aws_api_gateway_rest_api.api"
          ]
        }
      ]
    },
    {
      "mode": "managed",
      "type": "aws_api_gateway_method",
      "name": "edit_musique",
      "provider": "provider[\"registry.terraform.io/hashicorp/aws\"]",
      "instances": [
        {
          "schema_version": 0,
          "attributes": {
            "api_key_required": true,
            "authorization": "NONE",
            "authorization_scopes": [],
            "authorizer_id": "",
            "http_method": "POST",
            "id": "agm-a4eslgb0nl-6w7bac-POST",
            "operation_name": "",
            "request_models": {},
            "request_parameters": {},
            "request_validator_id": "",
            "resource_id": "6w7bac",
            "rest_api_id": "a4eslgb0nl"
          },
          "sensitive_attributes": [],
          "private": "bnVsbA==",
          "dependencies": [
            "aws_api_gateway_resource.edit_musique",
            "aws_api_gateway_resource.musique",
            "aws_api_gateway_rest_api.api"
          ]
        }
      ]
    },
    {
      "mode": "managed",
      "type": "aws_api_gateway_method",
      "name": "getBlog",
      "provider": "provider[\"registry.terraform.io/hashicorp/aws\"]",
      "instances": [
        {
          "schema_version": 0,
          "attributes": {
            "api_key_required": true,
            "authorization": "NONE",
            "authorization_scopes": [],
            "authorizer_id": "",
            "http_method": "GET",
            "id": "agm-a4eslgb0nl-r10q69-GET",
            "operation_name": "",
            "request_models": {
              "application/json": "Empty"
            },
            "request_parameters": {},
            "request_validator_id": "",
            "resource_id": "r10q69",
            "rest_api_id": "a4eslgb0nl"
          },
          "sensitive_attributes": [],
          "private": "bnVsbA==",
          "dependencies": [
            "aws_api_gateway_resource.blog",
            "aws_api_gateway_resource.getBlog",
            "aws_api_gateway_rest_api.api"
          ]
        }
      ]
    },
    {
      "mode": "managed",
      "type": "aws_api_gateway_method",
      "name": "getConcert",
      "provider": "provider[\"registry.terraform.io/hashicorp/aws\"]",
      "instances": [
        {
          "schema_version": 0,
          "attributes": {
            "api_key_required": true,
            "authorization": "NONE",
            "authorization_scopes": [],
            "authorizer_id": "",
            "http_method": "GET",
            "id": "agm-a4eslgb0nl-n03gke-GET",
            "operation_name": "",
            "request_models": {
              "application/json": "Empty"
            },
            "request_parameters": {},
            "request_validator_id": "",
            "resource_id": "n03gke",
            "rest_api_id": "a4eslgb0nl"
          },
          "sensitive_attributes": [],
          "private": "bnVsbA==",
          "dependencies": [
            "aws_api_gateway_resource.concert",
            "aws_api_gateway_resource.getConcert",
            "aws_api_gateway_rest_api.api"
          ]
        }
      ]
    },
    {
      "mode": "managed",
      "type": "aws_api_gateway_method",
      "name": "getMusique",
      "provider": "provider[\"registry.terraform.io/hashicorp/aws\"]",
      "instances": [
        {
          "schema_version": 0,
          "attributes": {
            "api_key_required": true,
            "authorization": "NONE",
            "authorization_scopes": [],
            "authorizer_id": "",
            "http_method": "GET",
            "id": "agm-a4eslgb0nl-pxbuqm-GET",
            "operation_name": "",
            "request_models": {
              "application/json": "Empty"
            },
            "request_parameters": {},
            "request_validator_id": "",
            "resource_id": "pxbuqm",
            "rest_api_id": "a4eslgb0nl"
          },
          "sensitive_attributes": [],
          "private": "bnVsbA==",
          "dependencies": [
            "aws_api_gateway_resource.getMusique",
            "aws_api_gateway_resource.musique",
            "aws_api_gateway_rest_api.api"
          ]
        }
      ]
    },
    {
      "mode": "managed",
      "type": "aws_api_gateway_method",
      "name": "list_musique",
      "provider": "provider[\"registry.terraform.io/hashicorp/aws\"]",
      "instances": [
        {
          "schema_version": 0,
          "attributes": {
            "api_key_required": true,
            "authorization": "NONE",
            "authorization_scopes": [],
            "authorizer_id": "",
            "http_method": "GET",
            "id": "agm-a4eslgb0nl-28dshv-GET",
            "operation_name": "",
            "request_models": {
              "application/json": "Empty"
            },
            "request_parameters": {},
            "request_validator_id": "",
            "resource_id": "28dshv",
            "rest_api_id": "a4eslgb0nl"
          },
          "sensitive_attributes": [],
          "private": "bnVsbA==",
          "dependencies": [
            "aws_api_gateway_resource.list_musique",
            "aws_api_gateway_resource.musique",
            "aws_api_gateway_rest_api.api"
          ]
        }
      ]
    },
    {
      "mode": "managed",
      "type": "aws_api_gateway_method",
      "name": "login",
      "provider": "provider[\"registry.terraform.io/hashicorp/aws\"]",
      "instances": [
        {
          "schema_version": 0,
          "attributes": {
            "api_key_required": true,
            "authorization": "NONE",
            "authorization_scopes": [],
            "authorizer_id": "",
            "http_method": "POST",
            "id": "agm-a4eslgb0nl-1idi7e-POST",
            "operation_name": "",
            "request_models": {},
            "request_parameters": {},
            "request_validator_id": "",
            "resource_id": "1idi7e",
            "rest_api_id": "a4eslgb0nl"
          },
          "sensitive_attributes": [],
          "private": "bnVsbA==",
          "dependencies": [
            "aws_api_gateway_resource.login",
            "aws_api_gateway_rest_api.api"
          ]
        }
      ]
    },
    {
      "mode": "managed",
      "type": "aws_api_gateway_method",
      "name": "logout",
      "provider": "provider[\"registry.terraform.io/hashicorp/aws\"]",
      "instances": [
        {
          "schema_version": 0,
          "attributes": {
            "api_key_required": true,
            "authorization": "NONE",
            "authorization_scopes": [],
            "authorizer_id": "",
            "http_method": "POST",
            "id": "agm-a4eslgb0nl-x1p7bs-POST",
            "operation_name": "",
            "request_models": {},
            "request_parameters": {},
            "request_validator_id": "",
            "resource_id": "x1p7bs",
            "rest_api_id": "a4eslgb0nl"
          },
          "sensitive_attributes": [],
          "private": "bnVsbA==",
          "dependencies": [
            "aws_api_gateway_resource.logout",
            "aws_api_gateway_rest_api.api"
          ]
        }
      ]
    },
    {
      "mode": "managed",
      "type": "aws_api_gateway_method",
      "name": "lost_password",
      "provider": "provider[\"registry.terraform.io/hashicorp/aws\"]",
      "instances": [
        {
          "schema_version": 0,
          "attributes": {
            "api_key_required": true,
            "authorization": "NONE",
            "authorization_scopes": [],
            "authorizer_id": "",
            "http_method": "POST",
            "id": "agm-a4eslgb0nl-2yub0n-POST",
            "operation_name": "",
            "request_models": {},
            "request_parameters": {},
            "request_validator_id": "",
            "resource_id": "2yub0n",
            "rest_api_id": "a4eslgb0nl"
          },
          "sensitive_attributes": [],
          "private": "bnVsbA==",
          "dependencies": [
            "aws_api_gateway_resource.lost_password",
            "aws_api_gateway_resource.user",
            "aws_api_gateway_rest_api.api"
          ]
        }
      ]
    },
    {
      "mode": "managed",
      "type": "aws_api_gateway_method",
      "name": "options_method_add_blog",
      "provider": "provider[\"registry.terraform.io/hashicorp/aws\"]",
      "instances": [
        {
          "schema_version": 0,
          "attributes": {
            "api_key_required": false,
            "authorization": "NONE",
            "authorization_scopes": [],
            "authorizer_id": "",
            "http_method": "OPTIONS",
            "id": "agm-a4eslgb0nl-7dtto8-OPTIONS",
            "operation_name": "",
            "request_models": {},
            "request_parameters": {},
            "request_validator_id": "",
            "resource_id": "7dtto8",
            "rest_api_id": "a4eslgb0nl"
          },
          "sensitive_attributes": [],
          "private": "bnVsbA==",
          "dependencies": [
            "aws_api_gateway_resource.add_blog",
            "aws_api_gateway_resource.blog",
            "aws_api_gateway_rest_api.api"
          ]
        }
      ]
    },
    {
      "mode": "managed",
      "type": "aws_api_gateway_method",
      "name": "options_method_add_concert",
      "provider": "provider[\"registry.terraform.io/hashicorp/aws\"]",
      "instances": [
        {
          "schema_version": 0,
          "attributes": {
            "api_key_required": false,
            "authorization": "NONE",
            "authorization_scopes": [],
            "authorizer_id": "",
            "http_method": "OPTIONS",
            "id": "agm-a4eslgb0nl-mj76tj-OPTIONS",
            "operation_name": "",
            "request_models": {},
            "request_parameters": {},
            "request_validator_id": "",
            "resource_id": "mj76tj",
            "rest_api_id": "a4eslgb0nl"
          },
          "sensitive_attributes": [],
          "private": "bnVsbA==",
          "dependencies": [
            "aws_api_gateway_resource.add_concert",
            "aws_api_gateway_resource.concert",
            "aws_api_gateway_rest_api.api"
          ]
        }
      ]
    },
    {
      "mode": "managed",
      "type": "aws_api_gateway_method",
      "name": "options_method_add_musique",
      "provider": "provider[\"registry.terraform.io/hashicorp/aws\"]",
      "instances": [
        {
          "schema_version": 0,
          "attributes": {
            "api_key_required": false,
            "authorization": "NONE",
            "authorization_scopes": [],
            "authorizer_id": "",
            "http_method": "OPTIONS",
            "id": "agm-a4eslgb0nl-ip17d7-OPTIONS",
            "operation_name": "",
            "request_models": {},
            "request_parameters": {},
            "request_validator_id": "",
            "resource_id": "ip17d7",
            "rest_api_id": "a4eslgb0nl"
          },
          "sensitive_attributes": [],
          "private": "bnVsbA==",
          "dependencies": [
            "aws_api_gateway_resource.add_musique",
            "aws_api_gateway_resource.musique",
            "aws_api_gateway_rest_api.api"
          ]
        }
      ]
    },
    {
      "mode": "managed",
      "type": "aws_api_gateway_method",
      "name": "options_method_add_user",
      "provider": "provider[\"registry.terraform.io/hashicorp/aws\"]",
      "instances": [
        {
          "schema_version": 0,
          "attributes": {
            "api_key_required": false,
            "authorization": "NONE",
            "authorization_scopes": [],
            "authorizer_id": "",
            "http_method": "OPTIONS",
            "id": "agm-a4eslgb0nl-x9ldyd-OPTIONS",
            "operation_name": "",
            "request_models": {},
            "request_parameters": {},
            "request_validator_id": "",
            "resource_id": "x9ldyd",
            "rest_api_id": "a4eslgb0nl"
          },
          "sensitive_attributes": [],
          "private": "bnVsbA==",
          "dependencies": [
            "aws_api_gateway_resource.add_user",
            "aws_api_gateway_resource.user",
            "aws_api_gateway_rest_api.api"
          ]
        }
      ]
    },
    {
      "mode": "managed",
      "type": "aws_api_gateway_method",
      "name": "options_method_contact",
      "provider": "provider[\"registry.terraform.io/hashicorp/aws\"]",
      "instances": [
        {
          "schema_version": 0,
          "attributes": {
            "api_key_required": false,
            "authorization": "NONE",
            "authorization_scopes": [],
            "authorizer_id": "",
            "http_method": "OPTIONS",
            "id": "agm-a4eslgb0nl-m5a96w-OPTIONS",
            "operation_name": "",
            "request_models": {},
            "request_parameters": {},
            "request_validator_id": "",
            "resource_id": "m5a96w",
            "rest_api_id": "a4eslgb0nl"
          },
          "sensitive_attributes": [],
          "private": "bnVsbA==",
          "dependencies": [
            "aws_api_gateway_resource.contact",
            "aws_api_gateway_rest_api.api"
          ]
        }
      ]
    },
    {
      "mode": "managed",
      "type": "aws_api_gateway_method",
      "name": "options_method_delete_blog",
      "provider": "provider[\"registry.terraform.io/hashicorp/aws\"]",
      "instances": [
        {
          "schema_version": 0,
          "attributes": {
            "api_key_required": false,
            "authorization": "NONE",
            "authorization_scopes": [],
            "authorizer_id": "",
            "http_method": "OPTIONS",
            "id": "agm-a4eslgb0nl-8rxjst-OPTIONS",
            "operation_name": "",
            "request_models": {},
            "request_parameters": {},
            "request_validator_id": "",
            "resource_id": "8rxjst",
            "rest_api_id": "a4eslgb0nl"
          },
          "sensitive_attributes": [],
          "private": "bnVsbA==",
          "dependencies": [
            "aws_api_gateway_resource.blog",
            "aws_api_gateway_resource.delete_blog",
            "aws_api_gateway_rest_api.api"
          ]
        }
      ]
    },
    {
      "mode": "managed",
      "type": "aws_api_gateway_method",
      "name": "options_method_delete_concert",
      "provider": "provider[\"registry.terraform.io/hashicorp/aws\"]",
      "instances": [
        {
          "schema_version": 0,
          "attributes": {
            "api_key_required": false,
            "authorization": "NONE",
            "authorization_scopes": [],
            "authorizer_id": "",
            "http_method": "OPTIONS",
            "id": "agm-a4eslgb0nl-8d0mu7-OPTIONS",
            "operation_name": "",
            "request_models": {},
            "request_parameters": {},
            "request_validator_id": "",
            "resource_id": "8d0mu7",
            "rest_api_id": "a4eslgb0nl"
          },
          "sensitive_attributes": [],
          "private": "bnVsbA==",
          "dependencies": [
            "aws_api_gateway_resource.concert",
            "aws_api_gateway_resource.delete_concert",
            "aws_api_gateway_rest_api.api"
          ]
        }
      ]
    },
    {
      "mode": "managed",
      "type": "aws_api_gateway_method",
      "name": "options_method_delete_musique",
      "provider": "provider[\"registry.terraform.io/hashicorp/aws\"]",
      "instances": [
        {
          "schema_version": 0,
          "attributes": {
            "api_key_required": false,
            "authorization": "NONE",
            "authorization_scopes": [],
            "authorizer_id": "",
            "http_method": "OPTIONS",
            "id": "agm-a4eslgb0nl-nnwxs5-OPTIONS",
            "operation_name": "",
            "request_models": {},
            "request_parameters": {},
            "request_validator_id": "",
            "resource_id": "nnwxs5",
            "rest_api_id": "a4eslgb0nl"
          },
          "sensitive_attributes": [],
          "private": "bnVsbA==",
          "dependencies": [
            "aws_api_gateway_resource.delete_musique",
            "aws_api_gateway_resource.musique",
            "aws_api_gateway_rest_api.api"
          ]
        }
      ]
    },
    {
      "mode": "managed",
      "type": "aws_api_gateway_method",
      "name": "options_method_edit_blog",
      "provider": "provider[\"registry.terraform.io/hashicorp/aws\"]",
      "instances": [
        {
          "schema_version": 0,
          "attributes": {
            "api_key_required": false,
            "authorization": "NONE",
            "authorization_scopes": [],
            "authorizer_id": "",
            "http_method": "OPTIONS",
            "id": "agm-a4eslgb0nl-h8hsb2-OPTIONS",
            "operation_name": "",
            "request_models": {},
            "request_parameters": {},
            "request_validator_id": "",
            "resource_id": "h8hsb2",
            "rest_api_id": "a4eslgb0nl"
          },
          "sensitive_attributes": [],
          "private": "bnVsbA==",
          "dependencies": [
            "aws_api_gateway_resource.blog",
            "aws_api_gateway_resource.edit_blog",
            "aws_api_gateway_rest_api.api"
          ]
        }
      ]
    },
    {
      "mode": "managed",
      "type": "aws_api_gateway_method",
      "name": "options_method_edit_concert",
      "provider": "provider[\"registry.terraform.io/hashicorp/aws\"]",
      "instances": [
        {
          "schema_version": 0,
          "attributes": {
            "api_key_required": false,
            "authorization": "NONE",
            "authorization_scopes": [],
            "authorizer_id": "",
            "http_method": "OPTIONS",
            "id": "agm-a4eslgb0nl-9mgv58-OPTIONS",
            "operation_name": "",
            "request_models": {},
            "request_parameters": {},
            "request_validator_id": "",
            "resource_id": "9mgv58",
            "rest_api_id": "a4eslgb0nl"
          },
          "sensitive_attributes": [],
          "private": "bnVsbA==",
          "dependencies": [
            "aws_api_gateway_resource.concert",
            "aws_api_gateway_resource.edit_concert",
            "aws_api_gateway_rest_api.api"
          ]
        }
      ]
    },
    {
      "mode": "managed",
      "type": "aws_api_gateway_method",
      "name": "options_method_edit_musique",
      "provider": "provider[\"registry.terraform.io/hashicorp/aws\"]",
      "instances": [
        {
          "schema_version": 0,
          "attributes": {
            "api_key_required": false,
            "authorization": "NONE",
            "authorization_scopes": [],
            "authorizer_id": "",
            "http_method": "OPTIONS",
            "id": "agm-a4eslgb0nl-6w7bac-OPTIONS",
            "operation_name": "",
            "request_models": {},
            "request_parameters": {},
            "request_validator_id": "",
            "resource_id": "6w7bac",
            "rest_api_id": "a4eslgb0nl"
          },
          "sensitive_attributes": [],
          "private": "bnVsbA==",
          "dependencies": [
            "aws_api_gateway_resource.edit_musique",
            "aws_api_gateway_resource.musique",
            "aws_api_gateway_rest_api.api"
          ]
        }
      ]
    },
    {
      "mode": "managed",
      "type": "aws_api_gateway_method",
      "name": "options_method_getBlog",
      "provider": "provider[\"registry.terraform.io/hashicorp/aws\"]",
      "instances": [
        {
          "schema_version": 0,
          "attributes": {
            "api_key_required": false,
            "authorization": "NONE",
            "authorization_scopes": [],
            "authorizer_id": "",
            "http_method": "OPTIONS",
            "id": "agm-a4eslgb0nl-r10q69-OPTIONS",
            "operation_name": "",
            "request_models": {},
            "request_parameters": {},
            "request_validator_id": "",
            "resource_id": "r10q69",
            "rest_api_id": "a4eslgb0nl"
          },
          "sensitive_attributes": [],
          "private": "bnVsbA==",
          "dependencies": [
            "aws_api_gateway_resource.blog",
            "aws_api_gateway_resource.getBlog",
            "aws_api_gateway_rest_api.api"
          ]
        }
      ]
    },
    {
      "mode": "managed",
      "type": "aws_api_gateway_method",
      "name": "options_method_getConcert",
      "provider": "provider[\"registry.terraform.io/hashicorp/aws\"]",
      "instances": [
        {
          "schema_version": 0,
          "attributes": {
            "api_key_required": false,
            "authorization": "NONE",
            "authorization_scopes": [],
            "authorizer_id": "",
            "http_method": "OPTIONS",
            "id": "agm-a4eslgb0nl-n03gke-OPTIONS",
            "operation_name": "",
            "request_models": {},
            "request_parameters": {},
            "request_validator_id": "",
            "resource_id": "n03gke",
            "rest_api_id": "a4eslgb0nl"
          },
          "sensitive_attributes": [],
          "private": "bnVsbA==",
          "dependencies": [
            "aws_api_gateway_resource.concert",
            "aws_api_gateway_resource.getConcert",
            "aws_api_gateway_rest_api.api"
          ]
        }
      ]
    },
    {
      "mode": "managed",
      "type": "aws_api_gateway_method",
      "name": "options_method_getMusique",
      "provider": "provider[\"registry.terraform.io/hashicorp/aws\"]",
      "instances": [
        {
          "schema_version": 0,
          "attributes": {
            "api_key_required": false,
            "authorization": "NONE",
            "authorization_scopes": [],
            "authorizer_id": "",
            "http_method": "OPTIONS",
            "id": "agm-a4eslgb0nl-pxbuqm-OPTIONS",
            "operation_name": "",
            "request_models": {},
            "request_parameters": {},
            "request_validator_id": "",
            "resource_id": "pxbuqm",
            "rest_api_id": "a4eslgb0nl"
          },
          "sensitive_attributes": [],
          "private": "bnVsbA==",
          "dependencies": [
            "aws_api_gateway_resource.getMusique",
            "aws_api_gateway_resource.musique",
            "aws_api_gateway_rest_api.api"
          ]
        }
      ]
    },
    {
      "mode": "managed",
      "type": "aws_api_gateway_method",
      "name": "options_method_list_musique",
      "provider": "provider[\"registry.terraform.io/hashicorp/aws\"]",
      "instances": [
        {
          "schema_version": 0,
          "attributes": {
            "api_key_required": false,
            "authorization": "NONE",
            "authorization_scopes": [],
            "authorizer_id": "",
            "http_method": "OPTIONS",
            "id": "agm-a4eslgb0nl-28dshv-OPTIONS",
            "operation_name": "",
            "request_models": {},
            "request_parameters": {},
            "request_validator_id": "",
            "resource_id": "28dshv",
            "rest_api_id": "a4eslgb0nl"
          },
          "sensitive_attributes": [],
          "private": "bnVsbA==",
          "dependencies": [
            "aws_api_gateway_resource.list_musique",
            "aws_api_gateway_resource.musique",
            "aws_api_gateway_rest_api.api"
          ]
        }
      ]
    },
    {
      "mode": "managed",
      "type": "aws_api_gateway_method",
      "name": "options_method_login",
      "provider": "provider[\"registry.terraform.io/hashicorp/aws\"]",
      "instances": [
        {
          "schema_version": 0,
          "attributes": {
            "api_key_required": false,
            "authorization": "NONE",
            "authorization_scopes": [],
            "authorizer_id": "",
            "http_method": "OPTIONS",
            "id": "agm-a4eslgb0nl-1idi7e-OPTIONS",
            "operation_name": "",
            "request_models": {},
            "request_parameters": {},
            "request_validator_id": "",
            "resource_id": "1idi7e",
            "rest_api_id": "a4eslgb0nl"
          },
          "sensitive_attributes": [],
          "private": "bnVsbA==",
          "dependencies": [
            "aws_api_gateway_resource.login",
            "aws_api_gateway_rest_api.api"
          ]
        }
      ]
    },
    {
      "mode": "managed",
      "type": "aws_api_gateway_method",
      "name": "options_method_logout",
      "provider": "provider[\"registry.terraform.io/hashicorp/aws\"]",
      "instances": [
        {
          "schema_version": 0,
          "attributes": {
            "api_key_required": false,
            "authorization": "NONE",
            "authorization_scopes": [],
            "authorizer_id": "",
            "http_method": "OPTIONS",
            "id": "agm-a4eslgb0nl-x1p7bs-OPTIONS",
            "operation_name": "",
            "request_models": {},
            "request_parameters": {},
            "request_validator_id": "",
            "resource_id": "x1p7bs",
            "rest_api_id": "a4eslgb0nl"
          },
          "sensitive_attributes": [],
          "private": "bnVsbA==",
          "dependencies": [
            "aws_api_gateway_resource.logout",
            "aws_api_gateway_rest_api.api"
          ]
        }
      ]
    },
    {
      "mode": "managed",
      "type": "aws_api_gateway_method",
      "name": "options_method_lost_password",
      "provider": "provider[\"registry.terraform.io/hashicorp/aws\"]",
      "instances": [
        {
          "schema_version": 0,
          "attributes": {
            "api_key_required": false,
            "authorization": "NONE",
            "authorization_scopes": [],
            "authorizer_id": "",
            "http_method": "OPTIONS",
            "id": "agm-a4eslgb0nl-2yub0n-OPTIONS",
            "operation_name": "",
            "request_models": {},
            "request_parameters": {},
            "request_validator_id": "",
            "resource_id": "2yub0n",
            "rest_api_id": "a4eslgb0nl"
          },
          "sensitive_attributes": [],
          "private": "bnVsbA==",
          "dependencies": [
            "aws_api_gateway_resource.lost_password",
            "aws_api_gateway_resource.user",
            "aws_api_gateway_rest_api.api"
          ]
        }
      ]
    },
    {
      "mode": "managed",
      "type": "aws_api_gateway_method",
      "name": "options_method_reinitialise_password",
      "provider": "provider[\"registry.terraform.io/hashicorp/aws\"]",
      "instances": [
        {
          "schema_version": 0,
          "attributes": {
            "api_key_required": false,
            "authorization": "NONE",
            "authorization_scopes": [],
            "authorizer_id": "",
            "http_method": "OPTIONS",
            "id": "agm-a4eslgb0nl-65rodk-OPTIONS",
            "operation_name": "",
            "request_models": {},
            "request_parameters": {},
            "request_validator_id": "",
            "resource_id": "65rodk",
            "rest_api_id": "a4eslgb0nl"
          },
          "sensitive_attributes": [],
          "private": "bnVsbA==",
          "dependencies": [
            "aws_api_gateway_resource.reinitialise_password",
            "aws_api_gateway_resource.user",
            "aws_api_gateway_rest_api.api"
          ]
        }
      ]
    },
    {
      "mode": "managed",
      "type": "aws_api_gateway_method",
      "name": "options_method_reserve_concert",
      "provider": "provider[\"registry.terraform.io/hashicorp/aws\"]",
      "instances": [
        {
          "schema_version": 0,
          "attributes": {
            "api_key_required": false,
            "authorization": "NONE",
            "authorization_scopes": [],
            "authorizer_id": "",
            "http_method": "OPTIONS",
            "id": "agm-a4eslgb0nl-yn5pdk-OPTIONS",
            "operation_name": "",
            "request_models": {},
            "request_parameters": {},
            "request_validator_id": "",
            "resource_id": "yn5pdk",
            "rest_api_id": "a4eslgb0nl"
          },
          "sensitive_attributes": [],
          "private": "bnVsbA==",
          "dependencies": [
            "aws_api_gateway_resource.reserve_concert",
            "aws_api_gateway_rest_api.api"
          ]
        }
      ]
    },
    {
      "mode": "managed",
      "type": "aws_api_gateway_method",
      "name": "options_method_update_password",
      "provider": "provider[\"registry.terraform.io/hashicorp/aws\"]",
      "instances": [
        {
          "schema_version": 0,
          "attributes": {
            "api_key_required": false,
            "authorization": "NONE",
            "authorization_scopes": [],
            "authorizer_id": "",
            "http_method": "OPTIONS",
            "id": "agm-a4eslgb0nl-qjyq9g-OPTIONS",
            "operation_name": "",
            "request_models": {},
            "request_parameters": {},
            "request_validator_id": "",
            "resource_id": "qjyq9g",
            "rest_api_id": "a4eslgb0nl"
          },
          "sensitive_attributes": [],
          "private": "bnVsbA==",
          "dependencies": [
            "aws_api_gateway_resource.update_password",
            "aws_api_gateway_resource.user",
            "aws_api_gateway_rest_api.api"
          ]
        }
      ]
    },
    {
      "mode": "managed",
      "type": "aws_api_gateway_method",
      "name": "options_method_update_user",
      "provider": "provider[\"registry.terraform.io/hashicorp/aws\"]",
      "instances": [
        {
          "schema_version": 0,
          "attributes": {
            "api_key_required": false,
            "authorization": "NONE",
            "authorization_scopes": [],
            "authorizer_id": "",
            "http_method": "OPTIONS",
            "id": "agm-a4eslgb0nl-w49ndg-OPTIONS",
            "operation_name": "",
            "request_models": {},
            "request_parameters": {},
            "request_validator_id": "",
            "resource_id": "w49ndg",
            "rest_api_id": "a4eslgb0nl"
          },
          "sensitive_attributes": [],
          "private": "bnVsbA==",
          "dependencies": [
            "aws_api_gateway_resource.update_user",
            "aws_api_gateway_resource.user",
            "aws_api_gateway_rest_api.api"
          ]
        }
      ]
    },
    {
      "mode": "managed",
      "type": "aws_api_gateway_method",
      "name": "options_method_validation_email",
      "provider": "provider[\"registry.terraform.io/hashicorp/aws\"]",
      "instances": [
        {
          "schema_version": 0,
          "attributes": {
            "api_key_required": false,
            "authorization": "NONE",
            "authorization_scopes": [],
            "authorizer_id": "",
            "http_method": "OPTIONS",
            "id": "agm-a4eslgb0nl-t4a4e2-OPTIONS",
            "operation_name": "",
            "request_models": {},
            "request_parameters": {},
            "request_validator_id": "",
            "resource_id": "t4a4e2",
            "rest_api_id": "a4eslgb0nl"
          },
          "sensitive_attributes": [],
          "private": "bnVsbA==",
          "dependencies": [
            "aws_api_gateway_resource.user",
            "aws_api_gateway_resource.validation_email",
            "aws_api_gateway_rest_api.api"
          ]
        }
      ]
    },
    {
      "mode": "managed",
      "type": "aws_api_gateway_method",
      "name": "reinitialise_password",
      "provider": "provider[\"registry.terraform.io/hashicorp/aws\"]",
      "instances": [
        {
          "schema_version": 0,
          "attributes": {
            "api_key_required": true,
            "authorization": "NONE",
            "authorization_scopes": [],
            "authorizer_id": "",
            "http_method": "POST",
            "id": "agm-a4eslgb0nl-65rodk-POST",
            "operation_name": "",
            "request_models": {},
            "request_parameters": {},
            "request_validator_id": "",
            "resource_id": "65rodk",
            "rest_api_id": "a4eslgb0nl"
          },
          "sensitive_attributes": [],
          "private": "bnVsbA==",
          "dependencies": [
            "aws_api_gateway_resource.reinitialise_password",
            "aws_api_gateway_resource.user",
            "aws_api_gateway_rest_api.api"
          ]
        }
      ]
    },
    {
      "mode": "managed",
      "type": "aws_api_gateway_method",
      "name": "reserve_concert",
      "provider": "provider[\"registry.terraform.io/hashicorp/aws\"]",
      "instances": [
        {
          "schema_version": 0,
          "attributes": {
            "api_key_required": true,
            "authorization": "NONE",
            "authorization_scopes": [],
            "authorizer_id": "",
            "http_method": "POST",
            "id": "agm-a4eslgb0nl-yn5pdk-POST",
            "operation_name": "",
            "request_models": {},
            "request_parameters": {},
            "request_validator_id": "",
            "resource_id": "yn5pdk",
            "rest_api_id": "a4eslgb0nl"
          },
          "sensitive_attributes": [],
          "private": "bnVsbA==",
          "dependencies": [
            "aws_api_gateway_resource.reserve_concert",
            "aws_api_gateway_rest_api.api"
          ]
        }
      ]
    },
    {
      "mode": "managed",
      "type": "aws_api_gateway_method",
      "name": "update_password",
      "provider": "provider[\"registry.terraform.io/hashicorp/aws\"]",
      "instances": [
        {
          "schema_version": 0,
          "attributes": {
            "api_key_required": true,
            "authorization": "NONE",
            "authorization_scopes": [],
            "authorizer_id": "",
            "http_method": "POST",
            "id": "agm-a4eslgb0nl-qjyq9g-POST",
            "operation_name": "",
            "request_models": {},
            "request_parameters": {},
            "request_validator_id": "",
            "resource_id": "qjyq9g",
            "rest_api_id": "a4eslgb0nl"
          },
          "sensitive_attributes": [],
          "private": "bnVsbA==",
          "dependencies": [
            "aws_api_gateway_resource.update_password",
            "aws_api_gateway_resource.user",
            "aws_api_gateway_rest_api.api"
          ]
        }
      ]
    },
    {
      "mode": "managed",
      "type": "aws_api_gateway_method",
      "name": "update_user",
      "provider": "provider[\"registry.terraform.io/hashicorp/aws\"]",
      "instances": [
        {
          "schema_version": 0,
          "attributes": {
            "api_key_required": true,
            "authorization": "NONE",
            "authorization_scopes": [],
            "authorizer_id": "",
            "http_method": "POST",
            "id": "agm-a4eslgb0nl-w49ndg-POST",
            "operation_name": "",
            "request_models": {},
            "request_parameters": {},
            "request_validator_id": "",
            "resource_id": "w49ndg",
            "rest_api_id": "a4eslgb0nl"
          },
          "sensitive_attributes": [],
          "private": "bnVsbA==",
          "dependencies": [
            "aws_api_gateway_resource.update_user",
            "aws_api_gateway_resource.user",
            "aws_api_gateway_rest_api.api"
          ]
        }
      ]
    },
    {
      "mode": "managed",
      "type": "aws_api_gateway_method",
      "name": "validation_email",
      "provider": "provider[\"registry.terraform.io/hashicorp/aws\"]",
      "instances": [
        {
          "schema_version": 0,
          "attributes": {
            "api_key_required": true,
            "authorization": "NONE",
            "authorization_scopes": [],
            "authorizer_id": "",
            "http_method": "POST",
            "id": "agm-a4eslgb0nl-t4a4e2-POST",
            "operation_name": "",
            "request_models": {},
            "request_parameters": {},
            "request_validator_id": "",
            "resource_id": "t4a4e2",
            "rest_api_id": "a4eslgb0nl"
          },
          "sensitive_attributes": [],
          "private": "bnVsbA==",
          "dependencies": [
            "aws_api_gateway_resource.user",
            "aws_api_gateway_resource.validation_email",
            "aws_api_gateway_rest_api.api"
          ]
        }
      ]
    },
    {
      "mode": "managed",
      "type": "aws_api_gateway_method_response",
      "name": "add_blog",
      "provider": "provider[\"registry.terraform.io/hashicorp/aws\"]",
      "instances": [
        {
          "schema_version": 0,
          "attributes": {
            "http_method": "POST",
            "id": "agmr-a4eslgb0nl-7dtto8-POST-200",
            "resource_id": "7dtto8",
            "response_models": {
              "application/json": "Empty"
            },
            "response_parameters": {
              "method.response.header.Access-Control-Allow-Headers": true,
              "method.response.header.Access-Control-Allow-Methods": true,
              "method.response.header.Access-Control-Allow-Origin": true
            },
            "rest_api_id": "a4eslgb0nl",
            "status_code": "200"
          },
          "sensitive_attributes": [],
          "private": "bnVsbA==",
          "dependencies": [
            "aws_api_gateway_method.add_blog",
            "aws_api_gateway_resource.add_blog",
            "aws_api_gateway_resource.blog",
            "aws_api_gateway_rest_api.api"
          ]
        }
      ]
    },
    {
      "mode": "managed",
      "type": "aws_api_gateway_method_response",
      "name": "add_concert",
      "provider": "provider[\"registry.terraform.io/hashicorp/aws\"]",
      "instances": [
        {
          "schema_version": 0,
          "attributes": {
            "http_method": "POST",
            "id": "agmr-a4eslgb0nl-mj76tj-POST-200",
            "resource_id": "mj76tj",
            "response_models": {
              "application/json": "Empty"
            },
            "response_parameters": {
              "method.response.header.Access-Control-Allow-Headers": true,
              "method.response.header.Access-Control-Allow-Methods": true,
              "method.response.header.Access-Control-Allow-Origin": true
            },
            "rest_api_id": "a4eslgb0nl",
            "status_code": "200"
          },
          "sensitive_attributes": [],
          "private": "bnVsbA==",
          "dependencies": [
            "aws_api_gateway_method.add_concert",
            "aws_api_gateway_resource.add_concert",
            "aws_api_gateway_resource.concert",
            "aws_api_gateway_rest_api.api"
          ]
        }
      ]
    },
    {
      "mode": "managed",
      "type": "aws_api_gateway_method_response",
      "name": "add_musique",
      "provider": "provider[\"registry.terraform.io/hashicorp/aws\"]",
      "instances": [
        {
          "schema_version": 0,
          "attributes": {
            "http_method": "POST",
            "id": "agmr-a4eslgb0nl-ip17d7-POST-200",
            "resource_id": "ip17d7",
            "response_models": {
              "application/json": "Empty"
            },
            "response_parameters": {
              "method.response.header.Access-Control-Allow-Headers": true,
              "method.response.header.Access-Control-Allow-Methods": true,
              "method.response.header.Access-Control-Allow-Origin": true
            },
            "rest_api_id": "a4eslgb0nl",
            "status_code": "200"
          },
          "sensitive_attributes": [],
          "private": "bnVsbA==",
          "dependencies": [
            "aws_api_gateway_method.add_musique",
            "aws_api_gateway_resource.add_musique",
            "aws_api_gateway_resource.musique",
            "aws_api_gateway_rest_api.api"
          ]
        }
      ]
    },
    {
      "mode": "managed",
      "type": "aws_api_gateway_method_response",
      "name": "add_user",
      "provider": "provider[\"registry.terraform.io/hashicorp/aws\"]",
      "instances": [
        {
          "schema_version": 0,
          "attributes": {
            "http_method": "POST",
            "id": "agmr-a4eslgb0nl-x9ldyd-POST-200",
            "resource_id": "x9ldyd",
            "response_models": {
              "application/json": "Empty"
            },
            "response_parameters": {
              "method.response.header.Access-Control-Allow-Headers": true,
              "method.response.header.Access-Control-Allow-Methods": true,
              "method.response.header.Access-Control-Allow-Origin": true
            },
            "rest_api_id": "a4eslgb0nl",
            "status_code": "200"
          },
          "sensitive_attributes": [],
          "private": "bnVsbA==",
          "dependencies": [
            "aws_api_gateway_method.add_user",
            "aws_api_gateway_resource.add_user",
            "aws_api_gateway_resource.user",
            "aws_api_gateway_rest_api.api"
          ]
        }
      ]
    },
    {
      "mode": "managed",
      "type": "aws_api_gateway_method_response",
      "name": "contact",
      "provider": "provider[\"registry.terraform.io/hashicorp/aws\"]",
      "instances": [
        {
          "schema_version": 0,
          "attributes": {
            "http_method": "POST",
            "id": "agmr-a4eslgb0nl-m5a96w-POST-200",
            "resource_id": "m5a96w",
            "response_models": {
              "application/json": "Empty"
            },
            "response_parameters": {
              "method.response.header.Access-Control-Allow-Headers": true,
              "method.response.header.Access-Control-Allow-Methods": true,
              "method.response.header.Access-Control-Allow-Origin": true
            },
            "rest_api_id": "a4eslgb0nl",
            "status_code": "200"
          },
          "sensitive_attributes": [],
          "private": "bnVsbA==",
          "dependencies": [
            "aws_api_gateway_method.contact",
            "aws_api_gateway_resource.contact",
            "aws_api_gateway_rest_api.api"
          ]
        }
      ]
    },
    {
      "mode": "managed",
      "type": "aws_api_gateway_method_response",
      "name": "delete_blog_response_200",
      "provider": "provider[\"registry.terraform.io/hashicorp/aws\"]",
      "instances": [
        {
          "schema_version": 0,
          "attributes": {
            "http_method": "GET",
            "id": "agmr-a4eslgb0nl-8rxjst-GET-200",
            "resource_id": "8rxjst",
            "response_models": {},
            "response_parameters": {
              "method.response.header.Access-Control-Allow-Headers": true,
              "method.response.header.Access-Control-Allow-Methods": true,
              "method.response.header.Access-Control-Allow-Origin": true
            },
            "rest_api_id": "a4eslgb0nl",
            "status_code": "200"
          },
          "sensitive_attributes": [],
          "private": "bnVsbA==",
          "dependencies": [
            "aws_api_gateway_method.delete_blog",
            "aws_api_gateway_resource.blog",
            "aws_api_gateway_resource.delete_blog",
            "aws_api_gateway_rest_api.api"
          ]
        }
      ]
    },
    {
      "mode": "managed",
      "type": "aws_api_gateway_method_response",
      "name": "delete_concert_response_200",
      "provider": "provider[\"registry.terraform.io/hashicorp/aws\"]",
      "instances": [
        {
          "schema_version": 0,
          "attributes": {
            "http_method": "GET",
            "id": "agmr-a4eslgb0nl-8d0mu7-GET-200",
            "resource_id": "8d0mu7",
            "response_models": {},
            "response_parameters": {
              "method.response.header.Access-Control-Allow-Headers": true,
              "method.response.header.Access-Control-Allow-Methods": true,
              "method.response.header.Access-Control-Allow-Origin": true
            },
            "rest_api_id": "a4eslgb0nl",
            "status_code": "200"
          },
          "sensitive_attributes": [],
          "private": "bnVsbA==",
          "dependencies": [
            "aws_api_gateway_method.delete_concert",
            "aws_api_gateway_resource.concert",
            "aws_api_gateway_resource.delete_concert",
            "aws_api_gateway_rest_api.api"
          ]
        }
      ]
    },
    {
      "mode": "managed",
      "type": "aws_api_gateway_method_response",
      "name": "delete_musique_response_200",
      "provider": "provider[\"registry.terraform.io/hashicorp/aws\"]",
      "instances": [
        {
          "schema_version": 0,
          "attributes": {
            "http_method": "GET",
            "id": "agmr-a4eslgb0nl-nnwxs5-GET-200",
            "resource_id": "nnwxs5",
            "response_models": {},
            "response_parameters": {
              "method.response.header.Access-Control-Allow-Headers": true,
              "method.response.header.Access-Control-Allow-Methods": true,
              "method.response.header.Access-Control-Allow-Origin": true
            },
            "rest_api_id": "a4eslgb0nl",
            "status_code": "200"
          },
          "sensitive_attributes": [],
          "private": "bnVsbA==",
          "dependencies": [
            "aws_api_gateway_method.delete_musique",
            "aws_api_gateway_resource.delete_musique",
            "aws_api_gateway_resource.musique",
            "aws_api_gateway_rest_api.api"
          ]
        }
      ]
    },
    {
      "mode": "managed",
      "type": "aws_api_gateway_method_response",
      "name": "edit_blog",
      "provider": "provider[\"registry.terraform.io/hashicorp/aws\"]",
      "instances": [
        {
          "schema_version": 0,
          "attributes": {
            "http_method": "POST",
            "id": "agmr-a4eslgb0nl-h8hsb2-POST-200",
            "resource_id": "h8hsb2",
            "response_models": {
              "application/json": "Empty"
            },
            "response_parameters": {
              "method.response.header.Access-Control-Allow-Headers": true,
              "method.response.header.Access-Control-Allow-Methods": true,
              "method.response.header.Access-Control-Allow-Origin": true
            },
            "rest_api_id": "a4eslgb0nl",
            "status_code": "200"
          },
          "sensitive_attributes": [],
          "private": "bnVsbA==",
          "dependencies": [
            "aws_api_gateway_method.edit_blog",
            "aws_api_gateway_resource.blog",
            "aws_api_gateway_resource.edit_blog",
            "aws_api_gateway_rest_api.api"
          ]
        }
      ]
    },
    {
      "mode": "managed",
      "type": "aws_api_gateway_method_response",
      "name": "edit_concert",
      "provider": "provider[\"registry.terraform.io/hashicorp/aws\"]",
      "instances": [
        {
          "schema_version": 0,
          "attributes": {
            "http_method": "POST",
            "id": "agmr-a4eslgb0nl-9mgv58-POST-200",
            "resource_id": "9mgv58",
            "response_models": {
              "application/json": "Empty"
            },
            "response_parameters": {
              "method.response.header.Access-Control-Allow-Headers": true,
              "method.response.header.Access-Control-Allow-Methods": true,
              "method.response.header.Access-Control-Allow-Origin": true
            },
            "rest_api_id": "a4eslgb0nl",
            "status_code": "200"
          },
          "sensitive_attributes": [],
          "private": "bnVsbA==",
          "dependencies": [
            "aws_api_gateway_method.edit_concert",
            "aws_api_gateway_resource.concert",
            "aws_api_gateway_resource.edit_concert",
            "aws_api_gateway_rest_api.api"
          ]
        }
      ]
    },
    {
      "mode": "managed",
      "type": "aws_api_gateway_method_response",
      "name": "edit_musique",
      "provider": "provider[\"registry.terraform.io/hashicorp/aws\"]",
      "instances": [
        {
          "schema_version": 0,
          "attributes": {
            "http_method": "POST",
            "id": "agmr-a4eslgb0nl-6w7bac-POST-200",
            "resource_id": "6w7bac",
            "response_models": {
              "application/json": "Empty"
            },
            "response_parameters": {
              "method.response.header.Access-Control-Allow-Headers": true,
              "method.response.header.Access-Control-Allow-Methods": true,
              "method.response.header.Access-Control-Allow-Origin": true
            },
            "rest_api_id": "a4eslgb0nl",
            "status_code": "200"
          },
          "sensitive_attributes": [],
          "private": "bnVsbA==",
          "dependencies": [
            "aws_api_gateway_method.edit_musique",
            "aws_api_gateway_resource.edit_musique",
            "aws_api_gateway_resource.musique",
            "aws_api_gateway_rest_api.api"
          ]
        }
      ]
    },
    {
      "mode": "managed",
      "type": "aws_api_gateway_method_response",
      "name": "getBlog_response_200",
      "provider": "provider[\"registry.terraform.io/hashicorp/aws\"]",
      "instances": [
        {
          "schema_version": 0,
          "attributes": {
            "http_method": "GET",
            "id": "agmr-a4eslgb0nl-r10q69-GET-200",
            "resource_id": "r10q69",
            "response_models": {},
            "response_parameters": {
              "method.response.header.Access-Control-Allow-Headers": true,
              "method.response.header.Access-Control-Allow-Methods": true,
              "method.response.header.Access-Control-Allow-Origin": true
            },
            "rest_api_id": "a4eslgb0nl",
            "status_code": "200"
          },
          "sensitive_attributes": [],
          "private": "bnVsbA==",
          "dependencies": [
            "aws_api_gateway_method.getBlog",
            "aws_api_gateway_resource.blog",
            "aws_api_gateway_resource.getBlog",
            "aws_api_gateway_rest_api.api"
          ]
        }
      ]
    },
    {
      "mode": "managed",
      "type": "aws_api_gateway_method_response",
      "name": "getConcert_response_200",
      "provider": "provider[\"registry.terraform.io/hashicorp/aws\"]",
      "instances": [
        {
          "schema_version": 0,
          "attributes": {
            "http_method": "GET",
            "id": "agmr-a4eslgb0nl-n03gke-GET-200",
            "resource_id": "n03gke",
            "response_models": {},
            "response_parameters": {
              "method.response.header.Access-Control-Allow-Headers": true,
              "method.response.header.Access-Control-Allow-Methods": true,
              "method.response.header.Access-Control-Allow-Origin": true
            },
            "rest_api_id": "a4eslgb0nl",
            "status_code": "200"
          },
          "sensitive_attributes": [],
          "private": "bnVsbA==",
          "dependencies": [
            "aws_api_gateway_method.getConcert",
            "aws_api_gateway_resource.concert",
            "aws_api_gateway_resource.getConcert",
            "aws_api_gateway_rest_api.api"
          ]
        }
      ]
    },
    {
      "mode": "managed",
      "type": "aws_api_gateway_method_response",
      "name": "getMusique_response_200",
      "provider": "provider[\"registry.terraform.io/hashicorp/aws\"]",
      "instances": [
        {
          "schema_version": 0,
          "attributes": {
            "http_method": "GET",
            "id": "agmr-a4eslgb0nl-pxbuqm-GET-200",
            "resource_id": "pxbuqm",
            "response_models": {},
            "response_parameters": {
              "method.response.header.Access-Control-Allow-Headers": true,
              "method.response.header.Access-Control-Allow-Methods": true,
              "method.response.header.Access-Control-Allow-Origin": true
            },
            "rest_api_id": "a4eslgb0nl",
            "status_code": "200"
          },
          "sensitive_attributes": [],
          "private": "bnVsbA==",
          "dependencies": [
            "aws_api_gateway_method.getMusique",
            "aws_api_gateway_resource.getMusique",
            "aws_api_gateway_resource.musique",
            "aws_api_gateway_rest_api.api"
          ]
        }
      ]
    },
    {
      "mode": "managed",
      "type": "aws_api_gateway_method_response",
      "name": "list_musique_response_200",
      "provider": "provider[\"registry.terraform.io/hashicorp/aws\"]",
      "instances": [
        {
          "schema_version": 0,
          "attributes": {
            "http_method": "GET",
            "id": "agmr-a4eslgb0nl-28dshv-GET-200",
            "resource_id": "28dshv",
            "response_models": {},
            "response_parameters": {
              "method.response.header.Access-Control-Allow-Headers": true,
              "method.response.header.Access-Control-Allow-Methods": true,
              "method.response.header.Access-Control-Allow-Origin": true
            },
            "rest_api_id": "a4eslgb0nl",
            "status_code": "200"
          },
          "sensitive_attributes": [],
          "private": "bnVsbA==",
          "dependencies": [
            "aws_api_gateway_method.list_musique",
            "aws_api_gateway_resource.list_musique",
            "aws_api_gateway_resource.musique",
            "aws_api_gateway_rest_api.api"
          ]
        }
      ]
    },
    {
      "mode": "managed",
      "type": "aws_api_gateway_method_response",
      "name": "login",
      "provider": "provider[\"registry.terraform.io/hashicorp/aws\"]",
      "instances": [
        {
          "schema_version": 0,
          "attributes": {
            "http_method": "POST",
            "id": "agmr-a4eslgb0nl-1idi7e-POST-200",
            "resource_id": "1idi7e",
            "response_models": {
              "application/json": "Empty"
            },
            "response_parameters": {
              "method.response.header.Access-Control-Allow-Headers": true,
              "method.response.header.Access-Control-Allow-Methods": true,
              "method.response.header.Access-Control-Allow-Origin": true
            },
            "rest_api_id": "a4eslgb0nl",
            "status_code": "200"
          },
          "sensitive_attributes": [],
          "private": "bnVsbA==",
          "dependencies": [
            "aws_api_gateway_method.login",
            "aws_api_gateway_resource.login",
            "aws_api_gateway_rest_api.api"
          ]
        }
      ]
    },
    {
      "mode": "managed",
      "type": "aws_api_gateway_method_response",
      "name": "logout",
      "provider": "provider[\"registry.terraform.io/hashicorp/aws\"]",
      "instances": [
        {
          "schema_version": 0,
          "attributes": {
            "http_method": "POST",
            "id": "agmr-a4eslgb0nl-x1p7bs-POST-200",
            "resource_id": "x1p7bs",
            "response_models": {
              "application/json": "Empty"
            },
            "response_parameters": {
              "method.response.header.Access-Control-Allow-Headers": true,
              "method.response.header.Access-Control-Allow-Methods": true,
              "method.response.header.Access-Control-Allow-Origin": true
            },
            "rest_api_id": "a4eslgb0nl",
            "status_code": "200"
          },
          "sensitive_attributes": [],
          "private": "bnVsbA==",
          "dependencies": [
            "aws_api_gateway_method.logout",
            "aws_api_gateway_resource.logout",
            "aws_api_gateway_rest_api.api"
          ]
        }
      ]
    },
    {
      "mode": "managed",
      "type": "aws_api_gateway_method_response",
      "name": "lost_password",
      "provider": "provider[\"registry.terraform.io/hashicorp/aws\"]",
      "instances": [
        {
          "schema_version": 0,
          "attributes": {
            "http_method": "POST",
            "id": "agmr-a4eslgb0nl-2yub0n-POST-200",
            "resource_id": "2yub0n",
            "response_models": {
              "application/json": "Empty"
            },
            "response_parameters": {
              "method.response.header.Access-Control-Allow-Headers": true,
              "method.response.header.Access-Control-Allow-Methods": true,
              "method.response.header.Access-Control-Allow-Origin": true
            },
            "rest_api_id": "a4eslgb0nl",
            "status_code": "200"
          },
          "sensitive_attributes": [],
          "private": "bnVsbA==",
          "dependencies": [
            "aws_api_gateway_method.lost_password",
            "aws_api_gateway_resource.lost_password",
            "aws_api_gateway_resource.user",
            "aws_api_gateway_rest_api.api"
          ]
        }
      ]
    },
    {
      "mode": "managed",
      "type": "aws_api_gateway_method_response",
      "name": "options_200_add_blog",
      "provider": "provider[\"registry.terraform.io/hashicorp/aws\"]",
      "instances": [
        {
          "schema_version": 0,
          "attributes": {
            "http_method": "OPTIONS",
            "id": "agmr-a4eslgb0nl-7dtto8-OPTIONS-200",
            "resource_id": "7dtto8",
            "response_models": {
              "application/json": "Empty"
            },
            "response_parameters": {
              "method.response.header.Access-Control-Allow-Headers": true,
              "method.response.header.Access-Control-Allow-Methods": true,
              "method.response.header.Access-Control-Allow-Origin": true
            },
            "rest_api_id": "a4eslgb0nl",
            "status_code": "200"
          },
          "sensitive_attributes": [],
          "private": "bnVsbA==",
          "dependencies": [
            "aws_api_gateway_method.options_method_add_blog",
            "aws_api_gateway_resource.add_blog",
            "aws_api_gateway_resource.blog",
            "aws_api_gateway_rest_api.api"
          ]
        }
      ]
    },
    {
      "mode": "managed",
      "type": "aws_api_gateway_method_response",
      "name": "options_200_add_concert",
      "provider": "provider[\"registry.terraform.io/hashicorp/aws\"]",
      "instances": [
        {
          "schema_version": 0,
          "attributes": {
            "http_method": "OPTIONS",
            "id": "agmr-a4eslgb0nl-mj76tj-OPTIONS-200",
            "resource_id": "mj76tj",
            "response_models": {
              "application/json": "Empty"
            },
            "response_parameters": {
              "method.response.header.Access-Control-Allow-Headers": true,
              "method.response.header.Access-Control-Allow-Methods": true,
              "method.response.header.Access-Control-Allow-Origin": true
            },
            "rest_api_id": "a4eslgb0nl",
            "status_code": "200"
          },
          "sensitive_attributes": [],
          "private": "bnVsbA==",
          "dependencies": [
            "aws_api_gateway_method.options_method_add_concert",
            "aws_api_gateway_resource.add_concert",
            "aws_api_gateway_resource.concert",
            "aws_api_gateway_rest_api.api"
          ]
        }
      ]
    },
    {
      "mode": "managed",
      "type": "aws_api_gateway_method_response",
      "name": "options_200_add_musique",
      "provider": "provider[\"registry.terraform.io/hashicorp/aws\"]",
      "instances": [
        {
          "schema_version": 0,
          "attributes": {
            "http_method": "OPTIONS",
            "id": "agmr-a4eslgb0nl-ip17d7-OPTIONS-200",
            "resource_id": "ip17d7",
            "response_models": {
              "application/json": "Empty"
            },
            "response_parameters": {
              "method.response.header.Access-Control-Allow-Headers": true,
              "method.response.header.Access-Control-Allow-Methods": true,
              "method.response.header.Access-Control-Allow-Origin": true
            },
            "rest_api_id": "a4eslgb0nl",
            "status_code": "200"
          },
          "sensitive_attributes": [],
          "private": "bnVsbA==",
          "dependencies": [
            "aws_api_gateway_method.options_method_add_musique",
            "aws_api_gateway_resource.add_musique",
            "aws_api_gateway_resource.musique",
            "aws_api_gateway_rest_api.api"
          ]
        }
      ]
    },
    {
      "mode": "managed",
      "type": "aws_api_gateway_method_response",
      "name": "options_200_add_user",
      "provider": "provider[\"registry.terraform.io/hashicorp/aws\"]",
      "instances": [
        {
          "schema_version": 0,
          "attributes": {
            "http_method": "OPTIONS",
            "id": "agmr-a4eslgb0nl-x9ldyd-OPTIONS-200",
            "resource_id": "x9ldyd",
            "response_models": {
              "application/json": "Empty"
            },
            "response_parameters": {
              "method.response.header.Access-Control-Allow-Headers": true,
              "method.response.header.Access-Control-Allow-Methods": true,
              "method.response.header.Access-Control-Allow-Origin": true
            },
            "rest_api_id": "a4eslgb0nl",
            "status_code": "200"
          },
          "sensitive_attributes": [],
          "private": "bnVsbA==",
          "dependencies": [
            "aws_api_gateway_method.options_method_add_user",
            "aws_api_gateway_resource.add_user",
            "aws_api_gateway_resource.user",
            "aws_api_gateway_rest_api.api"
          ]
        }
      ]
    },
    {
      "mode": "managed",
      "type": "aws_api_gateway_method_response",
      "name": "options_200_contact",
      "provider": "provider[\"registry.terraform.io/hashicorp/aws\"]",
      "instances": [
        {
          "schema_version": 0,
          "attributes": {
            "http_method": "OPTIONS",
            "id": "agmr-a4eslgb0nl-m5a96w-OPTIONS-200",
            "resource_id": "m5a96w",
            "response_models": {
              "application/json": "Empty"
            },
            "response_parameters": {
              "method.response.header.Access-Control-Allow-Headers": true,
              "method.response.header.Access-Control-Allow-Methods": true,
              "method.response.header.Access-Control-Allow-Origin": true
            },
            "rest_api_id": "a4eslgb0nl",
            "status_code": "200"
          },
          "sensitive_attributes": [],
          "private": "bnVsbA==",
          "dependencies": [
            "aws_api_gateway_method.options_method_contact",
            "aws_api_gateway_resource.contact",
            "aws_api_gateway_rest_api.api"
          ]
        }
      ]
    },
    {
      "mode": "managed",
      "type": "aws_api_gateway_method_response",
      "name": "options_200_delete_blog",
      "provider": "provider[\"registry.terraform.io/hashicorp/aws\"]",
      "instances": [
        {
          "schema_version": 0,
          "attributes": {
            "http_method": "OPTIONS",
            "id": "agmr-a4eslgb0nl-8rxjst-OPTIONS-200",
            "resource_id": "8rxjst",
            "response_models": {
              "application/json": "Empty"
            },
            "response_parameters": {
              "method.response.header.Access-Control-Allow-Headers": true,
              "method.response.header.Access-Control-Allow-Methods": true,
              "method.response.header.Access-Control-Allow-Origin": true
            },
            "rest_api_id": "a4eslgb0nl",
            "status_code": "200"
          },
          "sensitive_attributes": [],
          "private": "bnVsbA==",
          "dependencies": [
            "aws_api_gateway_method.options_method_delete_blog",
            "aws_api_gateway_resource.blog",
            "aws_api_gateway_resource.delete_blog",
            "aws_api_gateway_rest_api.api"
          ]
        }
      ]
    },
    {
      "mode": "managed",
      "type": "aws_api_gateway_method_response",
      "name": "options_200_delete_concert",
      "provider": "provider[\"registry.terraform.io/hashicorp/aws\"]",
      "instances": [
        {
          "schema_version": 0,
          "attributes": {
            "http_method": "OPTIONS",
            "id": "agmr-a4eslgb0nl-8d0mu7-OPTIONS-200",
            "resource_id": "8d0mu7",
            "response_models": {
              "application/json": "Empty"
            },
            "response_parameters": {
              "method.response.header.Access-Control-Allow-Headers": true,
              "method.response.header.Access-Control-Allow-Methods": true,
              "method.response.header.Access-Control-Allow-Origin": true
            },
            "rest_api_id": "a4eslgb0nl",
            "status_code": "200"
          },
          "sensitive_attributes": [],
          "private": "bnVsbA==",
          "dependencies": [
            "aws_api_gateway_method.options_method_delete_concert",
            "aws_api_gateway_resource.concert",
            "aws_api_gateway_resource.delete_concert",
            "aws_api_gateway_rest_api.api"
          ]
        }
      ]
    },
    {
      "mode": "managed",
      "type": "aws_api_gateway_method_response",
      "name": "options_200_delete_musique",
      "provider": "provider[\"registry.terraform.io/hashicorp/aws\"]",
      "instances": [
        {
          "schema_version": 0,
          "attributes": {
            "http_method": "OPTIONS",
            "id": "agmr-a4eslgb0nl-nnwxs5-OPTIONS-200",
            "resource_id": "nnwxs5",
            "response_models": {
              "application/json": "Empty"
            },
            "response_parameters": {
              "method.response.header.Access-Control-Allow-Headers": true,
              "method.response.header.Access-Control-Allow-Methods": true,
              "method.response.header.Access-Control-Allow-Origin": true
            },
            "rest_api_id": "a4eslgb0nl",
            "status_code": "200"
          },
          "sensitive_attributes": [],
          "private": "bnVsbA==",
          "dependencies": [
            "aws_api_gateway_method.options_method_delete_musique",
            "aws_api_gateway_resource.delete_musique",
            "aws_api_gateway_resource.musique",
            "aws_api_gateway_rest_api.api"
          ]
        }
      ]
    },
    {
      "mode": "managed",
      "type": "aws_api_gateway_method_response",
      "name": "options_200_edit_blog",
      "provider": "provider[\"registry.terraform.io/hashicorp/aws\"]",
      "instances": [
        {
          "schema_version": 0,
          "attributes": {
            "http_method": "OPTIONS",
            "id": "agmr-a4eslgb0nl-h8hsb2-OPTIONS-200",
            "resource_id": "h8hsb2",
            "response_models": {
              "application/json": "Empty"
            },
            "response_parameters": {
              "method.response.header.Access-Control-Allow-Headers": true,
              "method.response.header.Access-Control-Allow-Methods": true,
              "method.response.header.Access-Control-Allow-Origin": true
            },
            "rest_api_id": "a4eslgb0nl",
            "status_code": "200"
          },
          "sensitive_attributes": [],
          "private": "bnVsbA==",
          "dependencies": [
            "aws_api_gateway_method.options_method_edit_blog",
            "aws_api_gateway_resource.blog",
            "aws_api_gateway_resource.edit_blog",
            "aws_api_gateway_rest_api.api"
          ]
        }
      ]
    },
    {
      "mode": "managed",
      "type": "aws_api_gateway_method_response",
      "name": "options_200_edit_concert",
      "provider": "provider[\"registry.terraform.io/hashicorp/aws\"]",
      "instances": [
        {
          "schema_version": 0,
          "attributes": {
            "http_method": "OPTIONS",
            "id": "agmr-a4eslgb0nl-9mgv58-OPTIONS-200",
            "resource_id": "9mgv58",
            "response_models": {
              "application/json": "Empty"
            },
            "response_parameters": {
              "method.response.header.Access-Control-Allow-Headers": true,
              "method.response.header.Access-Control-Allow-Methods": true,
              "method.response.header.Access-Control-Allow-Origin": true
            },
            "rest_api_id": "a4eslgb0nl",
            "status_code": "200"
          },
          "sensitive_attributes": [],
          "private": "bnVsbA==",
          "dependencies": [
            "aws_api_gateway_method.options_method_edit_concert",
            "aws_api_gateway_resource.concert",
            "aws_api_gateway_resource.edit_concert",
            "aws_api_gateway_rest_api.api"
          ]
        }
      ]
    },
    {
      "mode": "managed",
      "type": "aws_api_gateway_method_response",
      "name": "options_200_edit_musique",
      "provider": "provider[\"registry.terraform.io/hashicorp/aws\"]",
      "instances": [
        {
          "schema_version": 0,
          "attributes": {
            "http_method": "OPTIONS",
            "id": "agmr-a4eslgb0nl-6w7bac-OPTIONS-200",
            "resource_id": "6w7bac",
            "response_models": {
              "application/json": "Empty"
            },
            "response_parameters": {
              "method.response.header.Access-Control-Allow-Headers": true,
              "method.response.header.Access-Control-Allow-Methods": true,
              "method.response.header.Access-Control-Allow-Origin": true
            },
            "rest_api_id": "a4eslgb0nl",
            "status_code": "200"
          },
          "sensitive_attributes": [],
          "private": "bnVsbA==",
          "dependencies": [
            "aws_api_gateway_method.options_method_edit_musique",
            "aws_api_gateway_resource.edit_musique",
            "aws_api_gateway_resource.musique",
            "aws_api_gateway_rest_api.api"
          ]
        }
      ]
    },
    {
      "mode": "managed",
      "type": "aws_api_gateway_method_response",
      "name": "options_200_getBlog",
      "provider": "provider[\"registry.terraform.io/hashicorp/aws\"]",
      "instances": [
        {
          "schema_version": 0,
          "attributes": {
            "http_method": "OPTIONS",
            "id": "agmr-a4eslgb0nl-r10q69-OPTIONS-200",
            "resource_id": "r10q69",
            "response_models": {
              "application/json": "Empty"
            },
            "response_parameters": {
              "method.response.header.Access-Control-Allow-Headers": true,
              "method.response.header.Access-Control-Allow-Methods": true,
              "method.response.header.Access-Control-Allow-Origin": true
            },
            "rest_api_id": "a4eslgb0nl",
            "status_code": "200"
          },
          "sensitive_attributes": [],
          "private": "bnVsbA==",
          "dependencies": [
            "aws_api_gateway_method.options_method_getBlog",
            "aws_api_gateway_resource.blog",
            "aws_api_gateway_resource.getBlog",
            "aws_api_gateway_rest_api.api"
          ]
        }
      ]
    },
    {
      "mode": "managed",
      "type": "aws_api_gateway_method_response",
      "name": "options_200_getConcert",
      "provider": "provider[\"registry.terraform.io/hashicorp/aws\"]",
      "instances": [
        {
          "schema_version": 0,
          "attributes": {
            "http_method": "OPTIONS",
            "id": "agmr-a4eslgb0nl-n03gke-OPTIONS-200",
            "resource_id": "n03gke",
            "response_models": {
              "application/json": "Empty"
            },
            "response_parameters": {
              "method.response.header.Access-Control-Allow-Headers": true,
              "method.response.header.Access-Control-Allow-Methods": true,
              "method.response.header.Access-Control-Allow-Origin": true
            },
            "rest_api_id": "a4eslgb0nl",
            "status_code": "200"
          },
          "sensitive_attributes": [],
          "private": "bnVsbA==",
          "dependencies": [
            "aws_api_gateway_method.options_method_getConcert",
            "aws_api_gateway_resource.concert",
            "aws_api_gateway_resource.getConcert",
            "aws_api_gateway_rest_api.api"
          ]
        }
      ]
    },
    {
      "mode": "managed",
      "type": "aws_api_gateway_method_response",
      "name": "options_200_getMusique",
      "provider": "provider[\"registry.terraform.io/hashicorp/aws\"]",
      "instances": [
        {
          "schema_version": 0,
          "attributes": {
            "http_method": "OPTIONS",
            "id": "agmr-a4eslgb0nl-pxbuqm-OPTIONS-200",
            "resource_id": "pxbuqm",
            "response_models": {
              "application/json": "Empty"
            },
            "response_parameters": {
              "method.response.header.Access-Control-Allow-Headers": true,
              "method.response.header.Access-Control-Allow-Methods": true,
              "method.response.header.Access-Control-Allow-Origin": true
            },
            "rest_api_id": "a4eslgb0nl",
            "status_code": "200"
          },
          "sensitive_attributes": [],
          "private": "bnVsbA==",
          "dependencies": [
            "aws_api_gateway_method.options_method_getMusique",
            "aws_api_gateway_resource.getMusique",
            "aws_api_gateway_resource.musique",
            "aws_api_gateway_rest_api.api"
          ]
        }
      ]
    },
    {
      "mode": "managed",
      "type": "aws_api_gateway_method_response",
      "name": "options_200_list_musique",
      "provider": "provider[\"registry.terraform.io/hashicorp/aws\"]",
      "instances": [
        {
          "schema_version": 0,
          "attributes": {
            "http_method": "OPTIONS",
            "id": "agmr-a4eslgb0nl-28dshv-OPTIONS-200",
            "resource_id": "28dshv",
            "response_models": {
              "application/json": "Empty"
            },
            "response_parameters": {
              "method.response.header.Access-Control-Allow-Headers": true,
              "method.response.header.Access-Control-Allow-Methods": true,
              "method.response.header.Access-Control-Allow-Origin": true
            },
            "rest_api_id": "a4eslgb0nl",
            "status_code": "200"
          },
          "sensitive_attributes": [],
          "private": "bnVsbA==",
          "dependencies": [
            "aws_api_gateway_method.options_method_list_musique",
            "aws_api_gateway_resource.list_musique",
            "aws_api_gateway_resource.musique",
            "aws_api_gateway_rest_api.api"
          ]
        }
      ]
    },
    {
      "mode": "managed",
      "type": "aws_api_gateway_method_response",
      "name": "options_200_login",
      "provider": "provider[\"registry.terraform.io/hashicorp/aws\"]",
      "instances": [
        {
          "schema_version": 0,
          "attributes": {
            "http_method": "OPTIONS",
            "id": "agmr-a4eslgb0nl-1idi7e-OPTIONS-200",
            "resource_id": "1idi7e",
            "response_models": {
              "application/json": "Empty"
            },
            "response_parameters": {
              "method.response.header.Access-Control-Allow-Headers": true,
              "method.response.header.Access-Control-Allow-Methods": true,
              "method.response.header.Access-Control-Allow-Origin": true
            },
            "rest_api_id": "a4eslgb0nl",
            "status_code": "200"
          },
          "sensitive_attributes": [],
          "private": "bnVsbA==",
          "dependencies": [
            "aws_api_gateway_method.options_method_login",
            "aws_api_gateway_resource.login",
            "aws_api_gateway_rest_api.api"
          ]
        }
      ]
    },
    {
      "mode": "managed",
      "type": "aws_api_gateway_method_response",
      "name": "options_200_logout",
      "provider": "provider[\"registry.terraform.io/hashicorp/aws\"]",
      "instances": [
        {
          "schema_version": 0,
          "attributes": {
            "http_method": "OPTIONS",
            "id": "agmr-a4eslgb0nl-x1p7bs-OPTIONS-200",
            "resource_id": "x1p7bs",
            "response_models": {
              "application/json": "Empty"
            },
            "response_parameters": {
              "method.response.header.Access-Control-Allow-Headers": true,
              "method.response.header.Access-Control-Allow-Methods": true,
              "method.response.header.Access-Control-Allow-Origin": true
            },
            "rest_api_id": "a4eslgb0nl",
            "status_code": "200"
          },
          "sensitive_attributes": [],
          "private": "bnVsbA==",
          "dependencies": [
            "aws_api_gateway_method.options_method_logout",
            "aws_api_gateway_resource.logout",
            "aws_api_gateway_rest_api.api"
          ]
        }
      ]
    },
    {
      "mode": "managed",
      "type": "aws_api_gateway_method_response",
      "name": "options_200_lost_password",
      "provider": "provider[\"registry.terraform.io/hashicorp/aws\"]",
      "instances": [
        {
          "schema_version": 0,
          "attributes": {
            "http_method": "OPTIONS",
            "id": "agmr-a4eslgb0nl-2yub0n-OPTIONS-200",
            "resource_id": "2yub0n",
            "response_models": {
              "application/json": "Empty"
            },
            "response_parameters": {
              "method.response.header.Access-Control-Allow-Headers": true,
              "method.response.header.Access-Control-Allow-Methods": true,
              "method.response.header.Access-Control-Allow-Origin": true
            },
            "rest_api_id": "a4eslgb0nl",
            "status_code": "200"
          },
          "sensitive_attributes": [],
          "private": "bnVsbA==",
          "dependencies": [
            "aws_api_gateway_method.options_method_lost_password",
            "aws_api_gateway_resource.lost_password",
            "aws_api_gateway_resource.user",
            "aws_api_gateway_rest_api.api"
          ]
        }
      ]
    },
    {
      "mode": "managed",
      "type": "aws_api_gateway_method_response",
      "name": "options_200_reinitialise_password",
      "provider": "provider[\"registry.terraform.io/hashicorp/aws\"]",
      "instances": [
        {
          "schema_version": 0,
          "attributes": {
            "http_method": "OPTIONS",
            "id": "agmr-a4eslgb0nl-65rodk-OPTIONS-200",
            "resource_id": "65rodk",
            "response_models": {
              "application/json": "Empty"
            },
            "response_parameters": {
              "method.response.header.Access-Control-Allow-Headers": true,
              "method.response.header.Access-Control-Allow-Methods": true,
              "method.response.header.Access-Control-Allow-Origin": true
            },
            "rest_api_id": "a4eslgb0nl",
            "status_code": "200"
          },
          "sensitive_attributes": [],
          "private": "bnVsbA==",
          "dependencies": [
            "aws_api_gateway_method.options_method_reinitialise_password",
            "aws_api_gateway_resource.reinitialise_password",
            "aws_api_gateway_resource.user",
            "aws_api_gateway_rest_api.api"
          ]
        }
      ]
    },
    {
      "mode": "managed",
      "type": "aws_api_gateway_method_response",
      "name": "options_200_reserve_concert",
      "provider": "provider[\"registry.terraform.io/hashicorp/aws\"]",
      "instances": [
        {
          "schema_version": 0,
          "attributes": {
            "http_method": "OPTIONS",
            "id": "agmr-a4eslgb0nl-yn5pdk-OPTIONS-200",
            "resource_id": "yn5pdk",
            "response_models": {
              "application/json": "Empty"
            },
            "response_parameters": {
              "method.response.header.Access-Control-Allow-Headers": true,
              "method.response.header.Access-Control-Allow-Methods": true,
              "method.response.header.Access-Control-Allow-Origin": true
            },
            "rest_api_id": "a4eslgb0nl",
            "status_code": "200"
          },
          "sensitive_attributes": [],
          "private": "bnVsbA==",
          "dependencies": [
            "aws_api_gateway_method.options_method_reserve_concert",
            "aws_api_gateway_resource.reserve_concert",
            "aws_api_gateway_rest_api.api"
          ]
        }
      ]
    },
    {
      "mode": "managed",
      "type": "aws_api_gateway_method_response",
      "name": "options_200_update_password",
      "provider": "provider[\"registry.terraform.io/hashicorp/aws\"]",
      "instances": [
        {
          "schema_version": 0,
          "attributes": {
            "http_method": "OPTIONS",
            "id": "agmr-a4eslgb0nl-qjyq9g-OPTIONS-200",
            "resource_id": "qjyq9g",
            "response_models": {
              "application/json": "Empty"
            },
            "response_parameters": {
              "method.response.header.Access-Control-Allow-Headers": true,
              "method.response.header.Access-Control-Allow-Methods": true,
              "method.response.header.Access-Control-Allow-Origin": true
            },
            "rest_api_id": "a4eslgb0nl",
            "status_code": "200"
          },
          "sensitive_attributes": [],
          "private": "bnVsbA==",
          "dependencies": [
            "aws_api_gateway_method.options_method_update_password",
            "aws_api_gateway_resource.update_password",
            "aws_api_gateway_resource.user",
            "aws_api_gateway_rest_api.api"
          ]
        }
      ]
    },
    {
      "mode": "managed",
      "type": "aws_api_gateway_method_response",
      "name": "options_200_update_user",
      "provider": "provider[\"registry.terraform.io/hashicorp/aws\"]",
      "instances": [
        {
          "schema_version": 0,
          "attributes": {
            "http_method": "OPTIONS",
            "id": "agmr-a4eslgb0nl-w49ndg-OPTIONS-200",
            "resource_id": "w49ndg",
            "response_models": {
              "application/json": "Empty"
            },
            "response_parameters": {
              "method.response.header.Access-Control-Allow-Headers": true,
              "method.response.header.Access-Control-Allow-Methods": true,
              "method.response.header.Access-Control-Allow-Origin": true
            },
            "rest_api_id": "a4eslgb0nl",
            "status_code": "200"
          },
          "sensitive_attributes": [],
          "private": "bnVsbA==",
          "dependencies": [
            "aws_api_gateway_method.options_method_update_user",
            "aws_api_gateway_resource.update_user",
            "aws_api_gateway_resource.user",
            "aws_api_gateway_rest_api.api"
          ]
        }
      ]
    },
    {
      "mode": "managed",
      "type": "aws_api_gateway_method_response",
      "name": "options_200_validation_email",
      "provider": "provider[\"registry.terraform.io/hashicorp/aws\"]",
      "instances": [
        {
          "schema_version": 0,
          "attributes": {
            "http_method": "OPTIONS",
            "id": "agmr-a4eslgb0nl-t4a4e2-OPTIONS-200",
            "resource_id": "t4a4e2",
            "response_models": {
              "application/json": "Empty"
            },
            "response_parameters": {
              "method.response.header.Access-Control-Allow-Headers": true,
              "method.response.header.Access-Control-Allow-Methods": true,
              "method.response.header.Access-Control-Allow-Origin": true
            },
            "rest_api_id": "a4eslgb0nl",
            "status_code": "200"
          },
          "sensitive_attributes": [],
          "private": "bnVsbA==",
          "dependencies": [
            "aws_api_gateway_method.options_method_validation_email",
            "aws_api_gateway_resource.user",
            "aws_api_gateway_resource.validation_email",
            "aws_api_gateway_rest_api.api"
          ]
        }
      ]
    },
    {
      "mode": "managed",
      "type": "aws_api_gateway_method_response",
      "name": "reinitialise_password",
      "provider": "provider[\"registry.terraform.io/hashicorp/aws\"]",
      "instances": [
        {
          "schema_version": 0,
          "attributes": {
            "http_method": "POST",
            "id": "agmr-a4eslgb0nl-65rodk-POST-200",
            "resource_id": "65rodk",
            "response_models": {
              "application/json": "Empty"
            },
            "response_parameters": {
              "method.response.header.Access-Control-Allow-Headers": true,
              "method.response.header.Access-Control-Allow-Methods": true,
              "method.response.header.Access-Control-Allow-Origin": true
            },
            "rest_api_id": "a4eslgb0nl",
            "status_code": "200"
          },
          "sensitive_attributes": [],
          "private": "bnVsbA==",
          "dependencies": [
            "aws_api_gateway_method.reinitialise_password",
            "aws_api_gateway_resource.reinitialise_password",
            "aws_api_gateway_resource.user",
            "aws_api_gateway_rest_api.api"
          ]
        }
      ]
    },
    {
      "mode": "managed",
      "type": "aws_api_gateway_method_response",
      "name": "reserve_concert",
      "provider": "provider[\"registry.terraform.io/hashicorp/aws\"]",
      "instances": [
        {
          "schema_version": 0,
          "attributes": {
            "http_method": "POST",
            "id": "agmr-a4eslgb0nl-yn5pdk-POST-200",
            "resource_id": "yn5pdk",
            "response_models": {
              "application/json": "Empty"
            },
            "response_parameters": {
              "method.response.header.Access-Control-Allow-Headers": true,
              "method.response.header.Access-Control-Allow-Methods": true,
              "method.response.header.Access-Control-Allow-Origin": true
            },
            "rest_api_id": "a4eslgb0nl",
            "status_code": "200"
          },
          "sensitive_attributes": [],
          "private": "bnVsbA==",
          "dependencies": [
            "aws_api_gateway_method.reserve_concert",
            "aws_api_gateway_resource.reserve_concert",
            "aws_api_gateway_rest_api.api"
          ]
        }
      ]
    },
    {
      "mode": "managed",
      "type": "aws_api_gateway_method_response",
      "name": "update_password",
      "provider": "provider[\"registry.terraform.io/hashicorp/aws\"]",
      "instances": [
        {
          "schema_version": 0,
          "attributes": {
            "http_method": "POST",
            "id": "agmr-a4eslgb0nl-qjyq9g-POST-200",
            "resource_id": "qjyq9g",
            "response_models": {
              "application/json": "Empty"
            },
            "response_parameters": {
              "method.response.header.Access-Control-Allow-Headers": true,
              "method.response.header.Access-Control-Allow-Methods": true,
              "method.response.header.Access-Control-Allow-Origin": true
            },
            "rest_api_id": "a4eslgb0nl",
            "status_code": "200"
          },
          "sensitive_attributes": [],
          "private": "bnVsbA==",
          "dependencies": [
            "aws_api_gateway_method.update_password",
            "aws_api_gateway_resource.update_password",
            "aws_api_gateway_resource.user",
            "aws_api_gateway_rest_api.api"
          ]
        }
      ]
    },
    {
      "mode": "managed",
      "type": "aws_api_gateway_method_response",
      "name": "update_user",
      "provider": "provider[\"registry.terraform.io/hashicorp/aws\"]",
      "instances": [
        {
          "schema_version": 0,
          "attributes": {
            "http_method": "POST",
            "id": "agmr-a4eslgb0nl-w49ndg-POST-200",
            "resource_id": "w49ndg",
            "response_models": {
              "application/json": "Empty"
            },
            "response_parameters": {
              "method.response.header.Access-Control-Allow-Headers": true,
              "method.response.header.Access-Control-Allow-Methods": true,
              "method.response.header.Access-Control-Allow-Origin": true
            },
            "rest_api_id": "a4eslgb0nl",
            "status_code": "200"
          },
          "sensitive_attributes": [],
          "private": "bnVsbA==",
          "dependencies": [
            "aws_api_gateway_method.update_user",
            "aws_api_gateway_resource.update_user",
            "aws_api_gateway_resource.user",
            "aws_api_gateway_rest_api.api"
          ]
        }
      ]
    },
    {
      "mode": "managed",
      "type": "aws_api_gateway_method_response",
      "name": "validation_email",
      "provider": "provider[\"registry.terraform.io/hashicorp/aws\"]",
      "instances": [
        {
          "schema_version": 0,
          "attributes": {
            "http_method": "POST",
            "id": "agmr-a4eslgb0nl-t4a4e2-POST-200",
            "resource_id": "t4a4e2",
            "response_models": {
              "application/json": "Empty"
            },
            "response_parameters": {
              "method.response.header.Access-Control-Allow-Headers": true,
              "method.response.header.Access-Control-Allow-Methods": true,
              "method.response.header.Access-Control-Allow-Origin": true
            },
            "rest_api_id": "a4eslgb0nl",
            "status_code": "200"
          },
          "sensitive_attributes": [],
          "private": "bnVsbA==",
          "dependencies": [
            "aws_api_gateway_method.validation_email",
            "aws_api_gateway_resource.user",
            "aws_api_gateway_resource.validation_email",
            "aws_api_gateway_rest_api.api"
          ]
        }
      ]
    },
    {
      "mode": "managed",
      "type": "aws_api_gateway_resource",
      "name": "add_blog",
      "provider": "provider[\"registry.terraform.io/hashicorp/aws\"]",
      "instances": [
        {
          "schema_version": 0,
          "attributes": {
            "id": "7dtto8",
            "parent_id": "1ed3au",
            "path": "/blog/add_blog",
            "path_part": "add_blog",
            "rest_api_id": "a4eslgb0nl"
          },
          "sensitive_attributes": [],
          "private": "bnVsbA==",
          "dependencies": [
            "aws_api_gateway_resource.blog",
            "aws_api_gateway_rest_api.api"
          ]
        }
      ]
    },
    {
      "mode": "managed",
      "type": "aws_api_gateway_resource",
      "name": "add_concert",
      "provider": "provider[\"registry.terraform.io/hashicorp/aws\"]",
      "instances": [
        {
          "schema_version": 0,
          "attributes": {
            "id": "mj76tj",
            "parent_id": "bjk9wg",
            "path": "/concert/add_concert",
            "path_part": "add_concert",
            "rest_api_id": "a4eslgb0nl"
          },
          "sensitive_attributes": [],
          "private": "bnVsbA==",
          "dependencies": [
            "aws_api_gateway_resource.concert",
            "aws_api_gateway_rest_api.api"
          ]
        }
      ]
    },
    {
      "mode": "managed",
      "type": "aws_api_gateway_resource",
      "name": "add_musique",
      "provider": "provider[\"registry.terraform.io/hashicorp/aws\"]",
      "instances": [
        {
          "schema_version": 0,
          "attributes": {
            "id": "ip17d7",
            "parent_id": "u5lpsr",
            "path": "/musique/add_musique",
            "path_part": "add_musique",
            "rest_api_id": "a4eslgb0nl"
          },
          "sensitive_attributes": [],
          "private": "bnVsbA==",
          "dependencies": [
            "aws_api_gateway_resource.musique",
            "aws_api_gateway_rest_api.api"
          ]
        }
      ]
    },
    {
      "mode": "managed",
      "type": "aws_api_gateway_resource",
      "name": "add_user",
      "provider": "provider[\"registry.terraform.io/hashicorp/aws\"]",
      "instances": [
        {
          "schema_version": 0,
          "attributes": {
            "id": "x9ldyd",
            "parent_id": "9n7wrm",
            "path": "/user/add_user",
            "path_part": "add_user",
            "rest_api_id": "a4eslgb0nl"
          },
          "sensitive_attributes": [],
          "private": "bnVsbA==",
          "dependencies": [
            "aws_api_gateway_resource.user",
            "aws_api_gateway_rest_api.api"
          ]
        }
      ]
    },
    {
      "mode": "managed",
      "type": "aws_api_gateway_resource",
      "name": "blog",
      "provider": "provider[\"registry.terraform.io/hashicorp/aws\"]",
      "instances": [
        {
          "schema_version": 0,
          "attributes": {
            "id": "1ed3au",
            "parent_id": "4q0znwatj5",
            "path": "/blog",
            "path_part": "blog",
            "rest_api_id": "a4eslgb0nl"
          },
          "sensitive_attributes": [],
          "private": "bnVsbA==",
          "dependencies": [
            "aws_api_gateway_rest_api.api"
          ]
        }
      ]
    },
    {
      "mode": "managed",
      "type": "aws_api_gateway_resource",
      "name": "concert",
      "provider": "provider[\"registry.terraform.io/hashicorp/aws\"]",
      "instances": [
        {
          "schema_version": 0,
          "attributes": {
            "id": "bjk9wg",
            "parent_id": "4q0znwatj5",
            "path": "/concert",
            "path_part": "concert",
            "rest_api_id": "a4eslgb0nl"
          },
          "sensitive_attributes": [],
          "private": "bnVsbA==",
          "dependencies": [
            "aws_api_gateway_rest_api.api"
          ]
        }
      ]
    },
    {
      "mode": "managed",
      "type": "aws_api_gateway_resource",
      "name": "contact",
      "provider": "provider[\"registry.terraform.io/hashicorp/aws\"]",
      "instances": [
        {
          "schema_version": 0,
          "attributes": {
            "id": "m5a96w",
            "parent_id": "4q0znwatj5",
            "path": "/contact",
            "path_part": "contact",
            "rest_api_id": "a4eslgb0nl"
          },
          "sensitive_attributes": [],
          "private": "bnVsbA==",
          "dependencies": [
            "aws_api_gateway_rest_api.api"
          ]
        }
      ]
    },
    {
      "mode": "managed",
      "type": "aws_api_gateway_resource",
      "name": "delete_blog",
      "provider": "provider[\"registry.terraform.io/hashicorp/aws\"]",
      "instances": [
        {
          "schema_version": 0,
          "attributes": {
            "id": "8rxjst",
            "parent_id": "1ed3au",
            "path": "/blog/delete_blog",
            "path_part": "delete_blog",
            "rest_api_id": "a4eslgb0nl"
          },
          "sensitive_attributes": [],
          "private": "bnVsbA==",
          "dependencies": [
            "aws_api_gateway_resource.blog",
            "aws_api_gateway_rest_api.api"
          ]
        }
      ]
    },
    {
      "mode": "managed",
      "type": "aws_api_gateway_resource",
      "name": "delete_concert",
      "provider": "provider[\"registry.terraform.io/hashicorp/aws\"]",
      "instances": [
        {
          "schema_version": 0,
          "attributes": {
            "id": "8d0mu7",
            "parent_id": "bjk9wg",
            "path": "/concert/delete_concert",
            "path_part": "delete_concert",
            "rest_api_id": "a4eslgb0nl"
          },
          "sensitive_attributes": [],
          "private": "bnVsbA==",
          "dependencies": [
            "aws_api_gateway_resource.concert",
            "aws_api_gateway_rest_api.api"
          ]
        }
      ]
    },
    {
      "mode": "managed",
      "type": "aws_api_gateway_resource",
      "name": "delete_musique",
      "provider": "provider[\"registry.terraform.io/hashicorp/aws\"]",
      "instances": [
        {
          "schema_version": 0,
          "attributes": {
            "id": "nnwxs5",
            "parent_id": "u5lpsr",
            "path": "/musique/delete_musique",
            "path_part": "delete_musique",
            "rest_api_id": "a4eslgb0nl"
          },
          "sensitive_attributes": [],
          "private": "bnVsbA==",
          "dependencies": [
            "aws_api_gateway_resource.musique",
            "aws_api_gateway_rest_api.api"
          ]
        }
      ]
    },
    {
      "mode": "managed",
      "type": "aws_api_gateway_resource",
      "name": "edit_blog",
      "provider": "provider[\"registry.terraform.io/hashicorp/aws\"]",
      "instances": [
        {
          "schema_version": 0,
          "attributes": {
            "id": "h8hsb2",
            "parent_id": "1ed3au",
            "path": "/blog/edit_blog",
            "path_part": "edit_blog",
            "rest_api_id": "a4eslgb0nl"
          },
          "sensitive_attributes": [],
          "private": "bnVsbA==",
          "dependencies": [
            "aws_api_gateway_resource.blog",
            "aws_api_gateway_rest_api.api"
          ]
        }
      ]
    },
    {
      "mode": "managed",
      "type": "aws_api_gateway_resource",
      "name": "edit_concert",
      "provider": "provider[\"registry.terraform.io/hashicorp/aws\"]",
      "instances": [
        {
          "schema_version": 0,
          "attributes": {
            "id": "9mgv58",
            "parent_id": "bjk9wg",
            "path": "/concert/edit_concert",
            "path_part": "edit_concert",
            "rest_api_id": "a4eslgb0nl"
          },
          "sensitive_attributes": [],
          "private": "bnVsbA==",
          "dependencies": [
            "aws_api_gateway_resource.concert",
            "aws_api_gateway_rest_api.api"
          ]
        }
      ]
    },
    {
      "mode": "managed",
      "type": "aws_api_gateway_resource",
      "name": "edit_musique",
      "provider": "provider[\"registry.terraform.io/hashicorp/aws\"]",
      "instances": [
        {
          "schema_version": 0,
          "attributes": {
            "id": "6w7bac",
            "parent_id": "u5lpsr",
            "path": "/musique/edit_musique",
            "path_part": "edit_musique",
            "rest_api_id": "a4eslgb0nl"
          },
          "sensitive_attributes": [],
          "private": "bnVsbA==",
          "dependencies": [
            "aws_api_gateway_resource.musique",
            "aws_api_gateway_rest_api.api"
          ]
        }
      ]
    },
    {
      "mode": "managed",
      "type": "aws_api_gateway_resource",
      "name": "getBlog",
      "provider": "provider[\"registry.terraform.io/hashicorp/aws\"]",
      "instances": [
        {
          "schema_version": 0,
          "attributes": {
            "id": "r10q69",
            "parent_id": "1ed3au",
            "path": "/blog/getBlog",
            "path_part": "getBlog",
            "rest_api_id": "a4eslgb0nl"
          },
          "sensitive_attributes": [],
          "private": "bnVsbA==",
          "dependencies": [
            "aws_api_gateway_resource.blog",
            "aws_api_gateway_rest_api.api"
          ]
        }
      ]
    },
    {
      "mode": "managed",
      "type": "aws_api_gateway_resource",
      "name": "getConcert",
      "provider": "provider[\"registry.terraform.io/hashicorp/aws\"]",
      "instances": [
        {
          "schema_version": 0,
          "attributes": {
            "id": "n03gke",
            "parent_id": "bjk9wg",
            "path": "/concert/getConcert",
            "path_part": "getConcert",
            "rest_api_id": "a4eslgb0nl"
          },
          "sensitive_attributes": [],
          "private": "bnVsbA==",
          "dependencies": [
            "aws_api_gateway_resource.concert",
            "aws_api_gateway_rest_api.api"
          ]
        }
      ]
    },
    {
      "mode": "managed",
      "type": "aws_api_gateway_resource",
      "name": "getMusique",
      "provider": "provider[\"registry.terraform.io/hashicorp/aws\"]",
      "instances": [
        {
          "schema_version": 0,
          "attributes": {
            "id": "pxbuqm",
            "parent_id": "u5lpsr",
            "path": "/musique/getMusique",
            "path_part": "getMusique",
            "rest_api_id": "a4eslgb0nl"
          },
          "sensitive_attributes": [],
          "private": "bnVsbA==",
          "dependencies": [
            "aws_api_gateway_resource.musique",
            "aws_api_gateway_rest_api.api"
          ]
        }
      ]
    },
    {
      "mode": "managed",
      "type": "aws_api_gateway_resource",
      "name": "list_musique",
      "provider": "provider[\"registry.terraform.io/hashicorp/aws\"]",
      "instances": [
        {
          "schema_version": 0,
          "attributes": {
            "id": "28dshv",
            "parent_id": "u5lpsr",
            "path": "/musique/list_musique",
            "path_part": "list_musique",
            "rest_api_id": "a4eslgb0nl"
          },
          "sensitive_attributes": [],
          "private": "bnVsbA==",
          "dependencies": [
            "aws_api_gateway_resource.musique",
            "aws_api_gateway_rest_api.api"
          ]
        }
      ]
    },
    {
      "mode": "managed",
      "type": "aws_api_gateway_resource",
      "name": "login",
      "provider": "provider[\"registry.terraform.io/hashicorp/aws\"]",
      "instances": [
        {
          "schema_version": 0,
          "attributes": {
            "id": "1idi7e",
            "parent_id": "4q0znwatj5",
            "path": "/login",
            "path_part": "login",
            "rest_api_id": "a4eslgb0nl"
          },
          "sensitive_attributes": [],
          "private": "bnVsbA==",
          "dependencies": [
            "aws_api_gateway_rest_api.api"
          ]
        }
      ]
    },
    {
      "mode": "managed",
      "type": "aws_api_gateway_resource",
      "name": "logout",
      "provider": "provider[\"registry.terraform.io/hashicorp/aws\"]",
      "instances": [
        {
          "schema_version": 0,
          "attributes": {
            "id": "x1p7bs",
            "parent_id": "4q0znwatj5",
            "path": "/logout",
            "path_part": "logout",
            "rest_api_id": "a4eslgb0nl"
          },
          "sensitive_attributes": [],
          "private": "bnVsbA==",
          "dependencies": [
            "aws_api_gateway_rest_api.api"
          ]
        }
      ]
    },
    {
      "mode": "managed",
      "type": "aws_api_gateway_resource",
      "name": "lost_password",
      "provider": "provider[\"registry.terraform.io/hashicorp/aws\"]",
      "instances": [
        {
          "schema_version": 0,
          "attributes": {
            "id": "2yub0n",
            "parent_id": "9n7wrm",
            "path": "/user/lost_password",
            "path_part": "lost_password",
            "rest_api_id": "a4eslgb0nl"
          },
          "sensitive_attributes": [],
          "private": "bnVsbA==",
          "dependencies": [
            "aws_api_gateway_resource.user",
            "aws_api_gateway_rest_api.api"
          ]
        }
      ]
    },
    {
      "mode": "managed",
      "type": "aws_api_gateway_resource",
      "name": "musique",
      "provider": "provider[\"registry.terraform.io/hashicorp/aws\"]",
      "instances": [
        {
          "schema_version": 0,
          "attributes": {
            "id": "u5lpsr",
            "parent_id": "4q0znwatj5",
            "path": "/musique",
            "path_part": "musique",
            "rest_api_id": "a4eslgb0nl"
          },
          "sensitive_attributes": [],
          "private": "bnVsbA==",
          "dependencies": [
            "aws_api_gateway_rest_api.api"
          ]
        }
      ]
    },
    {
      "mode": "managed",
      "type": "aws_api_gateway_resource",
      "name": "reinitialise_password",
      "provider": "provider[\"registry.terraform.io/hashicorp/aws\"]",
      "instances": [
        {
          "schema_version": 0,
          "attributes": {
            "id": "65rodk",
            "parent_id": "9n7wrm",
            "path": "/user/reinitialise_password",
            "path_part": "reinitialise_password",
            "rest_api_id": "a4eslgb0nl"
          },
          "sensitive_attributes": [],
          "private": "bnVsbA==",
          "dependencies": [
            "aws_api_gateway_resource.user",
            "aws_api_gateway_rest_api.api"
          ]
        }
      ]
    },
    {
      "mode": "managed",
      "type": "aws_api_gateway_resource",
      "name": "reserve_concert",
      "provider": "provider[\"registry.terraform.io/hashicorp/aws\"]",
      "instances": [
        {
          "schema_version": 0,
          "attributes": {
            "id": "yn5pdk",
            "parent_id": "4q0znwatj5",
            "path": "/reserve_concert",
            "path_part": "reserve_concert",
            "rest_api_id": "a4eslgb0nl"
          },
          "sensitive_attributes": [],
          "private": "bnVsbA==",
          "dependencies": [
            "aws_api_gateway_rest_api.api"
          ]
        }
      ]
    },
    {
      "mode": "managed",
      "type": "aws_api_gateway_resource",
      "name": "update_password",
      "provider": "provider[\"registry.terraform.io/hashicorp/aws\"]",
      "instances": [
        {
          "schema_version": 0,
          "attributes": {
            "id": "qjyq9g",
            "parent_id": "9n7wrm",
            "path": "/user/update_password",
            "path_part": "update_password",
            "rest_api_id": "a4eslgb0nl"
          },
          "sensitive_attributes": [],
          "private": "bnVsbA==",
          "dependencies": [
            "aws_api_gateway_resource.user",
            "aws_api_gateway_rest_api.api"
          ]
        }
      ]
    },
    {
      "mode": "managed",
      "type": "aws_api_gateway_resource",
      "name": "update_user",
      "provider": "provider[\"registry.terraform.io/hashicorp/aws\"]",
      "instances": [
        {
          "schema_version": 0,
          "attributes": {
            "id": "w49ndg",
            "parent_id": "9n7wrm",
            "path": "/user/update_user",
            "path_part": "update_user",
            "rest_api_id": "a4eslgb0nl"
          },
          "sensitive_attributes": [],
          "private": "bnVsbA==",
          "dependencies": [
            "aws_api_gateway_resource.user",
            "aws_api_gateway_rest_api.api"
          ]
        }
      ]
    },
    {
      "mode": "managed",
      "type": "aws_api_gateway_resource",
      "name": "user",
      "provider": "provider[\"registry.terraform.io/hashicorp/aws\"]",
      "instances": [
        {
          "schema_version": 0,
          "attributes": {
            "id": "9n7wrm",
            "parent_id": "4q0znwatj5",
            "path": "/user",
            "path_part": "user",
            "rest_api_id": "a4eslgb0nl"
          },
          "sensitive_attributes": [],
          "private": "bnVsbA==",
          "dependencies": [
            "aws_api_gateway_rest_api.api"
          ]
        }
      ]
    },
    {
      "mode": "managed",
      "type": "aws_api_gateway_resource",
      "name": "validation_email",
      "provider": "provider[\"registry.terraform.io/hashicorp/aws\"]",
      "instances": [
        {
          "schema_version": 0,
          "attributes": {
            "id": "t4a4e2",
            "parent_id": "9n7wrm",
            "path": "/user/validation_email",
            "path_part": "validation_email",
            "rest_api_id": "a4eslgb0nl"
          },
          "sensitive_attributes": [],
          "private": "bnVsbA==",
          "dependencies": [
            "aws_api_gateway_resource.user",
            "aws_api_gateway_rest_api.api"
          ]
        }
      ]
    },
    {
      "mode": "managed",
      "type": "aws_api_gateway_rest_api",
      "name": "api",
      "provider": "provider[\"registry.terraform.io/hashicorp/aws\"]",
      "instances": [
        {
          "schema_version": 0,
          "attributes": {
            "api_key_source": "HEADER",
            "arn": "arn:aws:apigateway:eu-west-3::/restapis/a4eslgb0nl",
            "binary_media_types": [],
            "body": null,
            "created_date": "2022-03-31T16:19:42Z",
            "description": "Permet la gestion du site Monkenewha",
            "disable_execute_api_endpoint": false,
            "endpoint_configuration": [
              {
                "types": [
                  "REGIONAL"
                ],
                "vpc_endpoint_ids": []
              }
            ],
            "execution_arn": "arn:aws:execute-api:eu-west-3:570026320413:a4eslgb0nl",
            "id": "a4eslgb0nl",
            "minimum_compression_size": -1,
            "name": "Monkenewha",
            "parameters": null,
            "policy": "",
            "root_resource_id": "4q0znwatj5",
            "tags": {},
            "tags_all": {}
          },
          "sensitive_attributes": [],
          "private": "bnVsbA=="
        }
      ]
    },
    {
      "mode": "managed",
      "type": "aws_api_gateway_usage_plan",
      "name": "api_usage_plan",
      "provider": "provider[\"registry.terraform.io/hashicorp/aws\"]",
      "instances": [
        {
          "schema_version": 0,
          "attributes": {
            "api_stages": [
              {
                "api_id": "a4eslgb0nl",
                "stage": "prod",
                "throttle": []
              }
            ],
            "arn": "arn:aws:apigateway:eu-west-3::/usageplans/ez141s",
            "description": "",
            "id": "ez141s",
            "name": "Monkenewha_plan",
            "product_code": "",
            "quota_settings": [],
            "tags": {},
            "tags_all": {},
            "throttle_settings": []
          },
          "sensitive_attributes": [],
          "private": "bnVsbA==",
          "dependencies": [
            "aws_api_gateway_deployment.apideploy",
            "aws_api_gateway_integration.lambda_add_blog",
            "aws_api_gateway_integration.lambda_add_concert",
            "aws_api_gateway_integration.lambda_add_musique",
            "aws_api_gateway_integration.lambda_add_user",
            "aws_api_gateway_integration.lambda_edit_blog",
            "aws_api_gateway_integration.lambda_edit_concert",
            "aws_api_gateway_integration.lambda_edit_musique",
            "aws_api_gateway_integration.lambda_login",
            "aws_api_gateway_integration.lambda_logout",
            "aws_api_gateway_integration_response.lambda_add_blog",
            "aws_api_gateway_integration_response.lambda_add_concert",
            "aws_api_gateway_integration_response.lambda_add_musique",
            "aws_api_gateway_integration_response.lambda_add_user",
            "aws_api_gateway_integration_response.lambda_edit_blog",
            "aws_api_gateway_integration_response.lambda_edit_concert",
            "aws_api_gateway_integration_response.lambda_edit_musique",
            "aws_api_gateway_integration_response.lambda_login",
            "aws_api_gateway_integration_response.lambda_logout",
            "aws_api_gateway_method.add_blog",
            "aws_api_gateway_method.add_concert",
            "aws_api_gateway_method.add_musique",
            "aws_api_gateway_method.add_user",
            "aws_api_gateway_method.delete_blog",
            "aws_api_gateway_method.delete_concert",
            "aws_api_gateway_method.delete_musique",
            "aws_api_gateway_method.edit_blog",
            "aws_api_gateway_method.edit_concert",
            "aws_api_gateway_method.edit_musique",
            "aws_api_gateway_method.getBlog",
            "aws_api_gateway_method.getConcert",
            "aws_api_gateway_method.getMusique",
            "aws_api_gateway_method.list_musique",
            "aws_api_gateway_method.login",
            "aws_api_gateway_method.logout",
            "aws_api_gateway_method.lost_password",
            "aws_api_gateway_method.update_password",
            "aws_api_gateway_method_response.add_blog",
            "aws_api_gateway_method_response.add_concert",
            "aws_api_gateway_method_response.add_musique",
            "aws_api_gateway_method_response.add_user",
            "aws_api_gateway_method_response.edit_blog",
            "aws_api_gateway_method_response.edit_concert",
            "aws_api_gateway_method_response.edit_musique",
            "aws_api_gateway_method_response.login",
            "aws_api_gateway_method_response.logout",
            "aws_api_gateway_resource.add_blog",
            "aws_api_gateway_resource.add_concert",
            "aws_api_gateway_resource.add_musique",
            "aws_api_gateway_resource.add_user",
            "aws_api_gateway_resource.blog",
            "aws_api_gateway_resource.concert",
            "aws_api_gateway_resource.delete_blog",
            "aws_api_gateway_resource.delete_concert",
            "aws_api_gateway_resource.delete_musique",
            "aws_api_gateway_resource.edit_blog",
            "aws_api_gateway_resource.edit_concert",
            "aws_api_gateway_resource.edit_musique",
            "aws_api_gateway_resource.getBlog",
            "aws_api_gateway_resource.getConcert",
            "aws_api_gateway_resource.getMusique",
            "aws_api_gateway_resource.list_musique",
            "aws_api_gateway_resource.login",
            "aws_api_gateway_resource.logout",
            "aws_api_gateway_resource.lost_password",
            "aws_api_gateway_resource.musique",
            "aws_api_gateway_resource.update_password",
            "aws_api_gateway_resource.user",
            "aws_api_gateway_rest_api.api",
            "aws_iam_role.lambda_read_role",
            "aws_lambda_function.lambdaAddBlog",
            "aws_lambda_function.lambdaAddConcert",
            "aws_lambda_function.lambdaAddMusique",
            "aws_lambda_function.lambdaAddUser",
            "aws_lambda_function.lambdaEditBlog",
            "aws_lambda_function.lambdaEditConcert",
            "aws_lambda_function.lambdaEditMusique",
            "aws_lambda_function.lambdaLogin",
            "aws_lambda_function.lambdaLogout",
            "data.aws_iam_policy_document.lambdarole"
          ]
        }
      ]
    },
    {
      "mode": "managed",
      "type": "aws_api_gateway_usage_plan_key",
      "name": "api_usage_plan_key",
      "provider": "provider[\"registry.terraform.io/hashicorp/aws\"]",
      "instances": [
        {
          "schema_version": 0,
          "attributes": {
            "id": "yeb50bngp2",
            "key_id": "yeb50bngp2",
            "key_type": "API_KEY",
            "name": "Monkenewha_key",
            "usage_plan_id": "ez141s",
            "value": "1HU3xzsQpM7T3JzfYApmS5RyfriD910j9UEqeu6j"
          },
          "sensitive_attributes": [],
          "private": "bnVsbA==",
          "dependencies": [
            "aws_api_gateway_api_key.Api_Key",
            "aws_api_gateway_deployment.apideploy",
            "aws_api_gateway_integration.lambda_add_blog",
            "aws_api_gateway_integration.lambda_add_concert",
            "aws_api_gateway_integration.lambda_add_musique",
            "aws_api_gateway_integration.lambda_add_user",
            "aws_api_gateway_integration.lambda_edit_blog",
            "aws_api_gateway_integration.lambda_edit_concert",
            "aws_api_gateway_integration.lambda_edit_musique",
            "aws_api_gateway_integration.lambda_login",
            "aws_api_gateway_integration.lambda_logout",
            "aws_api_gateway_integration_response.lambda_add_blog",
            "aws_api_gateway_integration_response.lambda_add_concert",
            "aws_api_gateway_integration_response.lambda_add_musique",
            "aws_api_gateway_integration_response.lambda_add_user",
            "aws_api_gateway_integration_response.lambda_edit_blog",
            "aws_api_gateway_integration_response.lambda_edit_concert",
            "aws_api_gateway_integration_response.lambda_edit_musique",
            "aws_api_gateway_integration_response.lambda_login",
            "aws_api_gateway_integration_response.lambda_logout",
            "aws_api_gateway_method.add_blog",
            "aws_api_gateway_method.add_concert",
            "aws_api_gateway_method.add_musique",
            "aws_api_gateway_method.add_user",
            "aws_api_gateway_method.delete_blog",
            "aws_api_gateway_method.delete_concert",
            "aws_api_gateway_method.delete_musique",
            "aws_api_gateway_method.edit_blog",
            "aws_api_gateway_method.edit_concert",
            "aws_api_gateway_method.edit_musique",
            "aws_api_gateway_method.getBlog",
            "aws_api_gateway_method.getConcert",
            "aws_api_gateway_method.getMusique",
            "aws_api_gateway_method.list_musique",
            "aws_api_gateway_method.login",
            "aws_api_gateway_method.logout",
            "aws_api_gateway_method.lost_password",
            "aws_api_gateway_method.update_password",
            "aws_api_gateway_method_response.add_blog",
            "aws_api_gateway_method_response.add_concert",
            "aws_api_gateway_method_response.add_musique",
            "aws_api_gateway_method_response.add_user",
            "aws_api_gateway_method_response.edit_blog",
            "aws_api_gateway_method_response.edit_concert",
            "aws_api_gateway_method_response.edit_musique",
            "aws_api_gateway_method_response.login",
            "aws_api_gateway_method_response.logout",
            "aws_api_gateway_resource.add_blog",
            "aws_api_gateway_resource.add_concert",
            "aws_api_gateway_resource.add_musique",
            "aws_api_gateway_resource.add_user",
            "aws_api_gateway_resource.blog",
            "aws_api_gateway_resource.concert",
            "aws_api_gateway_resource.delete_blog",
            "aws_api_gateway_resource.delete_concert",
            "aws_api_gateway_resource.delete_musique",
            "aws_api_gateway_resource.edit_blog",
            "aws_api_gateway_resource.edit_concert",
            "aws_api_gateway_resource.edit_musique",
            "aws_api_gateway_resource.getBlog",
            "aws_api_gateway_resource.getConcert",
            "aws_api_gateway_resource.getMusique",
            "aws_api_gateway_resource.list_musique",
            "aws_api_gateway_resource.login",
            "aws_api_gateway_resource.logout",
            "aws_api_gateway_resource.lost_password",
            "aws_api_gateway_resource.musique",
            "aws_api_gateway_resource.update_password",
            "aws_api_gateway_resource.user",
            "aws_api_gateway_rest_api.api",
            "aws_api_gateway_usage_plan.api_usage_plan",
            "aws_iam_role.lambda_read_role",
            "aws_lambda_function.lambdaAddBlog",
            "aws_lambda_function.lambdaAddConcert",
            "aws_lambda_function.lambdaAddMusique",
            "aws_lambda_function.lambdaAddUser",
            "aws_lambda_function.lambdaEditBlog",
            "aws_lambda_function.lambdaEditConcert",
            "aws_lambda_function.lambdaEditMusique",
            "aws_lambda_function.lambdaLogin",
            "aws_lambda_function.lambdaLogout",
            "data.aws_iam_policy_document.lambdarole"
          ]
        }
      ]
    },
    {
      "mode": "managed",
      "type": "aws_cloudwatch_log_group",
      "name": "lambdaLogAddBlog",
      "provider": "provider[\"registry.terraform.io/hashicorp/aws\"]",
      "instances": [
        {
          "schema_version": 0,
          "attributes": {
            "arn": "arn:aws:logs:eu-west-3:570026320413:log-group:/aws/lambda/addBlog",
            "id": "/aws/lambda/addBlog",
            "kms_key_id": "",
            "name": "/aws/lambda/addBlog",
            "name_prefix": null,
            "retention_in_days": 60,
            "tags": {},
            "tags_all": {}
          },
          "sensitive_attributes": [],
          "private": "bnVsbA=="
        }
      ]
    },
    {
      "mode": "managed",
      "type": "aws_cloudwatch_log_group",
      "name": "lambdaLogAddConcert",
      "provider": "provider[\"registry.terraform.io/hashicorp/aws\"]",
      "instances": [
        {
          "schema_version": 0,
          "attributes": {
            "arn": "arn:aws:logs:eu-west-3:570026320413:log-group:/aws/lambda/addConcert",
            "id": "/aws/lambda/addConcert",
            "kms_key_id": "",
            "name": "/aws/lambda/addConcert",
            "name_prefix": null,
            "retention_in_days": 60,
            "tags": {},
            "tags_all": {}
          },
          "sensitive_attributes": [],
          "private": "bnVsbA=="
        }
      ]
    },
    {
      "mode": "managed",
      "type": "aws_cloudwatch_log_group",
      "name": "lambdaLogAddMusique",
      "provider": "provider[\"registry.terraform.io/hashicorp/aws\"]",
      "instances": [
        {
          "schema_version": 0,
          "attributes": {
            "arn": "arn:aws:logs:eu-west-3:570026320413:log-group:/aws/lambda/addMusique",
            "id": "/aws/lambda/addMusique",
            "kms_key_id": "",
            "name": "/aws/lambda/addMusique",
            "name_prefix": null,
            "retention_in_days": 60,
            "tags": {},
            "tags_all": {}
          },
          "sensitive_attributes": [],
          "private": "bnVsbA=="
        }
      ]
    },
    {
      "mode": "managed",
      "type": "aws_cloudwatch_log_group",
      "name": "lambdaLogContact",
      "provider": "provider[\"registry.terraform.io/hashicorp/aws\"]",
      "instances": [
        {
          "schema_version": 0,
          "attributes": {
            "arn": "arn:aws:logs:eu-west-3:570026320413:log-group:/aws/lambda/contact",
            "id": "/aws/lambda/contact",
            "kms_key_id": "",
            "name": "/aws/lambda/contact",
            "name_prefix": null,
            "retention_in_days": 60,
            "tags": {},
            "tags_all": {}
          },
          "sensitive_attributes": [],
          "private": "bnVsbA=="
        }
      ]
    },
    {
      "mode": "managed",
      "type": "aws_cloudwatch_log_group",
      "name": "lambdaLogDeleteBlog",
      "provider": "provider[\"registry.terraform.io/hashicorp/aws\"]",
      "instances": [
        {
          "schema_version": 0,
          "attributes": {
            "arn": "arn:aws:logs:eu-west-3:570026320413:log-group:/aws/lambda/deleteBlog",
            "id": "/aws/lambda/deleteBlog",
            "kms_key_id": "",
            "name": "/aws/lambda/deleteBlog",
            "name_prefix": null,
            "retention_in_days": 60,
            "tags": {},
            "tags_all": {}
          },
          "sensitive_attributes": [],
          "private": "bnVsbA=="
        }
      ]
    },
    {
      "mode": "managed",
      "type": "aws_cloudwatch_log_group",
      "name": "lambdaLogDeleteConcert",
      "provider": "provider[\"registry.terraform.io/hashicorp/aws\"]",
      "instances": [
        {
          "schema_version": 0,
          "attributes": {
            "arn": "arn:aws:logs:eu-west-3:570026320413:log-group:/aws/lambda/deleteConcert",
            "id": "/aws/lambda/deleteConcert",
            "kms_key_id": "",
            "name": "/aws/lambda/deleteConcert",
            "name_prefix": null,
            "retention_in_days": 60,
            "tags": {},
            "tags_all": {}
          },
          "sensitive_attributes": [],
          "private": "bnVsbA=="
        }
      ]
    },
    {
      "mode": "managed",
      "type": "aws_cloudwatch_log_group",
      "name": "lambdaLogDeleteMusique",
      "provider": "provider[\"registry.terraform.io/hashicorp/aws\"]",
      "instances": [
        {
          "schema_version": 0,
          "attributes": {
            "arn": "arn:aws:logs:eu-west-3:570026320413:log-group:/aws/lambda/deleteMusique",
            "id": "/aws/lambda/deleteMusique",
            "kms_key_id": "",
            "name": "/aws/lambda/deleteMusique",
            "name_prefix": null,
            "retention_in_days": 60,
            "tags": {},
            "tags_all": {}
          },
          "sensitive_attributes": [],
          "private": "bnVsbA=="
        }
      ]
    },
    {
      "mode": "managed",
      "type": "aws_cloudwatch_log_group",
      "name": "lambdaLogEditBlog",
      "provider": "provider[\"registry.terraform.io/hashicorp/aws\"]",
      "instances": [
        {
          "schema_version": 0,
          "attributes": {
            "arn": "arn:aws:logs:eu-west-3:570026320413:log-group:/aws/lambda/editBlog",
            "id": "/aws/lambda/editBlog",
            "kms_key_id": "",
            "name": "/aws/lambda/editBlog",
            "name_prefix": null,
            "retention_in_days": 60,
            "tags": {},
            "tags_all": {}
          },
          "sensitive_attributes": [],
          "private": "bnVsbA=="
        }
      ]
    },
    {
      "mode": "managed",
      "type": "aws_cloudwatch_log_group",
      "name": "lambdaLogEditConcert",
      "provider": "provider[\"registry.terraform.io/hashicorp/aws\"]",
      "instances": [
        {
          "schema_version": 0,
          "attributes": {
            "arn": "arn:aws:logs:eu-west-3:570026320413:log-group:/aws/lambda/editConcert",
            "id": "/aws/lambda/editConcert",
            "kms_key_id": "",
            "name": "/aws/lambda/editConcert",
            "name_prefix": null,
            "retention_in_days": 60,
            "tags": {},
            "tags_all": {}
          },
          "sensitive_attributes": [],
          "private": "bnVsbA=="
        }
      ]
    },
    {
      "mode": "managed",
      "type": "aws_cloudwatch_log_group",
      "name": "lambdaLogEditMusique",
      "provider": "provider[\"registry.terraform.io/hashicorp/aws\"]",
      "instances": [
        {
          "schema_version": 0,
          "attributes": {
            "arn": "arn:aws:logs:eu-west-3:570026320413:log-group:/aws/lambda/editMusique",
            "id": "/aws/lambda/editMusique",
            "kms_key_id": "",
            "name": "/aws/lambda/editMusique",
            "name_prefix": null,
            "retention_in_days": 60,
            "tags": {},
            "tags_all": {}
          },
          "sensitive_attributes": [],
          "private": "bnVsbA=="
        }
      ]
    },
    {
      "mode": "managed",
      "type": "aws_cloudwatch_log_group",
      "name": "lambdaLogGetConcert",
      "provider": "provider[\"registry.terraform.io/hashicorp/aws\"]",
      "instances": [
        {
          "schema_version": 0,
          "attributes": {
            "arn": "arn:aws:logs:eu-west-3:570026320413:log-group:/aws/lambda/getConcert",
            "id": "/aws/lambda/getConcert",
            "kms_key_id": "",
            "name": "/aws/lambda/getConcert",
            "name_prefix": null,
            "retention_in_days": 60,
            "tags": {},
            "tags_all": {}
          },
          "sensitive_attributes": [],
          "private": "bnVsbA=="
        }
      ]
    },
    {
      "mode": "managed",
      "type": "aws_cloudwatch_log_group",
      "name": "lambdaLogGetMusique",
      "provider": "provider[\"registry.terraform.io/hashicorp/aws\"]",
      "instances": [
        {
          "schema_version": 0,
          "attributes": {
            "arn": "arn:aws:logs:eu-west-3:570026320413:log-group:/aws/lambda/getMusique",
            "id": "/aws/lambda/getMusique",
            "kms_key_id": "",
            "name": "/aws/lambda/getMusique",
            "name_prefix": null,
            "retention_in_days": 60,
            "tags": {},
            "tags_all": {}
          },
          "sensitive_attributes": [],
          "private": "bnVsbA=="
        }
      ]
    },
    {
      "mode": "managed",
      "type": "aws_cloudwatch_log_group",
      "name": "lambdaLogListMusique",
      "provider": "provider[\"registry.terraform.io/hashicorp/aws\"]",
      "instances": [
        {
          "schema_version": 0,
          "attributes": {
            "arn": "arn:aws:logs:eu-west-3:570026320413:log-group:/aws/lambda/listMusique",
            "id": "/aws/lambda/listMusique",
            "kms_key_id": "",
            "name": "/aws/lambda/listMusique",
            "name_prefix": null,
            "retention_in_days": 60,
            "tags": {},
            "tags_all": {}
          },
          "sensitive_attributes": [],
          "private": "bnVsbA=="
        }
      ]
    },
    {
      "mode": "managed",
      "type": "aws_cloudwatch_log_group",
      "name": "lambdaLogLogin",
      "provider": "provider[\"registry.terraform.io/hashicorp/aws\"]",
      "instances": [
        {
          "schema_version": 0,
          "attributes": {
            "arn": "arn:aws:logs:eu-west-3:570026320413:log-group:/aws/lambda/login",
            "id": "/aws/lambda/login",
            "kms_key_id": "",
            "name": "/aws/lambda/login",
            "name_prefix": null,
            "retention_in_days": 60,
            "tags": {},
            "tags_all": {}
          },
          "sensitive_attributes": [],
          "private": "bnVsbA=="
        }
      ]
    },
    {
      "mode": "managed",
      "type": "aws_cloudwatch_log_group",
      "name": "lambdaLogLogout",
      "provider": "provider[\"registry.terraform.io/hashicorp/aws\"]",
      "instances": [
        {
          "schema_version": 0,
          "attributes": {
            "arn": "arn:aws:logs:eu-west-3:570026320413:log-group:/aws/lambda/logout",
            "id": "/aws/lambda/logout",
            "kms_key_id": "",
            "name": "/aws/lambda/logout",
            "name_prefix": null,
            "retention_in_days": 60,
            "tags": {},
            "tags_all": {}
          },
          "sensitive_attributes": [],
          "private": "bnVsbA=="
        }
      ]
    },
    {
      "mode": "managed",
      "type": "aws_cloudwatch_log_group",
      "name": "lambdaLogLostPassword",
      "provider": "provider[\"registry.terraform.io/hashicorp/aws\"]",
      "instances": [
        {
          "schema_version": 0,
          "attributes": {
            "arn": "arn:aws:logs:eu-west-3:570026320413:log-group:/aws/lambda/lostPassword",
            "id": "/aws/lambda/lostPassword",
            "kms_key_id": "",
            "name": "/aws/lambda/lostPassword",
            "name_prefix": null,
            "retention_in_days": 60,
            "tags": {},
            "tags_all": {}
          },
          "sensitive_attributes": [],
          "private": "bnVsbA=="
        }
      ]
    },
    {
      "mode": "managed",
      "type": "aws_cloudwatch_log_group",
      "name": "lambdaLogReinitialisePassword",
      "provider": "provider[\"registry.terraform.io/hashicorp/aws\"]",
      "instances": [
        {
          "schema_version": 0,
          "attributes": {
            "arn": "arn:aws:logs:eu-west-3:570026320413:log-group:/aws/lambda/reinitialisePassword",
            "id": "/aws/lambda/reinitialisePassword",
            "kms_key_id": "",
            "name": "/aws/lambda/reinitialisePassword",
            "name_prefix": null,
            "retention_in_days": 60,
            "tags": {},
            "tags_all": {}
          },
          "sensitive_attributes": [],
          "private": "bnVsbA=="
        }
      ]
    },
    {
      "mode": "managed",
      "type": "aws_cloudwatch_log_group",
      "name": "lambdaLogReserveConcert",
      "provider": "provider[\"registry.terraform.io/hashicorp/aws\"]",
      "instances": [
        {
          "schema_version": 0,
          "attributes": {
            "arn": "arn:aws:logs:eu-west-3:570026320413:log-group:/aws/lambda/reserveConcert",
            "id": "/aws/lambda/reserveConcert",
            "kms_key_id": "",
            "name": "/aws/lambda/reserveConcert",
            "name_prefix": null,
            "retention_in_days": 60,
            "tags": {},
            "tags_all": {}
          },
          "sensitive_attributes": [],
          "private": "bnVsbA=="
        }
      ]
    },
    {
      "mode": "managed",
      "type": "aws_cloudwatch_log_group",
      "name": "lambdaLogUpdateUser",
      "provider": "provider[\"registry.terraform.io/hashicorp/aws\"]",
      "instances": [
        {
          "schema_version": 0,
          "attributes": {
            "arn": "arn:aws:logs:eu-west-3:570026320413:log-group:/aws/lambda/updateUSer",
            "id": "/aws/lambda/updateUSer",
            "kms_key_id": "",
            "name": "/aws/lambda/updateUSer",
            "name_prefix": null,
            "retention_in_days": 60,
            "tags": {},
            "tags_all": {}
          },
          "sensitive_attributes": [],
          "private": "bnVsbA=="
        }
      ]
    },
    {
      "mode": "managed",
      "type": "aws_cloudwatch_log_group",
      "name": "lambdaLogUser",
      "provider": "provider[\"registry.terraform.io/hashicorp/aws\"]",
      "instances": [
        {
          "schema_version": 0,
          "attributes": {
            "arn": "arn:aws:logs:eu-west-3:570026320413:log-group:/aws/lambda/adduser",
            "id": "/aws/lambda/adduser",
            "kms_key_id": "",
            "name": "/aws/lambda/adduser",
            "name_prefix": null,
            "retention_in_days": 60,
            "tags": {},
            "tags_all": {}
          },
          "sensitive_attributes": [],
          "private": "bnVsbA=="
        }
      ]
    },
    {
      "mode": "managed",
      "type": "aws_cloudwatch_log_group",
      "name": "lambdaLogValidationEmail",
      "provider": "provider[\"registry.terraform.io/hashicorp/aws\"]",
      "instances": [
        {
          "schema_version": 0,
          "attributes": {
            "arn": "arn:aws:logs:eu-west-3:570026320413:log-group:/aws/lambda/validationEmail",
            "id": "/aws/lambda/validationEmail",
            "kms_key_id": "",
            "name": "/aws/lambda/validationEmail",
            "name_prefix": null,
            "retention_in_days": 60,
            "tags": {},
            "tags_all": {}
          },
          "sensitive_attributes": [],
          "private": "bnVsbA=="
        }
      ]
    },
    {
      "mode": "managed",
      "type": "aws_cloudwatch_log_group",
      "name": "lambdaLoggetBlog",
      "provider": "provider[\"registry.terraform.io/hashicorp/aws\"]",
      "instances": [
        {
          "schema_version": 0,
          "attributes": {
            "arn": "arn:aws:logs:eu-west-3:570026320413:log-group:/aws/lambda/getBlog",
            "id": "/aws/lambda/getBlog",
            "kms_key_id": "",
            "name": "/aws/lambda/getBlog",
            "name_prefix": null,
            "retention_in_days": 60,
            "tags": {},
            "tags_all": {}
          },
          "sensitive_attributes": [],
          "private": "bnVsbA=="
        }
      ]
    },
    {
      "mode": "managed",
      "type": "aws_cloudwatch_log_group",
      "name": "lambdaUpdatePassword",
      "provider": "provider[\"registry.terraform.io/hashicorp/aws\"]",
      "instances": [
        {
          "schema_version": 0,
          "attributes": {
            "arn": "arn:aws:logs:eu-west-3:570026320413:log-group:/aws/lambda/updatePassword",
            "id": "/aws/lambda/updatePassword",
            "kms_key_id": "",
            "name": "/aws/lambda/updatePassword",
            "name_prefix": null,
            "retention_in_days": 60,
            "tags": {},
            "tags_all": {}
          },
          "sensitive_attributes": [],
          "private": "bnVsbA=="
        }
      ]
    },
    {
      "mode": "managed",
      "type": "aws_dynamodb_table",
      "name": "dbBlog",
      "provider": "provider[\"registry.terraform.io/hashicorp/aws\"]",
      "instances": [
        {
          "schema_version": 1,
          "attributes": {
            "arn": "arn:aws:dynamodb:eu-west-3:570026320413:table/blog",
            "attribute": [
              {
                "name": "id",
                "type": "S"
              }
            ],
            "billing_mode": "PROVISIONED",
            "global_secondary_index": [],
            "hash_key": "id",
            "id": "blog",
            "local_secondary_index": [],
            "name": "blog",
            "point_in_time_recovery": [
              {
                "enabled": false
              }
            ],
            "range_key": null,
            "read_capacity": 5,
            "replica": [],
            "restore_date_time": null,
            "restore_source_name": null,
            "restore_to_latest_time": null,
            "server_side_encryption": [],
            "stream_arn": "",
            "stream_enabled": false,
            "stream_label": "",
            "stream_view_type": "",
            "table_class": "",
            "tags": {},
            "tags_all": {},
            "timeouts": null,
            "ttl": [
              {
                "attribute_name": "",
                "enabled": false
              }
            ],
            "write_capacity": 5
          },
          "sensitive_attributes": [],
          "private": "eyJlMmJmYjczMC1lY2FhLTExZTYtOGY4OC0zNDM2M2JjN2M0YzAiOnsiY3JlYXRlIjoxODAwMDAwMDAwMDAwLCJkZWxldGUiOjYwMDAwMDAwMDAwMCwidXBkYXRlIjozNjAwMDAwMDAwMDAwfSwic2NoZW1hX3ZlcnNpb24iOiIxIn0="
        }
      ]
    },
    {
      "mode": "managed",
      "type": "aws_dynamodb_table",
      "name": "dbConcert",
      "provider": "provider[\"registry.terraform.io/hashicorp/aws\"]",
      "instances": [
        {
          "schema_version": 1,
          "attributes": {
            "arn": "arn:aws:dynamodb:eu-west-3:570026320413:table/concert",
            "attribute": [
              {
                "name": "id",
                "type": "S"
              }
            ],
            "billing_mode": "PROVISIONED",
            "global_secondary_index": [],
            "hash_key": "id",
            "id": "concert",
            "local_secondary_index": [],
            "name": "concert",
            "point_in_time_recovery": [
              {
                "enabled": false
              }
            ],
            "range_key": null,
            "read_capacity": 5,
            "replica": [],
            "restore_date_time": null,
            "restore_source_name": null,
            "restore_to_latest_time": null,
            "server_side_encryption": [],
            "stream_arn": "",
            "stream_enabled": false,
            "stream_label": "",
            "stream_view_type": "",
            "table_class": "",
            "tags": {},
            "tags_all": {},
            "timeouts": null,
            "ttl": [
              {
                "attribute_name": "",
                "enabled": false
              }
            ],
            "write_capacity": 5
          },
          "sensitive_attributes": [],
          "private": "eyJlMmJmYjczMC1lY2FhLTExZTYtOGY4OC0zNDM2M2JjN2M0YzAiOnsiY3JlYXRlIjoxODAwMDAwMDAwMDAwLCJkZWxldGUiOjYwMDAwMDAwMDAwMCwidXBkYXRlIjozNjAwMDAwMDAwMDAwfSwic2NoZW1hX3ZlcnNpb24iOiIxIn0="
        }
      ]
    },
    {
      "mode": "managed",
      "type": "aws_dynamodb_table",
      "name": "dbMusique",
      "provider": "provider[\"registry.terraform.io/hashicorp/aws\"]",
      "instances": [
        {
          "schema_version": 1,
          "attributes": {
            "arn": "arn:aws:dynamodb:eu-west-3:570026320413:table/musique",
            "attribute": [
              {
                "name": "id",
                "type": "S"
              }
            ],
            "billing_mode": "PROVISIONED",
            "global_secondary_index": [],
            "hash_key": "id",
            "id": "musique",
            "local_secondary_index": [],
            "name": "musique",
            "point_in_time_recovery": [
              {
                "enabled": false
              }
            ],
            "range_key": null,
            "read_capacity": 5,
            "replica": [],
            "restore_date_time": null,
            "restore_source_name": null,
            "restore_to_latest_time": null,
            "server_side_encryption": [],
            "stream_arn": "",
            "stream_enabled": false,
            "stream_label": "",
            "stream_view_type": "",
            "table_class": "",
            "tags": {},
            "tags_all": {},
            "timeouts": null,
            "ttl": [
              {
                "attribute_name": "",
                "enabled": false
              }
            ],
            "write_capacity": 5
          },
          "sensitive_attributes": [],
          "private": "eyJlMmJmYjczMC1lY2FhLTExZTYtOGY4OC0zNDM2M2JjN2M0YzAiOnsiY3JlYXRlIjoxODAwMDAwMDAwMDAwLCJkZWxldGUiOjYwMDAwMDAwMDAwMCwidXBkYXRlIjozNjAwMDAwMDAwMDAwfSwic2NoZW1hX3ZlcnNpb24iOiIxIn0="
        }
      ]
    },
    {
      "mode": "managed",
      "type": "aws_dynamodb_table",
      "name": "ddbtable",
      "provider": "provider[\"registry.terraform.io/hashicorp/aws\"]",
      "instances": [
        {
          "schema_version": 1,
          "attributes": {
            "arn": "arn:aws:dynamodb:eu-west-3:570026320413:table/user",
            "attribute": [
              {
                "name": "email",
                "type": "S"
              }
            ],
            "billing_mode": "PROVISIONED",
            "global_secondary_index": [],
            "hash_key": "email",
            "id": "user",
            "local_secondary_index": [],
            "name": "user",
            "point_in_time_recovery": [
              {
                "enabled": false
              }
            ],
            "range_key": null,
            "read_capacity": 5,
            "replica": [],
            "restore_date_time": null,
            "restore_source_name": null,
            "restore_to_latest_time": null,
            "server_side_encryption": [],
            "stream_arn": "",
            "stream_enabled": false,
            "stream_label": "",
            "stream_view_type": "",
            "table_class": "",
            "tags": {},
            "tags_all": {},
            "timeouts": null,
            "ttl": [
              {
                "attribute_name": "",
                "enabled": false
              }
            ],
            "write_capacity": 5
          },
          "sensitive_attributes": [],
          "private": "eyJlMmJmYjczMC1lY2FhLTExZTYtOGY4OC0zNDM2M2JjN2M0YzAiOnsiY3JlYXRlIjoxODAwMDAwMDAwMDAwLCJkZWxldGUiOjYwMDAwMDAwMDAwMCwidXBkYXRlIjozNjAwMDAwMDAwMDAwfSwic2NoZW1hX3ZlcnNpb24iOiIxIn0="
        }
      ]
    },
    {
      "mode": "managed",
      "type": "aws_iam_role",
      "name": "lambda_read_role",
      "provider": "provider[\"registry.terraform.io/hashicorp/aws\"]",
      "instances": [
        {
          "schema_version": 0,
          "attributes": {
            "arn": "arn:aws:iam::570026320413:role/Monkenewha_role",
            "assume_role_policy": "{\"Version\":\"2012-10-17\",\"Statement\":[{\"Sid\":\"\",\"Effect\":\"Allow\",\"Principal\":{\"Service\":[\"s3.amazonaws.com\",\"lambda.amazonaws.com\",\"apigateway.amazonaws.com\"]},\"Action\":\"sts:AssumeRole\"}]}",
            "create_date": "2022-03-31T16:19:41Z",
            "description": "",
            "force_detach_policies": false,
            "id": "Monkenewha_role",
            "inline_policy": [
              {
                "name": "API_role_policy",
                "policy": "{\n  \"Version\": \"2012-10-17\",\n  \"Statement\": [\n    {\n      \"Sid\": \"\",\n      \"Effect\": \"Allow\",\n      \"Action\": [\n        \"logs:PutLogEvents\",\n        \"logs:CreateLogStream\",\n        \"logs:CreateLogGroup\"\n      ],\n      \"Resource\": \"*\"\n    },\n    {\n      \"Sid\": \"\",\n      \"Effect\": \"Allow\",\n      \"Action\": [\n        \"lambda:InvokeFunction\",\n        \"lambda:InvokeAsync\"\n      ],\n      \"Resource\": \"*\"\n    },\n    {\n      \"Sid\": \"\",\n      \"Effect\": \"Allow\",\n      \"Action\": [\n        \"s3:putObject\",\n        \"s3:ListBucket\",\n        \"s3:GetObject\",\n        \"s3:DeleteObject\"\n      ],\n      \"Resource\": \"*\"\n    },\n    {\n      \"Sid\": \"SpecificTable\",\n      \"Effect\": \"Allow\",\n      \"Action\": [\n        \"dynamodb:UpdateItem\",\n        \"dynamodb:Scan\",\n        \"dynamodb:PutItem\",\n        \"dynamodb:GetItem\",\n        \"dynamodb:DeleteItem\"\n      ],\n      \"Resource\": \"*\"\n    },\n    {\n      \"Sid\": \"\",\n      \"Effect\": \"Allow\",\n      \"Action\": \"kms:Decrypt\",\n      \"Resource\": \"*\"\n    }\n  ]\n}"
              }
            ],
            "managed_policy_arns": [],
            "max_session_duration": 3600,
            "name": "Monkenewha_role",
            "name_prefix": "",
            "path": "/",
            "permissions_boundary": null,
            "tags": {},
            "tags_all": {},
            "unique_id": "AROAYJOBXMIO76DSMTR3V"
          },
          "sensitive_attributes": [],
          "private": "bnVsbA==",
          "dependencies": [
            "data.aws_iam_policy_document.lambdarole"
          ]
        }
      ]
    },
    {
      "mode": "managed",
      "type": "aws_iam_role_policy",
      "name": "lambda_read",
      "provider": "provider[\"registry.terraform.io/hashicorp/aws\"]",
      "instances": [
        {
          "schema_version": 0,
          "attributes": {
            "id": "Monkenewha_role:API_role_policy",
            "name": "API_role_policy",
            "name_prefix": null,
            "policy": "{\n  \"Version\": \"2012-10-17\",\n  \"Statement\": [\n    {\n      \"Sid\": \"\",\n      \"Effect\": \"Allow\",\n      \"Action\": [\n        \"logs:PutLogEvents\",\n        \"logs:CreateLogStream\",\n        \"logs:CreateLogGroup\"\n      ],\n      \"Resource\": \"*\"\n    },\n    {\n      \"Sid\": \"\",\n      \"Effect\": \"Allow\",\n      \"Action\": [\n        \"lambda:InvokeFunction\",\n        \"lambda:InvokeAsync\"\n      ],\n      \"Resource\": \"*\"\n    },\n    {\n      \"Sid\": \"\",\n      \"Effect\": \"Allow\",\n      \"Action\": [\n        \"s3:putObject\",\n        \"s3:ListBucket\",\n        \"s3:GetObject\",\n        \"s3:DeleteObject\"\n      ],\n      \"Resource\": \"*\"\n    },\n    {\n      \"Sid\": \"SpecificTable\",\n      \"Effect\": \"Allow\",\n      \"Action\": [\n        \"dynamodb:UpdateItem\",\n        \"dynamodb:Scan\",\n        \"dynamodb:PutItem\",\n        \"dynamodb:GetItem\",\n        \"dynamodb:DeleteItem\"\n      ],\n      \"Resource\": \"*\"\n    },\n    {\n      \"Sid\": \"\",\n      \"Effect\": \"Allow\",\n      \"Action\": \"kms:Decrypt\",\n      \"Resource\": \"*\"\n    }\n  ]\n}",
            "role": "Monkenewha_role"
          },
          "sensitive_attributes": [],
          "private": "bnVsbA==",
          "dependencies": [
            "aws_iam_role.lambda_read_role",
            "data.aws_iam_policy_document.lambda_read",
            "data.aws_iam_policy_document.lambdarole"
          ]
        }
      ]
    },
    {
      "mode": "managed",
      "type": "aws_lambda_function",
      "name": "lambdaAddBlog",
      "provider": "provider[\"registry.terraform.io/hashicorp/aws\"]",
      "instances": [
        {
          "schema_version": 0,
          "attributes": {
            "architectures": [],
            "arn": "arn:aws:lambda:eu-west-3:570026320413:function:add_blog",
            "code_signing_config_arn": "",
            "dead_letter_config": [],
            "description": "Permet d'ajouter un article au blog",
            "environment": [
              {
                "variables": {
                  "API_KEY": "AKIAYJOBXMIOTXQY4GWC",
                  "DYNAMO_DB": "blog",
                  "TOKEN_KEY": "MoNKeneWhA22!"
                }
              }
            ],
            "ephemeral_storage": [
              {
                "size": 512
              }
            ],
            "file_system_config": [],
            "filename": "../API/addBlog.zip",
            "function_name": "add_blog",
            "handler": "dist/index.handler",
            "id": "add_blog",
            "image_config": [],
            "image_uri": "",
            "invoke_arn": "arn:aws:apigateway:eu-west-3:lambda:path/2015-03-31/functions/arn:aws:lambda:eu-west-3:570026320413:function:add_blog/invocations",
            "kms_key_arn": "",
            "last_modified": "2022-05-19T13:57:24.000+0000",
            "layers": [],
            "memory_size": 128,
            "package_type": "Zip",
            "publish": false,
            "qualified_arn": "arn:aws:lambda:eu-west-3:570026320413:function:add_blog:$LATEST",
            "reserved_concurrent_executions": -1,
            "role": "arn:aws:iam::570026320413:role/Monkenewha_role",
            "runtime": "nodejs12.x",
            "s3_bucket": null,
            "s3_key": null,
            "s3_object_version": null,
            "signing_job_arn": "",
            "signing_profile_version_arn": "",
            "source_code_hash": "cONXyaDRSm4Km9sEjdFG4qV+yUsaQUX1tg2OZJ3QnJU=",
            "source_code_size": 10007528,
            "tags": {},
            "tags_all": {},
            "timeout": 800,
            "timeouts": null,
            "tracing_config": [
              {
                "mode": "PassThrough"
              }
            ],
            "version": "$LATEST",
            "vpc_config": []
          },
          "sensitive_attributes": [],
          "private": "eyJlMmJmYjczMC1lY2FhLTExZTYtOGY4OC0zNDM2M2JjN2M0YzAiOnsiY3JlYXRlIjo2MDAwMDAwMDAwMDB9fQ==",
          "dependencies": [
            "aws_iam_role.lambda_read_role",
            "data.aws_iam_policy_document.lambdarole"
          ]
        }
      ]
    },
    {
      "mode": "managed",
      "type": "aws_lambda_function",
      "name": "lambdaAddConcert",
      "provider": "provider[\"registry.terraform.io/hashicorp/aws\"]",
      "instances": [
        {
          "schema_version": 0,
          "attributes": {
            "architectures": [],
            "arn": "arn:aws:lambda:eu-west-3:570026320413:function:add_concert",
            "code_signing_config_arn": "",
            "dead_letter_config": [],
            "description": "Permet d'ajouter un concert",
            "environment": [
              {
                "variables": {
                  "API_KEY": "AKIAYJOBXMIOTXQY4GWC",
                  "DYNAMO_DB": "concert",
                  "TOKEN_KEY": "MoNKeneWhA22!"
                }
              }
            ],
            "ephemeral_storage": [
              {
                "size": 512
              }
            ],
            "file_system_config": [],
            "filename": "../API/addConcert.zip",
            "function_name": "add_concert",
            "handler": "dist/index.handler",
            "id": "add_concert",
            "image_config": [],
            "image_uri": "",
            "invoke_arn": "arn:aws:apigateway:eu-west-3:lambda:path/2015-03-31/functions/arn:aws:lambda:eu-west-3:570026320413:function:add_concert/invocations",
            "kms_key_arn": "",
            "last_modified": "2022-06-15T15:08:51.000+0000",
            "layers": [],
            "memory_size": 128,
            "package_type": "Zip",
            "publish": false,
            "qualified_arn": "arn:aws:lambda:eu-west-3:570026320413:function:add_concert:$LATEST",
            "reserved_concurrent_executions": -1,
            "role": "arn:aws:iam::570026320413:role/Monkenewha_role",
            "runtime": "nodejs12.x",
            "s3_bucket": null,
            "s3_key": null,
            "s3_object_version": null,
            "signing_job_arn": "",
            "signing_profile_version_arn": "",
            "source_code_hash": "A2TAABFafIa9cyEDAFgAsZNkfS3ukXiuz+jm7z5nZuI=",
            "source_code_size": 10007660,
            "tags": {},
            "tags_all": {},
            "timeout": 800,
            "timeouts": null,
            "tracing_config": [
              {
                "mode": "PassThrough"
              }
            ],
            "version": "$LATEST",
            "vpc_config": []
          },
          "sensitive_attributes": [],
          "private": "eyJlMmJmYjczMC1lY2FhLTExZTYtOGY4OC0zNDM2M2JjN2M0YzAiOnsiY3JlYXRlIjo2MDAwMDAwMDAwMDB9fQ==",
          "dependencies": [
            "aws_iam_role.lambda_read_role",
            "data.aws_iam_policy_document.lambdarole"
          ]
        }
      ]
    },
    {
      "mode": "managed",
      "type": "aws_lambda_function",
      "name": "lambdaAddMusique",
      "provider": "provider[\"registry.terraform.io/hashicorp/aws\"]",
      "instances": [
        {
          "schema_version": 0,
          "attributes": {
            "architectures": [],
            "arn": "arn:aws:lambda:eu-west-3:570026320413:function:add_musique",
            "code_signing_config_arn": "",
            "dead_letter_config": [],
            "description": "Permet d'ajouter une musique'",
            "environment": [
              {
                "variables": {
                  "API_KEY": "AKIAYJOBXMIOTXQY4GWC",
                  "BUCKET": "monkenewha",
                  "DYNAMO_DB": "musique",
                  "TOKEN_KEY": "MoNKeneWhA22!"
                }
              }
            ],
            "ephemeral_storage": [
              {
                "size": 512
              }
            ],
            "file_system_config": [],
            "filename": "../API/addMusique.zip",
            "function_name": "add_musique",
            "handler": "dist/index.handler",
            "id": "add_musique",
            "image_config": [],
            "image_uri": "",
            "invoke_arn": "arn:aws:apigateway:eu-west-3:lambda:path/2015-03-31/functions/arn:aws:lambda:eu-west-3:570026320413:function:add_musique/invocations",
            "kms_key_arn": "",
            "last_modified": "2022-05-17T17:11:40.000+0000",
            "layers": [],
            "memory_size": 128,
            "package_type": "Zip",
            "publish": false,
            "qualified_arn": "arn:aws:lambda:eu-west-3:570026320413:function:add_musique:$LATEST",
            "reserved_concurrent_executions": -1,
            "role": "arn:aws:iam::570026320413:role/Monkenewha_role",
            "runtime": "nodejs12.x",
            "s3_bucket": null,
            "s3_key": null,
            "s3_object_version": null,
            "signing_job_arn": "",
            "signing_profile_version_arn": "",
            "source_code_hash": "d9z9WSOoPllaRrTVucsB80LkRmM7seuugLHzB0HP+Cs=",
            "source_code_size": 10007666,
            "tags": {},
            "tags_all": {},
            "timeout": 800,
            "timeouts": null,
            "tracing_config": [
              {
                "mode": "PassThrough"
              }
            ],
            "version": "$LATEST",
            "vpc_config": []
          },
          "sensitive_attributes": [],
          "private": "eyJlMmJmYjczMC1lY2FhLTExZTYtOGY4OC0zNDM2M2JjN2M0YzAiOnsiY3JlYXRlIjo2MDAwMDAwMDAwMDB9fQ==",
          "dependencies": [
            "aws_iam_role.lambda_read_role",
            "data.aws_iam_policy_document.lambdarole"
          ]
        }
      ]
    },
    {
      "mode": "managed",
      "type": "aws_lambda_function",
      "name": "lambdaAddUser",
      "provider": "provider[\"registry.terraform.io/hashicorp/aws\"]",
      "instances": [
        {
          "schema_version": 0,
          "attributes": {
            "architectures": [],
            "arn": "arn:aws:lambda:eu-west-3:570026320413:function:add_user",
            "code_signing_config_arn": "",
            "dead_letter_config": [],
            "description": "Permet d'ajouter un utilisateur",
            "environment": [
              {
                "variables": {
                  "API_KEY": "AKIAYJOBXMIOTXQY4GWC",
                  "DYNAMO_DB": "user",
                  "TOKEN_KEY": "MoNKeneWhA22!"
                }
              }
            ],
            "ephemeral_storage": [
              {
                "size": 512
              }
            ],
            "file_system_config": [],
            "filename": "../API/addUser.zip",
            "function_name": "add_user",
            "handler": "dist/index.handler",
            "id": "add_user",
            "image_config": [],
            "image_uri": "",
            "invoke_arn": "arn:aws:apigateway:eu-west-3:lambda:path/2015-03-31/functions/arn:aws:lambda:eu-west-3:570026320413:function:add_user/invocations",
            "kms_key_arn": "",
            "last_modified": "2022-06-15T21:08:44.000+0000",
            "layers": [],
            "memory_size": 128,
            "package_type": "Zip",
            "publish": false,
            "qualified_arn": "arn:aws:lambda:eu-west-3:570026320413:function:add_user:$LATEST",
            "reserved_concurrent_executions": -1,
            "role": "arn:aws:iam::570026320413:role/Monkenewha_role",
            "runtime": "nodejs12.x",
            "s3_bucket": null,
            "s3_key": null,
            "s3_object_version": null,
            "signing_job_arn": "",
            "signing_profile_version_arn": "",
            "source_code_hash": "BUTeNIKhxshzEdGxyNu6u3u+lMsg4/chag+KbR1KjhQ=",
            "source_code_size": 10305046,
            "tags": {},
            "tags_all": {},
            "timeout": 800,
            "timeouts": null,
            "tracing_config": [
              {
                "mode": "PassThrough"
              }
            ],
            "version": "$LATEST",
            "vpc_config": []
          },
          "sensitive_attributes": [],
          "private": "eyJlMmJmYjczMC1lY2FhLTExZTYtOGY4OC0zNDM2M2JjN2M0YzAiOnsiY3JlYXRlIjo2MDAwMDAwMDAwMDB9fQ==",
          "dependencies": [
            "aws_iam_role.lambda_read_role"
          ]
        }
      ]
    },
    {
      "mode": "managed",
      "type": "aws_lambda_function",
      "name": "lambdaContact",
      "provider": "provider[\"registry.terraform.io/hashicorp/aws\"]",
      "instances": [
        {
          "schema_version": 0,
          "attributes": {
            "architectures": [],
            "arn": "arn:aws:lambda:eu-west-3:570026320413:function:contact",
            "code_signing_config_arn": "",
            "dead_letter_config": [],
            "description": "Permet d'envoyer un mail de contact'",
            "environment": [
              {
                "variables": {
                  "DYNAMO_DB": "user",
                  "TOKEN_KEY": "MoNKeneWhA22!"
                }
              }
            ],
            "ephemeral_storage": [
              {
                "size": 512
              }
            ],
            "file_system_config": [],
            "filename": "../API/contact.zip",
            "function_name": "contact",
            "handler": "dist/index.handler",
            "id": "contact",
            "image_config": [],
            "image_uri": "",
            "invoke_arn": "arn:aws:apigateway:eu-west-3:lambda:path/2015-03-31/functions/arn:aws:lambda:eu-west-3:570026320413:function:contact/invocations",
            "kms_key_arn": "",
            "last_modified": "2022-06-15T17:41:13.000+0000",
            "layers": [],
            "memory_size": 128,
            "package_type": "Zip",
            "publish": false,
            "qualified_arn": "arn:aws:lambda:eu-west-3:570026320413:function:contact:$LATEST",
            "reserved_concurrent_executions": -1,
            "role": "arn:aws:iam::570026320413:role/Monkenewha_role",
            "runtime": "nodejs12.x",
            "s3_bucket": null,
            "s3_key": null,
            "s3_object_version": null,
            "signing_job_arn": "",
            "signing_profile_version_arn": "",
            "source_code_hash": "uGTn1n7jRFMMtgve3idPx1yb8RBVfBs77VC5hDKWMJo=",
            "source_code_size": 10303693,
            "tags": {},
            "tags_all": {},
            "timeout": 800,
            "timeouts": null,
            "tracing_config": [
              {
                "mode": "PassThrough"
              }
            ],
            "version": "$LATEST",
            "vpc_config": []
          },
          "sensitive_attributes": [],
          "private": "eyJlMmJmYjczMC1lY2FhLTExZTYtOGY4OC0zNDM2M2JjN2M0YzAiOnsiY3JlYXRlIjo2MDAwMDAwMDAwMDB9fQ==",
          "dependencies": [
            "aws_iam_role.lambda_read_role",
            "data.aws_iam_policy_document.lambdarole"
          ]
        }
      ]
    },
    {
      "mode": "managed",
      "type": "aws_lambda_function",
      "name": "lambdaDeleteBlog",
      "provider": "provider[\"registry.terraform.io/hashicorp/aws\"]",
      "instances": [
        {
          "schema_version": 0,
          "attributes": {
            "architectures": [],
            "arn": "arn:aws:lambda:eu-west-3:570026320413:function:delete_blog",
            "code_signing_config_arn": "",
            "dead_letter_config": [],
            "description": "Permet de supprimer un article du blog",
            "environment": [
              {
                "variables": {
                  "API_KEY": "AKIAYJOBXMIOTXQY4GWC",
                  "DYNAMO_DB": "blog",
                  "TOKEN_KEY": "MoNKeneWhA22!"
                }
              }
            ],
            "ephemeral_storage": [
              {
                "size": 512
              }
            ],
            "file_system_config": [],
            "filename": "../API/deleteBlog.zip",
            "function_name": "delete_blog",
            "handler": "dist/index.handler",
            "id": "delete_blog",
            "image_config": [],
            "image_uri": "",
            "invoke_arn": "arn:aws:apigateway:eu-west-3:lambda:path/2015-03-31/functions/arn:aws:lambda:eu-west-3:570026320413:function:delete_blog/invocations",
            "kms_key_arn": "",
            "last_modified": "2022-05-19T13:57:39.000+0000",
            "layers": [],
            "memory_size": 128,
            "package_type": "Zip",
            "publish": false,
            "qualified_arn": "arn:aws:lambda:eu-west-3:570026320413:function:delete_blog:$LATEST",
            "reserved_concurrent_executions": -1,
            "role": "arn:aws:iam::570026320413:role/Monkenewha_role",
            "runtime": "nodejs12.x",
            "s3_bucket": null,
            "s3_key": null,
            "s3_object_version": null,
            "signing_job_arn": "",
            "signing_profile_version_arn": "",
            "source_code_hash": "6YAgxeiRzlsKtH/rIcxj0mekbIa5VWSjJoe1Y6QJrgg=",
            "source_code_size": 10007271,
            "tags": {},
            "tags_all": {},
            "timeout": 800,
            "timeouts": null,
            "tracing_config": [
              {
                "mode": "PassThrough"
              }
            ],
            "version": "$LATEST",
            "vpc_config": []
          },
          "sensitive_attributes": [],
          "private": "eyJlMmJmYjczMC1lY2FhLTExZTYtOGY4OC0zNDM2M2JjN2M0YzAiOnsiY3JlYXRlIjo2MDAwMDAwMDAwMDB9fQ==",
          "dependencies": [
            "aws_iam_role.lambda_read_role",
            "data.aws_iam_policy_document.lambdarole"
          ]
        }
      ]
    },
    {
      "mode": "managed",
      "type": "aws_lambda_function",
      "name": "lambdaDeleteConcert",
      "provider": "provider[\"registry.terraform.io/hashicorp/aws\"]",
      "instances": [
        {
          "schema_version": 0,
          "attributes": {
            "architectures": [],
            "arn": "arn:aws:lambda:eu-west-3:570026320413:function:delete_concert",
            "code_signing_config_arn": "",
            "dead_letter_config": [],
            "description": "Permet de supprimer un concert",
            "environment": [
              {
                "variables": {
                  "API_KEY": "AKIAYJOBXMIOTXQY4GWC",
                  "DYNAMO_DB": "concert",
                  "TOKEN_KEY": "MoNKeneWhA22!"
                }
              }
            ],
            "ephemeral_storage": [
              {
                "size": 512
              }
            ],
            "file_system_config": [],
            "filename": "../API/deleteConcert.zip",
            "function_name": "delete_concert",
            "handler": "dist/index.handler",
            "id": "delete_concert",
            "image_config": [],
            "image_uri": "",
            "invoke_arn": "arn:aws:apigateway:eu-west-3:lambda:path/2015-03-31/functions/arn:aws:lambda:eu-west-3:570026320413:function:delete_concert/invocations",
            "kms_key_arn": "",
            "last_modified": "2022-05-08T21:11:13.000+0000",
            "layers": [],
            "memory_size": 128,
            "package_type": "Zip",
            "publish": false,
            "qualified_arn": "arn:aws:lambda:eu-west-3:570026320413:function:delete_concert:$LATEST",
            "reserved_concurrent_executions": -1,
            "role": "arn:aws:iam::570026320413:role/Monkenewha_role",
            "runtime": "nodejs12.x",
            "s3_bucket": null,
            "s3_key": null,
            "s3_object_version": null,
            "signing_job_arn": "",
            "signing_profile_version_arn": "",
            "source_code_hash": "JRgd1jgDoZUm58pMQErwm0shrPcadRjO0+6v+W4ZneQ=",
            "source_code_size": 10007273,
            "tags": {},
            "tags_all": {},
            "timeout": 800,
            "timeouts": null,
            "tracing_config": [
              {
                "mode": "PassThrough"
              }
            ],
            "version": "$LATEST",
            "vpc_config": []
          },
          "sensitive_attributes": [],
          "private": "eyJlMmJmYjczMC1lY2FhLTExZTYtOGY4OC0zNDM2M2JjN2M0YzAiOnsiY3JlYXRlIjo2MDAwMDAwMDAwMDB9fQ==",
          "dependencies": [
            "aws_iam_role.lambda_read_role",
            "data.aws_iam_policy_document.lambdarole"
          ]
        }
      ]
    },
    {
      "mode": "managed",
      "type": "aws_lambda_function",
      "name": "lambdaDeleteMusique",
      "provider": "provider[\"registry.terraform.io/hashicorp/aws\"]",
      "instances": [
        {
          "schema_version": 0,
          "attributes": {
            "architectures": [],
            "arn": "arn:aws:lambda:eu-west-3:570026320413:function:delete_musique",
            "code_signing_config_arn": "",
            "dead_letter_config": [],
            "description": "Permet de supprimer une musique",
            "environment": [
              {
                "variables": {
                  "API_KEY": "AKIAYJOBXMIOTXQY4GWC",
                  "BUCKET": "monkenewha",
                  "DYNAMO_DB": "musique",
                  "TOKEN_KEY": "MoNKeneWhA22!"
                }
              }
            ],
            "ephemeral_storage": [
              {
                "size": 512
              }
            ],
            "file_system_config": [],
            "filename": "../API/deleteMusique.zip",
            "function_name": "delete_musique",
            "handler": "dist/index.handler",
            "id": "delete_musique",
            "image_config": [],
            "image_uri": "",
            "invoke_arn": "arn:aws:apigateway:eu-west-3:lambda:path/2015-03-31/functions/arn:aws:lambda:eu-west-3:570026320413:function:delete_musique/invocations",
            "kms_key_arn": "",
            "last_modified": "2022-05-17T16:47:49.000+0000",
            "layers": [],
            "memory_size": 128,
            "package_type": "Zip",
            "publish": false,
            "qualified_arn": "arn:aws:lambda:eu-west-3:570026320413:function:delete_musique:$LATEST",
            "reserved_concurrent_executions": -1,
            "role": "arn:aws:iam::570026320413:role/Monkenewha_role",
            "runtime": "nodejs12.x",
            "s3_bucket": null,
            "s3_key": null,
            "s3_object_version": null,
            "signing_job_arn": "",
            "signing_profile_version_arn": "",
            "source_code_hash": "CUeFNefLT+EBbvolhLS5VuGdwnU5wLc67wdyLHwIdHE=",
            "source_code_size": 10007410,
            "tags": {},
            "tags_all": {},
            "timeout": 800,
            "timeouts": null,
            "tracing_config": [
              {
                "mode": "PassThrough"
              }
            ],
            "version": "$LATEST",
            "vpc_config": []
          },
          "sensitive_attributes": [],
          "private": "eyJlMmJmYjczMC1lY2FhLTExZTYtOGY4OC0zNDM2M2JjN2M0YzAiOnsiY3JlYXRlIjo2MDAwMDAwMDAwMDB9fQ==",
          "dependencies": [
            "aws_iam_role.lambda_read_role",
            "data.aws_iam_policy_document.lambdarole"
          ]
        }
      ]
    },
    {
      "mode": "managed",
      "type": "aws_lambda_function",
      "name": "lambdaEditBlog",
      "provider": "provider[\"registry.terraform.io/hashicorp/aws\"]",
      "instances": [
        {
          "schema_version": 0,
          "attributes": {
            "architectures": [],
            "arn": "arn:aws:lambda:eu-west-3:570026320413:function:edit_blog",
            "code_signing_config_arn": "",
            "dead_letter_config": [],
            "description": "Permet de modifier un article au blog",
            "environment": [
              {
                "variables": {
                  "API_KEY": "AKIAYJOBXMIOTXQY4GWC",
                  "DYNAMO_DB": "blog",
                  "TOKEN_KEY": "MoNKeneWhA22!"
                }
              }
            ],
            "ephemeral_storage": [
              {
                "size": 512
              }
            ],
            "file_system_config": [],
            "filename": "../API/editBlog.zip",
            "function_name": "edit_blog",
            "handler": "dist/index.handler",
            "id": "edit_blog",
            "image_config": [],
            "image_uri": "",
            "invoke_arn": "arn:aws:apigateway:eu-west-3:lambda:path/2015-03-31/functions/arn:aws:lambda:eu-west-3:570026320413:function:edit_blog/invocations",
            "kms_key_arn": "",
            "last_modified": "2022-05-19T13:57:32.000+0000",
            "layers": [],
            "memory_size": 128,
            "package_type": "Zip",
            "publish": false,
            "qualified_arn": "arn:aws:lambda:eu-west-3:570026320413:function:edit_blog:$LATEST",
            "reserved_concurrent_executions": -1,
            "role": "arn:aws:iam::570026320413:role/Monkenewha_role",
            "runtime": "nodejs12.x",
            "s3_bucket": null,
            "s3_key": null,
            "s3_object_version": null,
            "signing_job_arn": "",
            "signing_profile_version_arn": "",
            "source_code_hash": "i9E10gfAdhkjIAOWGJGBa00PMsq9kf8vQ/+kMKUy59k=",
            "source_code_size": 10007490,
            "tags": {},
            "tags_all": {},
            "timeout": 800,
            "timeouts": null,
            "tracing_config": [
              {
                "mode": "PassThrough"
              }
            ],
            "version": "$LATEST",
            "vpc_config": []
          },
          "sensitive_attributes": [],
          "private": "eyJlMmJmYjczMC1lY2FhLTExZTYtOGY4OC0zNDM2M2JjN2M0YzAiOnsiY3JlYXRlIjo2MDAwMDAwMDAwMDB9fQ==",
          "dependencies": [
            "aws_iam_role.lambda_read_role",
            "data.aws_iam_policy_document.lambdarole"
          ]
        }
      ]
    },
    {
      "mode": "managed",
      "type": "aws_lambda_function",
      "name": "lambdaEditConcert",
      "provider": "provider[\"registry.terraform.io/hashicorp/aws\"]",
      "instances": [
        {
          "schema_version": 0,
          "attributes": {
            "architectures": [],
            "arn": "arn:aws:lambda:eu-west-3:570026320413:function:edit_concert",
            "code_signing_config_arn": "",
            "dead_letter_config": [],
            "description": "Permet de modifier un concert",
            "environment": [
              {
                "variables": {
                  "API_KEY": "AKIAYJOBXMIOTXQY4GWC",
                  "DYNAMO_DB": "concert",
                  "TOKEN_KEY": "MoNKeneWhA22!"
                }
              }
            ],
            "ephemeral_storage": [
              {
                "size": 512
              }
            ],
            "file_system_config": [],
            "filename": "../API/editConcert.zip",
            "function_name": "edit_concert",
            "handler": "dist/index.handler",
            "id": "edit_concert",
            "image_config": [],
            "image_uri": "",
            "invoke_arn": "arn:aws:apigateway:eu-west-3:lambda:path/2015-03-31/functions/arn:aws:lambda:eu-west-3:570026320413:function:edit_concert/invocations",
            "kms_key_arn": "",
            "last_modified": "2022-06-15T15:08:43.000+0000",
            "layers": [],
            "memory_size": 128,
            "package_type": "Zip",
            "publish": false,
            "qualified_arn": "arn:aws:lambda:eu-west-3:570026320413:function:edit_concert:$LATEST",
            "reserved_concurrent_executions": -1,
            "role": "arn:aws:iam::570026320413:role/Monkenewha_role",
            "runtime": "nodejs12.x",
            "s3_bucket": null,
            "s3_key": null,
            "s3_object_version": null,
            "signing_job_arn": "",
            "signing_profile_version_arn": "",
            "source_code_hash": "7tfp5vuF2TDEiUfLuRDdQp4b5+ANS11GUyvr95thKfA=",
            "source_code_size": 10007690,
            "tags": {},
            "tags_all": {},
            "timeout": 800,
            "timeouts": null,
            "tracing_config": [
              {
                "mode": "PassThrough"
              }
            ],
            "version": "$LATEST",
            "vpc_config": []
          },
          "sensitive_attributes": [],
          "private": "eyJlMmJmYjczMC1lY2FhLTExZTYtOGY4OC0zNDM2M2JjN2M0YzAiOnsiY3JlYXRlIjo2MDAwMDAwMDAwMDB9fQ==",
          "dependencies": [
            "aws_iam_role.lambda_read_role",
            "data.aws_iam_policy_document.lambdarole"
          ]
        }
      ]
    },
    {
      "mode": "managed",
      "type": "aws_lambda_function",
      "name": "lambdaEditMusique",
      "provider": "provider[\"registry.terraform.io/hashicorp/aws\"]",
      "instances": [
        {
          "schema_version": 0,
          "attributes": {
            "architectures": [],
            "arn": "arn:aws:lambda:eu-west-3:570026320413:function:edit_musique",
            "code_signing_config_arn": "",
            "dead_letter_config": [],
            "description": "Permet de modifier une musique'",
            "environment": [
              {
                "variables": {
                  "API_KEY": "AKIAYJOBXMIOTXQY4GWC",
                  "BUCKET": "monkenewha",
                  "DYNAMO_DB": "musique",
                  "TOKEN_KEY": "MoNKeneWhA22!"
                }
              }
            ],
            "ephemeral_storage": [
              {
                "size": 512
              }
            ],
            "file_system_config": [],
            "filename": "../API/editMusique.zip",
            "function_name": "edit_musique",
            "handler": "dist/index.handler",
            "id": "edit_musique",
            "image_config": [],
            "image_uri": "",
            "invoke_arn": "arn:aws:apigateway:eu-west-3:lambda:path/2015-03-31/functions/arn:aws:lambda:eu-west-3:570026320413:function:edit_musique/invocations",
            "kms_key_arn": "",
            "last_modified": "2022-05-17T16:57:30.000+0000",
            "layers": [],
            "memory_size": 128,
            "package_type": "Zip",
            "publish": false,
            "qualified_arn": "arn:aws:lambda:eu-west-3:570026320413:function:edit_musique:$LATEST",
            "reserved_concurrent_executions": -1,
            "role": "arn:aws:iam::570026320413:role/Monkenewha_role",
            "runtime": "nodejs12.x",
            "s3_bucket": null,
            "s3_key": null,
            "s3_object_version": null,
            "signing_job_arn": "",
            "signing_profile_version_arn": "",
            "source_code_hash": "WYymAwrZbykdQ/3QwirAcU9py0Sv4EnhOCf13XqfsHo=",
            "source_code_size": 10007706,
            "tags": {},
            "tags_all": {},
            "timeout": 800,
            "timeouts": null,
            "tracing_config": [
              {
                "mode": "PassThrough"
              }
            ],
            "version": "$LATEST",
            "vpc_config": []
          },
          "sensitive_attributes": [],
          "private": "eyJlMmJmYjczMC1lY2FhLTExZTYtOGY4OC0zNDM2M2JjN2M0YzAiOnsiY3JlYXRlIjo2MDAwMDAwMDAwMDB9fQ==",
          "dependencies": [
            "aws_iam_role.lambda_read_role",
            "data.aws_iam_policy_document.lambdarole"
          ]
        }
      ]
    },
    {
      "mode": "managed",
      "type": "aws_lambda_function",
      "name": "lambdaGetBlog",
      "provider": "provider[\"registry.terraform.io/hashicorp/aws\"]",
      "instances": [
        {
          "schema_version": 0,
          "attributes": {
            "architectures": [],
            "arn": "arn:aws:lambda:eu-west-3:570026320413:function:get_blog",
            "code_signing_config_arn": "",
            "dead_letter_config": [],
            "description": "Permet de récupérer un article au blog",
            "environment": [
              {
                "variables": {
                  "API_KEY": "AKIAYJOBXMIOTXQY4GWC",
                  "DYNAMO_DB": "blog",
                  "TOKEN_KEY": "MoNKeneWhA22!"
                }
              }
            ],
            "ephemeral_storage": [
              {
                "size": 512
              }
            ],
            "file_system_config": [],
            "filename": "../API/getBlog.zip",
            "function_name": "get_blog",
            "handler": "dist/index.handler",
            "id": "get_blog",
            "image_config": [],
            "image_uri": "",
            "invoke_arn": "arn:aws:apigateway:eu-west-3:lambda:path/2015-03-31/functions/arn:aws:lambda:eu-west-3:570026320413:function:get_blog/invocations",
            "kms_key_arn": "",
            "last_modified": "2022-05-19T13:57:16.000+0000",
            "layers": [],
            "memory_size": 128,
            "package_type": "Zip",
            "publish": false,
            "qualified_arn": "arn:aws:lambda:eu-west-3:570026320413:function:get_blog:$LATEST",
            "reserved_concurrent_executions": -1,
            "role": "arn:aws:iam::570026320413:role/Monkenewha_role",
            "runtime": "nodejs12.x",
            "s3_bucket": null,
            "s3_key": null,
            "s3_object_version": null,
            "signing_job_arn": "",
            "signing_profile_version_arn": "",
            "source_code_hash": "VLeQY8bjZeVBNGirW757rSSrYtjtQ6/FlG3E9BPzfu0=",
            "source_code_size": 11135190,
            "tags": {},
            "tags_all": {},
            "timeout": 800,
            "timeouts": null,
            "tracing_config": [
              {
                "mode": "PassThrough"
              }
            ],
            "version": "$LATEST",
            "vpc_config": []
          },
          "sensitive_attributes": [],
          "private": "eyJlMmJmYjczMC1lY2FhLTExZTYtOGY4OC0zNDM2M2JjN2M0YzAiOnsiY3JlYXRlIjo2MDAwMDAwMDAwMDB9fQ==",
          "dependencies": [
            "aws_iam_role.lambda_read_role",
            "data.aws_iam_policy_document.lambdarole"
          ]
        }
      ]
    },
    {
      "mode": "managed",
      "type": "aws_lambda_function",
      "name": "lambdaGetConcert",
      "provider": "provider[\"registry.terraform.io/hashicorp/aws\"]",
      "instances": [
        {
          "schema_version": 0,
          "attributes": {
            "architectures": [],
            "arn": "arn:aws:lambda:eu-west-3:570026320413:function:get_concert",
            "code_signing_config_arn": "",
            "dead_letter_config": [],
            "description": "Permet de récupérer les concerts",
            "environment": [
              {
                "variables": {
                  "API_KEY": "AKIAYJOBXMIOTXQY4GWC",
                  "DYNAMO_DB": "concert",
                  "TOKEN_KEY": "MoNKeneWhA22!"
                }
              }
            ],
            "ephemeral_storage": [
              {
                "size": 512
              }
            ],
            "file_system_config": [],
            "filename": "../API/getConcert.zip",
            "function_name": "get_concert",
            "handler": "dist/index.handler",
            "id": "get_concert",
            "image_config": [],
            "image_uri": "",
            "invoke_arn": "arn:aws:apigateway:eu-west-3:lambda:path/2015-03-31/functions/arn:aws:lambda:eu-west-3:570026320413:function:get_concert/invocations",
            "kms_key_arn": "",
            "last_modified": "2022-06-15T15:08:58.000+0000",
            "layers": [],
            "memory_size": 128,
            "package_type": "Zip",
            "publish": false,
            "qualified_arn": "arn:aws:lambda:eu-west-3:570026320413:function:get_concert:$LATEST",
            "reserved_concurrent_executions": -1,
            "role": "arn:aws:iam::570026320413:role/Monkenewha_role",
            "runtime": "nodejs12.x",
            "s3_bucket": null,
            "s3_key": null,
            "s3_object_version": null,
            "signing_job_arn": "",
            "signing_profile_version_arn": "",
            "source_code_hash": "6D6GmUumvkMbK3YoIEZDJf6mfR9a/hogWhQx7Aa4+w0=",
            "source_code_size": 11135319,
            "tags": {},
            "tags_all": {},
            "timeout": 800,
            "timeouts": null,
            "tracing_config": [
              {
                "mode": "PassThrough"
              }
            ],
            "version": "$LATEST",
            "vpc_config": []
          },
          "sensitive_attributes": [],
          "private": "eyJlMmJmYjczMC1lY2FhLTExZTYtOGY4OC0zNDM2M2JjN2M0YzAiOnsiY3JlYXRlIjo2MDAwMDAwMDAwMDB9fQ==",
          "dependencies": [
            "aws_iam_role.lambda_read_role",
            "data.aws_iam_policy_document.lambdarole"
          ]
        }
      ]
    },
    {
      "mode": "managed",
      "type": "aws_lambda_function",
      "name": "lambdaGetMusique",
      "provider": "provider[\"registry.terraform.io/hashicorp/aws\"]",
      "instances": [
        {
          "schema_version": 0,
          "attributes": {
            "architectures": [],
            "arn": "arn:aws:lambda:eu-west-3:570026320413:function:get_musique",
            "code_signing_config_arn": "",
            "dead_letter_config": [],
            "description": "Permet de récupérer une musique",
            "environment": [
              {
                "variables": {
                  "API_KEY": "AKIAYJOBXMIOTXQY4GWC",
                  "BUCKET": "monkenewha",
                  "DYNAMO_DB": "musique",
                  "TOKEN_KEY": "MoNKeneWhA22!"
                }
              }
            ],
            "ephemeral_storage": [
              {
                "size": 512
              }
            ],
            "file_system_config": [],
            "filename": "../API/getMusique.zip",
            "function_name": "get_musique",
            "handler": "dist/index.handler",
            "id": "get_musique",
            "image_config": [],
            "image_uri": "",
            "invoke_arn": "arn:aws:apigateway:eu-west-3:lambda:path/2015-03-31/functions/arn:aws:lambda:eu-west-3:570026320413:function:get_musique/invocations",
            "kms_key_arn": "",
            "last_modified": "2022-05-17T16:34:04.000+0000",
            "layers": [],
            "memory_size": 128,
            "package_type": "Zip",
            "publish": false,
            "qualified_arn": "arn:aws:lambda:eu-west-3:570026320413:function:get_musique:$LATEST",
            "reserved_concurrent_executions": -1,
            "role": "arn:aws:iam::570026320413:role/Monkenewha_role",
            "runtime": "nodejs12.x",
            "s3_bucket": null,
            "s3_key": null,
            "s3_object_version": null,
            "signing_job_arn": "",
            "signing_profile_version_arn": "",
            "source_code_hash": "hulYD0NBhZaOr59YBLCaEyIWfUCXb7VZ1y5o5FFJsmI=",
            "source_code_size": 11135446,
            "tags": {},
            "tags_all": {},
            "timeout": 800,
            "timeouts": null,
            "tracing_config": [
              {
                "mode": "PassThrough"
              }
            ],
            "version": "$LATEST",
            "vpc_config": []
          },
          "sensitive_attributes": [],
          "private": "eyJlMmJmYjczMC1lY2FhLTExZTYtOGY4OC0zNDM2M2JjN2M0YzAiOnsiY3JlYXRlIjo2MDAwMDAwMDAwMDB9fQ==",
          "dependencies": [
            "aws_iam_role.lambda_read_role",
            "data.aws_iam_policy_document.lambdarole"
          ]
        }
      ]
    },
    {
      "mode": "managed",
      "type": "aws_lambda_function",
      "name": "lambdaListMusique",
      "provider": "provider[\"registry.terraform.io/hashicorp/aws\"]",
      "instances": [
        {
          "schema_version": 0,
          "attributes": {
            "architectures": [],
            "arn": "arn:aws:lambda:eu-west-3:570026320413:function:list_musique",
            "code_signing_config_arn": "",
            "dead_letter_config": [],
            "description": "Permet de lister les musiques",
            "environment": [
              {
                "variables": {
                  "API_KEY": "AKIAYJOBXMIOTXQY4GWC",
                  "BUCKET": "monkenewha",
                  "DYNAMO_DB": "musique",
                  "TOKEN_KEY": "MoNKeneWhA22!"
                }
              }
            ],
            "ephemeral_storage": [
              {
                "size": 10240
              }
            ],
            "file_system_config": [],
            "filename": "../API/listMusique.zip",
            "function_name": "list_musique",
            "handler": "dist/index.handler",
            "id": "list_musique",
            "image_config": [],
            "image_uri": "",
            "invoke_arn": "arn:aws:apigateway:eu-west-3:lambda:path/2015-03-31/functions/arn:aws:lambda:eu-west-3:570026320413:function:list_musique/invocations",
            "kms_key_arn": "",
            "last_modified": "2022-05-17T13:30:15.000+0000",
            "layers": [],
            "memory_size": 128,
            "package_type": "Zip",
            "publish": false,
            "qualified_arn": "arn:aws:lambda:eu-west-3:570026320413:function:list_musique:$LATEST",
            "reserved_concurrent_executions": -1,
            "role": "arn:aws:iam::570026320413:role/Monkenewha_role",
            "runtime": "nodejs12.x",
            "s3_bucket": null,
            "s3_key": null,
            "s3_object_version": null,
            "signing_job_arn": "",
            "signing_profile_version_arn": "",
            "source_code_hash": "Y+lt+u2pJaEGX4tJiI0RqxI6zE0JQ1vYd54OkhB/y1k=",
            "source_code_size": 10007458,
            "tags": {},
            "tags_all": {},
            "timeout": 800,
            "timeouts": null,
            "tracing_config": [
              {
                "mode": "PassThrough"
              }
            ],
            "version": "$LATEST",
            "vpc_config": []
          },
          "sensitive_attributes": [],
          "private": "eyJlMmJmYjczMC1lY2FhLTExZTYtOGY4OC0zNDM2M2JjN2M0YzAiOnsiY3JlYXRlIjo2MDAwMDAwMDAwMDB9fQ==",
          "dependencies": [
            "aws_iam_role.lambda_read_role",
            "data.aws_iam_policy_document.lambdarole"
          ]
        }
      ]
    },
    {
      "mode": "managed",
      "type": "aws_lambda_function",
      "name": "lambdaLogin",
      "provider": "provider[\"registry.terraform.io/hashicorp/aws\"]",
      "instances": [
        {
          "schema_version": 0,
          "attributes": {
            "architectures": [],
            "arn": "arn:aws:lambda:eu-west-3:570026320413:function:login",
            "code_signing_config_arn": "",
            "dead_letter_config": [],
            "description": "Permet de se connecter",
            "environment": [
              {
                "variables": {
                  "API_KEY": "AKIAYJOBXMIOTXQY4GWC",
                  "DYNAMO_DB": "user",
                  "TOKEN_KEY": "MoNKeneWhA22!"
                }
              }
            ],
            "ephemeral_storage": [
              {
                "size": 512
              }
            ],
            "file_system_config": [],
            "filename": "../API/login.zip",
            "function_name": "login",
            "handler": "dist/index.handler",
            "id": "login",
            "image_config": [],
            "image_uri": "",
            "invoke_arn": "arn:aws:apigateway:eu-west-3:lambda:path/2015-03-31/functions/arn:aws:lambda:eu-west-3:570026320413:function:login/invocations",
            "kms_key_arn": "",
            "last_modified": "2022-06-12T19:14:12.000+0000",
            "layers": [],
            "memory_size": 128,
            "package_type": "Zip",
            "publish": false,
            "qualified_arn": "arn:aws:lambda:eu-west-3:570026320413:function:login:$LATEST",
            "reserved_concurrent_executions": -1,
            "role": "arn:aws:iam::570026320413:role/Monkenewha_role",
            "runtime": "nodejs12.x",
            "s3_bucket": null,
            "s3_key": null,
            "s3_object_version": null,
            "signing_job_arn": "",
            "signing_profile_version_arn": "",
            "source_code_hash": "ZsLDrp8j56keNKmEIYE7wz2uCg81seWHL0yZ8M7LjGY=",
            "source_code_size": 10129271,
            "tags": {},
            "tags_all": {},
            "timeout": 800,
            "timeouts": null,
            "tracing_config": [
              {
                "mode": "PassThrough"
              }
            ],
            "version": "$LATEST",
            "vpc_config": []
          },
          "sensitive_attributes": [],
          "private": "eyJlMmJmYjczMC1lY2FhLTExZTYtOGY4OC0zNDM2M2JjN2M0YzAiOnsiY3JlYXRlIjo2MDAwMDAwMDAwMDB9fQ==",
          "dependencies": [
            "aws_iam_role.lambda_read_role",
            "data.aws_iam_policy_document.lambdarole"
          ]
        }
      ]
    },
    {
      "mode": "managed",
      "type": "aws_lambda_function",
      "name": "lambdaLogout",
      "provider": "provider[\"registry.terraform.io/hashicorp/aws\"]",
      "instances": [
        {
          "schema_version": 0,
          "attributes": {
            "architectures": [],
            "arn": "arn:aws:lambda:eu-west-3:570026320413:function:logout",
            "code_signing_config_arn": "",
            "dead_letter_config": [],
            "description": "Permet de se déconnecter",
            "environment": [
              {
                "variables": {
                  "API_KEY": "AKIAYJOBXMIOTXQY4GWC",
                  "DYNAMO_DB": "user",
                  "TOKEN_KEY": "MoNKeneWhA22!"
                }
              }
            ],
            "ephemeral_storage": [
              {
                "size": 512
              }
            ],
            "file_system_config": [],
            "filename": "../API/logout.zip",
            "function_name": "logout",
            "handler": "dist/index.handler",
            "id": "logout",
            "image_config": [],
            "image_uri": "",
            "invoke_arn": "arn:aws:apigateway:eu-west-3:lambda:path/2015-03-31/functions/arn:aws:lambda:eu-west-3:570026320413:function:logout/invocations",
            "kms_key_arn": "",
            "last_modified": "2022-03-31T16:20:11.512+0000",
            "layers": [],
            "memory_size": 128,
            "package_type": "Zip",
            "publish": false,
            "qualified_arn": "arn:aws:lambda:eu-west-3:570026320413:function:logout:$LATEST",
            "reserved_concurrent_executions": -1,
            "role": "arn:aws:iam::570026320413:role/Monkenewha_role",
            "runtime": "nodejs12.x",
            "s3_bucket": null,
            "s3_key": null,
            "s3_object_version": null,
            "signing_job_arn": "",
            "signing_profile_version_arn": "",
            "source_code_hash": "xR3yZxWMjzO0MyivoxkGamYTYm6XwryvQjtDhM8dKjg=",
            "source_code_size": 10126764,
            "tags": {},
            "tags_all": {},
            "timeout": 800,
            "timeouts": null,
            "tracing_config": [
              {
                "mode": "PassThrough"
              }
            ],
            "version": "$LATEST",
            "vpc_config": []
          },
          "sensitive_attributes": [],
          "private": "eyJlMmJmYjczMC1lY2FhLTExZTYtOGY4OC0zNDM2M2JjN2M0YzAiOnsiY3JlYXRlIjo2MDAwMDAwMDAwMDB9fQ==",
          "dependencies": [
            "aws_iam_role.lambda_read_role",
            "data.aws_iam_policy_document.lambdarole"
          ]
        }
      ]
    },
    {
      "mode": "managed",
      "type": "aws_lambda_function",
      "name": "lambdaLostPassword",
      "provider": "provider[\"registry.terraform.io/hashicorp/aws\"]",
      "instances": [
        {
          "schema_version": 0,
          "attributes": {
            "architectures": [],
            "arn": "arn:aws:lambda:eu-west-3:570026320413:function:lost_password",
            "code_signing_config_arn": "",
            "dead_letter_config": [],
            "description": "Permet de gérer le mot de passe oublié",
            "environment": [
              {
                "variables": {
                  "DYNAMO_DB": "user",
                  "TOKEN_KEY": "MoNKeneWhA22!"
                }
              }
            ],
            "ephemeral_storage": [
              {
                "size": 512
              }
            ],
            "file_system_config": [],
            "filename": "../API/lostPassword.zip",
            "function_name": "lost_password",
            "handler": "dist/index.handler",
            "id": "lost_password",
            "image_config": [],
            "image_uri": "",
            "invoke_arn": "arn:aws:apigateway:eu-west-3:lambda:path/2015-03-31/functions/arn:aws:lambda:eu-west-3:570026320413:function:lost_password/invocations",
            "kms_key_arn": "",
            "last_modified": "2022-06-15T18:32:01.000+0000",
            "layers": [],
            "memory_size": 128,
            "package_type": "Zip",
            "publish": false,
            "qualified_arn": "arn:aws:lambda:eu-west-3:570026320413:function:lost_password:$LATEST",
            "reserved_concurrent_executions": -1,
            "role": "arn:aws:iam::570026320413:role/Monkenewha_role",
            "runtime": "nodejs12.x",
            "s3_bucket": null,
            "s3_key": null,
            "s3_object_version": null,
            "signing_job_arn": "",
            "signing_profile_version_arn": "",
            "source_code_hash": "v3wG+zjWMLC5N/5q75sTgNOVIhCkUsvVcYSLSrGsEM0=",
            "source_code_size": 10303942,
            "tags": {},
            "tags_all": {},
            "timeout": 800,
            "timeouts": null,
            "tracing_config": [
              {
                "mode": "PassThrough"
              }
            ],
            "version": "$LATEST",
            "vpc_config": []
          },
          "sensitive_attributes": [],
          "private": "eyJlMmJmYjczMC1lY2FhLTExZTYtOGY4OC0zNDM2M2JjN2M0YzAiOnsiY3JlYXRlIjo2MDAwMDAwMDAwMDB9fQ==",
          "dependencies": [
            "aws_iam_role.lambda_read_role",
            "data.aws_iam_policy_document.lambdarole"
          ]
        }
      ]
    },
    {
      "mode": "managed",
      "type": "aws_lambda_function",
      "name": "lambdaReinitialisePassword",
      "provider": "provider[\"registry.terraform.io/hashicorp/aws\"]",
      "instances": [
        {
          "schema_version": 0,
          "attributes": {
            "architectures": [],
            "arn": "arn:aws:lambda:eu-west-3:570026320413:function:reinitialise_password",
            "code_signing_config_arn": "",
            "dead_letter_config": [],
            "description": "Permet de reinintialiser le mot de passe d'un utilisateur",
            "environment": [
              {
                "variables": {
                  "DYNAMO_DB": "user",
                  "TOKEN_KEY": "MoNKeneWhA22!"
                }
              }
            ],
            "ephemeral_storage": [
              {
                "size": 512
              }
            ],
            "file_system_config": [],
            "filename": "../API/reinitialisePassword.zip",
            "function_name": "reinitialise_password",
            "handler": "dist/index.handler",
            "id": "reinitialise_password",
            "image_config": [],
            "image_uri": "",
            "invoke_arn": "arn:aws:apigateway:eu-west-3:lambda:path/2015-03-31/functions/arn:aws:lambda:eu-west-3:570026320413:function:reinitialise_password/invocations",
            "kms_key_arn": "",
            "last_modified": "2022-06-15T17:41:20.000+0000",
            "layers": [],
            "memory_size": 128,
            "package_type": "Zip",
            "publish": false,
            "qualified_arn": "arn:aws:lambda:eu-west-3:570026320413:function:reinitialise_password:$LATEST",
            "reserved_concurrent_executions": -1,
            "role": "arn:aws:iam::570026320413:role/Monkenewha_role",
            "runtime": "nodejs12.x",
            "s3_bucket": null,
            "s3_key": null,
            "s3_object_version": null,
            "signing_job_arn": "",
            "signing_profile_version_arn": "",
            "source_code_hash": "wPr+QWkUJAVSHjBF+0kVvDq0HlPzgcngA415N2I45KQ=",
            "source_code_size": 10131794,
            "tags": {},
            "tags_all": {},
            "timeout": 800,
            "timeouts": null,
            "tracing_config": [
              {
                "mode": "PassThrough"
              }
            ],
            "version": "$LATEST",
            "vpc_config": []
          },
          "sensitive_attributes": [],
          "private": "eyJlMmJmYjczMC1lY2FhLTExZTYtOGY4OC0zNDM2M2JjN2M0YzAiOnsiY3JlYXRlIjo2MDAwMDAwMDAwMDB9fQ==",
          "dependencies": [
            "aws_iam_role.lambda_read_role",
            "data.aws_iam_policy_document.lambdarole"
          ]
        }
      ]
    },
    {
      "mode": "managed",
      "type": "aws_lambda_function",
      "name": "lambdaReserveConcert",
      "provider": "provider[\"registry.terraform.io/hashicorp/aws\"]",
      "instances": [
        {
          "schema_version": 0,
          "attributes": {
            "architectures": [],
            "arn": "arn:aws:lambda:eu-west-3:570026320413:function:reserve_concert",
            "code_signing_config_arn": "",
            "dead_letter_config": [],
            "description": "Permet de reserver un concert",
            "environment": [
              {
                "variables": {
                  "DYNAMO_DB": "user",
                  "TOKEN_KEY": "MoNKeneWhA22!"
                }
              }
            ],
            "ephemeral_storage": [
              {
                "size": 512
              }
            ],
            "file_system_config": [],
            "filename": "../API/reserveConcert.zip",
            "function_name": "reserve_concert",
            "handler": "dist/index.handler",
            "id": "reserve_concert",
            "image_config": [],
            "image_uri": "",
            "invoke_arn": "arn:aws:apigateway:eu-west-3:lambda:path/2015-03-31/functions/arn:aws:lambda:eu-west-3:570026320413:function:reserve_concert/invocations",
            "kms_key_arn": "",
            "last_modified": "2022-06-12T16:47:08.000+0000",
            "layers": [],
            "memory_size": 128,
            "package_type": "Zip",
            "publish": false,
            "qualified_arn": "arn:aws:lambda:eu-west-3:570026320413:function:reserve_concert:$LATEST",
            "reserved_concurrent_executions": -1,
            "role": "arn:aws:iam::570026320413:role/Monkenewha_role",
            "runtime": "nodejs12.x",
            "s3_bucket": null,
            "s3_key": null,
            "s3_object_version": null,
            "signing_job_arn": "",
            "signing_profile_version_arn": "",
            "source_code_hash": "ncXb5UgfDkdpzbtZ2PHTByduJnUv/glk8aJaroQD6Kw=",
            "source_code_size": 10132069,
            "tags": {},
            "tags_all": {},
            "timeout": 800,
            "timeouts": null,
            "tracing_config": [
              {
                "mode": "PassThrough"
              }
            ],
            "version": "$LATEST",
            "vpc_config": []
          },
          "sensitive_attributes": [],
          "private": "eyJlMmJmYjczMC1lY2FhLTExZTYtOGY4OC0zNDM2M2JjN2M0YzAiOnsiY3JlYXRlIjo2MDAwMDAwMDAwMDB9fQ==",
          "dependencies": [
            "aws_iam_role.lambda_read_role",
            "data.aws_iam_policy_document.lambdarole"
          ]
        }
      ]
    },
    {
      "mode": "managed",
      "type": "aws_lambda_function",
      "name": "lambdaUpdatePassword",
      "provider": "provider[\"registry.terraform.io/hashicorp/aws\"]",
      "instances": [
        {
          "schema_version": 0,
          "attributes": {
            "architectures": [],
            "arn": "arn:aws:lambda:eu-west-3:570026320413:function:update_password",
            "code_signing_config_arn": "",
            "dead_letter_config": [],
            "description": "Permet de changer le mot de passe",
            "environment": [
              {
                "variables": {
                  "DYNAMO_DB": "user",
                  "TOKEN_KEY": "MoNKeneWhA22!"
                }
              }
            ],
            "ephemeral_storage": [
              {
                "size": 512
              }
            ],
            "file_system_config": [],
            "filename": "../API/updatePassword.zip",
            "function_name": "update_password",
            "handler": "dist/index.handler",
            "id": "update_password",
            "image_config": [],
            "image_uri": "",
            "invoke_arn": "arn:aws:apigateway:eu-west-3:lambda:path/2015-03-31/functions/arn:aws:lambda:eu-west-3:570026320413:function:update_password/invocations",
            "kms_key_arn": "",
            "last_modified": "2022-06-12T01:35:51.000+0000",
            "layers": [],
            "memory_size": 128,
            "package_type": "Zip",
            "publish": false,
            "qualified_arn": "arn:aws:lambda:eu-west-3:570026320413:function:update_password:$LATEST",
            "reserved_concurrent_executions": -1,
            "role": "arn:aws:iam::570026320413:role/Monkenewha_role",
            "runtime": "nodejs12.x",
            "s3_bucket": null,
            "s3_key": null,
            "s3_object_version": null,
            "signing_job_arn": "",
            "signing_profile_version_arn": "",
            "source_code_hash": "5F9qEVO6CccAwc+VD2BHTV1+ImixBcFFfCKexVs4bjk=",
            "source_code_size": 10131917,
            "tags": {},
            "tags_all": {},
            "timeout": 800,
            "timeouts": null,
            "tracing_config": [
              {
                "mode": "PassThrough"
              }
            ],
            "version": "$LATEST",
            "vpc_config": []
          },
          "sensitive_attributes": [],
          "private": "eyJlMmJmYjczMC1lY2FhLTExZTYtOGY4OC0zNDM2M2JjN2M0YzAiOnsiY3JlYXRlIjo2MDAwMDAwMDAwMDB9fQ==",
          "dependencies": [
            "aws_iam_role.lambda_read_role",
            "data.aws_iam_policy_document.lambdarole"
          ]
        }
      ]
    },
    {
      "mode": "managed",
      "type": "aws_lambda_function",
      "name": "lambdaUpdateUser",
      "provider": "provider[\"registry.terraform.io/hashicorp/aws\"]",
      "instances": [
        {
          "schema_version": 0,
          "attributes": {
            "architectures": [],
            "arn": "arn:aws:lambda:eu-west-3:570026320413:function:update_user",
            "code_signing_config_arn": "",
            "dead_letter_config": [],
            "description": "Permet de mettre à jour un utilisateur",
            "environment": [
              {
                "variables": {
                  "DYNAMO_DB": "user",
                  "TOKEN_KEY": "MoNKeneWhA22!"
                }
              }
            ],
            "ephemeral_storage": [
              {
                "size": 512
              }
            ],
            "file_system_config": [],
            "filename": "../API/updateUser.zip",
            "function_name": "update_user",
            "handler": "dist/index.handler",
            "id": "update_user",
            "image_config": [],
            "image_uri": "",
            "invoke_arn": "arn:aws:apigateway:eu-west-3:lambda:path/2015-03-31/functions/arn:aws:lambda:eu-west-3:570026320413:function:update_user/invocations",
            "kms_key_arn": "",
            "last_modified": "2022-06-12T12:04:31.000+0000",
            "layers": [],
            "memory_size": 128,
            "package_type": "Zip",
            "publish": false,
            "qualified_arn": "arn:aws:lambda:eu-west-3:570026320413:function:update_user:$LATEST",
            "reserved_concurrent_executions": -1,
            "role": "arn:aws:iam::570026320413:role/Monkenewha_role",
            "runtime": "nodejs12.x",
            "s3_bucket": null,
            "s3_key": null,
            "s3_object_version": null,
            "signing_job_arn": "",
            "signing_profile_version_arn": "",
            "source_code_hash": "cV+CMpbWpKhyt1Il2QFCTxaqrwiMJLQLKf+0VMBQp0c=",
            "source_code_size": 10131793,
            "tags": {},
            "tags_all": {},
            "timeout": 800,
            "timeouts": null,
            "tracing_config": [
              {
                "mode": "PassThrough"
              }
            ],
            "version": "$LATEST",
            "vpc_config": []
          },
          "sensitive_attributes": [],
          "private": "eyJlMmJmYjczMC1lY2FhLTExZTYtOGY4OC0zNDM2M2JjN2M0YzAiOnsiY3JlYXRlIjo2MDAwMDAwMDAwMDB9fQ==",
          "dependencies": [
            "aws_iam_role.lambda_read_role",
            "data.aws_iam_policy_document.lambdarole"
          ]
        }
      ]
    },
    {
      "mode": "managed",
      "type": "aws_lambda_function",
      "name": "lambdaValidationEmail",
      "provider": "provider[\"registry.terraform.io/hashicorp/aws\"]",
      "instances": [
        {
          "schema_version": 0,
          "attributes": {
            "architectures": [],
            "arn": "arn:aws:lambda:eu-west-3:570026320413:function:validation_email",
            "code_signing_config_arn": "",
            "dead_letter_config": [],
            "description": "Permet d'activer le compte de l'utilisateur",
            "environment": [
              {
                "variables": {
                  "DYNAMO_DB": "user",
                  "TOKEN_KEY": "MoNKeneWhA22!"
                }
              }
            ],
            "ephemeral_storage": [
              {
                "size": 512
              }
            ],
            "file_system_config": [],
            "filename": "../API/validationEmail.zip",
            "function_name": "validation_email",
            "handler": "dist/index.handler",
            "id": "validation_email",
            "image_config": [],
            "image_uri": "",
            "invoke_arn": "arn:aws:apigateway:eu-west-3:lambda:path/2015-03-31/functions/arn:aws:lambda:eu-west-3:570026320413:function:validation_email/invocations",
            "kms_key_arn": "",
            "last_modified": "2022-06-11T22:49:33.166+0000",
            "layers": [],
            "memory_size": 128,
            "package_type": "Zip",
            "publish": false,
            "qualified_arn": "arn:aws:lambda:eu-west-3:570026320413:function:validation_email:$LATEST",
            "reserved_concurrent_executions": -1,
            "role": "arn:aws:iam::570026320413:role/Monkenewha_role",
            "runtime": "nodejs12.x",
            "s3_bucket": null,
            "s3_key": null,
            "s3_object_version": null,
            "signing_job_arn": "",
            "signing_profile_version_arn": "",
            "source_code_hash": "INEC3jafcrqUJ1kVn+kIVqomwp1+JezH5YqQ0Jz/yGY=",
            "source_code_size": 10131793,
            "tags": {},
            "tags_all": {},
            "timeout": 800,
            "timeouts": null,
            "tracing_config": [
              {
                "mode": "PassThrough"
              }
            ],
            "version": "$LATEST",
            "vpc_config": []
          },
          "sensitive_attributes": [],
          "private": "eyJlMmJmYjczMC1lY2FhLTExZTYtOGY4OC0zNDM2M2JjN2M0YzAiOnsiY3JlYXRlIjo2MDAwMDAwMDAwMDB9fQ==",
          "dependencies": [
            "aws_iam_role.lambda_read_role",
            "data.aws_iam_policy_document.lambdarole"
          ]
        }
      ]
    },
    {
      "mode": "managed",
      "type": "aws_lambda_permission",
      "name": "api_addBlog",
      "provider": "provider[\"registry.terraform.io/hashicorp/aws\"]",
      "instances": [
        {
          "schema_version": 0,
          "attributes": {
            "action": "lambda:InvokeFunction",
            "event_source_token": null,
            "function_name": "add_blog",
            "id": "AllowExecutionReadFromAPIGateway",
            "principal": "apigateway.amazonaws.com",
            "qualifier": "",
            "source_account": null,
            "source_arn": "arn:aws:execute-api:eu-west-3:570026320413:a4eslgb0nl/*/*/*",
            "statement_id": "AllowExecutionReadFromAPIGateway",
            "statement_id_prefix": null
          },
          "sensitive_attributes": [],
          "private": "bnVsbA==",
          "dependencies": [
            "aws_api_gateway_rest_api.api",
            "aws_iam_role.lambda_read_role",
            "aws_lambda_function.lambdaAddBlog",
            "data.aws_iam_policy_document.lambdarole"
          ]
        }
      ]
    },
    {
      "mode": "managed",
      "type": "aws_lambda_permission",
      "name": "api_addConcert",
      "provider": "provider[\"registry.terraform.io/hashicorp/aws\"]",
      "instances": [
        {
          "schema_version": 0,
          "attributes": {
            "action": "lambda:InvokeFunction",
            "event_source_token": null,
            "function_name": "add_concert",
            "id": "AllowExecutionReadFromAPIGateway",
            "principal": "apigateway.amazonaws.com",
            "qualifier": "",
            "source_account": null,
            "source_arn": "arn:aws:execute-api:eu-west-3:570026320413:a4eslgb0nl/*/*/*",
            "statement_id": "AllowExecutionReadFromAPIGateway",
            "statement_id_prefix": null
          },
          "sensitive_attributes": [],
          "private": "bnVsbA==",
          "dependencies": [
            "aws_api_gateway_rest_api.api",
            "aws_iam_role.lambda_read_role",
            "aws_lambda_function.lambdaAddConcert",
            "data.aws_iam_policy_document.lambdarole"
          ]
        }
      ]
    },
    {
      "mode": "managed",
      "type": "aws_lambda_permission",
      "name": "api_addMusique",
      "provider": "provider[\"registry.terraform.io/hashicorp/aws\"]",
      "instances": [
        {
          "schema_version": 0,
          "attributes": {
            "action": "lambda:InvokeFunction",
            "event_source_token": null,
            "function_name": "add_musique",
            "id": "AllowExecutionReadFromAPIGateway",
            "principal": "apigateway.amazonaws.com",
            "qualifier": "",
            "source_account": null,
            "source_arn": "arn:aws:execute-api:eu-west-3:570026320413:a4eslgb0nl/*/*/*",
            "statement_id": "AllowExecutionReadFromAPIGateway",
            "statement_id_prefix": null
          },
          "sensitive_attributes": [],
          "private": "bnVsbA==",
          "dependencies": [
            "aws_api_gateway_rest_api.api",
            "aws_iam_role.lambda_read_role",
            "aws_lambda_function.lambdaAddMusique",
            "data.aws_iam_policy_document.lambdarole"
          ]
        }
      ]
    },
    {
      "mode": "managed",
      "type": "aws_lambda_permission",
      "name": "api_add_user",
      "provider": "provider[\"registry.terraform.io/hashicorp/aws\"]",
      "instances": [
        {
          "schema_version": 0,
          "attributes": {
            "action": "lambda:InvokeFunction",
            "event_source_token": null,
            "function_name": "add_user",
            "id": "AllowExecutionReadFromAPIGateway",
            "principal": "apigateway.amazonaws.com",
            "qualifier": "",
            "source_account": null,
            "source_arn": "arn:aws:execute-api:eu-west-3:570026320413:a4eslgb0nl/*/*/*",
            "statement_id": "AllowExecutionReadFromAPIGateway",
            "statement_id_prefix": null
          },
          "sensitive_attributes": [],
          "private": "bnVsbA==",
          "dependencies": [
            "aws_api_gateway_rest_api.api",
            "aws_iam_role.lambda_read_role",
            "aws_lambda_function.lambdaAddUser",
            "data.aws_iam_policy_document.lambdarole"
          ]
        }
      ]
    },
    {
      "mode": "managed",
      "type": "aws_lambda_permission",
      "name": "api_contact",
      "provider": "provider[\"registry.terraform.io/hashicorp/aws\"]",
      "instances": [
        {
          "schema_version": 0,
          "attributes": {
            "action": "lambda:InvokeFunction",
            "event_source_token": null,
            "function_name": "contact",
            "id": "AllowExecutionReadFromAPIGateway",
            "principal": "apigateway.amazonaws.com",
            "qualifier": "",
            "source_account": null,
            "source_arn": "arn:aws:execute-api:eu-west-3:570026320413:a4eslgb0nl/*/*/*",
            "statement_id": "AllowExecutionReadFromAPIGateway",
            "statement_id_prefix": null
          },
          "sensitive_attributes": [],
          "private": "bnVsbA==",
          "dependencies": [
            "aws_api_gateway_rest_api.api",
            "aws_iam_role.lambda_read_role",
            "aws_lambda_function.lambdaContact",
            "data.aws_iam_policy_document.lambdarole"
          ]
        }
      ]
    },
    {
      "mode": "managed",
      "type": "aws_lambda_permission",
      "name": "api_deleteBlog",
      "provider": "provider[\"registry.terraform.io/hashicorp/aws\"]",
      "instances": [
        {
          "schema_version": 0,
          "attributes": {
            "action": "lambda:InvokeFunction",
            "event_source_token": null,
            "function_name": "delete_blog",
            "id": "AllowExecutionReadFromAPIGateway",
            "principal": "apigateway.amazonaws.com",
            "qualifier": "",
            "source_account": null,
            "source_arn": "arn:aws:execute-api:eu-west-3:570026320413:a4eslgb0nl/*/*/*",
            "statement_id": "AllowExecutionReadFromAPIGateway",
            "statement_id_prefix": null
          },
          "sensitive_attributes": [],
          "private": "bnVsbA==",
          "dependencies": [
            "aws_api_gateway_rest_api.api",
            "aws_iam_role.lambda_read_role",
            "aws_lambda_function.lambdaDeleteBlog",
            "data.aws_iam_policy_document.lambdarole"
          ]
        }
      ]
    },
    {
      "mode": "managed",
      "type": "aws_lambda_permission",
      "name": "api_deleteConcert",
      "provider": "provider[\"registry.terraform.io/hashicorp/aws\"]",
      "instances": [
        {
          "schema_version": 0,
          "attributes": {
            "action": "lambda:InvokeFunction",
            "event_source_token": null,
            "function_name": "delete_concert",
            "id": "AllowExecutionReadFromAPIGateway",
            "principal": "apigateway.amazonaws.com",
            "qualifier": "",
            "source_account": null,
            "source_arn": "arn:aws:execute-api:eu-west-3:570026320413:a4eslgb0nl/*/*/*",
            "statement_id": "AllowExecutionReadFromAPIGateway",
            "statement_id_prefix": null
          },
          "sensitive_attributes": [],
          "private": "bnVsbA==",
          "dependencies": [
            "aws_api_gateway_rest_api.api",
            "aws_iam_role.lambda_read_role",
            "aws_lambda_function.lambdaDeleteConcert",
            "data.aws_iam_policy_document.lambdarole"
          ]
        }
      ]
    },
    {
      "mode": "managed",
      "type": "aws_lambda_permission",
      "name": "api_deleteMusique",
      "provider": "provider[\"registry.terraform.io/hashicorp/aws\"]",
      "instances": [
        {
          "schema_version": 0,
          "attributes": {
            "action": "lambda:InvokeFunction",
            "event_source_token": null,
            "function_name": "delete_musique",
            "id": "AllowExecutionReadFromAPIGateway",
            "principal": "apigateway.amazonaws.com",
            "qualifier": "",
            "source_account": null,
            "source_arn": "arn:aws:execute-api:eu-west-3:570026320413:a4eslgb0nl/*/*/*",
            "statement_id": "AllowExecutionReadFromAPIGateway",
            "statement_id_prefix": null
          },
          "sensitive_attributes": [],
          "private": "bnVsbA==",
          "dependencies": [
            "aws_api_gateway_rest_api.api",
            "aws_iam_role.lambda_read_role",
            "aws_lambda_function.lambdaDeleteMusique",
            "data.aws_iam_policy_document.lambdarole"
          ]
        }
      ]
    },
    {
      "mode": "managed",
      "type": "aws_lambda_permission",
      "name": "api_editBlog",
      "provider": "provider[\"registry.terraform.io/hashicorp/aws\"]",
      "instances": [
        {
          "schema_version": 0,
          "attributes": {
            "action": "lambda:InvokeFunction",
            "event_source_token": null,
            "function_name": "edit_blog",
            "id": "AllowExecutionReadFromAPIGateway",
            "principal": "apigateway.amazonaws.com",
            "qualifier": "",
            "source_account": null,
            "source_arn": "arn:aws:execute-api:eu-west-3:570026320413:a4eslgb0nl/*/*/*",
            "statement_id": "AllowExecutionReadFromAPIGateway",
            "statement_id_prefix": null
          },
          "sensitive_attributes": [],
          "private": "bnVsbA==",
          "dependencies": [
            "aws_api_gateway_rest_api.api",
            "aws_iam_role.lambda_read_role",
            "aws_lambda_function.lambdaEditBlog",
            "data.aws_iam_policy_document.lambdarole"
          ]
        }
      ]
    },
    {
      "mode": "managed",
      "type": "aws_lambda_permission",
      "name": "api_editConcert",
      "provider": "provider[\"registry.terraform.io/hashicorp/aws\"]",
      "instances": [
        {
          "schema_version": 0,
          "attributes": {
            "action": "lambda:InvokeFunction",
            "event_source_token": null,
            "function_name": "edit_concert",
            "id": "AllowExecutionReadFromAPIGateway",
            "principal": "apigateway.amazonaws.com",
            "qualifier": "",
            "source_account": null,
            "source_arn": "arn:aws:execute-api:eu-west-3:570026320413:a4eslgb0nl/*/*/*",
            "statement_id": "AllowExecutionReadFromAPIGateway",
            "statement_id_prefix": null
          },
          "sensitive_attributes": [],
          "private": "bnVsbA==",
          "dependencies": [
            "aws_api_gateway_rest_api.api",
            "aws_iam_role.lambda_read_role",
            "aws_lambda_function.lambdaEditConcert",
            "data.aws_iam_policy_document.lambdarole"
          ]
        }
      ]
    },
    {
      "mode": "managed",
      "type": "aws_lambda_permission",
      "name": "api_editMusique",
      "provider": "provider[\"registry.terraform.io/hashicorp/aws\"]",
      "instances": [
        {
          "schema_version": 0,
          "attributes": {
            "action": "lambda:InvokeFunction",
            "event_source_token": null,
            "function_name": "edit_musique",
            "id": "AllowExecutionReadFromAPIGateway",
            "principal": "apigateway.amazonaws.com",
            "qualifier": "",
            "source_account": null,
            "source_arn": "arn:aws:execute-api:eu-west-3:570026320413:a4eslgb0nl/*/*/*",
            "statement_id": "AllowExecutionReadFromAPIGateway",
            "statement_id_prefix": null
          },
          "sensitive_attributes": [],
          "private": "bnVsbA==",
          "dependencies": [
            "aws_api_gateway_rest_api.api",
            "aws_iam_role.lambda_read_role",
            "aws_lambda_function.lambdaEditMusique",
            "data.aws_iam_policy_document.lambdarole"
          ]
        }
      ]
    },
    {
      "mode": "managed",
      "type": "aws_lambda_permission",
      "name": "api_getBlog",
      "provider": "provider[\"registry.terraform.io/hashicorp/aws\"]",
      "instances": [
        {
          "schema_version": 0,
          "attributes": {
            "action": "lambda:InvokeFunction",
            "event_source_token": null,
            "function_name": "get_blog",
            "id": "AllowExecutionReadFromAPIGateway",
            "principal": "apigateway.amazonaws.com",
            "qualifier": "",
            "source_account": null,
            "source_arn": "arn:aws:execute-api:eu-west-3:570026320413:a4eslgb0nl/*/*/*",
            "statement_id": "AllowExecutionReadFromAPIGateway",
            "statement_id_prefix": null
          },
          "sensitive_attributes": [],
          "private": "bnVsbA==",
          "dependencies": [
            "aws_api_gateway_rest_api.api",
            "aws_iam_role.lambda_read_role",
            "aws_lambda_function.lambdaGetBlog",
            "data.aws_iam_policy_document.lambdarole"
          ]
        }
      ]
    },
    {
      "mode": "managed",
      "type": "aws_lambda_permission",
      "name": "api_getConcert",
      "provider": "provider[\"registry.terraform.io/hashicorp/aws\"]",
      "instances": [
        {
          "schema_version": 0,
          "attributes": {
            "action": "lambda:InvokeFunction",
            "event_source_token": null,
            "function_name": "get_concert",
            "id": "AllowExecutionReadFromAPIGateway",
            "principal": "apigateway.amazonaws.com",
            "qualifier": "",
            "source_account": null,
            "source_arn": "arn:aws:execute-api:eu-west-3:570026320413:a4eslgb0nl/*/*/*",
            "statement_id": "AllowExecutionReadFromAPIGateway",
            "statement_id_prefix": null
          },
          "sensitive_attributes": [],
          "private": "bnVsbA==",
          "dependencies": [
            "aws_api_gateway_rest_api.api",
            "aws_iam_role.lambda_read_role",
            "aws_lambda_function.lambdaGetConcert",
            "data.aws_iam_policy_document.lambdarole"
          ]
        }
      ]
    },
    {
      "mode": "managed",
      "type": "aws_lambda_permission",
      "name": "api_getMusique",
      "provider": "provider[\"registry.terraform.io/hashicorp/aws\"]",
      "instances": [
        {
          "schema_version": 0,
          "attributes": {
            "action": "lambda:InvokeFunction",
            "event_source_token": null,
            "function_name": "get_musique",
            "id": "AllowExecutionReadFromAPIGateway",
            "principal": "apigateway.amazonaws.com",
            "qualifier": "",
            "source_account": null,
            "source_arn": "arn:aws:execute-api:eu-west-3:570026320413:a4eslgb0nl/*/*/*",
            "statement_id": "AllowExecutionReadFromAPIGateway",
            "statement_id_prefix": null
          },
          "sensitive_attributes": [],
          "private": "bnVsbA==",
          "dependencies": [
            "aws_api_gateway_rest_api.api",
            "aws_iam_role.lambda_read_role",
            "aws_lambda_function.lambdaGetMusique",
            "data.aws_iam_policy_document.lambdarole"
          ]
        }
      ]
    },
    {
      "mode": "managed",
      "type": "aws_lambda_permission",
      "name": "api_listMusique",
      "provider": "provider[\"registry.terraform.io/hashicorp/aws\"]",
      "instances": [
        {
          "schema_version": 0,
          "attributes": {
            "action": "lambda:InvokeFunction",
            "event_source_token": null,
            "function_name": "list_musique",
            "id": "AllowExecutionReadFromAPIGateway",
            "principal": "apigateway.amazonaws.com",
            "qualifier": "",
            "source_account": null,
            "source_arn": "arn:aws:execute-api:eu-west-3:570026320413:a4eslgb0nl/*/*/*",
            "statement_id": "AllowExecutionReadFromAPIGateway",
            "statement_id_prefix": null
          },
          "sensitive_attributes": [],
          "private": "bnVsbA==",
          "dependencies": [
            "aws_api_gateway_rest_api.api",
            "aws_iam_role.lambda_read_role",
            "aws_lambda_function.lambdaListMusique",
            "data.aws_iam_policy_document.lambdarole"
          ]
        }
      ]
    },
    {
      "mode": "managed",
      "type": "aws_lambda_permission",
      "name": "api_login",
      "provider": "provider[\"registry.terraform.io/hashicorp/aws\"]",
      "instances": [
        {
          "schema_version": 0,
          "attributes": {
            "action": "lambda:InvokeFunction",
            "event_source_token": null,
            "function_name": "login",
            "id": "AllowExecutionReadFromAPIGateway",
            "principal": "apigateway.amazonaws.com",
            "qualifier": "",
            "source_account": null,
            "source_arn": "arn:aws:execute-api:eu-west-3:570026320413:a4eslgb0nl/*/*/*",
            "statement_id": "AllowExecutionReadFromAPIGateway",
            "statement_id_prefix": null
          },
          "sensitive_attributes": [],
          "private": "bnVsbA==",
          "dependencies": [
            "aws_api_gateway_rest_api.api",
            "aws_iam_role.lambda_read_role",
            "aws_lambda_function.lambdaLogin",
            "data.aws_iam_policy_document.lambdarole"
          ]
        }
      ]
    },
    {
      "mode": "managed",
      "type": "aws_lambda_permission",
      "name": "api_logout",
      "provider": "provider[\"registry.terraform.io/hashicorp/aws\"]",
      "instances": [
        {
          "schema_version": 0,
          "attributes": {
            "action": "lambda:InvokeFunction",
            "event_source_token": null,
            "function_name": "logout",
            "id": "AllowExecutionReadFromAPIGateway",
            "principal": "apigateway.amazonaws.com",
            "qualifier": "",
            "source_account": null,
            "source_arn": "arn:aws:execute-api:eu-west-3:570026320413:a4eslgb0nl/*/*/*",
            "statement_id": "AllowExecutionReadFromAPIGateway",
            "statement_id_prefix": null
          },
          "sensitive_attributes": [],
          "private": "bnVsbA==",
          "dependencies": [
            "aws_api_gateway_rest_api.api",
            "aws_iam_role.lambda_read_role",
            "aws_lambda_function.lambdaLogout",
            "data.aws_iam_policy_document.lambdarole"
          ]
        }
      ]
    },
    {
      "mode": "managed",
      "type": "aws_lambda_permission",
      "name": "api_lostPassword",
      "provider": "provider[\"registry.terraform.io/hashicorp/aws\"]",
      "instances": [
        {
          "schema_version": 0,
          "attributes": {
            "action": "lambda:InvokeFunction",
            "event_source_token": null,
            "function_name": "lost_password",
            "id": "AllowExecutionReadFromAPIGateway",
            "principal": "apigateway.amazonaws.com",
            "qualifier": "",
            "source_account": null,
            "source_arn": "arn:aws:execute-api:eu-west-3:570026320413:a4eslgb0nl/*/*/*",
            "statement_id": "AllowExecutionReadFromAPIGateway",
            "statement_id_prefix": null
          },
          "sensitive_attributes": [],
          "private": "bnVsbA==",
          "dependencies": [
            "aws_api_gateway_rest_api.api",
            "aws_iam_role.lambda_read_role",
            "aws_lambda_function.lambdaLostPassword",
            "data.aws_iam_policy_document.lambdarole"
          ]
        }
      ]
    },
    {
      "mode": "managed",
      "type": "aws_lambda_permission",
      "name": "api_reinitialisePassword",
      "provider": "provider[\"registry.terraform.io/hashicorp/aws\"]",
      "instances": [
        {
          "schema_version": 0,
          "attributes": {
            "action": "lambda:InvokeFunction",
            "event_source_token": null,
            "function_name": "reinitialise_password",
            "id": "AllowExecutionReadFromAPIGateway",
            "principal": "apigateway.amazonaws.com",
            "qualifier": "",
            "source_account": null,
            "source_arn": "arn:aws:execute-api:eu-west-3:570026320413:a4eslgb0nl/*/*/*",
            "statement_id": "AllowExecutionReadFromAPIGateway",
            "statement_id_prefix": null
          },
          "sensitive_attributes": [],
          "private": "bnVsbA==",
          "dependencies": [
            "aws_api_gateway_rest_api.api",
            "aws_iam_role.lambda_read_role",
            "aws_lambda_function.lambdaReinitialisePassword",
            "data.aws_iam_policy_document.lambdarole"
          ]
        }
      ]
    },
    {
      "mode": "managed",
      "type": "aws_lambda_permission",
      "name": "api_reserveConcert",
      "provider": "provider[\"registry.terraform.io/hashicorp/aws\"]",
      "instances": [
        {
          "schema_version": 0,
          "attributes": {
            "action": "lambda:InvokeFunction",
            "event_source_token": null,
            "function_name": "reserve_concert",
            "id": "AllowExecutionReadFromAPIGateway",
            "principal": "apigateway.amazonaws.com",
            "qualifier": "",
            "source_account": null,
            "source_arn": "arn:aws:execute-api:eu-west-3:570026320413:a4eslgb0nl/*/*/*",
            "statement_id": "AllowExecutionReadFromAPIGateway",
            "statement_id_prefix": null
          },
          "sensitive_attributes": [],
          "private": "bnVsbA==",
          "dependencies": [
            "aws_api_gateway_rest_api.api",
            "aws_iam_role.lambda_read_role",
            "aws_lambda_function.lambdaReserveConcert",
            "data.aws_iam_policy_document.lambdarole"
          ]
        }
      ]
    },
    {
      "mode": "managed",
      "type": "aws_lambda_permission",
      "name": "api_updatePassword",
      "provider": "provider[\"registry.terraform.io/hashicorp/aws\"]",
      "instances": [
        {
          "schema_version": 0,
          "attributes": {
            "action": "lambda:InvokeFunction",
            "event_source_token": null,
            "function_name": "update_password",
            "id": "AllowExecutionReadFromAPIGateway",
            "principal": "apigateway.amazonaws.com",
            "qualifier": "",
            "source_account": null,
            "source_arn": "arn:aws:execute-api:eu-west-3:570026320413:a4eslgb0nl/*/*/*",
            "statement_id": "AllowExecutionReadFromAPIGateway",
            "statement_id_prefix": null
          },
          "sensitive_attributes": [],
          "private": "bnVsbA==",
          "dependencies": [
            "aws_api_gateway_rest_api.api",
            "aws_iam_role.lambda_read_role",
            "aws_lambda_function.lambdaUpdatePassword",
            "data.aws_iam_policy_document.lambdarole"
          ]
        }
      ]
    },
    {
      "mode": "managed",
      "type": "aws_lambda_permission",
      "name": "api_updateUser",
      "provider": "provider[\"registry.terraform.io/hashicorp/aws\"]",
      "instances": [
        {
          "schema_version": 0,
          "attributes": {
            "action": "lambda:InvokeFunction",
            "event_source_token": null,
            "function_name": "update_user",
            "id": "AllowExecutionReadFromAPIGateway",
            "principal": "apigateway.amazonaws.com",
            "qualifier": "",
            "source_account": null,
            "source_arn": "arn:aws:execute-api:eu-west-3:570026320413:a4eslgb0nl/*/*/*",
            "statement_id": "AllowExecutionReadFromAPIGateway",
            "statement_id_prefix": null
          },
          "sensitive_attributes": [],
          "private": "bnVsbA==",
          "dependencies": [
            "aws_api_gateway_rest_api.api",
            "aws_iam_role.lambda_read_role",
            "aws_lambda_function.lambdaUpdateUser",
            "data.aws_iam_policy_document.lambdarole"
          ]
        }
      ]
    },
    {
      "mode": "managed",
      "type": "aws_lambda_permission",
      "name": "api_validationEmail",
      "provider": "provider[\"registry.terraform.io/hashicorp/aws\"]",
      "instances": [
        {
          "schema_version": 0,
          "attributes": {
            "action": "lambda:InvokeFunction",
            "event_source_token": null,
            "function_name": "validation_email",
            "id": "AllowExecutionReadFromAPIGateway",
            "principal": "apigateway.amazonaws.com",
            "qualifier": "",
            "source_account": null,
            "source_arn": "arn:aws:execute-api:eu-west-3:570026320413:a4eslgb0nl/*/*/*",
            "statement_id": "AllowExecutionReadFromAPIGateway",
            "statement_id_prefix": null
          },
          "sensitive_attributes": [],
          "private": "bnVsbA==",
          "dependencies": [
            "aws_api_gateway_rest_api.api",
            "aws_iam_role.lambda_read_role",
            "aws_lambda_function.lambdaValidationEmail",
            "data.aws_iam_policy_document.lambdarole"
          ]
        }
      ]
    },
    {
      "mode": "managed",
      "type": "aws_s3_bucket",
      "name": "monkenewha",
      "provider": "provider[\"registry.terraform.io/hashicorp/aws\"]",
      "instances": [
        {
          "schema_version": 0,
          "attributes": {
            "acceleration_status": "",
            "acl": "private",
            "arn": "arn:aws:s3:::monkenewha",
            "bucket": "monkenewha",
            "bucket_domain_name": "monkenewha.s3.amazonaws.com",
            "bucket_prefix": null,
            "bucket_regional_domain_name": "monkenewha.s3.eu-west-3.amazonaws.com",
            "cors_rule": [],
            "force_destroy": false,
            "grant": [],
            "hosted_zone_id": "Z3R1K369G5AVDG",
            "id": "monkenewha",
            "lifecycle_rule": [],
            "logging": [],
            "object_lock_configuration": [],
            "object_lock_enabled": false,
            "policy": "",
            "region": "eu-west-3",
            "replication_configuration": [],
            "request_payer": "BucketOwner",
            "server_side_encryption_configuration": [],
            "tags": {},
            "tags_all": {},
            "versioning": [
              {
                "enabled": true,
                "mfa_delete": false
              }
            ],
            "website": [],
            "website_domain": null,
            "website_endpoint": null
          },
          "sensitive_attributes": [],
          "private": "bnVsbA=="
        }
      ]
    },
    {
      "mode": "managed",
      "type": "aws_s3_bucket_acl",
      "name": "monkenewha",
      "provider": "provider[\"registry.terraform.io/hashicorp/aws\"]",
      "instances": [
        {
          "schema_version": 0,
          "attributes": {
            "access_control_policy": [
              {
                "grant": [
                  {
                    "grantee": [
                      {
                        "display_name": "",
                        "email_address": "",
                        "id": "fbe9401b0050b8403f948a83ab7bd636329f99b39a292eb8bda74e6cde21ba9f",
                        "type": "CanonicalUser",
                        "uri": ""
                      }
                    ],
                    "permission": "FULL_CONTROL"
                  }
                ],
                "owner": [
                  {
                    "display_name": "",
                    "id": "fbe9401b0050b8403f948a83ab7bd636329f99b39a292eb8bda74e6cde21ba9f"
                  }
                ]
              }
            ],
            "acl": "private",
            "bucket": "monkenewha",
            "expected_bucket_owner": "",
            "id": "monkenewha,private"
          },
          "sensitive_attributes": [],
          "private": "bnVsbA==",
          "dependencies": [
            "aws_s3_bucket.monkenewha"
          ]
        }
      ]
    },
    {
      "mode": "managed",
      "type": "aws_s3_bucket_public_access_block",
      "name": "monkenewha",
      "provider": "provider[\"registry.terraform.io/hashicorp/aws\"]",
      "instances": [
        {
          "schema_version": 0,
          "attributes": {
            "block_public_acls": true,
            "block_public_policy": true,
            "bucket": "monkenewha",
            "id": "monkenewha",
            "ignore_public_acls": true,
            "restrict_public_buckets": true
          },
          "sensitive_attributes": [],
          "private": "bnVsbA==",
          "dependencies": [
            "aws_s3_bucket.monkenewha"
          ]
        }
      ]
    },
    {
      "mode": "managed",
      "type": "aws_s3_bucket_versioning",
      "name": "monkenewha",
      "provider": "provider[\"registry.terraform.io/hashicorp/aws\"]",
      "instances": [
        {
          "schema_version": 0,
          "attributes": {
            "bucket": "monkenewha",
            "expected_bucket_owner": "",
            "id": "monkenewha",
            "mfa": null,
            "versioning_configuration": [
              {
                "mfa_delete": "",
                "status": "Enabled"
              }
            ]
          },
          "sensitive_attributes": [],
          "private": "bnVsbA==",
          "dependencies": [
            "aws_s3_bucket.monkenewha"
          ]
        }
      ]
    }
  ]
}
