{
  "version": 4,
  "terraform_version": "1.1.7",
  "serial": 49,
  "lineage": "b4fa6245-34ab-32e0-7cea-90370156b5dd",
  "outputs": {
    "API_key": {
      "value": "1HU3xzsQpM7T3JzfYApmS5RyfriD910j9UEqeu6j",
      "type": "string",
      "sensitive": true
    },
    "base_url": {
      "value": "https://a4eslgb0nl.execute-api.eu-west-3.amazonaws.com/prod",
      "type": "string",
      "sensitive": true
    }
  },
  "resources": [
    {
      "mode": "data",
      "type": "aws_iam_policy_document",
      "name": "lambda_read",
      "provider": "provider[\"registry.terraform.io/hashicorp/aws\"]",
      "instances": [
        {
          "schema_version": 0,
          "attributes": {
            "id": "3340344718",
            "json": "{\n  \"Version\": \"2012-10-17\",\n  \"Statement\": [\n    {\n      \"Sid\": \"\",\n      \"Effect\": \"Allow\",\n      \"Action\": [\n        \"logs:PutLogEvents\",\n        \"logs:CreateLogStream\",\n        \"logs:CreateLogGroup\"\n      ],\n      \"Resource\": \"*\"\n    },\n    {\n      \"Sid\": \"\",\n      \"Effect\": \"Allow\",\n      \"Action\": [\n        \"lambda:InvokeFunction\",\n        \"lambda:InvokeAsync\"\n      ],\n      \"Resource\": \"*\"\n    },\n    {\n      \"Sid\": \"\",\n      \"Effect\": \"Allow\",\n      \"Action\": [\n        \"s3:ListBucket\",\n        \"s3:GetObject\"\n      ],\n      \"Resource\": \"*\"\n    },\n    {\n      \"Sid\": \"SpecificTable\",\n      \"Effect\": \"Allow\",\n      \"Action\": [\n        \"dynamodb:UpdateItem\",\n        \"dynamodb:Scan\",\n        \"dynamodb:PutItem\",\n        \"dynamodb:GetItem\"\n      ],\n      \"Resource\": \"*\"\n    },\n    {\n      \"Sid\": \"\",\n      \"Effect\": \"Allow\",\n      \"Action\": \"kms:Decrypt\",\n      \"Resource\": \"*\"\n    }\n  ]\n}",
            "override_json": null,
            "override_policy_documents": null,
            "policy_id": null,
            "source_json": null,
            "source_policy_documents": null,
            "statement": [
              {
                "actions": [
                  "logs:CreateLogGroup",
                  "logs:CreateLogStream",
                  "logs:PutLogEvents"
                ],
                "condition": [],
                "effect": "Allow",
                "not_actions": [],
                "not_principals": [],
                "not_resources": [],
                "principals": [],
                "resources": [
                  "*"
                ],
                "sid": ""
              },
              {
                "actions": [
                  "lambda:InvokeAsync",
                  "lambda:InvokeFunction"
                ],
                "condition": [],
                "effect": "Allow",
                "not_actions": [],
                "not_principals": [],
                "not_resources": [],
                "principals": [],
                "resources": [
                  "*"
                ],
                "sid": ""
              },
              {
                "actions": [
                  "s3:GetObject",
                  "s3:ListBucket"
                ],
                "condition": [],
                "effect": "Allow",
                "not_actions": [],
                "not_principals": [],
                "not_resources": [],
                "principals": [],
                "resources": [
                  "*"
                ],
                "sid": ""
              },
              {
                "actions": [
                  "dynamodb:GetItem",
                  "dynamodb:PutItem",
                  "dynamodb:Scan",
                  "dynamodb:UpdateItem"
                ],
                "condition": [],
                "effect": "Allow",
                "not_actions": [],
                "not_principals": [],
                "not_resources": [],
                "principals": [],
                "resources": [
                  "*"
                ],
                "sid": "SpecificTable"
              },
              {
                "actions": [
                  "kms:Decrypt"
                ],
                "condition": [],
                "effect": "Allow",
                "not_actions": [],
                "not_principals": [],
                "not_resources": [],
                "principals": [],
                "resources": [
                  "*"
                ],
                "sid": ""
              }
            ],
            "version": "2012-10-17"
          },
          "sensitive_attributes": []
        }
      ]
    },
    {
      "mode": "data",
      "type": "aws_iam_policy_document",
      "name": "lambdarole",
      "provider": "provider[\"registry.terraform.io/hashicorp/aws\"]",
      "instances": [
        {
          "schema_version": 0,
          "attributes": {
            "id": "2209459308",
            "json": "{\n  \"Version\": \"2012-10-17\",\n  \"Statement\": [\n    {\n      \"Sid\": \"\",\n      \"Effect\": \"Allow\",\n      \"Action\": \"sts:AssumeRole\",\n      \"Principal\": {\n        \"Service\": [\n          \"s3.amazonaws.com\",\n          \"lambda.amazonaws.com\",\n          \"apigateway.amazonaws.com\"\n        ]\n      }\n    }\n  ]\n}",
            "override_json": null,
            "override_policy_documents": null,
            "policy_id": null,
            "source_json": null,
            "source_policy_documents": null,
            "statement": [
              {
                "actions": [
                  "sts:AssumeRole"
                ],
                "condition": [],
                "effect": "Allow",
                "not_actions": [],
                "not_principals": [],
                "not_resources": [],
                "principals": [
                  {
                    "identifiers": [
                      "apigateway.amazonaws.com",
                      "lambda.amazonaws.com",
                      "s3.amazonaws.com"
                    ],
                    "type": "Service"
                  }
                ],
                "resources": [],
                "sid": ""
              }
            ],
            "version": "2012-10-17"
          },
          "sensitive_attributes": []
        }
      ]
    },
    {
      "mode": "managed",
      "type": "aws_api_gateway_api_key",
      "name": "Api_Key",
      "provider": "provider[\"registry.terraform.io/hashicorp/aws\"]",
      "instances": [
        {
          "schema_version": 0,
          "attributes": {
            "arn": "arn:aws:apigateway:eu-west-3::/apikeys/yeb50bngp2",
            "created_date": "2022-03-31T16:19:41Z",
            "description": "Managed by Terraform",
            "enabled": true,
            "id": "yeb50bngp2",
            "last_updated_date": "2022-03-31T16:19:41Z",
            "name": "Monkenewha_key",
            "tags": null,
            "tags_all": {},
            "value": "1HU3xzsQpM7T3JzfYApmS5RyfriD910j9UEqeu6j"
          },
          "sensitive_attributes": [],
          "private": "bnVsbA=="
        }
      ]
    },
    {
      "mode": "managed",
      "type": "aws_api_gateway_deployment",
      "name": "apideploy",
      "provider": "provider[\"registry.terraform.io/hashicorp/aws\"]",
      "instances": [
        {
          "schema_version": 0,
          "attributes": {
            "created_date": "2022-03-31T16:20:12Z",
            "description": "",
            "execution_arn": "arn:aws:execute-api:eu-west-3:570026320413:a4eslgb0nl/prod",
            "id": "2i62ee",
            "invoke_url": "https://a4eslgb0nl.execute-api.eu-west-3.amazonaws.com/prod",
            "rest_api_id": "a4eslgb0nl",
            "stage_description": null,
            "stage_name": "prod",
            "triggers": null,
            "variables": null
          },
          "sensitive_attributes": [],
          "private": "bnVsbA==",
          "dependencies": [
            "aws_api_gateway_integration.lambda_add_user",
            "aws_api_gateway_integration.lambda_login",
            "aws_api_gateway_integration.lambda_logout",
            "aws_api_gateway_integration_response.lambda_add_user",
            "aws_api_gateway_integration_response.lambda_login",
            "aws_api_gateway_integration_response.lambda_logout",
            "aws_api_gateway_method.add_user",
            "aws_api_gateway_method.login",
            "aws_api_gateway_method.logout",
            "aws_api_gateway_method_response.add_user",
            "aws_api_gateway_method_response.login",
            "aws_api_gateway_method_response.logout",
            "aws_api_gateway_resource.add_user",
            "aws_api_gateway_resource.login",
            "aws_api_gateway_resource.logout",
            "aws_api_gateway_rest_api.api",
            "aws_iam_role.lambda_read_role",
            "aws_lambda_function.lambdaAddUser",
            "aws_lambda_function.lambdaLogin",
            "aws_lambda_function.lambdaLogout",
            "data.aws_iam_policy_document.lambdarole"
          ]
        }
      ]
    },
    {
      "mode": "managed",
      "type": "aws_api_gateway_integration",
      "name": "lambda_add_user",
      "provider": "provider[\"registry.terraform.io/hashicorp/aws\"]",
      "instances": [
        {
          "schema_version": 0,
          "attributes": {
            "cache_key_parameters": null,
            "cache_namespace": "x9ldyd",
            "connection_id": "",
            "connection_type": "INTERNET",
            "content_handling": "",
            "credentials": "",
            "http_method": "POST",
            "id": "agi-a4eslgb0nl-x9ldyd-POST",
            "integration_http_method": "POST",
            "passthrough_behavior": "WHEN_NO_MATCH",
            "request_parameters": null,
            "request_templates": null,
            "resource_id": "x9ldyd",
            "rest_api_id": "a4eslgb0nl",
            "timeout_milliseconds": 29000,
            "tls_config": [],
            "type": "AWS_PROXY",
            "uri": "arn:aws:apigateway:eu-west-3:lambda:path/2015-03-31/functions/arn:aws:lambda:eu-west-3:570026320413:function:add_user/invocations"
          },
          "sensitive_attributes": [],
          "private": "bnVsbA==",
          "dependencies": [
            "aws_api_gateway_method.add_user",
            "aws_api_gateway_resource.add_user",
            "aws_api_gateway_rest_api.api",
            "aws_iam_role.lambda_read_role",
            "aws_lambda_function.lambdaAddUser",
            "data.aws_iam_policy_document.lambdarole"
          ]
        }
      ]
    },
    {
      "mode": "managed",
      "type": "aws_api_gateway_integration",
      "name": "lambda_login",
      "provider": "provider[\"registry.terraform.io/hashicorp/aws\"]",
      "instances": [
        {
          "schema_version": 0,
          "attributes": {
            "cache_key_parameters": null,
            "cache_namespace": "1idi7e",
            "connection_id": "",
            "connection_type": "INTERNET",
            "content_handling": "",
            "credentials": "",
            "http_method": "POST",
            "id": "agi-a4eslgb0nl-1idi7e-POST",
            "integration_http_method": "POST",
            "passthrough_behavior": "WHEN_NO_MATCH",
            "request_parameters": null,
            "request_templates": null,
            "resource_id": "1idi7e",
            "rest_api_id": "a4eslgb0nl",
            "timeout_milliseconds": 29000,
            "tls_config": [],
            "type": "AWS_PROXY",
            "uri": "arn:aws:apigateway:eu-west-3:lambda:path/2015-03-31/functions/arn:aws:lambda:eu-west-3:570026320413:function:login/invocations"
          },
          "sensitive_attributes": [],
          "private": "bnVsbA==",
          "dependencies": [
            "aws_api_gateway_method.login",
            "aws_api_gateway_resource.login",
            "aws_api_gateway_rest_api.api",
            "aws_iam_role.lambda_read_role",
            "aws_lambda_function.lambdaLogin",
            "data.aws_iam_policy_document.lambdarole"
          ]
        }
      ]
    },
    {
      "mode": "managed",
      "type": "aws_api_gateway_integration",
      "name": "lambda_logout",
      "provider": "provider[\"registry.terraform.io/hashicorp/aws\"]",
      "instances": [
        {
          "schema_version": 0,
          "attributes": {
            "cache_key_parameters": null,
            "cache_namespace": "x1p7bs",
            "connection_id": "",
            "connection_type": "INTERNET",
            "content_handling": "",
            "credentials": "",
            "http_method": "POST",
            "id": "agi-a4eslgb0nl-x1p7bs-POST",
            "integration_http_method": "POST",
            "passthrough_behavior": "WHEN_NO_MATCH",
            "request_parameters": null,
            "request_templates": null,
            "resource_id": "x1p7bs",
            "rest_api_id": "a4eslgb0nl",
            "timeout_milliseconds": 29000,
            "tls_config": [],
            "type": "AWS_PROXY",
            "uri": "arn:aws:apigateway:eu-west-3:lambda:path/2015-03-31/functions/arn:aws:lambda:eu-west-3:570026320413:function:logout/invocations"
          },
          "sensitive_attributes": [],
          "private": "bnVsbA==",
          "dependencies": [
            "aws_api_gateway_method.logout",
            "aws_api_gateway_resource.logout",
            "aws_api_gateway_rest_api.api",
            "aws_iam_role.lambda_read_role",
            "aws_lambda_function.lambdaLogout",
            "data.aws_iam_policy_document.lambdarole"
          ]
        }
      ]
    },
    {
      "mode": "managed",
      "type": "aws_api_gateway_integration",
      "name": "options_integration_login",
      "provider": "provider[\"registry.terraform.io/hashicorp/aws\"]",
      "instances": [
        {
          "schema_version": 0,
          "attributes": {
            "cache_key_parameters": null,
            "cache_namespace": "1idi7e",
            "connection_id": "",
            "connection_type": "INTERNET",
            "content_handling": "",
            "credentials": "",
            "http_method": "OPTIONS",
            "id": "agi-a4eslgb0nl-1idi7e-OPTIONS",
            "integration_http_method": "",
            "passthrough_behavior": "WHEN_NO_MATCH",
            "request_parameters": null,
            "request_templates": {
              "application/json": "{\"statusCode\": 200}"
            },
            "resource_id": "1idi7e",
            "rest_api_id": "a4eslgb0nl",
            "timeout_milliseconds": 29000,
            "tls_config": [],
            "type": "MOCK",
            "uri": ""
          },
          "sensitive_attributes": [],
          "private": "bnVsbA==",
          "dependencies": [
            "aws_api_gateway_method.options_method_login",
            "aws_api_gateway_resource.login",
            "aws_api_gateway_rest_api.api"
          ]
        }
      ]
    },
    {
      "mode": "managed",
      "type": "aws_api_gateway_integration",
      "name": "options_integration_logout",
      "provider": "provider[\"registry.terraform.io/hashicorp/aws\"]",
      "instances": [
        {
          "schema_version": 0,
          "attributes": {
            "cache_key_parameters": null,
            "cache_namespace": "x1p7bs",
            "connection_id": "",
            "connection_type": "INTERNET",
            "content_handling": "",
            "credentials": "",
            "http_method": "OPTIONS",
            "id": "agi-a4eslgb0nl-x1p7bs-OPTIONS",
            "integration_http_method": "",
            "passthrough_behavior": "WHEN_NO_MATCH",
            "request_parameters": null,
            "request_templates": {
              "application/json": "{\"statusCode\": 200}"
            },
            "resource_id": "x1p7bs",
            "rest_api_id": "a4eslgb0nl",
            "timeout_milliseconds": 29000,
            "tls_config": [],
            "type": "MOCK",
            "uri": ""
          },
          "sensitive_attributes": [],
          "private": "bnVsbA==",
          "dependencies": [
            "aws_api_gateway_method.options_method_logout",
            "aws_api_gateway_resource.logout",
            "aws_api_gateway_rest_api.api"
          ]
        }
      ]
    },
    {
      "mode": "managed",
      "type": "aws_api_gateway_integration",
      "name": "options_integration_user",
      "provider": "provider[\"registry.terraform.io/hashicorp/aws\"]",
      "instances": [
        {
          "schema_version": 0,
          "attributes": {
            "cache_key_parameters": null,
            "cache_namespace": "x9ldyd",
            "connection_id": "",
            "connection_type": "INTERNET",
            "content_handling": "",
            "credentials": "",
            "http_method": "OPTIONS",
            "id": "agi-a4eslgb0nl-x9ldyd-OPTIONS",
            "integration_http_method": "",
            "passthrough_behavior": "WHEN_NO_MATCH",
            "request_parameters": null,
            "request_templates": {
              "application/json": "{\"statusCode\": 200}"
            },
            "resource_id": "x9ldyd",
            "rest_api_id": "a4eslgb0nl",
            "timeout_milliseconds": 29000,
            "tls_config": [],
            "type": "MOCK",
            "uri": ""
          },
          "sensitive_attributes": [],
          "private": "bnVsbA==",
          "dependencies": [
            "aws_api_gateway_method.options_method_add_user",
            "aws_api_gateway_resource.add_user",
            "aws_api_gateway_rest_api.api"
          ]
        }
      ]
    },
    {
      "mode": "managed",
      "type": "aws_api_gateway_integration_response",
      "name": "lambda_add_user",
      "provider": "provider[\"registry.terraform.io/hashicorp/aws\"]",
      "instances": [
        {
          "schema_version": 0,
          "attributes": {
            "content_handling": "",
            "http_method": "POST",
            "id": "agir-a4eslgb0nl-x9ldyd-POST-200",
            "resource_id": "x9ldyd",
            "response_parameters": null,
            "response_templates": null,
            "rest_api_id": "a4eslgb0nl",
            "selection_pattern": "",
            "status_code": "200"
          },
          "sensitive_attributes": [],
          "private": "bnVsbA==",
          "dependencies": [
            "aws_api_gateway_integration.lambda_add_user",
            "aws_api_gateway_method.add_user",
            "aws_api_gateway_method_response.add_user",
            "aws_api_gateway_resource.add_user",
            "aws_api_gateway_rest_api.api",
            "aws_iam_role.lambda_read_role",
            "aws_lambda_function.lambdaAddUser",
            "data.aws_iam_policy_document.lambdarole"
          ]
        }
      ]
    },
    {
      "mode": "managed",
      "type": "aws_api_gateway_integration_response",
      "name": "lambda_login",
      "provider": "provider[\"registry.terraform.io/hashicorp/aws\"]",
      "instances": [
        {
          "schema_version": 0,
          "attributes": {
            "content_handling": "",
            "http_method": "POST",
            "id": "agir-a4eslgb0nl-1idi7e-POST-200",
            "resource_id": "1idi7e",
            "response_parameters": null,
            "response_templates": null,
            "rest_api_id": "a4eslgb0nl",
            "selection_pattern": "",
            "status_code": "200"
          },
          "sensitive_attributes": [],
          "private": "bnVsbA==",
          "dependencies": [
            "aws_api_gateway_integration.lambda_login",
            "aws_api_gateway_method.login",
            "aws_api_gateway_method_response.login",
            "aws_api_gateway_resource.login",
            "aws_api_gateway_rest_api.api",
            "aws_iam_role.lambda_read_role",
            "aws_lambda_function.lambdaLogin",
            "data.aws_iam_policy_document.lambdarole"
          ]
        }
      ]
    },
    {
      "mode": "managed",
      "type": "aws_api_gateway_integration_response",
      "name": "lambda_logout",
      "provider": "provider[\"registry.terraform.io/hashicorp/aws\"]",
      "instances": [
        {
          "schema_version": 0,
          "attributes": {
            "content_handling": "",
            "http_method": "POST",
            "id": "agir-a4eslgb0nl-x1p7bs-POST-200",
            "resource_id": "x1p7bs",
            "response_parameters": null,
            "response_templates": null,
            "rest_api_id": "a4eslgb0nl",
            "selection_pattern": "",
            "status_code": "200"
          },
          "sensitive_attributes": [],
          "private": "bnVsbA==",
          "dependencies": [
            "aws_api_gateway_integration.lambda_logout",
            "aws_api_gateway_method.logout",
            "aws_api_gateway_method_response.logout",
            "aws_api_gateway_resource.logout",
            "aws_api_gateway_rest_api.api",
            "aws_iam_role.lambda_read_role",
            "aws_lambda_function.lambdaLogout",
            "data.aws_iam_policy_document.lambdarole"
          ]
        }
      ]
    },
    {
      "mode": "managed",
      "type": "aws_api_gateway_integration_response",
      "name": "options_integration_response_login",
      "provider": "provider[\"registry.terraform.io/hashicorp/aws\"]",
      "instances": [
        {
          "schema_version": 0,
          "attributes": {
            "content_handling": "",
            "http_method": "OPTIONS",
            "id": "agir-a4eslgb0nl-1idi7e-OPTIONS-200",
            "resource_id": "1idi7e",
            "response_parameters": {
              "method.response.header.Access-Control-Allow-Headers": "'Content-Type,X-Amz-Date,Authorization,X-Api-Key,X-Amz-Security-Token'",
              "method.response.header.Access-Control-Allow-Methods": "'GET,OPTIONS,POST,PUT'",
              "method.response.header.Access-Control-Allow-Origin": "'*'"
            },
            "response_templates": null,
            "rest_api_id": "a4eslgb0nl",
            "selection_pattern": "",
            "status_code": "200"
          },
          "sensitive_attributes": [],
          "private": "bnVsbA==",
          "dependencies": [
            "aws_api_gateway_method.options_method_login",
            "aws_api_gateway_method_response.options_200_login",
            "aws_api_gateway_resource.login",
            "aws_api_gateway_rest_api.api"
          ]
        }
      ]
    },
    {
      "mode": "managed",
      "type": "aws_api_gateway_integration_response",
      "name": "options_integration_response_logout",
      "provider": "provider[\"registry.terraform.io/hashicorp/aws\"]",
      "instances": [
        {
          "schema_version": 0,
          "attributes": {
            "content_handling": "",
            "http_method": "OPTIONS",
            "id": "agir-a4eslgb0nl-x1p7bs-OPTIONS-200",
            "resource_id": "x1p7bs",
            "response_parameters": {
              "method.response.header.Access-Control-Allow-Headers": "'Content-Type,X-Amz-Date,Authorization,X-Api-Key,X-Amz-Security-Token'",
              "method.response.header.Access-Control-Allow-Methods": "'GET,OPTIONS,POST,PUT'",
              "method.response.header.Access-Control-Allow-Origin": "'*'"
            },
            "response_templates": null,
            "rest_api_id": "a4eslgb0nl",
            "selection_pattern": "",
            "status_code": "200"
          },
          "sensitive_attributes": [],
          "private": "bnVsbA==",
          "dependencies": [
            "aws_api_gateway_method.options_method_logout",
            "aws_api_gateway_method_response.options_200_logout",
            "aws_api_gateway_resource.logout",
            "aws_api_gateway_rest_api.api"
          ]
        }
      ]
    },
    {
      "mode": "managed",
      "type": "aws_api_gateway_integration_response",
      "name": "options_integration_response_user",
      "provider": "provider[\"registry.terraform.io/hashicorp/aws\"]",
      "instances": [
        {
          "schema_version": 0,
          "attributes": {
            "content_handling": "",
            "http_method": "OPTIONS",
            "id": "agir-a4eslgb0nl-x9ldyd-OPTIONS-200",
            "resource_id": "x9ldyd",
            "response_parameters": {
              "method.response.header.Access-Control-Allow-Headers": "'Content-Type,X-Amz-Date,Authorization,X-Api-Key,X-Amz-Security-Token'",
              "method.response.header.Access-Control-Allow-Methods": "'GET,OPTIONS,POST,PUT'",
              "method.response.header.Access-Control-Allow-Origin": "'*'"
            },
            "response_templates": null,
            "rest_api_id": "a4eslgb0nl",
            "selection_pattern": "",
            "status_code": "200"
          },
          "sensitive_attributes": [],
          "private": "bnVsbA==",
          "dependencies": [
            "aws_api_gateway_method.options_method_add_user",
            "aws_api_gateway_method_response.options_200_add_user",
            "aws_api_gateway_resource.add_user",
            "aws_api_gateway_rest_api.api"
          ]
        }
      ]
    },
    {
      "mode": "managed",
      "type": "aws_api_gateway_method",
      "name": "add_user",
      "provider": "provider[\"registry.terraform.io/hashicorp/aws\"]",
      "instances": [
        {
          "schema_version": 0,
          "attributes": {
            "api_key_required": true,
            "authorization": "NONE",
            "authorization_scopes": null,
            "authorizer_id": null,
            "http_method": "POST",
            "id": "agm-a4eslgb0nl-x9ldyd-POST",
            "operation_name": null,
            "request_models": null,
            "request_parameters": null,
            "request_validator_id": null,
            "resource_id": "x9ldyd",
            "rest_api_id": "a4eslgb0nl"
          },
          "sensitive_attributes": [],
          "private": "bnVsbA==",
          "dependencies": [
            "aws_api_gateway_resource.add_user",
            "aws_api_gateway_rest_api.api"
          ]
        }
      ]
    },
    {
      "mode": "managed",
      "type": "aws_api_gateway_method",
      "name": "login",
      "provider": "provider[\"registry.terraform.io/hashicorp/aws\"]",
      "instances": [
        {
          "schema_version": 0,
          "attributes": {
            "api_key_required": true,
            "authorization": "NONE",
            "authorization_scopes": null,
            "authorizer_id": null,
            "http_method": "POST",
            "id": "agm-a4eslgb0nl-1idi7e-POST",
            "operation_name": null,
            "request_models": null,
            "request_parameters": null,
            "request_validator_id": null,
            "resource_id": "1idi7e",
            "rest_api_id": "a4eslgb0nl"
          },
          "sensitive_attributes": [],
          "private": "bnVsbA==",
          "dependencies": [
            "aws_api_gateway_resource.login",
            "aws_api_gateway_rest_api.api"
          ]
        }
      ]
    },
    {
      "mode": "managed",
      "type": "aws_api_gateway_method",
      "name": "logout",
      "provider": "provider[\"registry.terraform.io/hashicorp/aws\"]",
      "instances": [
        {
          "schema_version": 0,
          "attributes": {
            "api_key_required": true,
            "authorization": "NONE",
            "authorization_scopes": null,
            "authorizer_id": null,
            "http_method": "POST",
            "id": "agm-a4eslgb0nl-x1p7bs-POST",
            "operation_name": null,
            "request_models": null,
            "request_parameters": null,
            "request_validator_id": null,
            "resource_id": "x1p7bs",
            "rest_api_id": "a4eslgb0nl"
          },
          "sensitive_attributes": [],
          "private": "bnVsbA==",
          "dependencies": [
            "aws_api_gateway_resource.logout",
            "aws_api_gateway_rest_api.api"
          ]
        }
      ]
    },
    {
      "mode": "managed",
      "type": "aws_api_gateway_method",
      "name": "options_method_add_user",
      "provider": "provider[\"registry.terraform.io/hashicorp/aws\"]",
      "instances": [
        {
          "schema_version": 0,
          "attributes": {
            "api_key_required": false,
            "authorization": "NONE",
            "authorization_scopes": null,
            "authorizer_id": null,
            "http_method": "OPTIONS",
            "id": "agm-a4eslgb0nl-x9ldyd-OPTIONS",
            "operation_name": null,
            "request_models": null,
            "request_parameters": null,
            "request_validator_id": null,
            "resource_id": "x9ldyd",
            "rest_api_id": "a4eslgb0nl"
          },
          "sensitive_attributes": [],
          "private": "bnVsbA==",
          "dependencies": [
            "aws_api_gateway_resource.add_user",
            "aws_api_gateway_rest_api.api"
          ]
        }
      ]
    },
    {
      "mode": "managed",
      "type": "aws_api_gateway_method",
      "name": "options_method_login",
      "provider": "provider[\"registry.terraform.io/hashicorp/aws\"]",
      "instances": [
        {
          "schema_version": 0,
          "attributes": {
            "api_key_required": false,
            "authorization": "NONE",
            "authorization_scopes": null,
            "authorizer_id": null,
            "http_method": "OPTIONS",
            "id": "agm-a4eslgb0nl-1idi7e-OPTIONS",
            "operation_name": null,
            "request_models": null,
            "request_parameters": null,
            "request_validator_id": null,
            "resource_id": "1idi7e",
            "rest_api_id": "a4eslgb0nl"
          },
          "sensitive_attributes": [],
          "private": "bnVsbA==",
          "dependencies": [
            "aws_api_gateway_resource.login",
            "aws_api_gateway_rest_api.api"
          ]
        }
      ]
    },
    {
      "mode": "managed",
      "type": "aws_api_gateway_method",
      "name": "options_method_logout",
      "provider": "provider[\"registry.terraform.io/hashicorp/aws\"]",
      "instances": [
        {
          "schema_version": 0,
          "attributes": {
            "api_key_required": false,
            "authorization": "NONE",
            "authorization_scopes": null,
            "authorizer_id": null,
            "http_method": "OPTIONS",
            "id": "agm-a4eslgb0nl-x1p7bs-OPTIONS",
            "operation_name": null,
            "request_models": null,
            "request_parameters": null,
            "request_validator_id": null,
            "resource_id": "x1p7bs",
            "rest_api_id": "a4eslgb0nl"
          },
          "sensitive_attributes": [],
          "private": "bnVsbA==",
          "dependencies": [
            "aws_api_gateway_resource.logout",
            "aws_api_gateway_rest_api.api"
          ]
        }
      ]
    },
    {
      "mode": "managed",
      "type": "aws_api_gateway_method_response",
      "name": "add_user",
      "provider": "provider[\"registry.terraform.io/hashicorp/aws\"]",
      "instances": [
        {
          "schema_version": 0,
          "attributes": {
            "http_method": "POST",
            "id": "agmr-a4eslgb0nl-x9ldyd-POST-200",
            "resource_id": "x9ldyd",
            "response_models": {
              "application/json": "Empty"
            },
            "response_parameters": {
              "method.response.header.Access-Control-Allow-Headers": true,
              "method.response.header.Access-Control-Allow-Methods": true,
              "method.response.header.Access-Control-Allow-Origin": true
            },
            "rest_api_id": "a4eslgb0nl",
            "status_code": "200"
          },
          "sensitive_attributes": [],
          "private": "bnVsbA==",
          "dependencies": [
            "aws_api_gateway_method.add_user",
            "aws_api_gateway_resource.add_user",
            "aws_api_gateway_rest_api.api"
          ]
        }
      ]
    },
    {
      "mode": "managed",
      "type": "aws_api_gateway_method_response",
      "name": "login",
      "provider": "provider[\"registry.terraform.io/hashicorp/aws\"]",
      "instances": [
        {
          "schema_version": 0,
          "attributes": {
            "http_method": "POST",
            "id": "agmr-a4eslgb0nl-1idi7e-POST-200",
            "resource_id": "1idi7e",
            "response_models": {
              "application/json": "Empty"
            },
            "response_parameters": {
              "method.response.header.Access-Control-Allow-Headers": true,
              "method.response.header.Access-Control-Allow-Methods": true,
              "method.response.header.Access-Control-Allow-Origin": true
            },
            "rest_api_id": "a4eslgb0nl",
            "status_code": "200"
          },
          "sensitive_attributes": [],
          "private": "bnVsbA==",
          "dependencies": [
            "aws_api_gateway_method.login",
            "aws_api_gateway_resource.login",
            "aws_api_gateway_rest_api.api"
          ]
        }
      ]
    },
    {
      "mode": "managed",
      "type": "aws_api_gateway_method_response",
      "name": "logout",
      "provider": "provider[\"registry.terraform.io/hashicorp/aws\"]",
      "instances": [
        {
          "schema_version": 0,
          "attributes": {
            "http_method": "POST",
            "id": "agmr-a4eslgb0nl-x1p7bs-POST-200",
            "resource_id": "x1p7bs",
            "response_models": {
              "application/json": "Empty"
            },
            "response_parameters": {
              "method.response.header.Access-Control-Allow-Headers": true,
              "method.response.header.Access-Control-Allow-Methods": true,
              "method.response.header.Access-Control-Allow-Origin": true
            },
            "rest_api_id": "a4eslgb0nl",
            "status_code": "200"
          },
          "sensitive_attributes": [],
          "private": "bnVsbA==",
          "dependencies": [
            "aws_api_gateway_method.logout",
            "aws_api_gateway_resource.logout",
            "aws_api_gateway_rest_api.api"
          ]
        }
      ]
    },
    {
      "mode": "managed",
      "type": "aws_api_gateway_method_response",
      "name": "options_200_add_user",
      "provider": "provider[\"registry.terraform.io/hashicorp/aws\"]",
      "instances": [
        {
          "schema_version": 0,
          "attributes": {
            "http_method": "OPTIONS",
            "id": "agmr-a4eslgb0nl-x9ldyd-OPTIONS-200",
            "resource_id": "x9ldyd",
            "response_models": {
              "application/json": "Empty"
            },
            "response_parameters": {
              "method.response.header.Access-Control-Allow-Headers": true,
              "method.response.header.Access-Control-Allow-Methods": true,
              "method.response.header.Access-Control-Allow-Origin": true
            },
            "rest_api_id": "a4eslgb0nl",
            "status_code": "200"
          },
          "sensitive_attributes": [],
          "private": "bnVsbA==",
          "dependencies": [
            "aws_api_gateway_method.options_method_add_user",
            "aws_api_gateway_resource.add_user",
            "aws_api_gateway_rest_api.api"
          ]
        }
      ]
    },
    {
      "mode": "managed",
      "type": "aws_api_gateway_method_response",
      "name": "options_200_login",
      "provider": "provider[\"registry.terraform.io/hashicorp/aws\"]",
      "instances": [
        {
          "schema_version": 0,
          "attributes": {
            "http_method": "OPTIONS",
            "id": "agmr-a4eslgb0nl-1idi7e-OPTIONS-200",
            "resource_id": "1idi7e",
            "response_models": {
              "application/json": "Empty"
            },
            "response_parameters": {
              "method.response.header.Access-Control-Allow-Headers": true,
              "method.response.header.Access-Control-Allow-Methods": true,
              "method.response.header.Access-Control-Allow-Origin": true
            },
            "rest_api_id": "a4eslgb0nl",
            "status_code": "200"
          },
          "sensitive_attributes": [],
          "private": "bnVsbA==",
          "dependencies": [
            "aws_api_gateway_method.options_method_login",
            "aws_api_gateway_resource.login",
            "aws_api_gateway_rest_api.api"
          ]
        }
      ]
    },
    {
      "mode": "managed",
      "type": "aws_api_gateway_method_response",
      "name": "options_200_logout",
      "provider": "provider[\"registry.terraform.io/hashicorp/aws\"]",
      "instances": [
        {
          "schema_version": 0,
          "attributes": {
            "http_method": "OPTIONS",
            "id": "agmr-a4eslgb0nl-x1p7bs-OPTIONS-200",
            "resource_id": "x1p7bs",
            "response_models": {
              "application/json": "Empty"
            },
            "response_parameters": {
              "method.response.header.Access-Control-Allow-Headers": true,
              "method.response.header.Access-Control-Allow-Methods": true,
              "method.response.header.Access-Control-Allow-Origin": true
            },
            "rest_api_id": "a4eslgb0nl",
            "status_code": "200"
          },
          "sensitive_attributes": [],
          "private": "bnVsbA==",
          "dependencies": [
            "aws_api_gateway_method.options_method_logout",
            "aws_api_gateway_resource.logout",
            "aws_api_gateway_rest_api.api"
          ]
        }
      ]
    },
    {
      "mode": "managed",
      "type": "aws_api_gateway_resource",
      "name": "add_user",
      "provider": "provider[\"registry.terraform.io/hashicorp/aws\"]",
      "instances": [
        {
          "schema_version": 0,
          "attributes": {
            "id": "x9ldyd",
            "parent_id": "4q0znwatj5",
            "path": "/add_user",
            "path_part": "add_user",
            "rest_api_id": "a4eslgb0nl"
          },
          "sensitive_attributes": [],
          "private": "bnVsbA==",
          "dependencies": [
            "aws_api_gateway_rest_api.api"
          ]
        }
      ]
    },
    {
      "mode": "managed",
      "type": "aws_api_gateway_resource",
      "name": "login",
      "provider": "provider[\"registry.terraform.io/hashicorp/aws\"]",
      "instances": [
        {
          "schema_version": 0,
          "attributes": {
            "id": "1idi7e",
            "parent_id": "4q0znwatj5",
            "path": "/login",
            "path_part": "login",
            "rest_api_id": "a4eslgb0nl"
          },
          "sensitive_attributes": [],
          "private": "bnVsbA==",
          "dependencies": [
            "aws_api_gateway_rest_api.api"
          ]
        }
      ]
    },
    {
      "mode": "managed",
      "type": "aws_api_gateway_resource",
      "name": "logout",
      "provider": "provider[\"registry.terraform.io/hashicorp/aws\"]",
      "instances": [
        {
          "schema_version": 0,
          "attributes": {
            "id": "x1p7bs",
            "parent_id": "4q0znwatj5",
            "path": "/logout",
            "path_part": "logout",
            "rest_api_id": "a4eslgb0nl"
          },
          "sensitive_attributes": [],
          "private": "bnVsbA==",
          "dependencies": [
            "aws_api_gateway_rest_api.api"
          ]
        }
      ]
    },
    {
      "mode": "managed",
      "type": "aws_api_gateway_rest_api",
      "name": "api",
      "provider": "provider[\"registry.terraform.io/hashicorp/aws\"]",
      "instances": [
        {
          "schema_version": 0,
          "attributes": {
            "api_key_source": "HEADER",
            "arn": "arn:aws:apigateway:eu-west-3::/restapis/a4eslgb0nl",
            "binary_media_types": [],
            "body": null,
            "created_date": "2022-03-31T16:19:42Z",
            "description": "Permet la gestion du site Monkenewha",
            "disable_execute_api_endpoint": false,
            "endpoint_configuration": [
              {
                "types": [
                  "REGIONAL"
                ],
                "vpc_endpoint_ids": []
              }
            ],
            "execution_arn": "arn:aws:execute-api:eu-west-3:570026320413:a4eslgb0nl",
            "id": "a4eslgb0nl",
            "minimum_compression_size": -1,
            "name": "Monkenewha",
            "parameters": null,
            "policy": "",
            "root_resource_id": "4q0znwatj5",
            "tags": null,
            "tags_all": {}
          },
          "sensitive_attributes": [],
          "private": "bnVsbA=="
        }
      ]
    },
    {
      "mode": "managed",
      "type": "aws_api_gateway_usage_plan",
      "name": "api_usage_plan",
      "provider": "provider[\"registry.terraform.io/hashicorp/aws\"]",
      "instances": [
        {
          "schema_version": 0,
          "attributes": {
            "api_stages": [
              {
                "api_id": "a4eslgb0nl",
                "stage": "prod",
                "throttle": []
              }
            ],
            "arn": "arn:aws:apigateway:eu-west-3::/usageplans/ez141s",
            "description": "",
            "id": "ez141s",
            "name": "Monkenewha_plan",
            "product_code": "",
            "quota_settings": [],
            "tags": null,
            "tags_all": {},
            "throttle_settings": []
          },
          "sensitive_attributes": [],
          "private": "bnVsbA==",
          "dependencies": [
            "aws_api_gateway_deployment.apideploy",
            "aws_api_gateway_integration.lambda_add_user",
            "aws_api_gateway_integration.lambda_login",
            "aws_api_gateway_integration.lambda_logout",
            "aws_api_gateway_integration_response.lambda_add_user",
            "aws_api_gateway_integration_response.lambda_login",
            "aws_api_gateway_integration_response.lambda_logout",
            "aws_api_gateway_method.add_user",
            "aws_api_gateway_method.login",
            "aws_api_gateway_method.logout",
            "aws_api_gateway_method_response.add_user",
            "aws_api_gateway_method_response.login",
            "aws_api_gateway_method_response.logout",
            "aws_api_gateway_resource.add_user",
            "aws_api_gateway_resource.login",
            "aws_api_gateway_resource.logout",
            "aws_api_gateway_rest_api.api",
            "aws_iam_role.lambda_read_role",
            "aws_lambda_function.lambdaAddUser",
            "aws_lambda_function.lambdaLogin",
            "aws_lambda_function.lambdaLogout",
            "data.aws_iam_policy_document.lambdarole"
          ]
        }
      ]
    },
    {
      "mode": "managed",
      "type": "aws_api_gateway_usage_plan_key",
      "name": "api_usage_plan_key",
      "provider": "provider[\"registry.terraform.io/hashicorp/aws\"]",
      "instances": [
        {
          "schema_version": 0,
          "attributes": {
            "id": "yeb50bngp2",
            "key_id": "yeb50bngp2",
            "key_type": "API_KEY",
            "name": "Monkenewha_key",
            "usage_plan_id": "ez141s",
            "value": "1HU3xzsQpM7T3JzfYApmS5RyfriD910j9UEqeu6j"
          },
          "sensitive_attributes": [],
          "private": "bnVsbA==",
          "dependencies": [
            "aws_api_gateway_api_key.Api_Key",
            "aws_api_gateway_deployment.apideploy",
            "aws_api_gateway_integration.lambda_add_user",
            "aws_api_gateway_integration.lambda_login",
            "aws_api_gateway_integration.lambda_logout",
            "aws_api_gateway_integration_response.lambda_add_user",
            "aws_api_gateway_integration_response.lambda_login",
            "aws_api_gateway_integration_response.lambda_logout",
            "aws_api_gateway_method.add_user",
            "aws_api_gateway_method.login",
            "aws_api_gateway_method.logout",
            "aws_api_gateway_method_response.add_user",
            "aws_api_gateway_method_response.login",
            "aws_api_gateway_method_response.logout",
            "aws_api_gateway_resource.add_user",
            "aws_api_gateway_resource.login",
            "aws_api_gateway_resource.logout",
            "aws_api_gateway_rest_api.api",
            "aws_api_gateway_usage_plan.api_usage_plan",
            "aws_iam_role.lambda_read_role",
            "aws_lambda_function.lambdaAddUser",
            "aws_lambda_function.lambdaLogin",
            "aws_lambda_function.lambdaLogout",
            "data.aws_iam_policy_document.lambdarole"
          ]
        }
      ]
    },
    {
      "mode": "managed",
      "type": "aws_cloudwatch_log_group",
      "name": "lambdaLogLogin",
      "provider": "provider[\"registry.terraform.io/hashicorp/aws\"]",
      "instances": [
        {
          "schema_version": 0,
          "attributes": {
            "arn": "arn:aws:logs:eu-west-3:570026320413:log-group:/aws/lambda/login",
            "id": "/aws/lambda/login",
            "kms_key_id": "",
            "name": "/aws/lambda/login",
            "name_prefix": null,
            "retention_in_days": 60,
            "tags": null,
            "tags_all": {}
          },
          "sensitive_attributes": [],
          "private": "bnVsbA=="
        }
      ]
    },
    {
      "mode": "managed",
      "type": "aws_cloudwatch_log_group",
      "name": "lambdaLogLogout",
      "provider": "provider[\"registry.terraform.io/hashicorp/aws\"]",
      "instances": [
        {
          "schema_version": 0,
          "attributes": {
            "arn": "arn:aws:logs:eu-west-3:570026320413:log-group:/aws/lambda/logout",
            "id": "/aws/lambda/logout",
            "kms_key_id": "",
            "name": "/aws/lambda/logout",
            "name_prefix": null,
            "retention_in_days": 60,
            "tags": null,
            "tags_all": {}
          },
          "sensitive_attributes": [],
          "private": "bnVsbA=="
        }
      ]
    },
    {
      "mode": "managed",
      "type": "aws_cloudwatch_log_group",
      "name": "lambdaLogUser",
      "provider": "provider[\"registry.terraform.io/hashicorp/aws\"]",
      "instances": [
        {
          "schema_version": 0,
          "attributes": {
            "arn": "arn:aws:logs:eu-west-3:570026320413:log-group:/aws/lambda/adduser",
            "id": "/aws/lambda/adduser",
            "kms_key_id": "",
            "name": "/aws/lambda/adduser",
            "name_prefix": null,
            "retention_in_days": 60,
            "tags": null,
            "tags_all": {}
          },
          "sensitive_attributes": [],
          "private": "bnVsbA=="
        }
      ]
    },
    {
      "mode": "managed",
      "type": "aws_dynamodb_table",
      "name": "ddbtable",
      "provider": "provider[\"registry.terraform.io/hashicorp/aws\"]",
      "instances": [
        {
          "schema_version": 1,
          "attributes": {
            "arn": "arn:aws:dynamodb:eu-west-3:570026320413:table/user",
            "attribute": [
              {
                "name": "email",
                "type": "S"
              }
            ],
            "billing_mode": "PROVISIONED",
            "global_secondary_index": [],
            "hash_key": "email",
            "id": "user",
            "local_secondary_index": [],
            "name": "user",
            "point_in_time_recovery": [
              {
                "enabled": false
              }
            ],
            "range_key": null,
            "read_capacity": 5,
            "replica": [],
            "restore_date_time": null,
            "restore_source_name": null,
            "restore_to_latest_time": null,
            "server_side_encryption": [],
            "stream_arn": "",
            "stream_enabled": false,
            "stream_label": "",
            "stream_view_type": "",
            "table_class": "",
            "tags": null,
            "tags_all": {},
            "timeouts": null,
            "ttl": [
              {
                "attribute_name": "",
                "enabled": false
              }
            ],
            "write_capacity": 5
          },
          "sensitive_attributes": [],
          "private": "eyJlMmJmYjczMC1lY2FhLTExZTYtOGY4OC0zNDM2M2JjN2M0YzAiOnsiY3JlYXRlIjoxODAwMDAwMDAwMDAwLCJkZWxldGUiOjYwMDAwMDAwMDAwMCwidXBkYXRlIjozNjAwMDAwMDAwMDAwfSwic2NoZW1hX3ZlcnNpb24iOiIxIn0="
        }
      ]
    },
    {
      "mode": "managed",
      "type": "aws_iam_role",
      "name": "lambda_read_role",
      "provider": "provider[\"registry.terraform.io/hashicorp/aws\"]",
      "instances": [
        {
          "schema_version": 0,
          "attributes": {
            "arn": "arn:aws:iam::570026320413:role/Monkenewha_role",
            "assume_role_policy": "{\"Version\":\"2012-10-17\",\"Statement\":[{\"Sid\":\"\",\"Effect\":\"Allow\",\"Principal\":{\"Service\":[\"lambda.amazonaws.com\",\"s3.amazonaws.com\",\"apigateway.amazonaws.com\"]},\"Action\":\"sts:AssumeRole\"}]}",
            "create_date": "2022-03-31T16:19:41Z",
            "description": "",
            "force_detach_policies": false,
            "id": "Monkenewha_role",
            "inline_policy": [
              {
                "name": "",
                "policy": ""
              }
            ],
            "managed_policy_arns": [],
            "max_session_duration": 3600,
            "name": "Monkenewha_role",
            "name_prefix": "",
            "path": "/",
            "permissions_boundary": null,
            "tags": null,
            "tags_all": {},
            "unique_id": "AROAYJOBXMIO76DSMTR3V"
          },
          "sensitive_attributes": [],
          "private": "bnVsbA==",
          "dependencies": [
            "data.aws_iam_policy_document.lambdarole"
          ]
        }
      ]
    },
    {
      "mode": "managed",
      "type": "aws_iam_role_policy",
      "name": "lambda_read",
      "provider": "provider[\"registry.terraform.io/hashicorp/aws\"]",
      "instances": [
        {
          "schema_version": 0,
          "attributes": {
            "id": "Monkenewha_role:API_role_policy",
            "name": "API_role_policy",
            "name_prefix": null,
            "policy": "{\n  \"Version\": \"2012-10-17\",\n  \"Statement\": [\n    {\n      \"Sid\": \"\",\n      \"Effect\": \"Allow\",\n      \"Action\": [\n        \"logs:PutLogEvents\",\n        \"logs:CreateLogStream\",\n        \"logs:CreateLogGroup\"\n      ],\n      \"Resource\": \"*\"\n    },\n    {\n      \"Sid\": \"\",\n      \"Effect\": \"Allow\",\n      \"Action\": [\n        \"lambda:InvokeFunction\",\n        \"lambda:InvokeAsync\"\n      ],\n      \"Resource\": \"*\"\n    },\n    {\n      \"Sid\": \"\",\n      \"Effect\": \"Allow\",\n      \"Action\": [\n        \"s3:ListBucket\",\n        \"s3:GetObject\"\n      ],\n      \"Resource\": \"*\"\n    },\n    {\n      \"Sid\": \"SpecificTable\",\n      \"Effect\": \"Allow\",\n      \"Action\": [\n        \"dynamodb:UpdateItem\",\n        \"dynamodb:Scan\",\n        \"dynamodb:PutItem\",\n        \"dynamodb:GetItem\"\n      ],\n      \"Resource\": \"*\"\n    },\n    {\n      \"Sid\": \"\",\n      \"Effect\": \"Allow\",\n      \"Action\": \"kms:Decrypt\",\n      \"Resource\": \"*\"\n    }\n  ]\n}",
            "role": "Monkenewha_role"
          },
          "sensitive_attributes": [],
          "private": "bnVsbA==",
          "dependencies": [
            "aws_iam_role.lambda_read_role",
            "data.aws_iam_policy_document.lambda_read",
            "data.aws_iam_policy_document.lambdarole"
          ]
        }
      ]
    },
    {
      "mode": "managed",
      "type": "aws_lambda_function",
      "name": "lambdaAddUser",
      "provider": "provider[\"registry.terraform.io/hashicorp/aws\"]",
      "instances": [
        {
          "schema_version": 0,
          "attributes": {
            "architectures": [],
            "arn": "arn:aws:lambda:eu-west-3:570026320413:function:add_user",
            "code_signing_config_arn": "",
            "dead_letter_config": [],
            "description": "Permet d'ajouter un utilisateur",
            "environment": [
              {
                "variables": {
                  "API_KEY": "AKIAYJOBXMIOTXQY4GWC",
                  "DYNAMO_DB": "user"
                }
              }
            ],
            "ephemeral_storage": [
              {
                "size": 512
              }
            ],
            "file_system_config": [],
            "filename": "../API/adduser.zip",
            "function_name": "add_user",
            "handler": "dist/index.handler",
            "id": "add_user",
            "image_config": [],
            "image_uri": "",
            "invoke_arn": "arn:aws:apigateway:eu-west-3:lambda:path/2015-03-31/functions/arn:aws:lambda:eu-west-3:570026320413:function:add_user/invocations",
            "kms_key_arn": "",
            "last_modified": "2022-03-31T16:19:58.491+0000",
            "layers": null,
            "memory_size": 128,
            "package_type": "Zip",
            "publish": false,
            "qualified_arn": "arn:aws:lambda:eu-west-3:570026320413:function:add_user:$LATEST",
            "reserved_concurrent_executions": -1,
            "role": "arn:aws:iam::570026320413:role/Monkenewha_role",
            "runtime": "nodejs12.x",
            "s3_bucket": null,
            "s3_key": null,
            "s3_object_version": null,
            "signing_job_arn": "",
            "signing_profile_version_arn": "",
            "source_code_hash": "gcxPTBQmZwEd2Re8BysF3I4gR3pWawEQHug9caqSVKs=",
            "source_code_size": 10126932,
            "tags": null,
            "tags_all": {},
            "timeout": 800,
            "timeouts": null,
            "tracing_config": [
              {
                "mode": "PassThrough"
              }
            ],
            "version": "$LATEST",
            "vpc_config": []
          },
          "sensitive_attributes": [],
          "private": "eyJlMmJmYjczMC1lY2FhLTExZTYtOGY4OC0zNDM2M2JjN2M0YzAiOnsiY3JlYXRlIjo2MDAwMDAwMDAwMDB9fQ==",
          "dependencies": [
            "aws_iam_role.lambda_read_role",
            "data.aws_iam_policy_document.lambdarole"
          ]
        }
      ]
    },
    {
      "mode": "managed",
      "type": "aws_lambda_function",
      "name": "lambdaLogin",
      "provider": "provider[\"registry.terraform.io/hashicorp/aws\"]",
      "instances": [
        {
          "schema_version": 0,
          "attributes": {
            "architectures": [],
            "arn": "arn:aws:lambda:eu-west-3:570026320413:function:login",
            "code_signing_config_arn": "",
            "dead_letter_config": [],
            "description": "Permet de se connecter",
            "environment": [
              {
                "variables": {
                  "API_KEY": "AKIAYJOBXMIOTXQY4GWC",
                  "DYNAMO_DB": "user",
                  "TOKEN_KEY": "MoNKeneWhA22!"
                }
              }
            ],
            "ephemeral_storage": [
              {
                "size": 512
              }
            ],
            "file_system_config": [],
            "filename": "../API/login.zip",
            "function_name": "login",
            "handler": "dist/index.handler",
            "id": "login",
            "image_config": [],
            "image_uri": "",
            "invoke_arn": "arn:aws:apigateway:eu-west-3:lambda:path/2015-03-31/functions/arn:aws:lambda:eu-west-3:570026320413:function:login/invocations",
            "kms_key_arn": "",
            "last_modified": "2022-03-31T16:19:51.116+0000",
            "layers": null,
            "memory_size": 128,
            "package_type": "Zip",
            "publish": false,
            "qualified_arn": "arn:aws:lambda:eu-west-3:570026320413:function:login:$LATEST",
            "reserved_concurrent_executions": -1,
            "role": "arn:aws:iam::570026320413:role/Monkenewha_role",
            "runtime": "nodejs12.x",
            "s3_bucket": null,
            "s3_key": null,
            "s3_object_version": null,
            "signing_job_arn": "",
            "signing_profile_version_arn": "",
            "source_code_hash": "44dkmKD0fGq1+KvneGhkxS5XfMTkbmwTUWUMNm2zYOc=",
            "source_code_size": 10129194,
            "tags": null,
            "tags_all": {},
            "timeout": 800,
            "timeouts": null,
            "tracing_config": [
              {
                "mode": "PassThrough"
              }
            ],
            "version": "$LATEST",
            "vpc_config": []
          },
          "sensitive_attributes": [],
          "private": "eyJlMmJmYjczMC1lY2FhLTExZTYtOGY4OC0zNDM2M2JjN2M0YzAiOnsiY3JlYXRlIjo2MDAwMDAwMDAwMDB9fQ==",
          "dependencies": [
            "aws_iam_role.lambda_read_role",
            "data.aws_iam_policy_document.lambdarole"
          ]
        }
      ]
    },
    {
      "mode": "managed",
      "type": "aws_lambda_function",
      "name": "lambdaLogout",
      "provider": "provider[\"registry.terraform.io/hashicorp/aws\"]",
      "instances": [
        {
          "schema_version": 0,
          "attributes": {
            "architectures": [],
            "arn": "arn:aws:lambda:eu-west-3:570026320413:function:logout",
            "code_signing_config_arn": "",
            "dead_letter_config": [],
            "description": "Permet de se déconnecter",
            "environment": [
              {
                "variables": {
                  "API_KEY": "AKIAYJOBXMIOTXQY4GWC",
                  "DYNAMO_DB": "user",
                  "TOKEN_KEY": "MoNKeneWhA22!"
                }
              }
            ],
            "ephemeral_storage": [
              {
                "size": 512
              }
            ],
            "file_system_config": [],
            "filename": "../API/logout.zip",
            "function_name": "logout",
            "handler": "dist/index.handler",
            "id": "logout",
            "image_config": [],
            "image_uri": "",
            "invoke_arn": "arn:aws:apigateway:eu-west-3:lambda:path/2015-03-31/functions/arn:aws:lambda:eu-west-3:570026320413:function:logout/invocations",
            "kms_key_arn": "",
            "last_modified": "2022-03-31T16:20:05.827+0000",
            "layers": null,
            "memory_size": 128,
            "package_type": "Zip",
            "publish": false,
            "qualified_arn": "arn:aws:lambda:eu-west-3:570026320413:function:logout:$LATEST",
            "reserved_concurrent_executions": -1,
            "role": "arn:aws:iam::570026320413:role/Monkenewha_role",
            "runtime": "nodejs12.x",
            "s3_bucket": null,
            "s3_key": null,
            "s3_object_version": null,
            "signing_job_arn": "",
            "signing_profile_version_arn": "",
            "source_code_hash": "xR3yZxWMjzO0MyivoxkGamYTYm6XwryvQjtDhM8dKjg=",
            "source_code_size": 10126764,
            "tags": null,
            "tags_all": {},
            "timeout": 800,
            "timeouts": null,
            "tracing_config": [
              {
                "mode": "PassThrough"
              }
            ],
            "version": "$LATEST",
            "vpc_config": []
          },
          "sensitive_attributes": [],
          "private": "eyJlMmJmYjczMC1lY2FhLTExZTYtOGY4OC0zNDM2M2JjN2M0YzAiOnsiY3JlYXRlIjo2MDAwMDAwMDAwMDB9fQ==",
          "dependencies": [
            "aws_iam_role.lambda_read_role",
            "data.aws_iam_policy_document.lambdarole"
          ]
        }
      ]
    },
    {
      "mode": "managed",
      "type": "aws_lambda_permission",
      "name": "api_add_user",
      "provider": "provider[\"registry.terraform.io/hashicorp/aws\"]",
      "instances": [
        {
          "schema_version": 0,
          "attributes": {
            "action": "lambda:InvokeFunction",
            "event_source_token": null,
            "function_name": "add_user",
            "id": "AllowExecutionReadFromAPIGateway",
            "principal": "apigateway.amazonaws.com",
            "qualifier": "",
            "source_account": null,
            "source_arn": "arn:aws:execute-api:eu-west-3:570026320413:a4eslgb0nl/*/*/*",
            "statement_id": "AllowExecutionReadFromAPIGateway",
            "statement_id_prefix": null
          },
          "sensitive_attributes": [],
          "private": "bnVsbA==",
          "dependencies": [
            "aws_api_gateway_rest_api.api",
            "aws_iam_role.lambda_read_role",
            "aws_lambda_function.lambdaAddUser",
            "data.aws_iam_policy_document.lambdarole"
          ]
        }
      ]
    },
    {
      "mode": "managed",
      "type": "aws_lambda_permission",
      "name": "api_login",
      "provider": "provider[\"registry.terraform.io/hashicorp/aws\"]",
      "instances": [
        {
          "schema_version": 0,
          "attributes": {
            "action": "lambda:InvokeFunction",
            "event_source_token": null,
            "function_name": "login",
            "id": "AllowExecutionReadFromAPIGateway",
            "principal": "apigateway.amazonaws.com",
            "qualifier": "",
            "source_account": null,
            "source_arn": "arn:aws:execute-api:eu-west-3:570026320413:a4eslgb0nl/*/*/*",
            "statement_id": "AllowExecutionReadFromAPIGateway",
            "statement_id_prefix": null
          },
          "sensitive_attributes": [],
          "private": "bnVsbA==",
          "dependencies": [
            "aws_api_gateway_rest_api.api",
            "aws_iam_role.lambda_read_role",
            "aws_lambda_function.lambdaLogin",
            "data.aws_iam_policy_document.lambdarole"
          ]
        }
      ]
    },
    {
      "mode": "managed",
      "type": "aws_lambda_permission",
      "name": "api_logout",
      "provider": "provider[\"registry.terraform.io/hashicorp/aws\"]",
      "instances": [
        {
          "schema_version": 0,
          "attributes": {
            "action": "lambda:InvokeFunction",
            "event_source_token": null,
            "function_name": "logout",
            "id": "AllowExecutionReadFromAPIGateway",
            "principal": "apigateway.amazonaws.com",
            "qualifier": "",
            "source_account": null,
            "source_arn": "arn:aws:execute-api:eu-west-3:570026320413:a4eslgb0nl/*/*/*",
            "statement_id": "AllowExecutionReadFromAPIGateway",
            "statement_id_prefix": null
          },
          "sensitive_attributes": [],
          "private": "bnVsbA==",
          "dependencies": [
            "aws_api_gateway_rest_api.api",
            "aws_iam_role.lambda_read_role",
            "aws_lambda_function.lambdaLogout",
            "data.aws_iam_policy_document.lambdarole"
          ]
        }
      ]
    },
    {
      "mode": "managed",
      "type": "aws_s3_bucket",
      "name": "monkenewha",
      "provider": "provider[\"registry.terraform.io/hashicorp/aws\"]",
      "instances": [
        {
          "schema_version": 0,
          "attributes": {
            "acceleration_status": "",
            "acl": "private",
            "arn": "arn:aws:s3:::monkenewha",
            "bucket": "monkenewha",
            "bucket_domain_name": "monkenewha.s3.amazonaws.com",
            "bucket_prefix": null,
            "bucket_regional_domain_name": "monkenewha.s3.eu-west-3.amazonaws.com",
            "cors_rule": [],
            "force_destroy": false,
            "grant": [],
            "hosted_zone_id": "Z3R1K369G5AVDG",
            "id": "monkenewha",
            "lifecycle_rule": [],
            "logging": [],
            "object_lock_configuration": [],
            "object_lock_enabled": false,
            "policy": "",
            "region": "eu-west-3",
            "replication_configuration": [],
            "request_payer": "BucketOwner",
            "server_side_encryption_configuration": [],
            "tags": null,
            "tags_all": {},
            "versioning": [
              {
                "enabled": false,
                "mfa_delete": false
              }
            ],
            "website": [],
            "website_domain": null,
            "website_endpoint": null
          },
          "sensitive_attributes": [],
          "private": "bnVsbA=="
        }
      ]
    },
    {
      "mode": "managed",
      "type": "aws_s3_bucket_acl",
      "name": "monkenewha",
      "provider": "provider[\"registry.terraform.io/hashicorp/aws\"]",
      "instances": [
        {
          "schema_version": 0,
          "attributes": {
            "access_control_policy": [
              {
                "grant": [
                  {
                    "grantee": [
                      {
                        "display_name": "",
                        "email_address": "",
                        "id": "fbe9401b0050b8403f948a83ab7bd636329f99b39a292eb8bda74e6cde21ba9f",
                        "type": "CanonicalUser",
                        "uri": ""
                      }
                    ],
                    "permission": "FULL_CONTROL"
                  }
                ],
                "owner": [
                  {
                    "display_name": "",
                    "id": "fbe9401b0050b8403f948a83ab7bd636329f99b39a292eb8bda74e6cde21ba9f"
                  }
                ]
              }
            ],
            "acl": "private",
            "bucket": "monkenewha",
            "expected_bucket_owner": "",
            "id": "monkenewha,private"
          },
          "sensitive_attributes": [],
          "private": "bnVsbA==",
          "dependencies": [
            "aws_s3_bucket.monkenewha"
          ]
        }
      ]
    },
    {
      "mode": "managed",
      "type": "aws_s3_bucket_public_access_block",
      "name": "monkenewha",
      "provider": "provider[\"registry.terraform.io/hashicorp/aws\"]",
      "instances": [
        {
          "schema_version": 0,
          "attributes": {
            "block_public_acls": true,
            "block_public_policy": true,
            "bucket": "monkenewha",
            "id": "monkenewha",
            "ignore_public_acls": true,
            "restrict_public_buckets": true
          },
          "sensitive_attributes": [],
          "private": "bnVsbA==",
          "dependencies": [
            "aws_s3_bucket.monkenewha"
          ]
        }
      ]
    },
    {
      "mode": "managed",
      "type": "aws_s3_bucket_versioning",
      "name": "monkenewha",
      "provider": "provider[\"registry.terraform.io/hashicorp/aws\"]",
      "instances": [
        {
          "schema_version": 0,
          "attributes": {
            "bucket": "monkenewha",
            "expected_bucket_owner": "",
            "id": "monkenewha",
            "mfa": null,
            "versioning_configuration": [
              {
                "mfa_delete": "",
                "status": "Enabled"
              }
            ]
          },
          "sensitive_attributes": [],
          "private": "bnVsbA==",
          "dependencies": [
            "aws_s3_bucket.monkenewha"
          ]
        }
      ]
    }
  ]
}
